{
  "version": 4,
  "terraform_version": "1.9.6",
  "serial": 166,
  "lineage": "e7a4ffdb-0beb-11c7-2814-1fa48bbc2295",
  "outputs": {
    "elastic_ip": {
      "value": "46.137.222.105",
      "type": "string"
    },
    "instance_id": {
      "value": "i-073414815088877d0",
      "type": "string"
    },
    "private_ip": {
      "value": "10.0.101.91",
      "type": "string"
    },
    "public_ip": {
      "value": "",
      "type": "string"
    }
  },
  "resources": [
    {
      "mode": "data",
      "type": "aws_caller_identity",
      "name": "current",
      "provider": "provider[\"registry.terraform.io/hashicorp/aws\"]",
      "instances": [
        {
          "schema_version": 0,
          "attributes": {
            "account_id": "473154593366",
            "arn": "arn:aws:iam::473154593366:user/terraform",
            "id": "473154593366",
            "user_id": "AIDAW4KRWEJLMZ7XR3VQI"
          },
          "sensitive_attributes": []
        }
      ]
    },
    {
      "mode": "managed",
      "type": "aws_eip",
      "name": "elastic_ip",
      "provider": "provider[\"registry.terraform.io/hashicorp/aws\"]",
      "instances": [
        {
          "schema_version": 0,
          "attributes": {
            "address": null,
            "allocation_id": "eipalloc-0771529b90ebd0887",
            "arn": "arn:aws:ec2:ap-southeast-1:473154593366:elastic-ip/eipalloc-0771529b90ebd0887",
            "associate_with_private_ip": null,
            "association_id": "eipassoc-004f809e2f04b6d6e",
            "carrier_ip": "",
            "customer_owned_ip": "",
            "customer_owned_ipv4_pool": "",
            "domain": "vpc",
            "id": "eipalloc-0771529b90ebd0887",
            "instance": "i-0757b1bb4eb7fa9f7",
            "network_border_group": "ap-southeast-1",
            "network_interface": "eni-0588be3ace4d53a07",
            "private_dns": "ip-10-0-101-44.ap-southeast-1.compute.internal",
            "private_ip": "10.0.101.44",
            "ptr_record": "",
            "public_dns": "ec2-46-137-222-105.ap-southeast-1.compute.amazonaws.com",
            "public_ip": "46.137.222.105",
            "public_ipv4_pool": "amazon",
            "tags": {},
            "tags_all": {},
            "timeouts": null,
            "vpc": true
          },
          "sensitive_attributes": [],
          "private": "eyJlMmJmYjczMC1lY2FhLTExZTYtOGY4OC0zNDM2M2JjN2M0YzAiOnsiZGVsZXRlIjoxODAwMDAwMDAwMDAsInJlYWQiOjkwMDAwMDAwMDAwMCwidXBkYXRlIjozMDAwMDAwMDAwMDB9fQ=="
        }
      ]
    },
    {
      "mode": "managed",
      "type": "aws_eip_association",
      "name": "eip_assoc",
      "provider": "provider[\"registry.terraform.io/hashicorp/aws\"]",
      "instances": [
        {
          "schema_version": 0,
          "attributes": {
            "allocation_id": "eipalloc-0771529b90ebd0887",
            "allow_reassociation": null,
            "id": "eipassoc-0e1b4040cf833f221",
            "instance_id": "i-073414815088877d0",
            "network_interface_id": "eni-00d22d69654b90c7e",
            "private_ip_address": "10.0.101.91",
            "public_ip": "46.137.222.105"
          },
          "sensitive_attributes": [],
          "private": "bnVsbA==",
          "dependencies": [
            "aws_eip.elastic_ip",
            "aws_iam_instance_profile.ssm_instance_profile",
            "aws_iam_role.ssm_role",
            "aws_instance.postgres_instance",
            "aws_security_group.postgres_sg"
          ]
        }
      ]
    },
    {
      "mode": "managed",
      "type": "aws_iam_instance_profile",
      "name": "ssm_instance_profile",
      "provider": "provider[\"registry.terraform.io/hashicorp/aws\"]",
      "instances": [
        {
          "schema_version": 0,
          "attributes": {
            "arn": "arn:aws:iam::473154593366:instance-profile/ssm-instance-profile",
            "create_date": "2024-09-22T17:13:56Z",
            "id": "ssm-instance-profile",
            "name": "ssm-instance-profile",
            "name_prefix": "",
            "path": "/",
            "role": "ssm-role",
            "tags": {},
            "tags_all": {},
            "unique_id": "AIPAW4KRWEJLFX3TPYFB4"
          },
          "sensitive_attributes": [],
          "private": "bnVsbA==",
          "dependencies": [
            "aws_iam_role.ssm_role"
          ]
        }
      ]
    },
    {
      "mode": "managed",
      "type": "aws_iam_role",
      "name": "ssm_role",
      "provider": "provider[\"registry.terraform.io/hashicorp/aws\"]",
      "instances": [
        {
          "schema_version": 0,
          "attributes": {
            "arn": "arn:aws:iam::473154593366:role/ssm-role",
            "assume_role_policy": "{\"Statement\":[{\"Action\":\"sts:AssumeRole\",\"Effect\":\"Allow\",\"Principal\":{\"Service\":\"ec2.amazonaws.com\"}}],\"Version\":\"2012-10-17\"}",
            "create_date": "2024-09-22T17:13:55Z",
            "description": "",
            "force_detach_policies": false,
            "id": "ssm-role",
            "inline_policy": [],
            "managed_policy_arns": [
              "arn:aws:iam::aws:policy/AmazonSSMManagedInstanceCore"
            ],
            "max_session_duration": 3600,
            "name": "ssm-role",
            "name_prefix": "",
            "path": "/",
            "permissions_boundary": "",
            "tags": {},
            "tags_all": {},
            "unique_id": "AROAW4KRWEJLH5OAE53I2"
          },
          "sensitive_attributes": [],
          "private": "bnVsbA=="
        }
      ]
    },
    {
      "mode": "managed",
      "type": "aws_iam_role_policy_attachment",
      "name": "ssm_managed_policy",
      "provider": "provider[\"registry.terraform.io/hashicorp/aws\"]",
      "instances": [
        {
          "schema_version": 0,
          "attributes": {
            "id": "ssm-role-20240922171357200100000004",
            "policy_arn": "arn:aws:iam::aws:policy/AmazonSSMManagedInstanceCore",
            "role": "ssm-role"
          },
          "sensitive_attributes": [],
          "private": "bnVsbA==",
          "dependencies": [
            "aws_iam_role.ssm_role"
          ]
        }
      ]
    },
    {
      "mode": "managed",
      "type": "aws_instance",
      "name": "postgres_instance",
      "provider": "provider[\"registry.terraform.io/hashicorp/aws\"]",
      "instances": [
        {
          "schema_version": 1,
          "attributes": {
            "ami": "ami-094ebf7c110197581",
            "arn": "arn:aws:ec2:ap-southeast-1:473154593366:instance/i-073414815088877d0",
            "associate_public_ip_address": false,
            "availability_zone": "ap-southeast-1a",
            "capacity_reservation_specification": [
              {
                "capacity_reservation_preference": "open",
                "capacity_reservation_target": []
              }
            ],
            "cpu_core_count": 2,
            "cpu_options": [
              {
                "amd_sev_snp": "",
                "core_count": 2,
                "threads_per_core": 1
              }
            ],
            "cpu_threads_per_core": 1,
            "credit_specification": [
              {
                "cpu_credits": "unlimited"
              }
            ],
            "disable_api_stop": false,
            "disable_api_termination": false,
            "ebs_block_device": [],
            "ebs_optimized": false,
            "enclave_options": [
              {
                "enabled": false
              }
            ],
            "ephemeral_block_device": [],
            "get_password_data": false,
            "hibernation": false,
            "host_id": "",
            "host_resource_group_arn": null,
            "iam_instance_profile": "ssm-instance-profile",
            "id": "i-073414815088877d0",
            "instance_initiated_shutdown_behavior": "stop",
            "instance_lifecycle": "",
            "instance_market_options": [],
            "instance_state": "running",
            "instance_type": "t4g.micro",
            "ipv6_address_count": 0,
            "ipv6_addresses": [],
            "key_name": "",
            "launch_template": [],
            "maintenance_options": [
              {
                "auto_recovery": "default"
              }
            ],
            "metadata_options": [
              {
                "http_endpoint": "enabled",
                "http_protocol_ipv6": "disabled",
                "http_put_response_hop_limit": 2,
                "http_tokens": "required",
                "instance_metadata_tags": "disabled"
              }
            ],
            "monitoring": false,
            "network_interface": [],
            "outpost_arn": "",
            "password_data": "",
            "placement_group": "",
            "placement_partition_number": 0,
            "primary_network_interface_id": "eni-00d22d69654b90c7e",
            "private_dns": "ip-10-0-101-91.ap-southeast-1.compute.internal",
            "private_dns_name_options": [
              {
                "enable_resource_name_dns_a_record": false,
                "enable_resource_name_dns_aaaa_record": false,
                "hostname_type": "ip-name"
              }
            ],
            "private_ip": "10.0.101.91",
            "public_dns": "",
            "public_ip": "",
            "root_block_device": [
              {
                "delete_on_termination": true,
                "device_name": "/dev/xvda",
                "encrypted": false,
                "iops": 3000,
                "kms_key_id": "",
                "tags": {},
                "tags_all": {},
                "throughput": 125,
                "volume_id": "vol-0a5f2b2fd24945bbd",
                "volume_size": 8,
                "volume_type": "gp3"
              }
            ],
            "secondary_private_ips": [],
            "security_groups": [],
            "source_dest_check": true,
            "spot_instance_request_id": "",
            "subnet_id": "subnet-0b4641aa76c7b23ac",
            "tags": {
              "Environment": "dev",
              "Name": "Postgres DB Instance",
              "Owner": "Aditya Kristianto",
              "Terraform": "true"
            },
            "tags_all": {
              "Environment": "dev",
              "Name": "Postgres DB Instance",
              "Owner": "Aditya Kristianto",
              "Terraform": "true"
            },
            "tenancy": "default",
            "timeouts": null,
            "user_data": "01d892e036d9a5dd5e99d1cce49309adf3849ea9",
            "user_data_base64": null,
            "user_data_replace_on_change": false,
            "volume_tags": null,
            "vpc_security_group_ids": [
              "sg-037b742f82a04e0e5"
            ]
          },
          "sensitive_attributes": [],
          "private": "eyJlMmJmYjczMC1lY2FhLTExZTYtOGY4OC0zNDM2M2JjN2M0YzAiOnsiY3JlYXRlIjo2MDAwMDAwMDAwMDAsImRlbGV0ZSI6MTIwMDAwMDAwMDAwMCwicmVhZCI6OTAwMDAwMDAwMDAwLCJ1cGRhdGUiOjYwMDAwMDAwMDAwMH0sInNjaGVtYV92ZXJzaW9uIjoiMSJ9",
          "dependencies": [
            "aws_iam_instance_profile.ssm_instance_profile",
            "aws_iam_role.ssm_role",
            "aws_security_group.postgres_sg"
          ]
        }
      ]
    },
    {
      "mode": "managed",
      "type": "aws_route53_record",
      "name": "pgadmin_record",
      "provider": "provider[\"registry.terraform.io/hashicorp/aws\"]",
      "instances": [
        {
          "schema_version": 2,
          "attributes": {
            "alias": [],
            "allow_overwrite": null,
            "cidr_routing_policy": [],
            "failover_routing_policy": [],
            "fqdn": "pgadmin.aditya-kristianto.com",
            "geolocation_routing_policy": [],
            "geoproximity_routing_policy": [],
            "health_check_id": "",
            "id": "Z0148722AZOXRNZ0DFO2_pgadmin_A",
            "latency_routing_policy": [],
            "multivalue_answer_routing_policy": false,
            "name": "pgadmin",
            "records": [
              "46.137.222.105"
            ],
            "set_identifier": "",
            "ttl": 300,
            "type": "A",
            "weighted_routing_policy": [],
            "zone_id": "Z0148722AZOXRNZ0DFO2"
          },
          "sensitive_attributes": [],
          "private": "eyJzY2hlbWFfdmVyc2lvbiI6IjIifQ==",
          "dependencies": [
            "aws_eip.elastic_ip"
          ]
        }
      ]
    },
    {
      "mode": "managed",
      "type": "aws_security_group",
      "name": "postgres_sg",
      "provider": "provider[\"registry.terraform.io/hashicorp/aws\"]",
      "instances": [
        {
          "schema_version": 1,
          "attributes": {
            "arn": "arn:aws:ec2:ap-southeast-1:473154593366:security-group/sg-037b742f82a04e0e5",
            "description": "Allow PostgreSQL access from specific IPs",
            "egress": [
              {
                "cidr_blocks": [
                  "0.0.0.0/0"
                ],
                "description": "",
                "from_port": 0,
                "ipv6_cidr_blocks": [
                  "::/0"
                ],
                "prefix_list_ids": [],
                "protocol": "-1",
                "security_groups": [],
                "self": false,
                "to_port": 0
              }
            ],
            "id": "sg-037b742f82a04e0e5",
            "ingress": [
              {
                "cidr_blocks": [
                  "180.244.154.21/32"
                ],
                "description": "",
                "from_port": 80,
                "ipv6_cidr_blocks": [],
                "prefix_list_ids": [],
                "protocol": "tcp",
                "security_groups": [],
                "self": false,
                "to_port": 80
              },
              {
                "cidr_blocks": [],
                "description": "",
                "from_port": 80,
                "ipv6_cidr_blocks": [
                  "2001:448a:2061:44ba::/128"
                ],
                "prefix_list_ids": [],
                "protocol": "tcp",
                "security_groups": [],
                "self": false,
                "to_port": 80
              }
            ],
            "name": "postgres-sg",
            "name_prefix": "",
            "owner_id": "473154593366",
            "revoke_rules_on_delete": false,
            "tags": {
              "Environment": "dev",
              "Name": "Postgres DB Security Group",
              "Owner": "Aditya Kristianto",
              "Terraform": "true"
            },
            "tags_all": {
              "Environment": "dev",
              "Name": "Postgres DB Security Group",
              "Owner": "Aditya Kristianto",
              "Terraform": "true"
            },
            "timeouts": null,
            "vpc_id": "vpc-0bd8aa2ff87fd5358"
          },
          "sensitive_attributes": [],
          "private": "eyJlMmJmYjczMC1lY2FhLTExZTYtOGY4OC0zNDM2M2JjN2M0YzAiOnsiY3JlYXRlIjo2MDAwMDAwMDAwMDAsImRlbGV0ZSI6OTAwMDAwMDAwMDAwfSwic2NoZW1hX3ZlcnNpb24iOiIxIn0="
        }
      ]
    },
    {
      "mode": "managed",
      "type": "aws_vpc_endpoint",
      "name": "ec2_messages",
      "provider": "provider[\"registry.terraform.io/hashicorp/aws\"]",
      "instances": [
        {
          "schema_version": 0,
          "attributes": {
            "arn": "arn:aws:ec2:ap-southeast-1:473154593366:vpc-endpoint/vpce-050fa0e31be933d73",
            "auto_accept": null,
            "cidr_blocks": [],
            "dns_entry": [
              {
                "dns_name": "vpce-050fa0e31be933d73-w2zsz3db.ec2messages.ap-southeast-1.vpce.amazonaws.com",
                "hosted_zone_id": "Z18LLCSTV4NVNL"
              },
              {
                "dns_name": "vpce-050fa0e31be933d73-w2zsz3db-ap-southeast-1a.ec2messages.ap-southeast-1.vpce.amazonaws.com",
                "hosted_zone_id": "Z18LLCSTV4NVNL"
              }
            ],
            "dns_options": [
              {
                "dns_record_ip_type": "ipv4",
                "private_dns_only_for_inbound_resolver_endpoint": false
              }
            ],
            "id": "vpce-050fa0e31be933d73",
            "ip_address_type": "ipv4",
            "network_interface_ids": [
              "eni-05f24e10738d68431"
            ],
            "owner_id": "473154593366",
            "policy": "{\"Statement\":[{\"Action\":\"*\",\"Effect\":\"Allow\",\"Principal\":\"*\",\"Resource\":\"*\"}]}",
            "prefix_list_id": null,
            "private_dns_enabled": false,
            "requester_managed": false,
            "route_table_ids": [],
            "security_group_ids": [
              "sg-037b742f82a04e0e5"
            ],
            "service_name": "com.amazonaws.ap-southeast-1.ec2messages",
            "state": "available",
            "subnet_configuration": [
              {
                "ipv4": "10.0.101.252",
                "ipv6": "",
                "subnet_id": "subnet-0b4641aa76c7b23ac"
              }
            ],
            "subnet_ids": [
              "subnet-0b4641aa76c7b23ac"
            ],
            "tags": {},
            "tags_all": {},
            "timeouts": null,
            "vpc_endpoint_type": "Interface",
            "vpc_id": "vpc-0bd8aa2ff87fd5358"
          },
          "sensitive_attributes": [],
          "private": "eyJlMmJmYjczMC1lY2FhLTExZTYtOGY4OC0zNDM2M2JjN2M0YzAiOnsiY3JlYXRlIjo2MDAwMDAwMDAwMDAsImRlbGV0ZSI6NjAwMDAwMDAwMDAwLCJ1cGRhdGUiOjYwMDAwMDAwMDAwMH19",
          "dependencies": [
            "aws_security_group.postgres_sg"
          ]
        }
      ]
    },
    {
      "mode": "managed",
      "type": "aws_vpc_endpoint",
      "name": "ssm",
      "provider": "provider[\"registry.terraform.io/hashicorp/aws\"]",
      "instances": [
        {
          "schema_version": 0,
          "attributes": {
            "arn": "arn:aws:ec2:ap-southeast-1:473154593366:vpc-endpoint/vpce-0592f2a368c5951db",
            "auto_accept": null,
            "cidr_blocks": [],
            "dns_entry": [
              {
                "dns_name": "vpce-0592f2a368c5951db-d9ja1cc5.ssm.ap-southeast-1.vpce.amazonaws.com",
                "hosted_zone_id": "Z18LLCSTV4NVNL"
              },
              {
                "dns_name": "vpce-0592f2a368c5951db-d9ja1cc5-ap-southeast-1a.ssm.ap-southeast-1.vpce.amazonaws.com",
                "hosted_zone_id": "Z18LLCSTV4NVNL"
              }
            ],
            "dns_options": [
              {
                "dns_record_ip_type": "ipv4",
                "private_dns_only_for_inbound_resolver_endpoint": false
              }
            ],
            "id": "vpce-0592f2a368c5951db",
            "ip_address_type": "ipv4",
            "network_interface_ids": [
              "eni-05e5257f05019e624"
            ],
            "owner_id": "473154593366",
            "policy": "{\"Statement\":[{\"Action\":\"*\",\"Effect\":\"Allow\",\"Principal\":\"*\",\"Resource\":\"*\"}]}",
            "prefix_list_id": null,
            "private_dns_enabled": false,
            "requester_managed": false,
            "route_table_ids": [],
            "security_group_ids": [
              "sg-037b742f82a04e0e5"
            ],
            "service_name": "com.amazonaws.ap-southeast-1.ssm",
            "state": "available",
            "subnet_configuration": [
              {
                "ipv4": "10.0.101.114",
                "ipv6": "",
                "subnet_id": "subnet-0b4641aa76c7b23ac"
              }
            ],
            "subnet_ids": [
              "subnet-0b4641aa76c7b23ac"
            ],
            "tags": {},
            "tags_all": {},
            "timeouts": null,
            "vpc_endpoint_type": "Interface",
            "vpc_id": "vpc-0bd8aa2ff87fd5358"
          },
          "sensitive_attributes": [],
          "private": "eyJlMmJmYjczMC1lY2FhLTExZTYtOGY4OC0zNDM2M2JjN2M0YzAiOnsiY3JlYXRlIjo2MDAwMDAwMDAwMDAsImRlbGV0ZSI6NjAwMDAwMDAwMDAwLCJ1cGRhdGUiOjYwMDAwMDAwMDAwMH19",
          "dependencies": [
            "aws_security_group.postgres_sg"
          ]
        }
      ]
    },
    {
      "mode": "managed",
      "type": "aws_vpc_endpoint",
      "name": "ssm_messages",
      "provider": "provider[\"registry.terraform.io/hashicorp/aws\"]",
      "instances": [
        {
          "schema_version": 0,
          "attributes": {
            "arn": "arn:aws:ec2:ap-southeast-1:473154593366:vpc-endpoint/vpce-0c56a655fe6d076f0",
            "auto_accept": null,
            "cidr_blocks": [],
            "dns_entry": [
              {
                "dns_name": "vpce-0c56a655fe6d076f0-47b5ad4k.ssmmessages.ap-southeast-1.vpce.amazonaws.com",
                "hosted_zone_id": "Z18LLCSTV4NVNL"
              },
              {
                "dns_name": "vpce-0c56a655fe6d076f0-47b5ad4k-ap-southeast-1a.ssmmessages.ap-southeast-1.vpce.amazonaws.com",
                "hosted_zone_id": "Z18LLCSTV4NVNL"
              }
            ],
            "dns_options": [
              {
                "dns_record_ip_type": "ipv4",
                "private_dns_only_for_inbound_resolver_endpoint": false
              }
            ],
            "id": "vpce-0c56a655fe6d076f0",
            "ip_address_type": "ipv4",
            "network_interface_ids": [
              "eni-0920504d9b637e372"
            ],
            "owner_id": "473154593366",
            "policy": "{\"Statement\":[{\"Action\":\"*\",\"Effect\":\"Allow\",\"Principal\":\"*\",\"Resource\":\"*\"}]}",
            "prefix_list_id": null,
            "private_dns_enabled": false,
            "requester_managed": false,
            "route_table_ids": [],
            "security_group_ids": [
              "sg-037b742f82a04e0e5"
            ],
            "service_name": "com.amazonaws.ap-southeast-1.ssmmessages",
            "state": "available",
            "subnet_configuration": [
              {
                "ipv4": "10.0.101.161",
                "ipv6": "",
                "subnet_id": "subnet-0b4641aa76c7b23ac"
              }
            ],
            "subnet_ids": [
              "subnet-0b4641aa76c7b23ac"
            ],
            "tags": {},
            "tags_all": {},
            "timeouts": null,
            "vpc_endpoint_type": "Interface",
            "vpc_id": "vpc-0bd8aa2ff87fd5358"
          },
          "sensitive_attributes": [],
          "private": "eyJlMmJmYjczMC1lY2FhLTExZTYtOGY4OC0zNDM2M2JjN2M0YzAiOnsiY3JlYXRlIjo2MDAwMDAwMDAwMDAsImRlbGV0ZSI6NjAwMDAwMDAwMDAwLCJ1cGRhdGUiOjYwMDAwMDAwMDAwMH19",
          "dependencies": [
            "aws_security_group.postgres_sg"
          ]
        }
      ]
    }
  ],
  "check_results": null
}
