{
  "version": 4,
  "terraform_version": "1.9.6",
  "serial": 12399,
  "lineage": "0f6023ae-85b8-3ccb-cdae-5fe560125e3b",
  "outputs": {
    "certificate_arn": {
      "value": "arn:aws:acm:ap-southeast-1:473154593366:certificate/204f709f-ed09-40e4-a1b6-153bfeea7b4e",
      "type": "string"
    },
    "jenkins_master_ec2_public_ip": {
      "value": "",
      "type": "string"
    },
    "portainer_ec2_public_ip": {
      "value": "",
      "type": "string"
    },
    "private_subnets": {
      "value": [
        "subnet-054a6fb671420a901",
        "subnet-0dc3514ba047382c7",
        "subnet-04e0663b84cd28b97"
      ],
      "type": [
        "tuple",
        [
          "string",
          "string",
          "string"
        ]
      ]
    },
    "public_subnets": {
      "value": [
        "subnet-0956e432643571ff2",
        "subnet-03f2c4e965088f9c0",
        "subnet-041e60b978b0520da"
      ],
      "type": [
        "tuple",
        [
          "string",
          "string",
          "string"
        ]
      ]
    },
    "vpc_id": {
      "value": "vpc-0acd926f940595522",
      "type": "string"
    }
  },
  "resources": [
    {
      "mode": "data",
      "type": "aws_route53_zone",
      "name": "my_zone",
      "provider": "provider[\"registry.terraform.io/hashicorp/aws\"]",
      "instances": [
        {
          "schema_version": 0,
          "attributes": {
            "arn": "arn:aws:route53:::hostedzone/Z0148722AZOXRNZ0DFO2",
            "caller_reference": "RISWorkflow-RD:421e615c-4118-46d6-8c42-9e0d4e581f95",
            "comment": "HostedZone created by Route53 Registrar",
            "id": "Z0148722AZOXRNZ0DFO2",
            "linked_service_description": null,
            "linked_service_principal": null,
            "name": "aditya-kristianto.com",
            "name_servers": [
              "ns-1324.awsdns-37.org",
              "ns-608.awsdns-12.net",
              "ns-1645.awsdns-13.co.uk",
              "ns-268.awsdns-33.com"
            ],
            "primary_name_server": "ns-1324.awsdns-37.org",
            "private_zone": false,
            "resource_record_set_count": 8,
            "tags": {},
            "vpc_id": null,
            "zone_id": "Z0148722AZOXRNZ0DFO2"
          },
          "sensitive_attributes": []
        }
      ]
    },
    {
      "module": "module.certificate_manager",
      "mode": "managed",
      "type": "aws_acm_certificate",
      "name": "my_certificate",
      "provider": "provider[\"registry.terraform.io/hashicorp/aws\"]",
      "instances": [
        {
          "schema_version": 0,
          "attributes": {
            "arn": "arn:aws:acm:ap-southeast-1:473154593366:certificate/204f709f-ed09-40e4-a1b6-153bfeea7b4e",
            "certificate_authority_arn": "",
            "certificate_body": null,
            "certificate_chain": null,
            "domain_name": "aditya-kristianto.com",
            "domain_validation_options": [
              {
                "domain_name": "aditya-kristianto.com",
                "resource_record_name": "_f8e650732c9d0327386c488c6df755dd.aditya-kristianto.com.",
                "resource_record_type": "CNAME",
                "resource_record_value": "_f9971a800b6a382d6ec6481f7fe51ed5.sdgjtdhdhz.acm-validations.aws."
              },
              {
                "domain_name": "jenkins.aditya-kristianto.com",
                "resource_record_name": "_f747ea17080bbc1c44d87a18c3d7d75f.jenkins.aditya-kristianto.com.",
                "resource_record_type": "CNAME",
                "resource_record_value": "_09bb47f014e7e48c76d8fd4fde46d70a.djqtsrsxkq.acm-validations.aws."
              },
              {
                "domain_name": "portainer.aditya-kristianto.com",
                "resource_record_name": "_fb542ecc06a7ba214d8135a0af69af31.portainer.aditya-kristianto.com.",
                "resource_record_type": "CNAME",
                "resource_record_value": "_fcf2d88faacd911f52d72afaa11fb96c.djqtsrsxkq.acm-validations.aws."
              }
            ],
            "early_renewal_duration": "",
            "id": "arn:aws:acm:ap-southeast-1:473154593366:certificate/204f709f-ed09-40e4-a1b6-153bfeea7b4e",
            "key_algorithm": "RSA_2048",
            "not_after": "",
            "not_before": "",
            "options": [
              {
                "certificate_transparency_logging_preference": "ENABLED"
              }
            ],
            "pending_renewal": false,
            "private_key": null,
            "renewal_eligibility": "INELIGIBLE",
            "renewal_summary": [],
            "status": "PENDING_VALIDATION",
            "subject_alternative_names": [
              "aditya-kristianto.com",
              "jenkins.aditya-kristianto.com",
              "portainer.aditya-kristianto.com"
            ],
            "tags": {
              "Name": "My SSL Certificate"
            },
            "tags_all": {
              "Name": "My SSL Certificate"
            },
            "type": "AMAZON_ISSUED",
            "validation_emails": [],
            "validation_method": "DNS",
            "validation_option": [
              {
                "domain_name": "jenkins.aditya-kristianto.com",
                "validation_domain": "aditya-kristianto.com"
              },
              {
                "domain_name": "portainer.aditya-kristianto.com",
                "validation_domain": "aditya-kristianto.com"
              }
            ]
          },
          "sensitive_attributes": [
            [
              {
                "type": "get_attr",
                "value": "private_key"
              }
            ]
          ],
          "private": "bnVsbA==",
          "create_before_destroy": true
        }
      ]
    },
    {
      "module": "module.ec2_instance",
      "mode": "managed",
      "type": "aws_instance",
      "name": "bastion_host",
      "provider": "provider[\"registry.terraform.io/hashicorp/aws\"]",
      "instances": [
        {
          "schema_version": 1,
          "attributes": {
            "ami": "ami-05c718cb2fa58687f",
            "arn": "arn:aws:ec2:ap-southeast-1:473154593366:instance/i-0e3040d38ba76434f",
            "associate_public_ip_address": true,
            "availability_zone": "ap-southeast-1a",
            "capacity_reservation_specification": [
              {
                "capacity_reservation_preference": "open",
                "capacity_reservation_target": []
              }
            ],
            "cpu_core_count": 2,
            "cpu_options": [
              {
                "amd_sev_snp": "",
                "core_count": 2,
                "threads_per_core": 1
              }
            ],
            "cpu_threads_per_core": 1,
            "credit_specification": [
              {
                "cpu_credits": "unlimited"
              }
            ],
            "disable_api_stop": false,
            "disable_api_termination": false,
            "ebs_block_device": [],
            "ebs_optimized": false,
            "enclave_options": [
              {
                "enabled": false
              }
            ],
            "ephemeral_block_device": [],
            "get_password_data": false,
            "hibernation": false,
            "host_id": "",
            "host_resource_group_arn": null,
            "iam_instance_profile": "",
            "id": "i-0e3040d38ba76434f",
            "instance_initiated_shutdown_behavior": "stop",
            "instance_lifecycle": "",
            "instance_market_options": [],
            "instance_state": "running",
            "instance_type": "t4g.nano",
            "ipv6_address_count": 0,
            "ipv6_addresses": [],
            "key_name": "bastion-key",
            "launch_template": [],
            "maintenance_options": [
              {
                "auto_recovery": "default"
              }
            ],
            "metadata_options": [
              {
                "http_endpoint": "enabled",
                "http_protocol_ipv6": "disabled",
                "http_put_response_hop_limit": 2,
                "http_tokens": "required",
                "instance_metadata_tags": "disabled"
              }
            ],
            "monitoring": false,
            "network_interface": [],
            "outpost_arn": "",
            "password_data": "",
            "placement_group": "",
            "placement_partition_number": 0,
            "primary_network_interface_id": "eni-003c8e4461c53e577",
            "private_dns": "ip-10-0-101-108.ap-southeast-1.compute.internal",
            "private_dns_name_options": [
              {
                "enable_resource_name_dns_a_record": false,
                "enable_resource_name_dns_aaaa_record": false,
                "hostname_type": "ip-name"
              }
            ],
            "private_ip": "10.0.101.108",
            "public_dns": "",
            "public_ip": "54.169.33.44",
            "root_block_device": [
              {
                "delete_on_termination": true,
                "device_name": "/dev/xvda",
                "encrypted": false,
                "iops": 3000,
                "kms_key_id": "",
                "tags": {},
                "tags_all": {},
                "throughput": 125,
                "volume_id": "vol-0c8e83b7ff9ab5037",
                "volume_size": 8,
                "volume_type": "gp3"
              }
            ],
            "secondary_private_ips": [],
            "security_groups": [
              "sg-0f85828a5049800b1"
            ],
            "source_dest_check": true,
            "spot_instance_request_id": "",
            "subnet_id": "subnet-0956e432643571ff2",
            "tags": {
              "Name": "bastion-host"
            },
            "tags_all": {
              "Name": "bastion-host"
            },
            "tenancy": "default",
            "timeouts": null,
            "user_data": null,
            "user_data_base64": null,
            "user_data_replace_on_change": false,
            "volume_tags": null,
            "vpc_security_group_ids": [
              "sg-0f85828a5049800b1"
            ]
          },
          "sensitive_attributes": [],
          "private": "eyJlMmJmYjczMC1lY2FhLTExZTYtOGY4OC0zNDM2M2JjN2M0YzAiOnsiY3JlYXRlIjo2MDAwMDAwMDAwMDAsImRlbGV0ZSI6MTIwMDAwMDAwMDAwMCwicmVhZCI6OTAwMDAwMDAwMDAwLCJ1cGRhdGUiOjYwMDAwMDAwMDAwMH0sInNjaGVtYV92ZXJzaW9uIjoiMSJ9",
          "dependencies": [
            "module.key_pair.aws_key_pair.bastion_key",
            "module.key_pair.tls_private_key.bastion_key",
            "module.security_group.aws_security_group.bastion_sg",
            "module.subnet.aws_subnet.public_subnet_1",
            "module.subnet.aws_subnet.public_subnet_2",
            "module.subnet.aws_subnet.public_subnet_3",
            "module.vpc.aws_vpc.my_vpc"
          ]
        }
      ]
    },
    {
      "module": "module.ec2_instance",
      "mode": "managed",
      "type": "aws_instance",
      "name": "jenkins_master",
      "provider": "provider[\"registry.terraform.io/hashicorp/aws\"]",
      "instances": [
        {
          "schema_version": 1,
          "attributes": {
            "ami": "ami-05c718cb2fa58687f",
            "arn": "arn:aws:ec2:ap-southeast-1:473154593366:instance/i-03716ae497da6a77e",
            "associate_public_ip_address": false,
            "availability_zone": "ap-southeast-1a",
            "capacity_reservation_specification": [
              {
                "capacity_reservation_preference": "open",
                "capacity_reservation_target": []
              }
            ],
            "cpu_core_count": 2,
            "cpu_options": [
              {
                "amd_sev_snp": "",
                "core_count": 2,
                "threads_per_core": 1
              }
            ],
            "cpu_threads_per_core": 1,
            "credit_specification": [
              {
                "cpu_credits": "unlimited"
              }
            ],
            "disable_api_stop": false,
            "disable_api_termination": false,
            "ebs_block_device": [],
            "ebs_optimized": false,
            "enclave_options": [
              {
                "enabled": false
              }
            ],
            "ephemeral_block_device": [],
            "get_password_data": false,
            "hibernation": false,
            "host_id": "",
            "host_resource_group_arn": null,
            "iam_instance_profile": "jenkins-master-ec2-instance-profile",
            "id": "i-03716ae497da6a77e",
            "instance_initiated_shutdown_behavior": "stop",
            "instance_lifecycle": "",
            "instance_market_options": [],
            "instance_state": "running",
            "instance_type": "t4g.small",
            "ipv6_address_count": 0,
            "ipv6_addresses": [],
            "key_name": "my-key-pair",
            "launch_template": [],
            "maintenance_options": [
              {
                "auto_recovery": "default"
              }
            ],
            "metadata_options": [
              {
                "http_endpoint": "enabled",
                "http_protocol_ipv6": "disabled",
                "http_put_response_hop_limit": 2,
                "http_tokens": "required",
                "instance_metadata_tags": "disabled"
              }
            ],
            "monitoring": false,
            "network_interface": [],
            "outpost_arn": "",
            "password_data": "",
            "placement_group": "",
            "placement_partition_number": 0,
            "primary_network_interface_id": "eni-0196cfce14e929d2c",
            "private_dns": "ip-10-0-101-163.ap-southeast-1.compute.internal",
            "private_dns_name_options": [
              {
                "enable_resource_name_dns_a_record": false,
                "enable_resource_name_dns_aaaa_record": false,
                "hostname_type": "ip-name"
              }
            ],
            "private_ip": "10.0.101.163",
            "public_dns": "",
            "public_ip": "",
            "root_block_device": [
              {
                "delete_on_termination": true,
                "device_name": "/dev/xvda",
                "encrypted": false,
                "iops": 3000,
                "kms_key_id": "",
                "tags": null,
                "tags_all": {},
                "throughput": 125,
                "volume_id": "vol-0cd91bb41a40906ff",
                "volume_size": 50,
                "volume_type": "gp3"
              }
            ],
            "secondary_private_ips": [],
            "security_groups": [],
            "source_dest_check": true,
            "spot_instance_request_id": "",
            "subnet_id": "subnet-0956e432643571ff2",
            "tags": {
              "Environment": "dev",
              "Name": "jenkins-master",
              "Terraform": "true"
            },
            "tags_all": {
              "Environment": "dev",
              "Name": "jenkins-master",
              "Terraform": "true"
            },
            "tenancy": "default",
            "timeouts": null,
            "user_data": "dde4f780c72905cd3134b2331510e3971f87aa5c",
            "user_data_base64": null,
            "user_data_replace_on_change": false,
            "volume_tags": null,
            "vpc_security_group_ids": [
              "sg-06060f39eaad3e4cc"
            ]
          },
          "sensitive_attributes": [],
          "private": "eyJlMmJmYjczMC1lY2FhLTExZTYtOGY4OC0zNDM2M2JjN2M0YzAiOnsiY3JlYXRlIjo2MDAwMDAwMDAwMDAsImRlbGV0ZSI6MTIwMDAwMDAwMDAwMCwicmVhZCI6OTAwMDAwMDAwMDAwLCJ1cGRhdGUiOjYwMDAwMDAwMDAwMH0sInNjaGVtYV92ZXJzaW9uIjoiMSJ9",
          "dependencies": [
            "module.iam_role.aws_iam_instance_profile.jenkins_master_ec2_instance_profile",
            "module.iam_role.aws_iam_role.jenkins_master_iam_role",
            "module.key_pair.aws_key_pair.my_generated_key_pair",
            "module.key_pair.tls_private_key.my_generated_key",
            "module.security_group.aws_security_group.jenkins_master_sg",
            "module.subnet.aws_subnet.public_subnet_1",
            "module.subnet.aws_subnet.public_subnet_2",
            "module.subnet.aws_subnet.public_subnet_3",
            "module.vpc.aws_vpc.my_vpc"
          ]
        }
      ]
    },
    {
      "module": "module.ec2_instance",
      "mode": "managed",
      "type": "aws_instance",
      "name": "portainer",
      "provider": "provider[\"registry.terraform.io/hashicorp/aws\"]",
      "instances": [
        {
          "schema_version": 1,
          "attributes": {
            "ami": "ami-05c718cb2fa58687f",
            "arn": "arn:aws:ec2:ap-southeast-1:473154593366:instance/i-0548857ba53fd13e0",
            "associate_public_ip_address": false,
            "availability_zone": "ap-southeast-1a",
            "capacity_reservation_specification": [
              {
                "capacity_reservation_preference": "open",
                "capacity_reservation_target": []
              }
            ],
            "cpu_core_count": 2,
            "cpu_options": [
              {
                "amd_sev_snp": "",
                "core_count": 2,
                "threads_per_core": 1
              }
            ],
            "cpu_threads_per_core": 1,
            "credit_specification": [
              {
                "cpu_credits": "unlimited"
              }
            ],
            "disable_api_stop": false,
            "disable_api_termination": false,
            "ebs_block_device": [],
            "ebs_optimized": false,
            "enclave_options": [
              {
                "enabled": false
              }
            ],
            "ephemeral_block_device": [],
            "get_password_data": false,
            "hibernation": false,
            "host_id": "",
            "host_resource_group_arn": null,
            "iam_instance_profile": "portainer-ec2-instance-profile",
            "id": "i-0548857ba53fd13e0",
            "instance_initiated_shutdown_behavior": "stop",
            "instance_lifecycle": "",
            "instance_market_options": [],
            "instance_state": "running",
            "instance_type": "t4g.nano",
            "ipv6_address_count": 0,
            "ipv6_addresses": [],
            "key_name": "my-key-pair",
            "launch_template": [],
            "maintenance_options": [
              {
                "auto_recovery": "default"
              }
            ],
            "metadata_options": [
              {
                "http_endpoint": "enabled",
                "http_protocol_ipv6": "disabled",
                "http_put_response_hop_limit": 2,
                "http_tokens": "required",
                "instance_metadata_tags": "disabled"
              }
            ],
            "monitoring": false,
            "network_interface": [],
            "outpost_arn": "",
            "password_data": "",
            "placement_group": "",
            "placement_partition_number": 0,
            "primary_network_interface_id": "eni-050510f718f7dd7b0",
            "private_dns": "ip-10-0-101-149.ap-southeast-1.compute.internal",
            "private_dns_name_options": [
              {
                "enable_resource_name_dns_a_record": false,
                "enable_resource_name_dns_aaaa_record": false,
                "hostname_type": "ip-name"
              }
            ],
            "private_ip": "10.0.101.149",
            "public_dns": "",
            "public_ip": "",
            "root_block_device": [
              {
                "delete_on_termination": true,
                "device_name": "/dev/xvda",
                "encrypted": false,
                "iops": 3000,
                "kms_key_id": "",
                "tags": null,
                "tags_all": {},
                "throughput": 125,
                "volume_id": "vol-0775f3372a217bce1",
                "volume_size": 10,
                "volume_type": "gp3"
              }
            ],
            "secondary_private_ips": [],
            "security_groups": [],
            "source_dest_check": true,
            "spot_instance_request_id": "",
            "subnet_id": "subnet-0956e432643571ff2",
            "tags": {
              "Environment": "dev",
              "Name": "portainer",
              "Terraform": "true"
            },
            "tags_all": {
              "Environment": "dev",
              "Name": "portainer",
              "Terraform": "true"
            },
            "tenancy": "default",
            "timeouts": null,
            "user_data": "1b2aad656de46ff9983c45fc820b771679951319",
            "user_data_base64": null,
            "user_data_replace_on_change": false,
            "volume_tags": null,
            "vpc_security_group_ids": [
              "sg-08675402015a6eac3"
            ]
          },
          "sensitive_attributes": [],
          "private": "eyJlMmJmYjczMC1lY2FhLTExZTYtOGY4OC0zNDM2M2JjN2M0YzAiOnsiY3JlYXRlIjo2MDAwMDAwMDAwMDAsImRlbGV0ZSI6MTIwMDAwMDAwMDAwMCwicmVhZCI6OTAwMDAwMDAwMDAwLCJ1cGRhdGUiOjYwMDAwMDAwMDAwMH0sInNjaGVtYV92ZXJzaW9uIjoiMSJ9",
          "dependencies": [
            "module.iam_role.aws_iam_instance_profile.portainer_ec2_instance_profile",
            "module.iam_role.aws_iam_role.portainer_iam_role",
            "module.key_pair.aws_key_pair.my_generated_key_pair",
            "module.key_pair.tls_private_key.my_generated_key",
            "module.security_group.aws_security_group.portainer_sg",
            "module.subnet.aws_subnet.public_subnet_1",
            "module.subnet.aws_subnet.public_subnet_2",
            "module.subnet.aws_subnet.public_subnet_3",
            "module.vpc.aws_vpc.my_vpc"
          ]
        }
      ]
    },
    {
      "module": "module.ec2_instance",
      "mode": "managed",
      "type": "aws_launch_template",
      "name": "jenkins_agent_launch_template",
      "provider": "provider[\"registry.terraform.io/hashicorp/aws\"]",
      "instances": [
        {
          "index_key": 0,
          "schema_version": 0,
          "attributes": {
            "arn": "arn:aws:ec2:ap-southeast-1:473154593366:launch-template/lt-08d1043a7bf399611",
            "block_device_mappings": [
              {
                "device_name": "/dev/xvda",
                "ebs": [
                  {
                    "delete_on_termination": "",
                    "encrypted": "",
                    "iops": 0,
                    "kms_key_id": "",
                    "snapshot_id": "",
                    "throughput": 0,
                    "volume_size": 20,
                    "volume_type": "gp3"
                  }
                ],
                "no_device": "",
                "virtual_name": ""
              }
            ],
            "capacity_reservation_specification": [],
            "cpu_options": [],
            "credit_specification": [],
            "default_version": 1,
            "description": "",
            "disable_api_stop": false,
            "disable_api_termination": false,
            "ebs_optimized": "true",
            "elastic_gpu_specifications": [],
            "elastic_inference_accelerator": [],
            "enclave_options": [],
            "hibernation_options": [],
            "iam_instance_profile": [],
            "id": "lt-08d1043a7bf399611",
            "image_id": "ami-08a49464b2384edd9",
            "instance_initiated_shutdown_behavior": "",
            "instance_market_options": [],
            "instance_requirements": [],
            "instance_type": "t4g.small",
            "kernel_id": "",
            "key_name": "",
            "latest_version": 1,
            "license_specification": [],
            "maintenance_options": [],
            "metadata_options": [],
            "monitoring": [
              {
                "enabled": true
              }
            ],
            "name": "jenkins-agent-eks-node-launch-template",
            "name_prefix": "",
            "network_interfaces": [
              {
                "associate_carrier_ip_address": "",
                "associate_public_ip_address": "false",
                "delete_on_termination": "",
                "description": "",
                "device_index": 0,
                "interface_type": "",
                "ipv4_address_count": 0,
                "ipv4_addresses": null,
                "ipv4_prefix_count": 0,
                "ipv4_prefixes": null,
                "ipv6_address_count": 0,
                "ipv6_addresses": null,
                "ipv6_prefix_count": 0,
                "ipv6_prefixes": null,
                "network_card_index": 0,
                "network_interface_id": "",
                "primary_ipv6": "",
                "private_ip_address": "",
                "security_groups": [
                  "sg-0dd1c271a1fc7f386"
                ],
                "subnet_id": ""
              }
            ],
            "placement": [],
            "private_dns_name_options": [],
            "ram_disk_id": "",
            "security_group_names": null,
            "tag_specifications": [
              {
                "resource_type": "instance",
                "tags": {
                  "Environment": "dev",
                  "Name": "jenkins-agent",
                  "Terraform": "true"
                }
              }
            ],
            "tags": null,
            "tags_all": {},
            "update_default_version": true,
            "user_data": "ICAgICMhL2Jpbi9iYXNoCiAgICAjIEluc3RhbGwgU1NNIGFnZW50CiAgICB5dW0gdXBkYXRlIC15CiAgICB5dW0gaW5zdGFsbCAteSBhbWF6b24tc3NtLWFnZW50CiAgICBzeXN0ZW1jdGwgZW5hYmxlIGFtYXpvbi1zc20tYWdlbnQKICAgIHN5c3RlbWN0bCBzdGFydCBhbWF6b24tc3NtLWFnZW50CiAgICAvZXRjL2Vrcy9ib290c3RyYXAuc2ggamVua2lucy1hZ2VudC1la3MtY2x1c3RlciAtLWt1YmVsZXQtZXh0cmEtYXJncyAnLS1ub2RlLWxhYmVscz1ub2RlLmt1YmVybmV0ZXMuaW8vbGlmZWN5Y2xlPW9uLWRlbWFuZCcK",
            "vpc_security_group_ids": null
          },
          "sensitive_attributes": [],
          "private": "bnVsbA==",
          "dependencies": [
            "module.eks.aws_eks_cluster.jenkins_agent_eks_cluster",
            "module.eks.module.eks.aws_cloudwatch_log_group.this",
            "module.eks.module.eks.aws_eks_access_entry.this",
            "module.eks.module.eks.aws_eks_access_policy_association.this",
            "module.eks.module.eks.aws_eks_cluster.this",
            "module.eks.module.eks.aws_iam_policy.cni_ipv6_policy",
            "module.eks.module.eks.aws_iam_role.this",
            "module.eks.module.eks.aws_iam_role_policy_attachment.this",
            "module.eks.module.eks.aws_security_group.cluster",
            "module.eks.module.eks.aws_security_group.node",
            "module.eks.module.eks.aws_security_group_rule.cluster",
            "module.eks.module.eks.aws_security_group_rule.node",
            "module.eks.module.eks.data.aws_caller_identity.current",
            "module.eks.module.eks.data.aws_iam_policy_document.assume_role_policy",
            "module.eks.module.eks.data.aws_iam_policy_document.cni_ipv6_policy",
            "module.eks.module.eks.data.aws_iam_session_context.current",
            "module.eks.module.eks.data.aws_partition.current",
            "module.eks.module.eks.module.kms.aws_kms_external_key.this",
            "module.eks.module.eks.module.kms.aws_kms_key.this",
            "module.eks.module.eks.module.kms.aws_kms_replica_external_key.this",
            "module.eks.module.eks.module.kms.aws_kms_replica_key.this",
            "module.eks.module.eks.module.kms.data.aws_caller_identity.current",
            "module.eks.module.eks.module.kms.data.aws_iam_policy_document.this",
            "module.eks.module.eks.module.kms.data.aws_partition.current",
            "module.iam_role.aws_iam_role.jenkins_agent_iam_role",
            "module.iam_role.aws_iam_role_policy_attachment.ec2_container_registry_read_only",
            "module.iam_role.aws_iam_role_policy_attachment.eks_cni_policy",
            "module.iam_role.aws_iam_role_policy_attachment.eks_worker_nodes_policy",
            "module.security_group.aws_security_group.jenkins_agent_sg",
            "module.subnet.aws_subnet.private_subnet_1",
            "module.subnet.aws_subnet.private_subnet_2",
            "module.subnet.aws_subnet.private_subnet_3",
            "module.vpc.aws_vpc.my_vpc"
          ]
        }
      ]
    },
    {
      "module": "module.ec2_instance",
      "mode": "managed",
      "type": "aws_ssm_document",
      "name": "jenkins_exec",
      "provider": "provider[\"registry.terraform.io/hashicorp/aws\"]",
      "instances": [
        {
          "schema_version": 0,
          "attributes": {
            "arn": "arn:aws:ssm:ap-southeast-1:473154593366:document/JenkinsExecDocument",
            "attachments_source": [],
            "content": "{\"description\":\"Execute command to get Jenkins initial password\",\"mainSteps\":[{\"action\":\"aws:runShellScript\",\"inputs\":{\"DocumentName\":\"AWS-RunShellScript\",\"Parameters\":{\"commands\":[\"docker exec jenkins cat /var/jenkins_home/secrets/initialAdminPassword\"]}},\"name\":\"runShellCommand\"}],\"schemaVersion\":\"2.2\"}",
            "created_date": "2024-11-13T15:41:35Z",
            "default_version": "1",
            "description": "Execute command to get Jenkins initial password",
            "document_format": "JSON",
            "document_type": "Command",
            "document_version": "1",
            "hash": "c98fc3fe16bb80839af70c26434c1770a54f608e00e8564f4db6fdf8caf8a3e2",
            "hash_type": "Sha256",
            "id": "JenkinsExecDocument",
            "latest_version": "1",
            "name": "JenkinsExecDocument",
            "owner": "473154593366",
            "parameter": [],
            "permissions": null,
            "platform_types": [
              "Linux",
              "MacOS"
            ],
            "schema_version": "2.2",
            "status": "Active",
            "tags": null,
            "tags_all": {},
            "target_type": "",
            "version_name": ""
          },
          "sensitive_attributes": [],
          "private": "bnVsbA==",
          "dependencies": [
            "module.ec2_instance.aws_instance.jenkins_master",
            "module.iam_role.aws_iam_instance_profile.jenkins_master_ec2_instance_profile",
            "module.iam_role.aws_iam_role.jenkins_master_iam_role",
            "module.key_pair.aws_key_pair.my_generated_key_pair",
            "module.key_pair.tls_private_key.my_generated_key",
            "module.security_group.aws_security_group.jenkins_master_sg",
            "module.subnet.aws_subnet.public_subnet_1",
            "module.subnet.aws_subnet.public_subnet_2",
            "module.subnet.aws_subnet.public_subnet_3",
            "module.vpc.aws_vpc.my_vpc"
          ]
        }
      ]
    },
    {
      "module": "module.eks",
      "mode": "data",
      "type": "aws_iam_policy",
      "name": "ebs_csi_policy",
      "provider": "provider[\"registry.terraform.io/hashicorp/aws\"]",
      "instances": [
        {
          "schema_version": 0,
          "attributes": {
            "arn": "arn:aws:iam::aws:policy/service-role/AmazonEBSCSIDriverPolicy",
            "attachment_count": 0,
            "description": "IAM Policy that allows the CSI driver service account to make calls to related services such as EC2 on your behalf.",
            "id": "arn:aws:iam::aws:policy/service-role/AmazonEBSCSIDriverPolicy",
            "name": "AmazonEBSCSIDriverPolicy",
            "path": "/service-role/",
            "path_prefix": null,
            "policy": "{\n\t\"Version\": \"2012-10-17\",\n\t\"Statement\": [\n\t\t{\n\t\t\t\"Effect\": \"Allow\",\n\t\t\t\"Action\": [\n\t\t\t\t\"ec2:CreateSnapshot\",\n\t\t\t\t\"ec2:AttachVolume\",\n\t\t\t\t\"ec2:DetachVolume\",\n\t\t\t\t\"ec2:ModifyVolume\",\n\t\t\t\t\"ec2:DescribeAvailabilityZones\",\n\t\t\t\t\"ec2:DescribeInstances\",\n\t\t\t\t\"ec2:DescribeSnapshots\",\n\t\t\t\t\"ec2:DescribeTags\",\n\t\t\t\t\"ec2:DescribeVolumes\",\n\t\t\t\t\"ec2:DescribeVolumesModifications\"\n\t\t\t],\n\t\t\t\"Resource\": \"*\"\n\t\t},\n\t\t{\n\t\t\t\"Effect\": \"Allow\",\n\t\t\t\"Action\": [\n\t\t\t\t\"ec2:CreateTags\"\n\t\t\t],\n\t\t\t\"Resource\": [\n\t\t\t\t\"arn:aws:ec2:*:*:volume/*\",\n\t\t\t\t\"arn:aws:ec2:*:*:snapshot/*\"\n\t\t\t],\n\t\t\t\"Condition\": {\n\t\t\t\t\"StringEquals\": {\n\t\t\t\t\t\"ec2:CreateAction\": [\n\t\t\t\t\t\t\"CreateVolume\",\n\t\t\t\t\t\t\"CreateSnapshot\"\n\t\t\t\t\t]\n\t\t\t\t}\n\t\t\t}\n\t\t},\n\t\t{\n\t\t\t\"Effect\": \"Allow\",\n\t\t\t\"Action\": [\n\t\t\t\t\"ec2:DeleteTags\"\n\t\t\t],\n\t\t\t\"Resource\": [\n\t\t\t\t\"arn:aws:ec2:*:*:volume/*\",\n\t\t\t\t\"arn:aws:ec2:*:*:snapshot/*\"\n\t\t\t]\n\t\t},\n\t\t{\n\t\t\t\"Effect\": \"Allow\",\n\t\t\t\"Action\": [\n\t\t\t\t\"ec2:CreateVolume\"\n\t\t\t],\n\t\t\t\"Resource\": \"*\",\n\t\t\t\"Condition\": {\n\t\t\t\t\"StringLike\": {\n\t\t\t\t\t\"aws:RequestTag/ebs.csi.aws.com/cluster\": \"true\"\n\t\t\t\t}\n\t\t\t}\n\t\t},\n\t\t{\n\t\t\t\"Effect\": \"Allow\",\n\t\t\t\"Action\": [\n\t\t\t\t\"ec2:CreateVolume\"\n\t\t\t],\n\t\t\t\"Resource\": \"*\",\n\t\t\t\"Condition\": {\n\t\t\t\t\"StringLike\": {\n\t\t\t\t\t\"aws:RequestTag/CSIVolumeName\": \"*\"\n\t\t\t\t}\n\t\t\t}\n\t\t},\n\t\t{\n\t\t\t\"Effect\": \"Allow\",\n\t\t\t\"Action\": [\n\t\t\t\t\"ec2:DeleteVolume\"\n\t\t\t],\n\t\t\t\"Resource\": \"*\",\n\t\t\t\"Condition\": {\n\t\t\t\t\"StringLike\": {\n\t\t\t\t\t\"ec2:ResourceTag/ebs.csi.aws.com/cluster\": \"true\"\n\t\t\t\t}\n\t\t\t}\n\t\t},\n\t\t{\n\t\t\t\"Effect\": \"Allow\",\n\t\t\t\"Action\": [\n\t\t\t\t\"ec2:DeleteVolume\"\n\t\t\t],\n\t\t\t\"Resource\": \"*\",\n\t\t\t\"Condition\": {\n\t\t\t\t\"StringLike\": {\n\t\t\t\t\t\"ec2:ResourceTag/CSIVolumeName\": \"*\"\n\t\t\t\t}\n\t\t\t}\n\t\t},\n\t\t{\n\t\t\t\"Effect\": \"Allow\",\n\t\t\t\"Action\": [\n\t\t\t\t\"ec2:DeleteVolume\"\n\t\t\t],\n\t\t\t\"Resource\": \"*\",\n\t\t\t\"Condition\": {\n\t\t\t\t\"StringLike\": {\n\t\t\t\t\t\"ec2:ResourceTag/kubernetes.io/created-for/pvc/name\": \"*\"\n\t\t\t\t}\n\t\t\t}\n\t\t},\n\t\t{\n\t\t\t\"Effect\": \"Allow\",\n\t\t\t\"Action\": [\n\t\t\t\t\"ec2:DeleteSnapshot\"\n\t\t\t],\n\t\t\t\"Resource\": \"*\",\n\t\t\t\"Condition\": {\n\t\t\t\t\"StringLike\": {\n\t\t\t\t\t\"ec2:ResourceTag/CSIVolumeSnapshotName\": \"*\"\n\t\t\t\t}\n\t\t\t}\n\t\t},\n\t\t{\n\t\t\t\"Effect\": \"Allow\",\n\t\t\t\"Action\": [\n\t\t\t\t\"ec2:DeleteSnapshot\"\n\t\t\t],\n\t\t\t\"Resource\": \"*\",\n\t\t\t\"Condition\": {\n\t\t\t\t\"StringLike\": {\n\t\t\t\t\t\"ec2:ResourceTag/ebs.csi.aws.com/cluster\": \"true\"\n\t\t\t\t}\n\t\t\t}\n\t\t}\n\t]\n}",
            "policy_id": "ANPAZKAPJZG4IV6FHD2UE",
            "tags": {}
          },
          "sensitive_attributes": []
        }
      ]
    },
    {
      "module": "module.eks",
      "mode": "managed",
      "type": "aws_eks_addon",
      "name": "coredns",
      "provider": "provider[\"registry.terraform.io/hashicorp/aws\"]",
      "instances": [
        {
          "index_key": 0,
          "status": "tainted",
          "schema_version": 0,
          "attributes": {
            "addon_name": "coredns",
            "addon_version": "v1.11.3-eksbuild.1",
            "arn": null,
            "cluster_name": "jenkins-agent-eks-cluster",
            "configuration_values": null,
            "created_at": null,
            "id": "jenkins-agent-eks-cluster:coredns",
            "modified_at": null,
            "preserve": null,
            "resolve_conflicts": null,
            "resolve_conflicts_on_create": null,
            "resolve_conflicts_on_update": "OVERWRITE",
            "service_account_role_arn": null,
            "tags": null,
            "tags_all": null,
            "timeouts": {
              "create": "10m",
              "delete": null,
              "update": null
            }
          },
          "sensitive_attributes": [],
          "private": "eyJlMmJmYjczMC1lY2FhLTExZTYtOGY4OC0zNDM2M2JjN2M0YzAiOnsiY3JlYXRlIjo2MDAwMDAwMDAwMDAsImRlbGV0ZSI6MjQwMDAwMDAwMDAwMCwidXBkYXRlIjoxMjAwMDAwMDAwMDAwfX0=",
          "dependencies": [
            "module.eks.aws_eks_cluster.jenkins_agent_eks_cluster",
            "module.iam_role.aws_iam_role.jenkins_agent_iam_role",
            "module.iam_role.aws_iam_role_policy_attachment.ec2_container_registry_read_only",
            "module.iam_role.aws_iam_role_policy_attachment.eks_cni_policy",
            "module.iam_role.aws_iam_role_policy_attachment.eks_worker_nodes_policy",
            "module.security_group.aws_security_group.jenkins_agent_sg",
            "module.subnet.aws_subnet.private_subnet_1",
            "module.subnet.aws_subnet.private_subnet_2",
            "module.subnet.aws_subnet.private_subnet_3",
            "module.vpc.aws_vpc.my_vpc"
          ]
        }
      ]
    },
    {
      "module": "module.eks",
      "mode": "managed",
      "type": "aws_eks_addon",
      "name": "eks_pod_identity_agent",
      "provider": "provider[\"registry.terraform.io/hashicorp/aws\"]",
      "instances": [
        {
          "index_key": 0,
          "status": "tainted",
          "schema_version": 0,
          "attributes": {
            "addon_name": "eks-pod-identity-agent",
            "addon_version": "v1.3.2-eksbuild.2",
            "arn": null,
            "cluster_name": "jenkins-agent-eks-cluster",
            "configuration_values": null,
            "created_at": null,
            "id": "jenkins-agent-eks-cluster:eks-pod-identity-agent",
            "modified_at": null,
            "preserve": null,
            "resolve_conflicts": null,
            "resolve_conflicts_on_create": null,
            "resolve_conflicts_on_update": "OVERWRITE",
            "service_account_role_arn": null,
            "tags": null,
            "tags_all": null,
            "timeouts": null
          },
          "sensitive_attributes": [],
          "private": "eyJlMmJmYjczMC1lY2FhLTExZTYtOGY4OC0zNDM2M2JjN2M0YzAiOnsiY3JlYXRlIjoxMjAwMDAwMDAwMDAwLCJkZWxldGUiOjI0MDAwMDAwMDAwMDAsInVwZGF0ZSI6MTIwMDAwMDAwMDAwMH19",
          "dependencies": [
            "module.eks.aws_eks_cluster.jenkins_agent_eks_cluster",
            "module.iam_role.aws_iam_role.jenkins_agent_iam_role",
            "module.iam_role.aws_iam_role_policy_attachment.ec2_container_registry_read_only",
            "module.iam_role.aws_iam_role_policy_attachment.eks_cni_policy",
            "module.iam_role.aws_iam_role_policy_attachment.eks_worker_nodes_policy",
            "module.security_group.aws_security_group.jenkins_agent_sg",
            "module.subnet.aws_subnet.private_subnet_1",
            "module.subnet.aws_subnet.private_subnet_2",
            "module.subnet.aws_subnet.private_subnet_3",
            "module.vpc.aws_vpc.my_vpc"
          ]
        }
      ]
    },
    {
      "module": "module.eks",
      "mode": "managed",
      "type": "aws_eks_addon",
      "name": "kube_proxy",
      "provider": "provider[\"registry.terraform.io/hashicorp/aws\"]",
      "instances": [
        {
          "index_key": 0,
          "status": "tainted",
          "schema_version": 0,
          "attributes": {
            "addon_name": "kube-proxy",
            "addon_version": "v1.31.1-eksbuild.2",
            "arn": null,
            "cluster_name": "jenkins-agent-eks-cluster",
            "configuration_values": null,
            "created_at": null,
            "id": "jenkins-agent-eks-cluster:kube-proxy",
            "modified_at": null,
            "preserve": null,
            "resolve_conflicts": null,
            "resolve_conflicts_on_create": null,
            "resolve_conflicts_on_update": "OVERWRITE",
            "service_account_role_arn": null,
            "tags": null,
            "tags_all": null,
            "timeouts": null
          },
          "sensitive_attributes": [],
          "private": "eyJlMmJmYjczMC1lY2FhLTExZTYtOGY4OC0zNDM2M2JjN2M0YzAiOnsiY3JlYXRlIjoxMjAwMDAwMDAwMDAwLCJkZWxldGUiOjI0MDAwMDAwMDAwMDAsInVwZGF0ZSI6MTIwMDAwMDAwMDAwMH19",
          "dependencies": [
            "module.eks.aws_eks_cluster.jenkins_agent_eks_cluster",
            "module.iam_role.aws_iam_role.jenkins_agent_iam_role",
            "module.iam_role.aws_iam_role_policy_attachment.ec2_container_registry_read_only",
            "module.iam_role.aws_iam_role_policy_attachment.eks_cni_policy",
            "module.iam_role.aws_iam_role_policy_attachment.eks_worker_nodes_policy",
            "module.security_group.aws_security_group.jenkins_agent_sg",
            "module.subnet.aws_subnet.private_subnet_1",
            "module.subnet.aws_subnet.private_subnet_2",
            "module.subnet.aws_subnet.private_subnet_3",
            "module.vpc.aws_vpc.my_vpc"
          ]
        }
      ]
    },
    {
      "module": "module.eks",
      "mode": "managed",
      "type": "aws_eks_addon",
      "name": "vpc_cni",
      "provider": "provider[\"registry.terraform.io/hashicorp/aws\"]",
      "instances": [
        {
          "index_key": 0,
          "status": "tainted",
          "schema_version": 0,
          "attributes": {
            "addon_name": "vpc-cni",
            "addon_version": "v1.18.5-eksbuild.1",
            "arn": null,
            "cluster_name": "jenkins-agent-eks-cluster",
            "configuration_values": null,
            "created_at": null,
            "id": "jenkins-agent-eks-cluster:vpc-cni",
            "modified_at": null,
            "preserve": null,
            "resolve_conflicts": null,
            "resolve_conflicts_on_create": null,
            "resolve_conflicts_on_update": "OVERWRITE",
            "service_account_role_arn": null,
            "tags": null,
            "tags_all": null,
            "timeouts": null
          },
          "sensitive_attributes": [],
          "private": "eyJlMmJmYjczMC1lY2FhLTExZTYtOGY4OC0zNDM2M2JjN2M0YzAiOnsiY3JlYXRlIjoxMjAwMDAwMDAwMDAwLCJkZWxldGUiOjI0MDAwMDAwMDAwMDAsInVwZGF0ZSI6MTIwMDAwMDAwMDAwMH19",
          "dependencies": [
            "module.eks.aws_eks_cluster.jenkins_agent_eks_cluster",
            "module.iam_role.aws_iam_role.jenkins_agent_iam_role",
            "module.iam_role.aws_iam_role_policy_attachment.ec2_container_registry_read_only",
            "module.iam_role.aws_iam_role_policy_attachment.eks_cni_policy",
            "module.iam_role.aws_iam_role_policy_attachment.eks_worker_nodes_policy",
            "module.security_group.aws_security_group.jenkins_agent_sg",
            "module.subnet.aws_subnet.private_subnet_1",
            "module.subnet.aws_subnet.private_subnet_2",
            "module.subnet.aws_subnet.private_subnet_3",
            "module.vpc.aws_vpc.my_vpc"
          ]
        }
      ]
    },
    {
      "module": "module.eks",
      "mode": "managed",
      "type": "aws_eks_cluster",
      "name": "jenkins_agent_eks_cluster",
      "provider": "provider[\"registry.terraform.io/hashicorp/aws\"]",
      "instances": [
        {
          "index_key": 0,
          "schema_version": 1,
          "attributes": {
            "access_config": [
              {
                "authentication_mode": "CONFIG_MAP",
                "bootstrap_cluster_creator_admin_permissions": true
              }
            ],
            "arn": "arn:aws:eks:ap-southeast-1:473154593366:cluster/jenkins-agent-eks-cluster",
            "bootstrap_self_managed_addons": true,
            "certificate_authority": [
              {
                "data": "LS0tLS1CRUdJTiBDRVJUSUZJQ0FURS0tLS0tCk1JSURCVENDQWUyZ0F3SUJBZ0lJYVM5eWJvelk1VUF3RFFZSktvWklodmNOQVFFTEJRQXdGVEVUTUJFR0ExVUUKQXhNS2EzVmlaWEp1WlhSbGN6QWVGdzB5TkRFeE1UTXhOVE01TVRsYUZ3MHpOREV4TVRFeE5UUTBNVGxhTUJVeApFekFSQmdOVkJBTVRDbXQxWW1WeWJtVjBaWE13Z2dFaU1BMEdDU3FHU0liM0RRRUJBUVVBQTRJQkR3QXdnZ0VLCkFvSUJBUURKWkFsTlYxL2k1czlGMmN5aDNxVTNYWnVmLzVLV1Y3bHBCTmpQc2VnWUhjdFlldTQyY3k3TWVJaTYKNFBlZkthM1dOWS80dkVSZEN4VFlQRWJoZ28rQ0pzYTNhQlhXL1c5Z3Fhdk5GelZXNCt3V3RpV1pNNjFqMVZqZQpKZW91TklGRzFQUjdCUlFBYjJyLy9DZnNSUUFzbzZrREVGMFVKazRRSVFRTnkvUDFKNjNZWTlXbDJBdEFIWW1sClJVc1ZYSDhIWVlNYXZvemRmVTY0a3BpN1NWelBBNzdZSnAvNHduc0dDdHJpeml6aG96TFluOUhYMVVKWWxnUmEKczNVZnZkWURxZmZQYWJvUDRCb2FLaUl4eXlURHpXQ1U2dmpNVWQ2M1JQRTNHQlFYM2xJR2t2S1RjdXBlcnFReQpXYmI4SFJTelgzd3JmZlJrcnhwc1RYSXc4QUcvQWdNQkFBR2pXVEJYTUE0R0ExVWREd0VCL3dRRUF3SUNwREFQCkJnTlZIUk1CQWY4RUJUQURBUUgvTUIwR0ExVWREZ1FXQkJUWjlLazVIcDc4MERMaWp5dWkxMjRZV0lRTmp6QVYKQmdOVkhSRUVEakFNZ2dwcmRXSmxjbTVsZEdWek1BMEdDU3FHU0liM0RRRUJDd1VBQTRJQkFRQ09La1BlWG12RQpNLzRoaVc3cnJlV3BCVGxwRGxGNjU4K1RSSE5ZYTQ0UGlXVXlMT0xzWkxiUXh6THFuRGExdHdzczF6dHY0MUdrCmx4UVdyZXd3ZFNITmplWmxXUjBnTWJOQW02UjFjalJHRHJPZ2hrSk5OL0JYTVdzMXBxZE5wOHlxVFlwQlRjdk8KdE9UY3NMd2EwNnFlbXpBV3hLb0lnVTRIWUd2MXluT0p6SzJyaXd6NEk0WHNTZFpNVkt6d2oxOW5UQkhsUG45Lwpidkt6T3pjMUladjFUQklsYzFzNGlzZzdCWWRNRzBJZzB6ME9VbEVFMEE3cHhjUlhQdDRacGJXSVVTZkRKR2ZWCnU5Tk13cmZSOGlkTkJQdlcxMy80NkgwZmhMMmdoQmFaMmRxdjA4ZitvQWkwRkYxbklaSGIvckFDb3hxbTQwSy8KdGltTE5iK0lSMWhsCi0tLS0tRU5EIENFUlRJRklDQVRFLS0tLS0K"
              }
            ],
            "cluster_id": null,
            "created_at": "2024-11-13T15:40:03Z",
            "enabled_cluster_log_types": null,
            "encryption_config": [],
            "endpoint": "https://50F1FC26F6BD72B250FE46B99231ED91.sk1.ap-southeast-1.eks.amazonaws.com",
            "id": "jenkins-agent-eks-cluster",
            "identity": [
              {
                "oidc": [
                  {
                    "issuer": "https://oidc.eks.ap-southeast-1.amazonaws.com/id/50F1FC26F6BD72B250FE46B99231ED91"
                  }
                ]
              }
            ],
            "kubernetes_network_config": [
              {
                "ip_family": "ipv4",
                "service_ipv4_cidr": "172.20.0.0/16",
                "service_ipv6_cidr": ""
              }
            ],
            "name": "jenkins-agent-eks-cluster",
            "outpost_config": [],
            "platform_version": "eks.10",
            "role_arn": "arn:aws:iam::473154593366:role/jenkins-agent-iam-role",
            "status": "ACTIVE",
            "tags": {
              "Environment": "dev",
              "Terraform": "true"
            },
            "tags_all": {
              "Environment": "dev",
              "Terraform": "true"
            },
            "timeouts": null,
            "upgrade_policy": [
              {
                "support_type": "EXTENDED"
              }
            ],
            "version": "1.31",
            "vpc_config": [
              {
                "cluster_security_group_id": "sg-08a243cee6e1f4fcb",
                "endpoint_private_access": true,
                "endpoint_public_access": false,
                "public_access_cidrs": [],
                "security_group_ids": [
                  "sg-0dd1c271a1fc7f386"
                ],
                "subnet_ids": [
                  "subnet-04e0663b84cd28b97",
                  "subnet-054a6fb671420a901",
                  "subnet-0dc3514ba047382c7"
                ],
                "vpc_id": "vpc-0acd926f940595522"
              }
            ]
          },
          "sensitive_attributes": [],
          "private": "eyJlMmJmYjczMC1lY2FhLTExZTYtOGY4OC0zNDM2M2JjN2M0YzAiOnsiY3JlYXRlIjoxODAwMDAwMDAwMDAwLCJkZWxldGUiOjkwMDAwMDAwMDAwMCwidXBkYXRlIjozNjAwMDAwMDAwMDAwfSwic2NoZW1hX3ZlcnNpb24iOiIxIn0=",
          "dependencies": [
            "module.iam_role.aws_iam_role.jenkins_agent_iam_role",
            "module.iam_role.aws_iam_role_policy_attachment.ec2_container_registry_read_only",
            "module.iam_role.aws_iam_role_policy_attachment.eks_cni_policy",
            "module.iam_role.aws_iam_role_policy_attachment.eks_worker_nodes_policy",
            "module.security_group.aws_security_group.jenkins_agent_sg",
            "module.subnet.aws_subnet.private_subnet_1",
            "module.subnet.aws_subnet.private_subnet_2",
            "module.subnet.aws_subnet.private_subnet_3",
            "module.vpc.aws_vpc.my_vpc"
          ]
        }
      ]
    },
    {
      "module": "module.elastic_ip",
      "mode": "managed",
      "type": "aws_eip",
      "name": "nlb_eip",
      "provider": "provider[\"registry.terraform.io/hashicorp/aws\"]",
      "instances": [
        {
          "schema_version": 0,
          "attributes": {
            "address": null,
            "allocation_id": "eipalloc-06ae699d7a146ece5",
            "arn": "arn:aws:ec2:ap-southeast-1:473154593366:elastic-ip/eipalloc-06ae699d7a146ece5",
            "associate_with_private_ip": null,
            "association_id": "",
            "carrier_ip": "",
            "customer_owned_ip": "",
            "customer_owned_ipv4_pool": "",
            "domain": "vpc",
            "id": "eipalloc-06ae699d7a146ece5",
            "instance": "",
            "ipam_pool_id": null,
            "network_border_group": "ap-southeast-1",
            "network_interface": "",
            "private_dns": null,
            "private_ip": "",
            "ptr_record": "",
            "public_dns": "ec2-18-138-145-66.ap-southeast-1.compute.amazonaws.com",
            "public_ip": "18.138.145.66",
            "public_ipv4_pool": "amazon",
            "tags": {
              "Environment": "dev",
              "Name": "my-eip",
              "Terraform": "true"
            },
            "tags_all": {
              "Environment": "dev",
              "Name": "my-eip",
              "Terraform": "true"
            },
            "timeouts": null,
            "vpc": true
          },
          "sensitive_attributes": [],
          "private": "eyJlMmJmYjczMC1lY2FhLTExZTYtOGY4OC0zNDM2M2JjN2M0YzAiOnsiZGVsZXRlIjoxODAwMDAwMDAwMDAsInJlYWQiOjkwMDAwMDAwMDAwMCwidXBkYXRlIjozMDAwMDAwMDAwMDB9fQ=="
        }
      ]
    },
    {
      "module": "module.iam_role",
      "mode": "managed",
      "type": "aws_iam_instance_profile",
      "name": "jenkins_agent_ec2_instance_profile",
      "provider": "provider[\"registry.terraform.io/hashicorp/aws\"]",
      "instances": [
        {
          "schema_version": 0,
          "attributes": {
            "arn": "arn:aws:iam::473154593366:instance-profile/jenkins-agent-ec2-instance-profile",
            "create_date": "2024-11-13T15:40:00Z",
            "id": "jenkins-agent-ec2-instance-profile",
            "name": "jenkins-agent-ec2-instance-profile",
            "name_prefix": "",
            "path": "/",
            "role": "jenkins-agent-iam-role",
            "tags": null,
            "tags_all": {},
            "unique_id": "AIPAW4KRWEJLG6Q43VOUM"
          },
          "sensitive_attributes": [],
          "private": "bnVsbA==",
          "dependencies": [
            "module.iam_role.aws_iam_role.jenkins_agent_iam_role"
          ]
        }
      ]
    },
    {
      "module": "module.iam_role",
      "mode": "managed",
      "type": "aws_iam_instance_profile",
      "name": "jenkins_master_ec2_instance_profile",
      "provider": "provider[\"registry.terraform.io/hashicorp/aws\"]",
      "instances": [
        {
          "schema_version": 0,
          "attributes": {
            "arn": "arn:aws:iam::473154593366:instance-profile/jenkins-master-ec2-instance-profile",
            "create_date": "2024-11-13T15:39:59Z",
            "id": "jenkins-master-ec2-instance-profile",
            "name": "jenkins-master-ec2-instance-profile",
            "name_prefix": "",
            "path": "/",
            "role": "jenkins-master-iam-role",
            "tags": null,
            "tags_all": {},
            "unique_id": "AIPAW4KRWEJLHHD4MFE54"
          },
          "sensitive_attributes": [],
          "private": "bnVsbA==",
          "dependencies": [
            "module.iam_role.aws_iam_role.jenkins_master_iam_role"
          ]
        }
      ]
    },
    {
      "module": "module.iam_role",
      "mode": "managed",
      "type": "aws_iam_instance_profile",
      "name": "portainer_ec2_instance_profile",
      "provider": "provider[\"registry.terraform.io/hashicorp/aws\"]",
      "instances": [
        {
          "schema_version": 0,
          "attributes": {
            "arn": "arn:aws:iam::473154593366:instance-profile/portainer-ec2-instance-profile",
            "create_date": "2024-11-13T15:40:00Z",
            "id": "portainer-ec2-instance-profile",
            "name": "portainer-ec2-instance-profile",
            "name_prefix": "",
            "path": "/",
            "role": "portainer-iam-role",
            "tags": null,
            "tags_all": {},
            "unique_id": "AIPAW4KRWEJLI3MPZZBHJ"
          },
          "sensitive_attributes": [],
          "private": "bnVsbA==",
          "dependencies": [
            "module.iam_role.aws_iam_role.portainer_iam_role"
          ]
        }
      ]
    },
    {
      "module": "module.iam_role",
      "mode": "managed",
      "type": "aws_iam_role",
      "name": "jenkins_agent_iam_role",
      "provider": "provider[\"registry.terraform.io/hashicorp/aws\"]",
      "instances": [
        {
          "schema_version": 0,
          "attributes": {
            "arn": "arn:aws:iam::473154593366:role/jenkins-agent-iam-role",
            "assume_role_policy": "{\"Statement\":[{\"Action\":\"sts:AssumeRole\",\"Effect\":\"Allow\",\"Principal\":{\"Service\":[\"ec2.amazonaws.com\",\"eks.amazonaws.com\"]}}],\"Version\":\"2012-10-17\"}",
            "create_date": "2024-11-13T15:39:57Z",
            "description": "",
            "force_detach_policies": false,
            "id": "jenkins-agent-iam-role",
            "inline_policy": [],
            "managed_policy_arns": [],
            "max_session_duration": 3600,
            "name": "jenkins-agent-iam-role",
            "name_prefix": "",
            "path": "/",
            "permissions_boundary": "",
            "tags": {
              "Environment": "dev",
              "Terraform": "true"
            },
            "tags_all": {
              "Environment": "dev",
              "Terraform": "true"
            },
            "unique_id": "AROAW4KRWEJLH55H7PJJM"
          },
          "sensitive_attributes": [],
          "private": "bnVsbA=="
        }
      ]
    },
    {
      "module": "module.iam_role",
      "mode": "managed",
      "type": "aws_iam_role",
      "name": "jenkins_master_iam_role",
      "provider": "provider[\"registry.terraform.io/hashicorp/aws\"]",
      "instances": [
        {
          "schema_version": 0,
          "attributes": {
            "arn": "arn:aws:iam::473154593366:role/jenkins-master-iam-role",
            "assume_role_policy": "{\"Statement\":[{\"Action\":\"sts:AssumeRole\",\"Effect\":\"Allow\",\"Principal\":{\"Service\":\"ec2.amazonaws.com\"}}],\"Version\":\"2012-10-17\"}",
            "create_date": "2024-11-13T15:39:57Z",
            "description": "",
            "force_detach_policies": false,
            "id": "jenkins-master-iam-role",
            "inline_policy": [],
            "managed_policy_arns": [],
            "max_session_duration": 3600,
            "name": "jenkins-master-iam-role",
            "name_prefix": "",
            "path": "/",
            "permissions_boundary": "",
            "tags": {
              "Environment": "dev",
              "Terraform": "true"
            },
            "tags_all": {
              "Environment": "dev",
              "Terraform": "true"
            },
            "unique_id": "AROAW4KRWEJLPODSEUBBL"
          },
          "sensitive_attributes": [],
          "private": "bnVsbA=="
        }
      ]
    },
    {
      "module": "module.iam_role",
      "mode": "managed",
      "type": "aws_iam_role",
      "name": "portainer_iam_role",
      "provider": "provider[\"registry.terraform.io/hashicorp/aws\"]",
      "instances": [
        {
          "schema_version": 0,
          "attributes": {
            "arn": "arn:aws:iam::473154593366:role/portainer-iam-role",
            "assume_role_policy": "{\"Statement\":[{\"Action\":\"sts:AssumeRole\",\"Effect\":\"Allow\",\"Principal\":{\"Service\":[\"ec2.amazonaws.com\"]}}],\"Version\":\"2012-10-17\"}",
            "create_date": "2024-11-13T15:39:57Z",
            "description": "",
            "force_detach_policies": false,
            "id": "portainer-iam-role",
            "inline_policy": [],
            "managed_policy_arns": [],
            "max_session_duration": 3600,
            "name": "portainer-iam-role",
            "name_prefix": "",
            "path": "/",
            "permissions_boundary": "",
            "tags": {
              "Environment": "dev",
              "Terraform": "true"
            },
            "tags_all": {
              "Environment": "dev",
              "Terraform": "true"
            },
            "unique_id": "AROAW4KRWEJLDFHK6EJPM"
          },
          "sensitive_attributes": [],
          "private": "bnVsbA=="
        }
      ]
    },
    {
      "module": "module.iam_role",
      "mode": "managed",
      "type": "aws_iam_role_policy_attachment",
      "name": "ec2_container_registry_read_only",
      "provider": "provider[\"registry.terraform.io/hashicorp/aws\"]",
      "instances": [
        {
          "schema_version": 0,
          "attributes": {
            "id": "jenkins-agent-iam-role-20241113154001018800000006",
            "policy_arn": "arn:aws:iam::aws:policy/AmazonEC2ContainerRegistryReadOnly",
            "role": "jenkins-agent-iam-role"
          },
          "sensitive_attributes": [],
          "private": "bnVsbA==",
          "dependencies": [
            "module.iam_role.aws_iam_role.jenkins_agent_iam_role"
          ]
        }
      ]
    },
    {
      "module": "module.iam_role",
      "mode": "managed",
      "type": "aws_iam_role_policy_attachment",
      "name": "eks_cluster_policy",
      "provider": "provider[\"registry.terraform.io/hashicorp/aws\"]",
      "instances": [
        {
          "schema_version": 0,
          "attributes": {
            "id": "jenkins-agent-iam-role-20241113154001316700000008",
            "policy_arn": "arn:aws:iam::aws:policy/AmazonEKSClusterPolicy",
            "role": "jenkins-agent-iam-role"
          },
          "sensitive_attributes": [],
          "private": "bnVsbA==",
          "dependencies": [
            "module.iam_role.aws_iam_role.jenkins_agent_iam_role"
          ]
        }
      ]
    },
    {
      "module": "module.iam_role",
      "mode": "managed",
      "type": "aws_iam_role_policy_attachment",
      "name": "eks_cni_policy",
      "provider": "provider[\"registry.terraform.io/hashicorp/aws\"]",
      "instances": [
        {
          "schema_version": 0,
          "attributes": {
            "id": "jenkins-agent-iam-role-2024111315400175370000000a",
            "policy_arn": "arn:aws:iam::aws:policy/AmazonEKS_CNI_Policy",
            "role": "jenkins-agent-iam-role"
          },
          "sensitive_attributes": [],
          "private": "bnVsbA==",
          "dependencies": [
            "module.iam_role.aws_iam_role.jenkins_agent_iam_role"
          ]
        }
      ]
    },
    {
      "module": "module.iam_role",
      "mode": "managed",
      "type": "aws_iam_role_policy_attachment",
      "name": "eks_service_policy",
      "provider": "provider[\"registry.terraform.io/hashicorp/aws\"]",
      "instances": [
        {
          "schema_version": 0,
          "attributes": {
            "id": "jenkins-agent-iam-role-2024111315400181090000000b",
            "policy_arn": "arn:aws:iam::aws:policy/AmazonEKSVPCResourceController",
            "role": "jenkins-agent-iam-role"
          },
          "sensitive_attributes": [],
          "private": "bnVsbA==",
          "dependencies": [
            "module.iam_role.aws_iam_role.jenkins_agent_iam_role"
          ]
        }
      ]
    },
    {
      "module": "module.iam_role",
      "mode": "managed",
      "type": "aws_iam_role_policy_attachment",
      "name": "eks_worker_nodes_policy",
      "provider": "provider[\"registry.terraform.io/hashicorp/aws\"]",
      "instances": [
        {
          "schema_version": 0,
          "attributes": {
            "id": "jenkins-agent-iam-role-20241113154000848000000005",
            "policy_arn": "arn:aws:iam::aws:policy/AmazonEKSWorkerNodePolicy",
            "role": "jenkins-agent-iam-role"
          },
          "sensitive_attributes": [],
          "private": "bnVsbA==",
          "dependencies": [
            "module.iam_role.aws_iam_role.jenkins_agent_iam_role"
          ]
        }
      ]
    },
    {
      "module": "module.iam_role",
      "mode": "managed",
      "type": "aws_iam_role_policy_attachment",
      "name": "jenkins_agent_ssm_managed_policy",
      "provider": "provider[\"registry.terraform.io/hashicorp/aws\"]",
      "instances": [
        {
          "schema_version": 0,
          "attributes": {
            "id": "jenkins-agent-iam-role-20241113154001147000000007",
            "policy_arn": "arn:aws:iam::aws:policy/AmazonSSMManagedInstanceCore",
            "role": "jenkins-agent-iam-role"
          },
          "sensitive_attributes": [],
          "private": "bnVsbA==",
          "dependencies": [
            "module.iam_role.aws_iam_role.jenkins_agent_iam_role"
          ]
        }
      ]
    },
    {
      "module": "module.iam_role",
      "mode": "managed",
      "type": "aws_iam_role_policy_attachment",
      "name": "jenkins_master_ssm_managed_policy",
      "provider": "provider[\"registry.terraform.io/hashicorp/aws\"]",
      "instances": [
        {
          "schema_version": 0,
          "attributes": {
            "id": "jenkins-master-iam-role-20241113153959702100000003",
            "policy_arn": "arn:aws:iam::aws:policy/AmazonSSMManagedInstanceCore",
            "role": "jenkins-master-iam-role"
          },
          "sensitive_attributes": [],
          "private": "bnVsbA==",
          "dependencies": [
            "module.iam_role.aws_iam_role.jenkins_master_iam_role"
          ]
        }
      ]
    },
    {
      "module": "module.iam_role",
      "mode": "managed",
      "type": "aws_iam_role_policy_attachment",
      "name": "portainer_ssm_managed_policy",
      "provider": "provider[\"registry.terraform.io/hashicorp/aws\"]",
      "instances": [
        {
          "schema_version": 0,
          "attributes": {
            "id": "portainer-iam-role-20241113154000273600000004",
            "policy_arn": "arn:aws:iam::aws:policy/AmazonSSMManagedInstanceCore",
            "role": "portainer-iam-role"
          },
          "sensitive_attributes": [],
          "private": "bnVsbA==",
          "dependencies": [
            "module.iam_role.aws_iam_role.portainer_iam_role"
          ]
        }
      ]
    },
    {
      "module": "module.internet_gateway",
      "mode": "managed",
      "type": "aws_internet_gateway",
      "name": "my_igw",
      "provider": "provider[\"registry.terraform.io/hashicorp/aws\"]",
      "instances": [
        {
          "schema_version": 0,
          "attributes": {
            "arn": "arn:aws:ec2:ap-southeast-1:473154593366:internet-gateway/igw-0ed51cbb5258ad87b",
            "id": "igw-0ed51cbb5258ad87b",
            "owner_id": "473154593366",
            "tags": {
              "Environment": "dev",
              "Name": "my-igw",
              "Terraform": "true"
            },
            "tags_all": {
              "Environment": "dev",
              "Name": "my-igw",
              "Terraform": "true"
            },
            "timeouts": null,
            "vpc_id": "vpc-0acd926f940595522"
          },
          "sensitive_attributes": [],
          "private": "eyJlMmJmYjczMC1lY2FhLTExZTYtOGY4OC0zNDM2M2JjN2M0YzAiOnsiY3JlYXRlIjoxMjAwMDAwMDAwMDAwLCJkZWxldGUiOjEyMDAwMDAwMDAwMDAsInVwZGF0ZSI6MTIwMDAwMDAwMDAwMH19",
          "dependencies": [
            "module.vpc.aws_vpc.my_vpc"
          ]
        }
      ]
    },
    {
      "module": "module.jenkins_master_vpc_endpoint",
      "mode": "managed",
      "type": "aws_vpc_endpoint",
      "name": "jenkins_agent_ec2_messages",
      "provider": "provider[\"registry.terraform.io/hashicorp/aws\"]",
      "instances": [
        {
          "schema_version": 0,
          "attributes": {
            "arn": "arn:aws:ec2:ap-southeast-1:473154593366:vpc-endpoint/vpce-0df4a8624627637b5",
            "auto_accept": null,
            "cidr_blocks": [],
            "dns_entry": [
              {
                "dns_name": "vpce-0df4a8624627637b5-b2vne3gz.ec2messages.ap-southeast-1.vpce.amazonaws.com",
                "hosted_zone_id": "Z18LLCSTV4NVNL"
              },
              {
                "dns_name": "vpce-0df4a8624627637b5-b2vne3gz-ap-southeast-1a.ec2messages.ap-southeast-1.vpce.amazonaws.com",
                "hosted_zone_id": "Z18LLCSTV4NVNL"
              },
              {
                "dns_name": "vpce-0df4a8624627637b5-b2vne3gz-ap-southeast-1b.ec2messages.ap-southeast-1.vpce.amazonaws.com",
                "hosted_zone_id": "Z18LLCSTV4NVNL"
              },
              {
                "dns_name": "vpce-0df4a8624627637b5-b2vne3gz-ap-southeast-1c.ec2messages.ap-southeast-1.vpce.amazonaws.com",
                "hosted_zone_id": "Z18LLCSTV4NVNL"
              }
            ],
            "dns_options": [
              {
                "dns_record_ip_type": "ipv4",
                "private_dns_only_for_inbound_resolver_endpoint": false
              }
            ],
            "id": "vpce-0df4a8624627637b5",
            "ip_address_type": "ipv4",
            "network_interface_ids": [
              "eni-014ad27361db62c26",
              "eni-0307c7e89011bf33e",
              "eni-08b17ec1061634653"
            ],
            "owner_id": "473154593366",
            "policy": "{\"Statement\":[{\"Action\":\"*\",\"Effect\":\"Allow\",\"Principal\":\"*\",\"Resource\":\"*\"}]}",
            "prefix_list_id": null,
            "private_dns_enabled": false,
            "requester_managed": false,
            "route_table_ids": [],
            "security_group_ids": [
              "sg-0dd1c271a1fc7f386"
            ],
            "service_name": "com.amazonaws.ap-southeast-1.ec2messages",
            "state": "available",
            "subnet_configuration": [
              {
                "ipv4": "10.0.101.102",
                "ipv6": "",
                "subnet_id": "subnet-0956e432643571ff2"
              },
              {
                "ipv4": "10.0.102.186",
                "ipv6": "",
                "subnet_id": "subnet-03f2c4e965088f9c0"
              },
              {
                "ipv4": "10.0.103.239",
                "ipv6": "",
                "subnet_id": "subnet-041e60b978b0520da"
              }
            ],
            "subnet_ids": [
              "subnet-03f2c4e965088f9c0",
              "subnet-041e60b978b0520da",
              "subnet-0956e432643571ff2"
            ],
            "tags": null,
            "tags_all": {},
            "timeouts": null,
            "vpc_endpoint_type": "Interface",
            "vpc_id": "vpc-0acd926f940595522"
          },
          "sensitive_attributes": [],
          "private": "eyJlMmJmYjczMC1lY2FhLTExZTYtOGY4OC0zNDM2M2JjN2M0YzAiOnsiY3JlYXRlIjo2MDAwMDAwMDAwMDAsImRlbGV0ZSI6NjAwMDAwMDAwMDAwLCJ1cGRhdGUiOjYwMDAwMDAwMDAwMH19",
          "dependencies": [
            "module.security_group.aws_security_group.jenkins_agent_sg",
            "module.subnet.aws_subnet.public_subnet_1",
            "module.subnet.aws_subnet.public_subnet_2",
            "module.subnet.aws_subnet.public_subnet_3",
            "module.vpc.aws_vpc.my_vpc"
          ]
        }
      ]
    },
    {
      "module": "module.jenkins_master_vpc_endpoint",
      "mode": "managed",
      "type": "aws_vpc_endpoint",
      "name": "jenkins_agent_ssm",
      "provider": "provider[\"registry.terraform.io/hashicorp/aws\"]",
      "instances": [
        {
          "schema_version": 0,
          "attributes": {
            "arn": "arn:aws:ec2:ap-southeast-1:473154593366:vpc-endpoint/vpce-042e8f6a088a65ae3",
            "auto_accept": null,
            "cidr_blocks": [],
            "dns_entry": [
              {
                "dns_name": "vpce-042e8f6a088a65ae3-i7pwxtbx.ssm.ap-southeast-1.vpce.amazonaws.com",
                "hosted_zone_id": "Z18LLCSTV4NVNL"
              },
              {
                "dns_name": "vpce-042e8f6a088a65ae3-i7pwxtbx-ap-southeast-1b.ssm.ap-southeast-1.vpce.amazonaws.com",
                "hosted_zone_id": "Z18LLCSTV4NVNL"
              },
              {
                "dns_name": "vpce-042e8f6a088a65ae3-i7pwxtbx-ap-southeast-1c.ssm.ap-southeast-1.vpce.amazonaws.com",
                "hosted_zone_id": "Z18LLCSTV4NVNL"
              },
              {
                "dns_name": "vpce-042e8f6a088a65ae3-i7pwxtbx-ap-southeast-1a.ssm.ap-southeast-1.vpce.amazonaws.com",
                "hosted_zone_id": "Z18LLCSTV4NVNL"
              }
            ],
            "dns_options": [
              {
                "dns_record_ip_type": "ipv4",
                "private_dns_only_for_inbound_resolver_endpoint": false
              }
            ],
            "id": "vpce-042e8f6a088a65ae3",
            "ip_address_type": "ipv4",
            "network_interface_ids": [
              "eni-0bbff235d226f94b8",
              "eni-0dbf927bcbdbc3d5d",
              "eni-0f81fa80abfeeb610"
            ],
            "owner_id": "473154593366",
            "policy": "{\"Statement\":[{\"Action\":\"*\",\"Effect\":\"Allow\",\"Principal\":\"*\",\"Resource\":\"*\"}]}",
            "prefix_list_id": null,
            "private_dns_enabled": false,
            "requester_managed": false,
            "route_table_ids": [],
            "security_group_ids": [
              "sg-0dd1c271a1fc7f386"
            ],
            "service_name": "com.amazonaws.ap-southeast-1.ssm",
            "state": "available",
            "subnet_configuration": [
              {
                "ipv4": "10.0.101.226",
                "ipv6": "",
                "subnet_id": "subnet-0956e432643571ff2"
              },
              {
                "ipv4": "10.0.102.61",
                "ipv6": "",
                "subnet_id": "subnet-03f2c4e965088f9c0"
              },
              {
                "ipv4": "10.0.103.213",
                "ipv6": "",
                "subnet_id": "subnet-041e60b978b0520da"
              }
            ],
            "subnet_ids": [
              "subnet-03f2c4e965088f9c0",
              "subnet-041e60b978b0520da",
              "subnet-0956e432643571ff2"
            ],
            "tags": null,
            "tags_all": {},
            "timeouts": null,
            "vpc_endpoint_type": "Interface",
            "vpc_id": "vpc-0acd926f940595522"
          },
          "sensitive_attributes": [],
          "private": "eyJlMmJmYjczMC1lY2FhLTExZTYtOGY4OC0zNDM2M2JjN2M0YzAiOnsiY3JlYXRlIjo2MDAwMDAwMDAwMDAsImRlbGV0ZSI6NjAwMDAwMDAwMDAwLCJ1cGRhdGUiOjYwMDAwMDAwMDAwMH19",
          "dependencies": [
            "module.security_group.aws_security_group.jenkins_agent_sg",
            "module.subnet.aws_subnet.public_subnet_1",
            "module.subnet.aws_subnet.public_subnet_2",
            "module.subnet.aws_subnet.public_subnet_3",
            "module.vpc.aws_vpc.my_vpc"
          ]
        }
      ]
    },
    {
      "module": "module.jenkins_master_vpc_endpoint",
      "mode": "managed",
      "type": "aws_vpc_endpoint",
      "name": "jenkins_agent_ssm_messages",
      "provider": "provider[\"registry.terraform.io/hashicorp/aws\"]",
      "instances": [
        {
          "schema_version": 0,
          "attributes": {
            "arn": "arn:aws:ec2:ap-southeast-1:473154593366:vpc-endpoint/vpce-0799dff3ae9161b12",
            "auto_accept": null,
            "cidr_blocks": [],
            "dns_entry": [
              {
                "dns_name": "vpce-0799dff3ae9161b12-wzulsw3n.ssmmessages.ap-southeast-1.vpce.amazonaws.com",
                "hosted_zone_id": "Z18LLCSTV4NVNL"
              },
              {
                "dns_name": "vpce-0799dff3ae9161b12-wzulsw3n-ap-southeast-1a.ssmmessages.ap-southeast-1.vpce.amazonaws.com",
                "hosted_zone_id": "Z18LLCSTV4NVNL"
              },
              {
                "dns_name": "vpce-0799dff3ae9161b12-wzulsw3n-ap-southeast-1c.ssmmessages.ap-southeast-1.vpce.amazonaws.com",
                "hosted_zone_id": "Z18LLCSTV4NVNL"
              },
              {
                "dns_name": "vpce-0799dff3ae9161b12-wzulsw3n-ap-southeast-1b.ssmmessages.ap-southeast-1.vpce.amazonaws.com",
                "hosted_zone_id": "Z18LLCSTV4NVNL"
              }
            ],
            "dns_options": [
              {
                "dns_record_ip_type": "ipv4",
                "private_dns_only_for_inbound_resolver_endpoint": false
              }
            ],
            "id": "vpce-0799dff3ae9161b12",
            "ip_address_type": "ipv4",
            "network_interface_ids": [
              "eni-0213a95f5c9e34179",
              "eni-0726f97a87ecdf6af",
              "eni-0e1f5c4b6caf74ae4"
            ],
            "owner_id": "473154593366",
            "policy": "{\"Statement\":[{\"Action\":\"*\",\"Effect\":\"Allow\",\"Principal\":\"*\",\"Resource\":\"*\"}]}",
            "prefix_list_id": null,
            "private_dns_enabled": false,
            "requester_managed": false,
            "route_table_ids": [],
            "security_group_ids": [
              "sg-0dd1c271a1fc7f386"
            ],
            "service_name": "com.amazonaws.ap-southeast-1.ssmmessages",
            "state": "available",
            "subnet_configuration": [
              {
                "ipv4": "10.0.101.84",
                "ipv6": "",
                "subnet_id": "subnet-0956e432643571ff2"
              },
              {
                "ipv4": "10.0.102.87",
                "ipv6": "",
                "subnet_id": "subnet-03f2c4e965088f9c0"
              },
              {
                "ipv4": "10.0.103.74",
                "ipv6": "",
                "subnet_id": "subnet-041e60b978b0520da"
              }
            ],
            "subnet_ids": [
              "subnet-03f2c4e965088f9c0",
              "subnet-041e60b978b0520da",
              "subnet-0956e432643571ff2"
            ],
            "tags": null,
            "tags_all": {},
            "timeouts": null,
            "vpc_endpoint_type": "Interface",
            "vpc_id": "vpc-0acd926f940595522"
          },
          "sensitive_attributes": [],
          "private": "eyJlMmJmYjczMC1lY2FhLTExZTYtOGY4OC0zNDM2M2JjN2M0YzAiOnsiY3JlYXRlIjo2MDAwMDAwMDAwMDAsImRlbGV0ZSI6NjAwMDAwMDAwMDAwLCJ1cGRhdGUiOjYwMDAwMDAwMDAwMH19",
          "dependencies": [
            "module.security_group.aws_security_group.jenkins_agent_sg",
            "module.subnet.aws_subnet.public_subnet_1",
            "module.subnet.aws_subnet.public_subnet_2",
            "module.subnet.aws_subnet.public_subnet_3",
            "module.vpc.aws_vpc.my_vpc"
          ]
        }
      ]
    },
    {
      "module": "module.jenkins_master_vpc_endpoint",
      "mode": "managed",
      "type": "aws_vpc_endpoint",
      "name": "jenkins_master_ec2_messages",
      "provider": "provider[\"registry.terraform.io/hashicorp/aws\"]",
      "instances": [
        {
          "schema_version": 0,
          "attributes": {
            "arn": "arn:aws:ec2:ap-southeast-1:473154593366:vpc-endpoint/vpce-0e78caed216f09f5a",
            "auto_accept": null,
            "cidr_blocks": [],
            "dns_entry": [
              {
                "dns_name": "vpce-0e78caed216f09f5a-1xpw1syz.ec2messages.ap-southeast-1.vpce.amazonaws.com",
                "hosted_zone_id": "Z18LLCSTV4NVNL"
              },
              {
                "dns_name": "vpce-0e78caed216f09f5a-1xpw1syz-ap-southeast-1c.ec2messages.ap-southeast-1.vpce.amazonaws.com",
                "hosted_zone_id": "Z18LLCSTV4NVNL"
              },
              {
                "dns_name": "vpce-0e78caed216f09f5a-1xpw1syz-ap-southeast-1b.ec2messages.ap-southeast-1.vpce.amazonaws.com",
                "hosted_zone_id": "Z18LLCSTV4NVNL"
              },
              {
                "dns_name": "vpce-0e78caed216f09f5a-1xpw1syz-ap-southeast-1a.ec2messages.ap-southeast-1.vpce.amazonaws.com",
                "hosted_zone_id": "Z18LLCSTV4NVNL"
              }
            ],
            "dns_options": [
              {
                "dns_record_ip_type": "ipv4",
                "private_dns_only_for_inbound_resolver_endpoint": false
              }
            ],
            "id": "vpce-0e78caed216f09f5a",
            "ip_address_type": "ipv4",
            "network_interface_ids": [
              "eni-035032dc083d90b43",
              "eni-07150fe45bd7b6188",
              "eni-0abb56194912c2c03"
            ],
            "owner_id": "473154593366",
            "policy": "{\"Statement\":[{\"Action\":\"*\",\"Effect\":\"Allow\",\"Principal\":\"*\",\"Resource\":\"*\"}]}",
            "prefix_list_id": null,
            "private_dns_enabled": false,
            "requester_managed": false,
            "route_table_ids": [],
            "security_group_ids": [
              "sg-06060f39eaad3e4cc"
            ],
            "service_name": "com.amazonaws.ap-southeast-1.ec2messages",
            "state": "available",
            "subnet_configuration": [
              {
                "ipv4": "10.0.101.188",
                "ipv6": "",
                "subnet_id": "subnet-0956e432643571ff2"
              },
              {
                "ipv4": "10.0.102.204",
                "ipv6": "",
                "subnet_id": "subnet-03f2c4e965088f9c0"
              },
              {
                "ipv4": "10.0.103.41",
                "ipv6": "",
                "subnet_id": "subnet-041e60b978b0520da"
              }
            ],
            "subnet_ids": [
              "subnet-03f2c4e965088f9c0",
              "subnet-041e60b978b0520da",
              "subnet-0956e432643571ff2"
            ],
            "tags": null,
            "tags_all": {},
            "timeouts": null,
            "vpc_endpoint_type": "Interface",
            "vpc_id": "vpc-0acd926f940595522"
          },
          "sensitive_attributes": [],
          "private": "eyJlMmJmYjczMC1lY2FhLTExZTYtOGY4OC0zNDM2M2JjN2M0YzAiOnsiY3JlYXRlIjo2MDAwMDAwMDAwMDAsImRlbGV0ZSI6NjAwMDAwMDAwMDAwLCJ1cGRhdGUiOjYwMDAwMDAwMDAwMH19",
          "dependencies": [
            "module.security_group.aws_security_group.jenkins_master_sg",
            "module.subnet.aws_subnet.public_subnet_1",
            "module.subnet.aws_subnet.public_subnet_2",
            "module.subnet.aws_subnet.public_subnet_3",
            "module.vpc.aws_vpc.my_vpc"
          ]
        }
      ]
    },
    {
      "module": "module.jenkins_master_vpc_endpoint",
      "mode": "managed",
      "type": "aws_vpc_endpoint",
      "name": "jenkins_master_ssm",
      "provider": "provider[\"registry.terraform.io/hashicorp/aws\"]",
      "instances": [
        {
          "schema_version": 0,
          "attributes": {
            "arn": "arn:aws:ec2:ap-southeast-1:473154593366:vpc-endpoint/vpce-098a9338cf94ef7bd",
            "auto_accept": null,
            "cidr_blocks": [],
            "dns_entry": [
              {
                "dns_name": "vpce-098a9338cf94ef7bd-97tksz4v.ssm.ap-southeast-1.vpce.amazonaws.com",
                "hosted_zone_id": "Z18LLCSTV4NVNL"
              },
              {
                "dns_name": "vpce-098a9338cf94ef7bd-97tksz4v-ap-southeast-1a.ssm.ap-southeast-1.vpce.amazonaws.com",
                "hosted_zone_id": "Z18LLCSTV4NVNL"
              },
              {
                "dns_name": "vpce-098a9338cf94ef7bd-97tksz4v-ap-southeast-1b.ssm.ap-southeast-1.vpce.amazonaws.com",
                "hosted_zone_id": "Z18LLCSTV4NVNL"
              },
              {
                "dns_name": "vpce-098a9338cf94ef7bd-97tksz4v-ap-southeast-1c.ssm.ap-southeast-1.vpce.amazonaws.com",
                "hosted_zone_id": "Z18LLCSTV4NVNL"
              }
            ],
            "dns_options": [
              {
                "dns_record_ip_type": "ipv4",
                "private_dns_only_for_inbound_resolver_endpoint": false
              }
            ],
            "id": "vpce-098a9338cf94ef7bd",
            "ip_address_type": "ipv4",
            "network_interface_ids": [
              "eni-03894119adfd08681",
              "eni-0765d6e867c209694",
              "eni-07e7bcf94320e57c2"
            ],
            "owner_id": "473154593366",
            "policy": "{\"Statement\":[{\"Action\":\"*\",\"Effect\":\"Allow\",\"Principal\":\"*\",\"Resource\":\"*\"}]}",
            "prefix_list_id": null,
            "private_dns_enabled": false,
            "requester_managed": false,
            "route_table_ids": [],
            "security_group_ids": [
              "sg-06060f39eaad3e4cc"
            ],
            "service_name": "com.amazonaws.ap-southeast-1.ssm",
            "state": "available",
            "subnet_configuration": [
              {
                "ipv4": "10.0.101.239",
                "ipv6": "",
                "subnet_id": "subnet-0956e432643571ff2"
              },
              {
                "ipv4": "10.0.102.164",
                "ipv6": "",
                "subnet_id": "subnet-03f2c4e965088f9c0"
              },
              {
                "ipv4": "10.0.103.146",
                "ipv6": "",
                "subnet_id": "subnet-041e60b978b0520da"
              }
            ],
            "subnet_ids": [
              "subnet-03f2c4e965088f9c0",
              "subnet-041e60b978b0520da",
              "subnet-0956e432643571ff2"
            ],
            "tags": null,
            "tags_all": {},
            "timeouts": null,
            "vpc_endpoint_type": "Interface",
            "vpc_id": "vpc-0acd926f940595522"
          },
          "sensitive_attributes": [],
          "private": "eyJlMmJmYjczMC1lY2FhLTExZTYtOGY4OC0zNDM2M2JjN2M0YzAiOnsiY3JlYXRlIjo2MDAwMDAwMDAwMDAsImRlbGV0ZSI6NjAwMDAwMDAwMDAwLCJ1cGRhdGUiOjYwMDAwMDAwMDAwMH19",
          "dependencies": [
            "module.security_group.aws_security_group.jenkins_master_sg",
            "module.subnet.aws_subnet.public_subnet_1",
            "module.subnet.aws_subnet.public_subnet_2",
            "module.subnet.aws_subnet.public_subnet_3",
            "module.vpc.aws_vpc.my_vpc"
          ]
        }
      ]
    },
    {
      "module": "module.jenkins_master_vpc_endpoint",
      "mode": "managed",
      "type": "aws_vpc_endpoint",
      "name": "jenkins_master_ssm_messages",
      "provider": "provider[\"registry.terraform.io/hashicorp/aws\"]",
      "instances": [
        {
          "schema_version": 0,
          "attributes": {
            "arn": "arn:aws:ec2:ap-southeast-1:473154593366:vpc-endpoint/vpce-098add55810a7e2e4",
            "auto_accept": null,
            "cidr_blocks": [],
            "dns_entry": [
              {
                "dns_name": "vpce-098add55810a7e2e4-zh7r50kv.ssmmessages.ap-southeast-1.vpce.amazonaws.com",
                "hosted_zone_id": "Z18LLCSTV4NVNL"
              },
              {
                "dns_name": "vpce-098add55810a7e2e4-zh7r50kv-ap-southeast-1c.ssmmessages.ap-southeast-1.vpce.amazonaws.com",
                "hosted_zone_id": "Z18LLCSTV4NVNL"
              },
              {
                "dns_name": "vpce-098add55810a7e2e4-zh7r50kv-ap-southeast-1a.ssmmessages.ap-southeast-1.vpce.amazonaws.com",
                "hosted_zone_id": "Z18LLCSTV4NVNL"
              },
              {
                "dns_name": "vpce-098add55810a7e2e4-zh7r50kv-ap-southeast-1b.ssmmessages.ap-southeast-1.vpce.amazonaws.com",
                "hosted_zone_id": "Z18LLCSTV4NVNL"
              }
            ],
            "dns_options": [
              {
                "dns_record_ip_type": "ipv4",
                "private_dns_only_for_inbound_resolver_endpoint": false
              }
            ],
            "id": "vpce-098add55810a7e2e4",
            "ip_address_type": "ipv4",
            "network_interface_ids": [
              "eni-02ed8e0feb51cd010",
              "eni-0639bd4a0eec9e3c0",
              "eni-0adb42d4003fa2328"
            ],
            "owner_id": "473154593366",
            "policy": "{\"Statement\":[{\"Action\":\"*\",\"Effect\":\"Allow\",\"Principal\":\"*\",\"Resource\":\"*\"}]}",
            "prefix_list_id": null,
            "private_dns_enabled": false,
            "requester_managed": false,
            "route_table_ids": [],
            "security_group_ids": [
              "sg-06060f39eaad3e4cc"
            ],
            "service_name": "com.amazonaws.ap-southeast-1.ssmmessages",
            "state": "available",
            "subnet_configuration": [
              {
                "ipv4": "10.0.101.153",
                "ipv6": "",
                "subnet_id": "subnet-0956e432643571ff2"
              },
              {
                "ipv4": "10.0.102.224",
                "ipv6": "",
                "subnet_id": "subnet-03f2c4e965088f9c0"
              },
              {
                "ipv4": "10.0.103.110",
                "ipv6": "",
                "subnet_id": "subnet-041e60b978b0520da"
              }
            ],
            "subnet_ids": [
              "subnet-03f2c4e965088f9c0",
              "subnet-041e60b978b0520da",
              "subnet-0956e432643571ff2"
            ],
            "tags": null,
            "tags_all": {},
            "timeouts": null,
            "vpc_endpoint_type": "Interface",
            "vpc_id": "vpc-0acd926f940595522"
          },
          "sensitive_attributes": [],
          "private": "eyJlMmJmYjczMC1lY2FhLTExZTYtOGY4OC0zNDM2M2JjN2M0YzAiOnsiY3JlYXRlIjo2MDAwMDAwMDAwMDAsImRlbGV0ZSI6NjAwMDAwMDAwMDAwLCJ1cGRhdGUiOjYwMDAwMDAwMDAwMH19",
          "dependencies": [
            "module.security_group.aws_security_group.jenkins_master_sg",
            "module.subnet.aws_subnet.public_subnet_1",
            "module.subnet.aws_subnet.public_subnet_2",
            "module.subnet.aws_subnet.public_subnet_3",
            "module.vpc.aws_vpc.my_vpc"
          ]
        }
      ]
    },
    {
      "module": "module.jenkins_master_vpc_endpoint",
      "mode": "managed",
      "type": "aws_vpc_endpoint",
      "name": "portainer_ec2_messages",
      "provider": "provider[\"registry.terraform.io/hashicorp/aws\"]",
      "instances": [
        {
          "schema_version": 0,
          "attributes": {
            "arn": "arn:aws:ec2:ap-southeast-1:473154593366:vpc-endpoint/vpce-0f88dcd19a3a7f605",
            "auto_accept": null,
            "cidr_blocks": [],
            "dns_entry": [
              {
                "dns_name": "vpce-0f88dcd19a3a7f605-4ux305td.ec2messages.ap-southeast-1.vpce.amazonaws.com",
                "hosted_zone_id": "Z18LLCSTV4NVNL"
              },
              {
                "dns_name": "vpce-0f88dcd19a3a7f605-4ux305td-ap-southeast-1a.ec2messages.ap-southeast-1.vpce.amazonaws.com",
                "hosted_zone_id": "Z18LLCSTV4NVNL"
              },
              {
                "dns_name": "vpce-0f88dcd19a3a7f605-4ux305td-ap-southeast-1b.ec2messages.ap-southeast-1.vpce.amazonaws.com",
                "hosted_zone_id": "Z18LLCSTV4NVNL"
              },
              {
                "dns_name": "vpce-0f88dcd19a3a7f605-4ux305td-ap-southeast-1c.ec2messages.ap-southeast-1.vpce.amazonaws.com",
                "hosted_zone_id": "Z18LLCSTV4NVNL"
              }
            ],
            "dns_options": [
              {
                "dns_record_ip_type": "ipv4",
                "private_dns_only_for_inbound_resolver_endpoint": false
              }
            ],
            "id": "vpce-0f88dcd19a3a7f605",
            "ip_address_type": "ipv4",
            "network_interface_ids": [
              "eni-00b3897ed87b9a1b9",
              "eni-05d29574e7aed571d",
              "eni-0b00c3d505545b2d7"
            ],
            "owner_id": "473154593366",
            "policy": "{\"Statement\":[{\"Action\":\"*\",\"Effect\":\"Allow\",\"Principal\":\"*\",\"Resource\":\"*\"}]}",
            "prefix_list_id": null,
            "private_dns_enabled": false,
            "requester_managed": false,
            "route_table_ids": [],
            "security_group_ids": [
              "sg-08675402015a6eac3"
            ],
            "service_name": "com.amazonaws.ap-southeast-1.ec2messages",
            "state": "available",
            "subnet_configuration": [
              {
                "ipv4": "10.0.101.132",
                "ipv6": "",
                "subnet_id": "subnet-0956e432643571ff2"
              },
              {
                "ipv4": "10.0.102.246",
                "ipv6": "",
                "subnet_id": "subnet-03f2c4e965088f9c0"
              },
              {
                "ipv4": "10.0.103.79",
                "ipv6": "",
                "subnet_id": "subnet-041e60b978b0520da"
              }
            ],
            "subnet_ids": [
              "subnet-03f2c4e965088f9c0",
              "subnet-041e60b978b0520da",
              "subnet-0956e432643571ff2"
            ],
            "tags": null,
            "tags_all": {},
            "timeouts": null,
            "vpc_endpoint_type": "Interface",
            "vpc_id": "vpc-0acd926f940595522"
          },
          "sensitive_attributes": [],
          "private": "eyJlMmJmYjczMC1lY2FhLTExZTYtOGY4OC0zNDM2M2JjN2M0YzAiOnsiY3JlYXRlIjo2MDAwMDAwMDAwMDAsImRlbGV0ZSI6NjAwMDAwMDAwMDAwLCJ1cGRhdGUiOjYwMDAwMDAwMDAwMH19",
          "dependencies": [
            "module.security_group.aws_security_group.portainer_sg",
            "module.subnet.aws_subnet.public_subnet_1",
            "module.subnet.aws_subnet.public_subnet_2",
            "module.subnet.aws_subnet.public_subnet_3",
            "module.vpc.aws_vpc.my_vpc"
          ]
        }
      ]
    },
    {
      "module": "module.jenkins_master_vpc_endpoint",
      "mode": "managed",
      "type": "aws_vpc_endpoint",
      "name": "portainer_ssm",
      "provider": "provider[\"registry.terraform.io/hashicorp/aws\"]",
      "instances": [
        {
          "schema_version": 0,
          "attributes": {
            "arn": "arn:aws:ec2:ap-southeast-1:473154593366:vpc-endpoint/vpce-0e14ebae1b09ffb23",
            "auto_accept": null,
            "cidr_blocks": [],
            "dns_entry": [
              {
                "dns_name": "vpce-0e14ebae1b09ffb23-1xzc5cq4.ssm.ap-southeast-1.vpce.amazonaws.com",
                "hosted_zone_id": "Z18LLCSTV4NVNL"
              },
              {
                "dns_name": "vpce-0e14ebae1b09ffb23-1xzc5cq4-ap-southeast-1c.ssm.ap-southeast-1.vpce.amazonaws.com",
                "hosted_zone_id": "Z18LLCSTV4NVNL"
              },
              {
                "dns_name": "vpce-0e14ebae1b09ffb23-1xzc5cq4-ap-southeast-1a.ssm.ap-southeast-1.vpce.amazonaws.com",
                "hosted_zone_id": "Z18LLCSTV4NVNL"
              },
              {
                "dns_name": "vpce-0e14ebae1b09ffb23-1xzc5cq4-ap-southeast-1b.ssm.ap-southeast-1.vpce.amazonaws.com",
                "hosted_zone_id": "Z18LLCSTV4NVNL"
              }
            ],
            "dns_options": [
              {
                "dns_record_ip_type": "ipv4",
                "private_dns_only_for_inbound_resolver_endpoint": false
              }
            ],
            "id": "vpce-0e14ebae1b09ffb23",
            "ip_address_type": "ipv4",
            "network_interface_ids": [
              "eni-041ca612db2376c80",
              "eni-087cdbf2e82453ffc",
              "eni-08a49b9fef7f0fa2c"
            ],
            "owner_id": "473154593366",
            "policy": "{\"Statement\":[{\"Action\":\"*\",\"Effect\":\"Allow\",\"Principal\":\"*\",\"Resource\":\"*\"}]}",
            "prefix_list_id": null,
            "private_dns_enabled": false,
            "requester_managed": false,
            "route_table_ids": [],
            "security_group_ids": [
              "sg-08675402015a6eac3"
            ],
            "service_name": "com.amazonaws.ap-southeast-1.ssm",
            "state": "available",
            "subnet_configuration": [
              {
                "ipv4": "10.0.101.217",
                "ipv6": "",
                "subnet_id": "subnet-0956e432643571ff2"
              },
              {
                "ipv4": "10.0.102.37",
                "ipv6": "",
                "subnet_id": "subnet-03f2c4e965088f9c0"
              },
              {
                "ipv4": "10.0.103.153",
                "ipv6": "",
                "subnet_id": "subnet-041e60b978b0520da"
              }
            ],
            "subnet_ids": [
              "subnet-03f2c4e965088f9c0",
              "subnet-041e60b978b0520da",
              "subnet-0956e432643571ff2"
            ],
            "tags": null,
            "tags_all": {},
            "timeouts": null,
            "vpc_endpoint_type": "Interface",
            "vpc_id": "vpc-0acd926f940595522"
          },
          "sensitive_attributes": [],
          "private": "eyJlMmJmYjczMC1lY2FhLTExZTYtOGY4OC0zNDM2M2JjN2M0YzAiOnsiY3JlYXRlIjo2MDAwMDAwMDAwMDAsImRlbGV0ZSI6NjAwMDAwMDAwMDAwLCJ1cGRhdGUiOjYwMDAwMDAwMDAwMH19",
          "dependencies": [
            "module.security_group.aws_security_group.portainer_sg",
            "module.subnet.aws_subnet.public_subnet_1",
            "module.subnet.aws_subnet.public_subnet_2",
            "module.subnet.aws_subnet.public_subnet_3",
            "module.vpc.aws_vpc.my_vpc"
          ]
        }
      ]
    },
    {
      "module": "module.jenkins_master_vpc_endpoint",
      "mode": "managed",
      "type": "aws_vpc_endpoint",
      "name": "portainer_ssm_messages",
      "provider": "provider[\"registry.terraform.io/hashicorp/aws\"]",
      "instances": [
        {
          "schema_version": 0,
          "attributes": {
            "arn": "arn:aws:ec2:ap-southeast-1:473154593366:vpc-endpoint/vpce-07f72eec894eb7937",
            "auto_accept": null,
            "cidr_blocks": [],
            "dns_entry": [
              {
                "dns_name": "vpce-07f72eec894eb7937-mwnszvet.ssmmessages.ap-southeast-1.vpce.amazonaws.com",
                "hosted_zone_id": "Z18LLCSTV4NVNL"
              },
              {
                "dns_name": "vpce-07f72eec894eb7937-mwnszvet-ap-southeast-1b.ssmmessages.ap-southeast-1.vpce.amazonaws.com",
                "hosted_zone_id": "Z18LLCSTV4NVNL"
              },
              {
                "dns_name": "vpce-07f72eec894eb7937-mwnszvet-ap-southeast-1c.ssmmessages.ap-southeast-1.vpce.amazonaws.com",
                "hosted_zone_id": "Z18LLCSTV4NVNL"
              },
              {
                "dns_name": "vpce-07f72eec894eb7937-mwnszvet-ap-southeast-1a.ssmmessages.ap-southeast-1.vpce.amazonaws.com",
                "hosted_zone_id": "Z18LLCSTV4NVNL"
              }
            ],
            "dns_options": [
              {
                "dns_record_ip_type": "ipv4",
                "private_dns_only_for_inbound_resolver_endpoint": false
              }
            ],
            "id": "vpce-07f72eec894eb7937",
            "ip_address_type": "ipv4",
            "network_interface_ids": [
              "eni-03b13b4219fa6595c",
              "eni-042719480323e7fa8",
              "eni-0e1fb1b6806d28992"
            ],
            "owner_id": "473154593366",
            "policy": "{\"Statement\":[{\"Action\":\"*\",\"Effect\":\"Allow\",\"Principal\":\"*\",\"Resource\":\"*\"}]}",
            "prefix_list_id": null,
            "private_dns_enabled": false,
            "requester_managed": false,
            "route_table_ids": [],
            "security_group_ids": [
              "sg-08675402015a6eac3"
            ],
            "service_name": "com.amazonaws.ap-southeast-1.ssmmessages",
            "state": "available",
            "subnet_configuration": [
              {
                "ipv4": "10.0.101.158",
                "ipv6": "",
                "subnet_id": "subnet-0956e432643571ff2"
              },
              {
                "ipv4": "10.0.102.184",
                "ipv6": "",
                "subnet_id": "subnet-03f2c4e965088f9c0"
              },
              {
                "ipv4": "10.0.103.30",
                "ipv6": "",
                "subnet_id": "subnet-041e60b978b0520da"
              }
            ],
            "subnet_ids": [
              "subnet-03f2c4e965088f9c0",
              "subnet-041e60b978b0520da",
              "subnet-0956e432643571ff2"
            ],
            "tags": null,
            "tags_all": {},
            "timeouts": null,
            "vpc_endpoint_type": "Interface",
            "vpc_id": "vpc-0acd926f940595522"
          },
          "sensitive_attributes": [],
          "private": "eyJlMmJmYjczMC1lY2FhLTExZTYtOGY4OC0zNDM2M2JjN2M0YzAiOnsiY3JlYXRlIjo2MDAwMDAwMDAwMDAsImRlbGV0ZSI6NjAwMDAwMDAwMDAwLCJ1cGRhdGUiOjYwMDAwMDAwMDAwMH19",
          "dependencies": [
            "module.security_group.aws_security_group.portainer_sg",
            "module.subnet.aws_subnet.public_subnet_1",
            "module.subnet.aws_subnet.public_subnet_2",
            "module.subnet.aws_subnet.public_subnet_3",
            "module.vpc.aws_vpc.my_vpc"
          ]
        }
      ]
    },
    {
      "module": "module.key_pair",
      "mode": "managed",
      "type": "aws_key_pair",
      "name": "bastion_key",
      "provider": "provider[\"registry.terraform.io/hashicorp/aws\"]",
      "instances": [
        {
          "schema_version": 1,
          "attributes": {
            "arn": "arn:aws:ec2:ap-southeast-1:473154593366:key-pair/bastion-key",
            "fingerprint": "bd:8f:6a:6a:3e:62:bb:69:57:d8:ee:e8:06:34:f2:c3",
            "id": "bastion-key",
            "key_name": "bastion-key",
            "key_name_prefix": "",
            "key_pair_id": "key-0ae65c3b00563eca1",
            "key_type": "rsa",
            "public_key": "ssh-rsa AAAAB3NzaC1yc2EAAAADAQABAAABAQDR9CzF7h0MJ74o7PHRKD+RQLWpfskC8+yskctigoB39AhWnR/2lBpXvxpFO2eqNL39BOJErpRbgWKwzfoXlDDqgXiYua88eqeVBhottXjN9WW8iUoCr4TS4DQ5aeuK4vxAfiuiYiZu2eQUYBlP5/BFDCY9KLF28zWfpTTySPK/JYeuhe8eiXHvCdJMOcJZLXrlIXNI39weZkVkB4tLk2/svPoZYmm83gTt2vc8x7zTXg+5SoMKg0bppFYEUZln6FiGGXDnZlPZ3CGAbJeos+YBorOVLkNF+yYrhXyyOAob4W8jiycThXidcBuOW+CAxIMk7YHX8beWwhB1QE8iMhh1",
            "tags": null,
            "tags_all": {}
          },
          "sensitive_attributes": [],
          "private": "eyJzY2hlbWFfdmVyc2lvbiI6IjEifQ==",
          "dependencies": [
            "module.key_pair.tls_private_key.bastion_key"
          ]
        }
      ]
    },
    {
      "module": "module.key_pair",
      "mode": "managed",
      "type": "aws_key_pair",
      "name": "my_generated_key_pair",
      "provider": "provider[\"registry.terraform.io/hashicorp/aws\"]",
      "instances": [
        {
          "schema_version": 1,
          "attributes": {
            "arn": "arn:aws:ec2:ap-southeast-1:473154593366:key-pair/my-key-pair",
            "fingerprint": "d4:83:32:ef:64:b9:29:f1:ef:fd:f1:51:54:d0:8d:05",
            "id": "my-key-pair",
            "key_name": "my-key-pair",
            "key_name_prefix": "",
            "key_pair_id": "key-0b869709d630ec624",
            "key_type": "rsa",
            "public_key": "ssh-rsa AAAAB3NzaC1yc2EAAAADAQABAAABAQDJUXFwF7N6EEvwhDHyXVPUWauvLi1kZwC8NXBQ0wHkpb2QwvloYHmZjOczmNEYGGfq09IpjvGyXo9Vp7U6TM7j7JOAj0EOXBdRJCuYIGI9xBecweARXGv0QubKH1WgcdzsmoWE6MMEU5m+AKf/jslDPptXHsibln6vs+VJfgzV5bVQNfD2JeepkxZPzCy7tP4BDjzFoCUQRxcJYQqgjfEAojWZvsJfSzbRu1H7RDM4nw5OQ23Ac4i5g2qgs2/AJ9yyLQcEdFsbmT7BasdqLnhNweWs7QjEqmIqTdjLIZWzmsMkjn4i+fTjOZDs7KHEbfxjEfqUxiELbqAdI+rzjR1T",
            "tags": null,
            "tags_all": {}
          },
          "sensitive_attributes": [],
          "private": "eyJzY2hlbWFfdmVyc2lvbiI6IjEifQ==",
          "dependencies": [
            "module.key_pair.tls_private_key.my_generated_key"
          ]
        }
      ]
    },
    {
      "module": "module.key_pair",
      "mode": "managed",
      "type": "local_file",
      "name": "bastion_private_key_file",
      "provider": "provider[\"registry.terraform.io/hashicorp/local\"]",
      "instances": [
        {
          "schema_version": 0,
          "attributes": {
            "content": "-----BEGIN RSA PRIVATE KEY-----\nMIIEpAIBAAKCAQEA0fQsxe4dDCe+KOzx0Sg/kUC1qX7JAvPsrJHLYoKAd/QIVp0f\n9pQaV78aRTtnqjS9/QTiRK6UW4FisM36F5Qw6oF4mLmvPHqnlQYaLbV4zfVlvIlK\nAq+E0uA0OWnriuL8QH4romImbtnkFGAZT+fwRQwmPSixdvM1n6U08kjyvyWHroXv\nHolx7wnSTDnCWS165SFzSN/cHmZFZAeLS5Nv7Lz6GWJpvN4E7dr3PMe8014PuUqD\nCoNG6aRWBFGZZ+hYhhlw52ZT2dwhgGyXqLPmAaKzlS5DRfsmK4V8sjgKG+FvI4sn\nE4V4nXAbjlvggMSDJO2B1/G3lsIQdUBPIjIYdQIDAQABAoIBAQCYF/7nU9uPFqtX\nEm8LSdDi9LGlG8eacAIf8W4Y6tkODKaNuD2Tby62KiZpyOMMFjEbvhH8F0w6Dbzk\nwBJQSnY1K52lZb5gXapQ9p64RiJBcWhF8F7BG01pRioO/YA4mL6MKdqKQ/f7jbUA\nXa14iVkxa9+3pmcI+J78C74TVm0jskgytQb+As1L4R6SEk4BmEueY2jOTcACZu0x\ncTpszb9inJ64JsTsQNHx2tF0GNTacxSVoz4bcFCDmYGXagOQVj1aQg+6BYkqDlhq\nee4dSsdZoeg+dIuwZ/udV+C+q+n0x2ViYxKGxGTGlsGUxVKNlVoccHZYypNEIYto\nqTM4mjWBAoGBAPE9xcL1/mmXFVszSVMVQMFK3MaD+tTpTHXm+hAJBSdPZVJ+B74+\nQj/QBYPnqtieKA6jdWHq/+rsLA66Av1eHaFq3WoO2VOJVFobWiQ0dJLWJteQ0O80\nax+O79bmMcxkel3uw81J85jHEzSkRNiRoIU4sPWnGZ1rwuOnEOOjchkpAoGBAN7M\nY85GTGEFHiT9SIVqwfgYMS5YXkaC0aS8te85c+zx//hrw/D+lppq35dxyXrTnM5q\nk8b+hXksU/NA1yrEkWBVG1FYFIs9yi0FxLxGR4oEX3F3GzVe/w/WAOBdM0t+wXNK\nmpcvDothI5fCbk1OJtGs8JbAs/lj7xvXJ5HKpJJtAoGBAMZtewc788HCZeyYKM3Q\nA216OFKJKH6MTzoDfNhHsxd8dOj/hTr0VuXKI1815Q88N9KinOCnvUzsaejLE753\n9YNaNTkRca0Gnn1nViPFicVlpJlXIqQ+x4Yzug9XVMq8MvKkfCWVmGqoBKIeJArG\n7fPmh5fnlGgpxSoftwKm5CjRAoGABA5CbtnWwBlgwBmgPVWBLGv8UTSomq389Pu+\ncBlio9iP6UzE51krEqqJYW9f1I2PmC5WfFPbyCXnbVEr2Yp0fwVtluB8l0BLsuAd\nAbRhzwBfYGhjpWgSSo6Bu5PWwDQRf3DHOaNQp3bgN/4BFgUrLbvxMT1WyV5pVt9m\nx/+hWU0CgYAN0fQPe4fwowKD+9MxyaiT3z+cS2c5wwqfDYhcUXPmkrRcYLPYblHP\n6+vjKWSESCAtk1+5flx7YhVdmwcDrmqdQCSd1iN3NL2RHGWTlcfgkdPbprk1D7Z1\nf64GOGBXYeZeeb5V6ExmTLqOWvZD/jv8scGyZhwEfcRxaa7aGViH2A==\n-----END RSA PRIVATE KEY-----\n",
            "content_base64": null,
            "content_base64sha256": "IHYlp1pfrxBwywY0gKypahx6BIK7TO8x04+OAHZqtqw=",
            "content_base64sha512": "u1Jd+wKirbIseNtDpBj4XXX85vt0tEG5UKAGtszIyFuWowQv2/yMqOZPhb4jHSQndEbB0Iomt0D1agTCBSiFZw==",
            "content_md5": "4da03ff4fef2520a4dfa399e837a8f82",
            "content_sha1": "ff14dfea91292f8bff8899b0288f0e025b105d31",
            "content_sha256": "207625a75a5faf1070cb063480aca96a1c7a0482bb4cef31d38f8e00766ab6ac",
            "content_sha512": "bb525dfb02a2adb22c78db43a418f85d75fce6fb74b441b950a006b6ccc8c85b96a3042fdbfc8ca8e64f85be231d24277446c1d08a26b740f56a04c205288567",
            "directory_permission": "0777",
            "file_permission": "0777",
            "filename": "modules/key_pair/bastion-key.pem",
            "id": "ff14dfea91292f8bff8899b0288f0e025b105d31",
            "sensitive_content": null,
            "source": null
          },
          "sensitive_attributes": [
            [
              {
                "type": "get_attr",
                "value": "content"
              }
            ],
            [
              {
                "type": "get_attr",
                "value": "sensitive_content"
              }
            ]
          ],
          "dependencies": [
            "module.key_pair.tls_private_key.bastion_key"
          ]
        }
      ]
    },
    {
      "module": "module.key_pair",
      "mode": "managed",
      "type": "local_file",
      "name": "bastion_public_key_file",
      "provider": "provider[\"registry.terraform.io/hashicorp/local\"]",
      "instances": [
        {
          "schema_version": 0,
          "attributes": {
            "content": "ssh-rsa AAAAB3NzaC1yc2EAAAADAQABAAABAQDR9CzF7h0MJ74o7PHRKD+RQLWpfskC8+yskctigoB39AhWnR/2lBpXvxpFO2eqNL39BOJErpRbgWKwzfoXlDDqgXiYua88eqeVBhottXjN9WW8iUoCr4TS4DQ5aeuK4vxAfiuiYiZu2eQUYBlP5/BFDCY9KLF28zWfpTTySPK/JYeuhe8eiXHvCdJMOcJZLXrlIXNI39weZkVkB4tLk2/svPoZYmm83gTt2vc8x7zTXg+5SoMKg0bppFYEUZln6FiGGXDnZlPZ3CGAbJeos+YBorOVLkNF+yYrhXyyOAob4W8jiycThXidcBuOW+CAxIMk7YHX8beWwhB1QE8iMhh1\n",
            "content_base64": null,
            "content_base64sha256": "eoCfkjZv8232pZwDaFY/yGz1UOSW/LZRNNbNlMyW5nc=",
            "content_base64sha512": "H4WngECfhKg2bGALQV6QhtmhgMwlEFiAT5CUWdFUbQBhSMdCwy8EwEbWmGhCzF1TE8FDtWDWPw9gF3aGITJM5Q==",
            "content_md5": "46ed55950b1b07720dca46e740f5bb62",
            "content_sha1": "7fc249ace2afee6829ff7493479051cf1bda9135",
            "content_sha256": "7a809f92366ff36df6a59c0368563fc86cf550e496fcb65134d6cd94cc96e677",
            "content_sha512": "1f85a780409f84a8366c600b415e9086d9a180cc251058804f909459d1546d006148c742c32f04c046d6986842cc5d5313c143b560d63f0f6017768621324ce5",
            "directory_permission": "0777",
            "file_permission": "0777",
            "filename": "modules/key_pair/bastion-key.pub",
            "id": "7fc249ace2afee6829ff7493479051cf1bda9135",
            "sensitive_content": null,
            "source": null
          },
          "sensitive_attributes": [
            [
              {
                "type": "get_attr",
                "value": "sensitive_content"
              }
            ]
          ],
          "dependencies": [
            "module.key_pair.tls_private_key.bastion_key"
          ]
        }
      ]
    },
    {
      "module": "module.key_pair",
      "mode": "managed",
      "type": "local_file",
      "name": "private_key_file",
      "provider": "provider[\"registry.terraform.io/hashicorp/local\"]",
      "instances": [
        {
          "schema_version": 0,
          "attributes": {
            "content": "-----BEGIN RSA PRIVATE KEY-----\nMIIEpAIBAAKCAQEAyVFxcBezehBL8IQx8l1T1Fmrry4tZGcAvDVwUNMB5KW9kML5\naGB5mYznM5jRGBhn6tPSKY7xsl6PVae1OkzO4+yTgI9BDlwXUSQrmCBiPcQXnMHg\nEVxr9ELmyh9VoHHc7JqFhOjDBFOZvgCn/47JQz6bVx7Im5Z+r7PlSX4M1eW1UDXw\n9iXnqZMWT8wsu7T+AQ48xaAlEEcXCWEKoI3xAKI1mb7CX0s20btR+0QzOJ8OTkNt\nwHOIuYNqoLNvwCfcsi0HBHRbG5k+wWrHai54TcHlrO0IxKpiKk3YyyGVs5rDJI5+\nIvn04zmQ7OyhxG38YxH6lMYhC26gHSPq840dUwIDAQABAoIBAQCmN2YvpIH9AEOS\n27LZZxD1vOuxgbDcuuayfnSzZuSjQezX/wMpmK4Nh3bE9SF+gXgbPLTCt1D7cnNp\nx0QsVIplSUkn1h9imcpupiyQN/yk/qh4NuKnsuU3EZ23uFNcW2aKu7IN4JhTlCrV\n43jR2bR2ntRnA/Wh8Im8zA09tqMmXkFzWU/UFejliz1pb1K7u77sfgh/aJQLMKGQ\n53mjKxAsb53pS/JbB6nG35I/qy0rjo5fMY+lbCsRnV1oGkF3tLnHwQv9dHkUWcoj\niWjO/WhCSeZKHypBRbxPrcG1Y0xiZBPO+z1vYHgN7IDL98ek7WKNfb70NB8w44MR\nQTBO8FiBAoGBAOgZtgOpmeCNk+yxPa/1VoSX1XJpha1dlaLxsH6ACeDEiuWMss37\nWBmTS5F2ziovyXNTwhS5kdT5QZgWEF5tkhbjeVUmISeb8bqvg9VPUgWhuUC5r6qQ\nbqGYvswsLzC7OJ8PzW96TW70q+TK2bntyNrU2c68+l44tAwiekRjijbhAoGBAN4M\nS288pGqsXGh5Pl6/DW/THkqmqRWka8UtJ4qhAmMRutFniz3tE2yBmjQhWODV6Pv8\ne7Hhvk09DVcXNYkCnniL1ouZ1dpQPp2VTlGWDttOeID5iN/mgsl3QOdhtk97qOrU\nZ/pjTpNbW0+lsys5liLM57ZGeGRzqKDhyQxdpn6zAoGBAK5NiLxtZQsXJ8zsOlhn\nVccTw489oc9VZafN++60NzbeQzUqmalJJZtnW6vtXdyesJn0f99SkSsw2Ure3wIb\nJUgdIqSIkwONAFdjsgzCmeVy043BJSRhfUPMUxU/5VyibV4+3tfmMDqwclrK4AHa\niimVCdFRaHDUAprOVaYAXu7hAoGAEQTCN1lfhKmHP56jUCG2hu6YcMJLTVRXyjoG\nwNJMW4l9VxVnj6x/A57/UaWIqVrby4xzcpPJwSO/xQALY1/nA3g8TmDRCjWCRxOt\neAVXSCnAhKobeoWxWn2gZNuRXJAuxyjWe1NnL1YeLoGVtOdqAWrRC6BlE9Xlg8cq\nYJ9A5o8CgYBbNSCFr5ojwI7HBpQPrRSmHYbO0bd5DwuiGEvK+G6oF02i5DFYGFNj\nRhuGmkz8GhlVlYhf5xWelaCewL96/Yp6UWw13YMXotigiAFcLUobiDtbLYremuZy\nG951fY0LKg0FCFgnGR75QWIbtIaADzf5hfmC1/TNgqM8pa26jVroLw==\n-----END RSA PRIVATE KEY-----\n",
            "content_base64": null,
            "content_base64sha256": "8rU05yw5a9ggA1I7PZuVrCHKlQpz7qkiJAvikpw5U7o=",
            "content_base64sha512": "CznBnB3ggBiwaHlXzcUVLFCiZAeKrhYprQ0IQVzz2KzaQjWvkhM7bqJO9LaEVqw6Y8NO1VzCY95/szSdvNeAzw==",
            "content_md5": "506a012bc607ab5ec86628a3b844c102",
            "content_sha1": "e1f8dae4647507d6e8deb5c35e3e0857916d89d4",
            "content_sha256": "f2b534e72c396bd82003523b3d9b95ac21ca950a73eea922240be2929c3953ba",
            "content_sha512": "0b39c19c1de08018b0687957cdc5152c50a264078aae1629ad0d08415cf3d8acda4235af92133b6ea24ef4b68456ac3a63c34ed55cc263de7fb3349dbcd780cf",
            "directory_permission": "0777",
            "file_permission": "0777",
            "filename": "modules/key_pair/my_generated_key.pem",
            "id": "e1f8dae4647507d6e8deb5c35e3e0857916d89d4",
            "sensitive_content": null,
            "source": null
          },
          "sensitive_attributes": [
            [
              {
                "type": "get_attr",
                "value": "sensitive_content"
              }
            ],
            [
              {
                "type": "get_attr",
                "value": "content"
              }
            ]
          ],
          "dependencies": [
            "module.key_pair.tls_private_key.my_generated_key"
          ]
        }
      ]
    },
    {
      "module": "module.key_pair",
      "mode": "managed",
      "type": "local_file",
      "name": "public_key_file",
      "provider": "provider[\"registry.terraform.io/hashicorp/local\"]",
      "instances": [
        {
          "schema_version": 0,
          "attributes": {
            "content": "ssh-rsa AAAAB3NzaC1yc2EAAAADAQABAAABAQDJUXFwF7N6EEvwhDHyXVPUWauvLi1kZwC8NXBQ0wHkpb2QwvloYHmZjOczmNEYGGfq09IpjvGyXo9Vp7U6TM7j7JOAj0EOXBdRJCuYIGI9xBecweARXGv0QubKH1WgcdzsmoWE6MMEU5m+AKf/jslDPptXHsibln6vs+VJfgzV5bVQNfD2JeepkxZPzCy7tP4BDjzFoCUQRxcJYQqgjfEAojWZvsJfSzbRu1H7RDM4nw5OQ23Ac4i5g2qgs2/AJ9yyLQcEdFsbmT7BasdqLnhNweWs7QjEqmIqTdjLIZWzmsMkjn4i+fTjOZDs7KHEbfxjEfqUxiELbqAdI+rzjR1T\n",
            "content_base64": null,
            "content_base64sha256": "NeESWTDM1oVoMO3xtLUKb/A4lBNaBmNymuRK16TeaC4=",
            "content_base64sha512": "AmQLWrzJ1j2lkcM7VjoiPphsflalmB2tuylGGCYIURXluxjZfXI3crKcIaLJQ5cKQ89pWRI0TykOsSwZlyc4oA==",
            "content_md5": "54f8e4f140622527553849d55edd8926",
            "content_sha1": "63836982c0c2ce4713fb6ba5419e3fd073419140",
            "content_sha256": "35e1125930ccd6856830edf1b4b50a6ff03894135a0663729ae44ad7a4de682e",
            "content_sha512": "02640b5abcc9d63da591c33b563a223e986c7e56a5981dadbb29461826085115e5bb18d97d723772b29c21a2c943970a43cf695912344f290eb12c19972738a0",
            "directory_permission": "0777",
            "file_permission": "0777",
            "filename": "modules/key_pair/my_generated_key.pub",
            "id": "63836982c0c2ce4713fb6ba5419e3fd073419140",
            "sensitive_content": null,
            "source": null
          },
          "sensitive_attributes": [
            [
              {
                "type": "get_attr",
                "value": "sensitive_content"
              }
            ]
          ],
          "dependencies": [
            "module.key_pair.tls_private_key.my_generated_key"
          ]
        }
      ]
    },
    {
      "module": "module.key_pair",
      "mode": "managed",
      "type": "tls_private_key",
      "name": "bastion_key",
      "provider": "provider[\"registry.terraform.io/hashicorp/tls\"]",
      "instances": [
        {
          "schema_version": 1,
          "attributes": {
            "algorithm": "RSA",
            "ecdsa_curve": "P224",
            "id": "f9949059e6f068727b6dc97422d889692388fe79",
            "private_key_openssh": "-----BEGIN OPENSSH PRIVATE KEY-----\nb3BlbnNzaC1rZXktdjEAAAAABG5vbmUAAAAEbm9uZQAAAAAAAAABAAABFwAAAAdz\nc2gtcnNhAAAAAwEAAQAAAQEA0fQsxe4dDCe+KOzx0Sg/kUC1qX7JAvPsrJHLYoKA\nd/QIVp0f9pQaV78aRTtnqjS9/QTiRK6UW4FisM36F5Qw6oF4mLmvPHqnlQYaLbV4\nzfVlvIlKAq+E0uA0OWnriuL8QH4romImbtnkFGAZT+fwRQwmPSixdvM1n6U08kjy\nvyWHroXvHolx7wnSTDnCWS165SFzSN/cHmZFZAeLS5Nv7Lz6GWJpvN4E7dr3PMe8\n014PuUqDCoNG6aRWBFGZZ+hYhhlw52ZT2dwhgGyXqLPmAaKzlS5DRfsmK4V8sjgK\nG+FvI4snE4V4nXAbjlvggMSDJO2B1/G3lsIQdUBPIjIYdQAAA7g1dMNONXTDTgAA\nAAdzc2gtcnNhAAABAQDR9CzF7h0MJ74o7PHRKD+RQLWpfskC8+yskctigoB39AhW\nnR/2lBpXvxpFO2eqNL39BOJErpRbgWKwzfoXlDDqgXiYua88eqeVBhottXjN9WW8\niUoCr4TS4DQ5aeuK4vxAfiuiYiZu2eQUYBlP5/BFDCY9KLF28zWfpTTySPK/JYeu\nhe8eiXHvCdJMOcJZLXrlIXNI39weZkVkB4tLk2/svPoZYmm83gTt2vc8x7zTXg+5\nSoMKg0bppFYEUZln6FiGGXDnZlPZ3CGAbJeos+YBorOVLkNF+yYrhXyyOAob4W8j\niycThXidcBuOW+CAxIMk7YHX8beWwhB1QE8iMhh1AAAAAwEAAQAAAQEAmBf+51Pb\njxarVxJvC0nQ4vSxpRvHmnACH/FuGOrZDgymjbg9k28utiomacjjDBYxG74R/BdM\nOg285MASUEp2NSudpWW+YF2qUPaeuEYiQXFoRfBewRtNaUYqDv2AOJi+jCnaikP3\n+421AF2teIlZMWvft6ZnCPie/Au+E1ZtI7JIMrUG/gLNS+EekhJOAZhLnmNozk3A\nAmbtMXE6bM2/YpyeuCbE7EDR8drRdBjU2nMUlaM+G3BQg5mBl2oDkFY9WkIPugWJ\nKg5YannuHUrHWaHoPnSLsGf7nVfgvqvp9MdlYmMShsRkxpbBlMVSjZVaHHB2WMqT\nRCGLaKkzOJo1gQAAAIAN0fQPe4fwowKD+9MxyaiT3z+cS2c5wwqfDYhcUXPmkrRc\nYLPYblHP6+vjKWSESCAtk1+5flx7YhVdmwcDrmqdQCSd1iN3NL2RHGWTlcfgkdPb\nprk1D7Z1f64GOGBXYeZeeb5V6ExmTLqOWvZD/jv8scGyZhwEfcRxaa7aGViH2AAA\nAIEA8T3FwvX+aZcVWzNJUxVAwUrcxoP61OlMdeb6EAkFJ09lUn4Hvj5CP9AFg+eq\n2J4oDqN1Yer/6uwsDroC/V4doWrdag7ZU4lUWhtaJDR0ktYm15DQ7zRrH47v1uYx\nzGR6Xe7DzUnzmMcTNKRE2JGghTiw9acZnWvC46cQ46NyGSkAAACBAN7MY85GTGEF\nHiT9SIVqwfgYMS5YXkaC0aS8te85c+zx//hrw/D+lppq35dxyXrTnM5qk8b+hXks\nU/NA1yrEkWBVG1FYFIs9yi0FxLxGR4oEX3F3GzVe/w/WAOBdM0t+wXNKmpcvDoth\nI5fCbk1OJtGs8JbAs/lj7xvXJ5HKpJJtAAAAAAEC\n-----END OPENSSH PRIVATE KEY-----\n",
            "private_key_pem": "-----BEGIN RSA PRIVATE KEY-----\nMIIEpAIBAAKCAQEA0fQsxe4dDCe+KOzx0Sg/kUC1qX7JAvPsrJHLYoKAd/QIVp0f\n9pQaV78aRTtnqjS9/QTiRK6UW4FisM36F5Qw6oF4mLmvPHqnlQYaLbV4zfVlvIlK\nAq+E0uA0OWnriuL8QH4romImbtnkFGAZT+fwRQwmPSixdvM1n6U08kjyvyWHroXv\nHolx7wnSTDnCWS165SFzSN/cHmZFZAeLS5Nv7Lz6GWJpvN4E7dr3PMe8014PuUqD\nCoNG6aRWBFGZZ+hYhhlw52ZT2dwhgGyXqLPmAaKzlS5DRfsmK4V8sjgKG+FvI4sn\nE4V4nXAbjlvggMSDJO2B1/G3lsIQdUBPIjIYdQIDAQABAoIBAQCYF/7nU9uPFqtX\nEm8LSdDi9LGlG8eacAIf8W4Y6tkODKaNuD2Tby62KiZpyOMMFjEbvhH8F0w6Dbzk\nwBJQSnY1K52lZb5gXapQ9p64RiJBcWhF8F7BG01pRioO/YA4mL6MKdqKQ/f7jbUA\nXa14iVkxa9+3pmcI+J78C74TVm0jskgytQb+As1L4R6SEk4BmEueY2jOTcACZu0x\ncTpszb9inJ64JsTsQNHx2tF0GNTacxSVoz4bcFCDmYGXagOQVj1aQg+6BYkqDlhq\nee4dSsdZoeg+dIuwZ/udV+C+q+n0x2ViYxKGxGTGlsGUxVKNlVoccHZYypNEIYto\nqTM4mjWBAoGBAPE9xcL1/mmXFVszSVMVQMFK3MaD+tTpTHXm+hAJBSdPZVJ+B74+\nQj/QBYPnqtieKA6jdWHq/+rsLA66Av1eHaFq3WoO2VOJVFobWiQ0dJLWJteQ0O80\nax+O79bmMcxkel3uw81J85jHEzSkRNiRoIU4sPWnGZ1rwuOnEOOjchkpAoGBAN7M\nY85GTGEFHiT9SIVqwfgYMS5YXkaC0aS8te85c+zx//hrw/D+lppq35dxyXrTnM5q\nk8b+hXksU/NA1yrEkWBVG1FYFIs9yi0FxLxGR4oEX3F3GzVe/w/WAOBdM0t+wXNK\nmpcvDothI5fCbk1OJtGs8JbAs/lj7xvXJ5HKpJJtAoGBAMZtewc788HCZeyYKM3Q\nA216OFKJKH6MTzoDfNhHsxd8dOj/hTr0VuXKI1815Q88N9KinOCnvUzsaejLE753\n9YNaNTkRca0Gnn1nViPFicVlpJlXIqQ+x4Yzug9XVMq8MvKkfCWVmGqoBKIeJArG\n7fPmh5fnlGgpxSoftwKm5CjRAoGABA5CbtnWwBlgwBmgPVWBLGv8UTSomq389Pu+\ncBlio9iP6UzE51krEqqJYW9f1I2PmC5WfFPbyCXnbVEr2Yp0fwVtluB8l0BLsuAd\nAbRhzwBfYGhjpWgSSo6Bu5PWwDQRf3DHOaNQp3bgN/4BFgUrLbvxMT1WyV5pVt9m\nx/+hWU0CgYAN0fQPe4fwowKD+9MxyaiT3z+cS2c5wwqfDYhcUXPmkrRcYLPYblHP\n6+vjKWSESCAtk1+5flx7YhVdmwcDrmqdQCSd1iN3NL2RHGWTlcfgkdPbprk1D7Z1\nf64GOGBXYeZeeb5V6ExmTLqOWvZD/jv8scGyZhwEfcRxaa7aGViH2A==\n-----END RSA PRIVATE KEY-----\n",
            "private_key_pem_pkcs8": "-----BEGIN PRIVATE KEY-----\nMIIEvgIBADANBgkqhkiG9w0BAQEFAASCBKgwggSkAgEAAoIBAQDR9CzF7h0MJ74o\n7PHRKD+RQLWpfskC8+yskctigoB39AhWnR/2lBpXvxpFO2eqNL39BOJErpRbgWKw\nzfoXlDDqgXiYua88eqeVBhottXjN9WW8iUoCr4TS4DQ5aeuK4vxAfiuiYiZu2eQU\nYBlP5/BFDCY9KLF28zWfpTTySPK/JYeuhe8eiXHvCdJMOcJZLXrlIXNI39weZkVk\nB4tLk2/svPoZYmm83gTt2vc8x7zTXg+5SoMKg0bppFYEUZln6FiGGXDnZlPZ3CGA\nbJeos+YBorOVLkNF+yYrhXyyOAob4W8jiycThXidcBuOW+CAxIMk7YHX8beWwhB1\nQE8iMhh1AgMBAAECggEBAJgX/udT248Wq1cSbwtJ0OL0saUbx5pwAh/xbhjq2Q4M\npo24PZNvLrYqJmnI4wwWMRu+EfwXTDoNvOTAElBKdjUrnaVlvmBdqlD2nrhGIkFx\naEXwXsEbTWlGKg79gDiYvowp2opD9/uNtQBdrXiJWTFr37emZwj4nvwLvhNWbSOy\nSDK1Bv4CzUvhHpISTgGYS55jaM5NwAJm7TFxOmzNv2KcnrgmxOxA0fHa0XQY1Npz\nFJWjPhtwUIOZgZdqA5BWPVpCD7oFiSoOWGp57h1Kx1mh6D50i7Bn+51X4L6r6fTH\nZWJjEobEZMaWwZTFUo2VWhxwdljKk0Qhi2ipMziaNYECgYEA8T3FwvX+aZcVWzNJ\nUxVAwUrcxoP61OlMdeb6EAkFJ09lUn4Hvj5CP9AFg+eq2J4oDqN1Yer/6uwsDroC\n/V4doWrdag7ZU4lUWhtaJDR0ktYm15DQ7zRrH47v1uYxzGR6Xe7DzUnzmMcTNKRE\n2JGghTiw9acZnWvC46cQ46NyGSkCgYEA3sxjzkZMYQUeJP1IhWrB+BgxLlheRoLR\npLy17zlz7PH/+GvD8P6Wmmrfl3HJetOczmqTxv6FeSxT80DXKsSRYFUbUVgUiz3K\nLQXEvEZHigRfcXcbNV7/D9YA4F0zS37Bc0qaly8Oi2Ejl8JuTU4m0azwlsCz+WPv\nG9cnkcqkkm0CgYEAxm17BzvzwcJl7JgozdADbXo4UokofoxPOgN82EezF3x06P+F\nOvRW5cojXzXlDzw30qKc4Ke9TOxp6MsTvnf1g1o1ORFxrQaefWdWI8WJxWWkmVci\npD7HhjO6D1dUyrwy8qR8JZWYaqgEoh4kCsbt8+aHl+eUaCnFKh+3AqbkKNECgYAE\nDkJu2dbAGWDAGaA9VYEsa/xRNKiarfz0+75wGWKj2I/pTMTnWSsSqolhb1/UjY+Y\nLlZ8U9vIJedtUSvZinR/BW2W4HyXQEuy4B0BtGHPAF9gaGOlaBJKjoG7k9bANBF/\ncMc5o1CnduA3/gEWBSstu/ExPVbJXmlW32bH/6FZTQKBgA3R9A97h/CjAoP70zHJ\nqJPfP5xLZznDCp8NiFxRc+aStFxgs9huUc/r6+MpZIRIIC2TX7l+XHtiFV2bBwOu\nap1AJJ3WI3c0vZEcZZOVx+CR09umuTUPtnV/rgY4YFdh5l55vlXoTGZMuo5a9kP+\nO/yxwbJmHAR9xHFprtoZWIfY\n-----END PRIVATE KEY-----\n",
            "public_key_fingerprint_md5": "aa:d7:1f:d9:1b:5c:7f:55:a2:83:a5:3a:d1:ed:88:5a",
            "public_key_fingerprint_sha256": "SHA256:RRmaeuppnVyT1yvU3mEYEajAoGnd9qpYcYE1kwaUqsI",
            "public_key_openssh": "ssh-rsa AAAAB3NzaC1yc2EAAAADAQABAAABAQDR9CzF7h0MJ74o7PHRKD+RQLWpfskC8+yskctigoB39AhWnR/2lBpXvxpFO2eqNL39BOJErpRbgWKwzfoXlDDqgXiYua88eqeVBhottXjN9WW8iUoCr4TS4DQ5aeuK4vxAfiuiYiZu2eQUYBlP5/BFDCY9KLF28zWfpTTySPK/JYeuhe8eiXHvCdJMOcJZLXrlIXNI39weZkVkB4tLk2/svPoZYmm83gTt2vc8x7zTXg+5SoMKg0bppFYEUZln6FiGGXDnZlPZ3CGAbJeos+YBorOVLkNF+yYrhXyyOAob4W8jiycThXidcBuOW+CAxIMk7YHX8beWwhB1QE8iMhh1\n",
            "public_key_pem": "-----BEGIN PUBLIC KEY-----\nMIIBIjANBgkqhkiG9w0BAQEFAAOCAQ8AMIIBCgKCAQEA0fQsxe4dDCe+KOzx0Sg/\nkUC1qX7JAvPsrJHLYoKAd/QIVp0f9pQaV78aRTtnqjS9/QTiRK6UW4FisM36F5Qw\n6oF4mLmvPHqnlQYaLbV4zfVlvIlKAq+E0uA0OWnriuL8QH4romImbtnkFGAZT+fw\nRQwmPSixdvM1n6U08kjyvyWHroXvHolx7wnSTDnCWS165SFzSN/cHmZFZAeLS5Nv\n7Lz6GWJpvN4E7dr3PMe8014PuUqDCoNG6aRWBFGZZ+hYhhlw52ZT2dwhgGyXqLPm\nAaKzlS5DRfsmK4V8sjgKG+FvI4snE4V4nXAbjlvggMSDJO2B1/G3lsIQdUBPIjIY\ndQIDAQAB\n-----END PUBLIC KEY-----\n",
            "rsa_bits": 2048
          },
          "sensitive_attributes": [
            [
              {
                "type": "get_attr",
                "value": "private_key_pem"
              }
            ],
            [
              {
                "type": "get_attr",
                "value": "private_key_pem_pkcs8"
              }
            ],
            [
              {
                "type": "get_attr",
                "value": "private_key_openssh"
              }
            ]
          ]
        }
      ]
    },
    {
      "module": "module.key_pair",
      "mode": "managed",
      "type": "tls_private_key",
      "name": "my_generated_key",
      "provider": "provider[\"registry.terraform.io/hashicorp/tls\"]",
      "instances": [
        {
          "schema_version": 1,
          "attributes": {
            "algorithm": "RSA",
            "ecdsa_curve": "P224",
            "id": "62730ae930047e47de0430376afa8532df3515cc",
            "private_key_openssh": "-----BEGIN OPENSSH PRIVATE KEY-----\nb3BlbnNzaC1rZXktdjEAAAAABG5vbmUAAAAEbm9uZQAAAAAAAAABAAABFwAAAAdz\nc2gtcnNhAAAAAwEAAQAAAQEAyVFxcBezehBL8IQx8l1T1Fmrry4tZGcAvDVwUNMB\n5KW9kML5aGB5mYznM5jRGBhn6tPSKY7xsl6PVae1OkzO4+yTgI9BDlwXUSQrmCBi\nPcQXnMHgEVxr9ELmyh9VoHHc7JqFhOjDBFOZvgCn/47JQz6bVx7Im5Z+r7PlSX4M\n1eW1UDXw9iXnqZMWT8wsu7T+AQ48xaAlEEcXCWEKoI3xAKI1mb7CX0s20btR+0Qz\nOJ8OTkNtwHOIuYNqoLNvwCfcsi0HBHRbG5k+wWrHai54TcHlrO0IxKpiKk3YyyGV\ns5rDJI5+Ivn04zmQ7OyhxG38YxH6lMYhC26gHSPq840dUwAAA7iTxw5ak8cOWgAA\nAAdzc2gtcnNhAAABAQDJUXFwF7N6EEvwhDHyXVPUWauvLi1kZwC8NXBQ0wHkpb2Q\nwvloYHmZjOczmNEYGGfq09IpjvGyXo9Vp7U6TM7j7JOAj0EOXBdRJCuYIGI9xBec\nweARXGv0QubKH1WgcdzsmoWE6MMEU5m+AKf/jslDPptXHsibln6vs+VJfgzV5bVQ\nNfD2JeepkxZPzCy7tP4BDjzFoCUQRxcJYQqgjfEAojWZvsJfSzbRu1H7RDM4nw5O\nQ23Ac4i5g2qgs2/AJ9yyLQcEdFsbmT7BasdqLnhNweWs7QjEqmIqTdjLIZWzmsMk\njn4i+fTjOZDs7KHEbfxjEfqUxiELbqAdI+rzjR1TAAAAAwEAAQAAAQEApjdmL6SB\n/QBDktuy2WcQ9bzrsYGw3Lrmsn50s2bko0Hs1/8DKZiuDYd2xPUhfoF4Gzy0wrdQ\n+3JzacdELFSKZUlJJ9YfYpnKbqYskDf8pP6oeDbip7LlNxGdt7hTXFtmiruyDeCY\nU5Qq1eN40dm0dp7UZwP1ofCJvMwNPbajJl5Bc1lP1BXo5Ys9aW9Su7u+7H4If2iU\nCzChkOd5oysQLG+d6UvyWwepxt+SP6stK46OXzGPpWwrEZ1daBpBd7S5x8EL/XR5\nFFnKI4lozv1oQknmSh8qQUW8T63BtWNMYmQTzvs9b2B4DeyAy/fHpO1ijX2+9DQf\nMOODEUEwTvBYgQAAAIBbNSCFr5ojwI7HBpQPrRSmHYbO0bd5DwuiGEvK+G6oF02i\n5DFYGFNjRhuGmkz8GhlVlYhf5xWelaCewL96/Yp6UWw13YMXotigiAFcLUobiDtb\nLYremuZyG951fY0LKg0FCFgnGR75QWIbtIaADzf5hfmC1/TNgqM8pa26jVroLwAA\nAIEA6Bm2A6mZ4I2T7LE9r/VWhJfVcmmFrV2VovGwfoAJ4MSK5YyyzftYGZNLkXbO\nKi/Jc1PCFLmR1PlBmBYQXm2SFuN5VSYhJ5vxuq+D1U9SBaG5QLmvqpBuoZi+zCwv\nMLs4nw/Nb3pNbvSr5MrZue3I2tTZzrz6Xji0DCJ6RGOKNuEAAACBAN4MS288pGqs\nXGh5Pl6/DW/THkqmqRWka8UtJ4qhAmMRutFniz3tE2yBmjQhWODV6Pv8e7Hhvk09\nDVcXNYkCnniL1ouZ1dpQPp2VTlGWDttOeID5iN/mgsl3QOdhtk97qOrUZ/pjTpNb\nW0+lsys5liLM57ZGeGRzqKDhyQxdpn6zAAAAAAEC\n-----END OPENSSH PRIVATE KEY-----\n",
            "private_key_pem": "-----BEGIN RSA PRIVATE KEY-----\nMIIEpAIBAAKCAQEAyVFxcBezehBL8IQx8l1T1Fmrry4tZGcAvDVwUNMB5KW9kML5\naGB5mYznM5jRGBhn6tPSKY7xsl6PVae1OkzO4+yTgI9BDlwXUSQrmCBiPcQXnMHg\nEVxr9ELmyh9VoHHc7JqFhOjDBFOZvgCn/47JQz6bVx7Im5Z+r7PlSX4M1eW1UDXw\n9iXnqZMWT8wsu7T+AQ48xaAlEEcXCWEKoI3xAKI1mb7CX0s20btR+0QzOJ8OTkNt\nwHOIuYNqoLNvwCfcsi0HBHRbG5k+wWrHai54TcHlrO0IxKpiKk3YyyGVs5rDJI5+\nIvn04zmQ7OyhxG38YxH6lMYhC26gHSPq840dUwIDAQABAoIBAQCmN2YvpIH9AEOS\n27LZZxD1vOuxgbDcuuayfnSzZuSjQezX/wMpmK4Nh3bE9SF+gXgbPLTCt1D7cnNp\nx0QsVIplSUkn1h9imcpupiyQN/yk/qh4NuKnsuU3EZ23uFNcW2aKu7IN4JhTlCrV\n43jR2bR2ntRnA/Wh8Im8zA09tqMmXkFzWU/UFejliz1pb1K7u77sfgh/aJQLMKGQ\n53mjKxAsb53pS/JbB6nG35I/qy0rjo5fMY+lbCsRnV1oGkF3tLnHwQv9dHkUWcoj\niWjO/WhCSeZKHypBRbxPrcG1Y0xiZBPO+z1vYHgN7IDL98ek7WKNfb70NB8w44MR\nQTBO8FiBAoGBAOgZtgOpmeCNk+yxPa/1VoSX1XJpha1dlaLxsH6ACeDEiuWMss37\nWBmTS5F2ziovyXNTwhS5kdT5QZgWEF5tkhbjeVUmISeb8bqvg9VPUgWhuUC5r6qQ\nbqGYvswsLzC7OJ8PzW96TW70q+TK2bntyNrU2c68+l44tAwiekRjijbhAoGBAN4M\nS288pGqsXGh5Pl6/DW/THkqmqRWka8UtJ4qhAmMRutFniz3tE2yBmjQhWODV6Pv8\ne7Hhvk09DVcXNYkCnniL1ouZ1dpQPp2VTlGWDttOeID5iN/mgsl3QOdhtk97qOrU\nZ/pjTpNbW0+lsys5liLM57ZGeGRzqKDhyQxdpn6zAoGBAK5NiLxtZQsXJ8zsOlhn\nVccTw489oc9VZafN++60NzbeQzUqmalJJZtnW6vtXdyesJn0f99SkSsw2Ure3wIb\nJUgdIqSIkwONAFdjsgzCmeVy043BJSRhfUPMUxU/5VyibV4+3tfmMDqwclrK4AHa\niimVCdFRaHDUAprOVaYAXu7hAoGAEQTCN1lfhKmHP56jUCG2hu6YcMJLTVRXyjoG\nwNJMW4l9VxVnj6x/A57/UaWIqVrby4xzcpPJwSO/xQALY1/nA3g8TmDRCjWCRxOt\neAVXSCnAhKobeoWxWn2gZNuRXJAuxyjWe1NnL1YeLoGVtOdqAWrRC6BlE9Xlg8cq\nYJ9A5o8CgYBbNSCFr5ojwI7HBpQPrRSmHYbO0bd5DwuiGEvK+G6oF02i5DFYGFNj\nRhuGmkz8GhlVlYhf5xWelaCewL96/Yp6UWw13YMXotigiAFcLUobiDtbLYremuZy\nG951fY0LKg0FCFgnGR75QWIbtIaADzf5hfmC1/TNgqM8pa26jVroLw==\n-----END RSA PRIVATE KEY-----\n",
            "private_key_pem_pkcs8": "-----BEGIN PRIVATE KEY-----\nMIIEvgIBADANBgkqhkiG9w0BAQEFAASCBKgwggSkAgEAAoIBAQDJUXFwF7N6EEvw\nhDHyXVPUWauvLi1kZwC8NXBQ0wHkpb2QwvloYHmZjOczmNEYGGfq09IpjvGyXo9V\np7U6TM7j7JOAj0EOXBdRJCuYIGI9xBecweARXGv0QubKH1WgcdzsmoWE6MMEU5m+\nAKf/jslDPptXHsibln6vs+VJfgzV5bVQNfD2JeepkxZPzCy7tP4BDjzFoCUQRxcJ\nYQqgjfEAojWZvsJfSzbRu1H7RDM4nw5OQ23Ac4i5g2qgs2/AJ9yyLQcEdFsbmT7B\nasdqLnhNweWs7QjEqmIqTdjLIZWzmsMkjn4i+fTjOZDs7KHEbfxjEfqUxiELbqAd\nI+rzjR1TAgMBAAECggEBAKY3Zi+kgf0AQ5LbstlnEPW867GBsNy65rJ+dLNm5KNB\n7Nf/AymYrg2HdsT1IX6BeBs8tMK3UPtyc2nHRCxUimVJSSfWH2KZym6mLJA3/KT+\nqHg24qey5TcRnbe4U1xbZoq7sg3gmFOUKtXjeNHZtHae1GcD9aHwibzMDT22oyZe\nQXNZT9QV6OWLPWlvUru7vux+CH9olAswoZDneaMrECxvnelL8lsHqcbfkj+rLSuO\njl8xj6VsKxGdXWgaQXe0ucfBC/10eRRZyiOJaM79aEJJ5kofKkFFvE+twbVjTGJk\nE877PW9geA3sgMv3x6TtYo19vvQ0HzDjgxFBME7wWIECgYEA6Bm2A6mZ4I2T7LE9\nr/VWhJfVcmmFrV2VovGwfoAJ4MSK5YyyzftYGZNLkXbOKi/Jc1PCFLmR1PlBmBYQ\nXm2SFuN5VSYhJ5vxuq+D1U9SBaG5QLmvqpBuoZi+zCwvMLs4nw/Nb3pNbvSr5MrZ\nue3I2tTZzrz6Xji0DCJ6RGOKNuECgYEA3gxLbzykaqxcaHk+Xr8Nb9MeSqapFaRr\nxS0niqECYxG60WeLPe0TbIGaNCFY4NXo+/x7seG+TT0NVxc1iQKeeIvWi5nV2lA+\nnZVOUZYO2054gPmI3+aCyXdA52G2T3uo6tRn+mNOk1tbT6WzKzmWIszntkZ4ZHOo\noOHJDF2mfrMCgYEArk2IvG1lCxcnzOw6WGdVxxPDjz2hz1Vlp8377rQ3Nt5DNSqZ\nqUklm2dbq+1d3J6wmfR/31KRKzDZSt7fAhslSB0ipIiTA40AV2OyDMKZ5XLTjcEl\nJGF9Q8xTFT/lXKJtXj7e1+YwOrByWsrgAdqKKZUJ0VFocNQCms5VpgBe7uECgYAR\nBMI3WV+EqYc/nqNQIbaG7phwwktNVFfKOgbA0kxbiX1XFWePrH8Dnv9RpYipWtvL\njHNyk8nBI7/FAAtjX+cDeDxOYNEKNYJHE614BVdIKcCEqht6hbFafaBk25FckC7H\nKNZ7U2cvVh4ugZW052oBatELoGUT1eWDxypgn0DmjwKBgFs1IIWvmiPAjscGlA+t\nFKYdhs7Rt3kPC6IYS8r4bqgXTaLkMVgYU2NGG4aaTPwaGVWViF/nFZ6VoJ7Av3r9\ninpRbDXdgxei2KCIAVwtShuIO1stit6a5nIb3nV9jQsqDQUIWCcZHvlBYhu0hoAP\nN/mF+YLX9M2CozylrbqNWugv\n-----END PRIVATE KEY-----\n",
            "public_key_fingerprint_md5": "d7:35:0e:49:65:19:66:0d:d5:cc:24:bb:21:9b:79:0b",
            "public_key_fingerprint_sha256": "SHA256:75PoXR6l597CWXdyg7F6s3FDlL7VNJwHmdsMSiU9iGI",
            "public_key_openssh": "ssh-rsa AAAAB3NzaC1yc2EAAAADAQABAAABAQDJUXFwF7N6EEvwhDHyXVPUWauvLi1kZwC8NXBQ0wHkpb2QwvloYHmZjOczmNEYGGfq09IpjvGyXo9Vp7U6TM7j7JOAj0EOXBdRJCuYIGI9xBecweARXGv0QubKH1WgcdzsmoWE6MMEU5m+AKf/jslDPptXHsibln6vs+VJfgzV5bVQNfD2JeepkxZPzCy7tP4BDjzFoCUQRxcJYQqgjfEAojWZvsJfSzbRu1H7RDM4nw5OQ23Ac4i5g2qgs2/AJ9yyLQcEdFsbmT7BasdqLnhNweWs7QjEqmIqTdjLIZWzmsMkjn4i+fTjOZDs7KHEbfxjEfqUxiELbqAdI+rzjR1T\n",
            "public_key_pem": "-----BEGIN PUBLIC KEY-----\nMIIBIjANBgkqhkiG9w0BAQEFAAOCAQ8AMIIBCgKCAQEAyVFxcBezehBL8IQx8l1T\n1Fmrry4tZGcAvDVwUNMB5KW9kML5aGB5mYznM5jRGBhn6tPSKY7xsl6PVae1OkzO\n4+yTgI9BDlwXUSQrmCBiPcQXnMHgEVxr9ELmyh9VoHHc7JqFhOjDBFOZvgCn/47J\nQz6bVx7Im5Z+r7PlSX4M1eW1UDXw9iXnqZMWT8wsu7T+AQ48xaAlEEcXCWEKoI3x\nAKI1mb7CX0s20btR+0QzOJ8OTkNtwHOIuYNqoLNvwCfcsi0HBHRbG5k+wWrHai54\nTcHlrO0IxKpiKk3YyyGVs5rDJI5+Ivn04zmQ7OyhxG38YxH6lMYhC26gHSPq840d\nUwIDAQAB\n-----END PUBLIC KEY-----\n",
            "rsa_bits": 2048
          },
          "sensitive_attributes": [
            [
              {
                "type": "get_attr",
                "value": "private_key_pem"
              }
            ],
            [
              {
                "type": "get_attr",
                "value": "private_key_pem_pkcs8"
              }
            ],
            [
              {
                "type": "get_attr",
                "value": "private_key_openssh"
              }
            ]
          ]
        }
      ]
    },
    {
      "module": "module.nat_gateway",
      "mode": "managed",
      "type": "aws_nat_gateway",
      "name": "nat",
      "provider": "provider[\"registry.terraform.io/hashicorp/aws\"]",
      "instances": [
        {
          "schema_version": 0,
          "attributes": {
            "allocation_id": "eipalloc-06ae699d7a146ece5",
            "association_id": "eipassoc-0f3c9eb9652f8c474",
            "connectivity_type": "public",
            "id": "nat-02fa5d571e1919012",
            "network_interface_id": "eni-051b2dd67811eee96",
            "private_ip": "10.0.101.113",
            "public_ip": "18.138.145.66",
            "secondary_allocation_ids": null,
            "secondary_private_ip_address_count": 0,
            "secondary_private_ip_addresses": [],
            "subnet_id": "subnet-0956e432643571ff2",
            "tags": {
              "Environment": "dev",
              "Name": "my-nat-gateway",
              "Terraform": "true"
            },
            "tags_all": {
              "Environment": "dev",
              "Name": "my-nat-gateway",
              "Terraform": "true"
            },
            "timeouts": null
          },
          "sensitive_attributes": [],
          "private": "eyJlMmJmYjczMC1lY2FhLTExZTYtOGY4OC0zNDM2M2JjN2M0YzAiOnsiY3JlYXRlIjo2MDAwMDAwMDAwMDAsImRlbGV0ZSI6MTgwMDAwMDAwMDAwMCwidXBkYXRlIjo2MDAwMDAwMDAwMDB9fQ==",
          "dependencies": [
            "module.elastic_ip.aws_eip.nlb_eip",
            "module.subnet.aws_subnet.public_subnet_1",
            "module.subnet.aws_subnet.public_subnet_2",
            "module.subnet.aws_subnet.public_subnet_3",
            "module.vpc.aws_vpc.my_vpc"
          ]
        }
      ]
    },
    {
      "module": "module.network_load_balancer",
      "mode": "managed",
      "type": "aws_lb",
      "name": "alb",
      "provider": "provider[\"registry.terraform.io/hashicorp/aws\"]",
      "instances": [
        {
          "schema_version": 0,
          "attributes": {
            "access_logs": [
              {
                "bucket": "",
                "enabled": false,
                "prefix": ""
              }
            ],
            "arn": "arn:aws:elasticloadbalancing:ap-southeast-1:473154593366:loadbalancer/app/my-application-load-balancer/33759fb875f17054",
            "arn_suffix": "app/my-application-load-balancer/33759fb875f17054",
            "client_keep_alive": 3600,
            "connection_logs": [
              {
                "bucket": "",
                "enabled": false,
                "prefix": ""
              }
            ],
            "customer_owned_ipv4_pool": "",
            "desync_mitigation_mode": "defensive",
            "dns_name": "my-application-load-balancer-908207007.ap-southeast-1.elb.amazonaws.com",
            "dns_record_client_routing_policy": null,
            "drop_invalid_header_fields": false,
            "enable_cross_zone_load_balancing": true,
            "enable_deletion_protection": false,
            "enable_http2": true,
            "enable_tls_version_and_cipher_suite_headers": false,
            "enable_waf_fail_open": false,
            "enable_xff_client_port": false,
            "enforce_security_group_inbound_rules_on_private_link_traffic": "",
            "id": "arn:aws:elasticloadbalancing:ap-southeast-1:473154593366:loadbalancer/app/my-application-load-balancer/33759fb875f17054",
            "idle_timeout": 60,
            "internal": false,
            "ip_address_type": "ipv4",
            "load_balancer_type": "application",
            "name": "my-application-load-balancer",
            "name_prefix": "",
            "preserve_host_header": false,
            "security_groups": [
              "sg-06060f39eaad3e4cc",
              "sg-08675402015a6eac3",
              "sg-0dd1c271a1fc7f386",
              "sg-0f85828a5049800b1"
            ],
            "subnet_mapping": [
              {
                "allocation_id": "",
                "ipv6_address": "",
                "outpost_id": "",
                "private_ipv4_address": "",
                "subnet_id": "subnet-03f2c4e965088f9c0"
              },
              {
                "allocation_id": "",
                "ipv6_address": "",
                "outpost_id": "",
                "private_ipv4_address": "",
                "subnet_id": "subnet-041e60b978b0520da"
              },
              {
                "allocation_id": "",
                "ipv6_address": "",
                "outpost_id": "",
                "private_ipv4_address": "",
                "subnet_id": "subnet-0956e432643571ff2"
              }
            ],
            "subnets": [
              "subnet-03f2c4e965088f9c0",
              "subnet-041e60b978b0520da",
              "subnet-0956e432643571ff2"
            ],
            "tags": {
              "Name": "My-ALB"
            },
            "tags_all": {
              "Name": "My-ALB"
            },
            "timeouts": null,
            "vpc_id": "vpc-0acd926f940595522",
            "xff_header_processing_mode": "append",
            "zone_id": "Z1LMS91P8CMLE5"
          },
          "sensitive_attributes": [],
          "private": "eyJlMmJmYjczMC1lY2FhLTExZTYtOGY4OC0zNDM2M2JjN2M0YzAiOnsiY3JlYXRlIjo2MDAwMDAwMDAwMDAsImRlbGV0ZSI6NjAwMDAwMDAwMDAwLCJ1cGRhdGUiOjYwMDAwMDAwMDAwMH19",
          "dependencies": [
            "module.security_group.aws_security_group.bastion_sg",
            "module.security_group.aws_security_group.jenkins_agent_sg",
            "module.security_group.aws_security_group.jenkins_master_sg",
            "module.security_group.aws_security_group.portainer_sg",
            "module.subnet.aws_subnet.public_subnet_1",
            "module.subnet.aws_subnet.public_subnet_2",
            "module.subnet.aws_subnet.public_subnet_3",
            "module.vpc.aws_vpc.my_vpc"
          ]
        }
      ]
    },
    {
      "module": "module.network_load_balancer",
      "mode": "managed",
      "type": "aws_lb",
      "name": "nlb",
      "provider": "provider[\"registry.terraform.io/hashicorp/aws\"]",
      "instances": [
        {
          "index_key": 0,
          "schema_version": 0,
          "attributes": {
            "access_logs": [
              {
                "bucket": "",
                "enabled": false,
                "prefix": ""
              }
            ],
            "arn": "arn:aws:elasticloadbalancing:ap-southeast-1:473154593366:loadbalancer/net/my-nlb/18ed65afad6af82e",
            "arn_suffix": "net/my-nlb/18ed65afad6af82e",
            "client_keep_alive": null,
            "connection_logs": [],
            "customer_owned_ipv4_pool": "",
            "desync_mitigation_mode": null,
            "dns_name": "my-nlb-18ed65afad6af82e.elb.ap-southeast-1.amazonaws.com",
            "dns_record_client_routing_policy": "any_availability_zone",
            "drop_invalid_header_fields": null,
            "enable_cross_zone_load_balancing": true,
            "enable_deletion_protection": false,
            "enable_http2": null,
            "enable_tls_version_and_cipher_suite_headers": null,
            "enable_waf_fail_open": null,
            "enable_xff_client_port": null,
            "enforce_security_group_inbound_rules_on_private_link_traffic": "",
            "id": "arn:aws:elasticloadbalancing:ap-southeast-1:473154593366:loadbalancer/net/my-nlb/18ed65afad6af82e",
            "idle_timeout": null,
            "internal": false,
            "ip_address_type": "ipv4",
            "load_balancer_type": "network",
            "name": "my-nlb",
            "name_prefix": "",
            "preserve_host_header": null,
            "security_groups": [],
            "subnet_mapping": [
              {
                "allocation_id": "",
                "ipv6_address": "",
                "outpost_id": "",
                "private_ipv4_address": "",
                "subnet_id": "subnet-03f2c4e965088f9c0"
              },
              {
                "allocation_id": "",
                "ipv6_address": "",
                "outpost_id": "",
                "private_ipv4_address": "",
                "subnet_id": "subnet-041e60b978b0520da"
              },
              {
                "allocation_id": "",
                "ipv6_address": "",
                "outpost_id": "",
                "private_ipv4_address": "",
                "subnet_id": "subnet-0956e432643571ff2"
              }
            ],
            "subnets": [
              "subnet-03f2c4e965088f9c0",
              "subnet-041e60b978b0520da",
              "subnet-0956e432643571ff2"
            ],
            "tags": null,
            "tags_all": {},
            "timeouts": null,
            "vpc_id": "vpc-0acd926f940595522",
            "xff_header_processing_mode": null,
            "zone_id": "ZKVM4W9LS7TM"
          },
          "sensitive_attributes": [],
          "private": "eyJlMmJmYjczMC1lY2FhLTExZTYtOGY4OC0zNDM2M2JjN2M0YzAiOnsiY3JlYXRlIjo2MDAwMDAwMDAwMDAsImRlbGV0ZSI6NjAwMDAwMDAwMDAwLCJ1cGRhdGUiOjYwMDAwMDAwMDAwMH19",
          "dependencies": [
            "module.subnet.aws_subnet.public_subnet_1",
            "module.subnet.aws_subnet.public_subnet_2",
            "module.subnet.aws_subnet.public_subnet_3",
            "module.vpc.aws_vpc.my_vpc"
          ]
        },
        {
          "index_key": 1,
          "schema_version": 0,
          "attributes": {
            "access_logs": [
              {
                "bucket": "",
                "enabled": false,
                "prefix": ""
              }
            ],
            "arn": "arn:aws:elasticloadbalancing:ap-southeast-1:473154593366:loadbalancer/net/my-nlb/18ed65afad6af82e",
            "arn_suffix": "net/my-nlb/18ed65afad6af82e",
            "client_keep_alive": null,
            "connection_logs": [],
            "customer_owned_ipv4_pool": "",
            "desync_mitigation_mode": null,
            "dns_name": "my-nlb-18ed65afad6af82e.elb.ap-southeast-1.amazonaws.com",
            "dns_record_client_routing_policy": "any_availability_zone",
            "drop_invalid_header_fields": null,
            "enable_cross_zone_load_balancing": true,
            "enable_deletion_protection": false,
            "enable_http2": null,
            "enable_tls_version_and_cipher_suite_headers": null,
            "enable_waf_fail_open": null,
            "enable_xff_client_port": null,
            "enforce_security_group_inbound_rules_on_private_link_traffic": "",
            "id": "arn:aws:elasticloadbalancing:ap-southeast-1:473154593366:loadbalancer/net/my-nlb/18ed65afad6af82e",
            "idle_timeout": null,
            "internal": false,
            "ip_address_type": "ipv4",
            "load_balancer_type": "network",
            "name": "my-nlb",
            "name_prefix": "",
            "preserve_host_header": null,
            "security_groups": [],
            "subnet_mapping": [
              {
                "allocation_id": "",
                "ipv6_address": "",
                "outpost_id": "",
                "private_ipv4_address": "",
                "subnet_id": "subnet-03f2c4e965088f9c0"
              },
              {
                "allocation_id": "",
                "ipv6_address": "",
                "outpost_id": "",
                "private_ipv4_address": "",
                "subnet_id": "subnet-041e60b978b0520da"
              },
              {
                "allocation_id": "",
                "ipv6_address": "",
                "outpost_id": "",
                "private_ipv4_address": "",
                "subnet_id": "subnet-0956e432643571ff2"
              }
            ],
            "subnets": [
              "subnet-03f2c4e965088f9c0",
              "subnet-041e60b978b0520da",
              "subnet-0956e432643571ff2"
            ],
            "tags": null,
            "tags_all": {},
            "timeouts": null,
            "vpc_id": "vpc-0acd926f940595522",
            "xff_header_processing_mode": null,
            "zone_id": "ZKVM4W9LS7TM"
          },
          "sensitive_attributes": [],
          "private": "eyJlMmJmYjczMC1lY2FhLTExZTYtOGY4OC0zNDM2M2JjN2M0YzAiOnsiY3JlYXRlIjo2MDAwMDAwMDAwMDAsImRlbGV0ZSI6NjAwMDAwMDAwMDAwLCJ1cGRhdGUiOjYwMDAwMDAwMDAwMH19",
          "dependencies": [
            "module.subnet.aws_subnet.public_subnet_1",
            "module.subnet.aws_subnet.public_subnet_2",
            "module.subnet.aws_subnet.public_subnet_3",
            "module.vpc.aws_vpc.my_vpc"
          ]
        },
        {
          "index_key": 2,
          "schema_version": 0,
          "attributes": {
            "access_logs": [
              {
                "bucket": "",
                "enabled": false,
                "prefix": ""
              }
            ],
            "arn": "arn:aws:elasticloadbalancing:ap-southeast-1:473154593366:loadbalancer/net/my-nlb/18ed65afad6af82e",
            "arn_suffix": "net/my-nlb/18ed65afad6af82e",
            "client_keep_alive": null,
            "connection_logs": [],
            "customer_owned_ipv4_pool": "",
            "desync_mitigation_mode": null,
            "dns_name": "my-nlb-18ed65afad6af82e.elb.ap-southeast-1.amazonaws.com",
            "dns_record_client_routing_policy": "any_availability_zone",
            "drop_invalid_header_fields": null,
            "enable_cross_zone_load_balancing": true,
            "enable_deletion_protection": false,
            "enable_http2": null,
            "enable_tls_version_and_cipher_suite_headers": null,
            "enable_waf_fail_open": null,
            "enable_xff_client_port": null,
            "enforce_security_group_inbound_rules_on_private_link_traffic": "",
            "id": "arn:aws:elasticloadbalancing:ap-southeast-1:473154593366:loadbalancer/net/my-nlb/18ed65afad6af82e",
            "idle_timeout": null,
            "internal": false,
            "ip_address_type": "ipv4",
            "load_balancer_type": "network",
            "name": "my-nlb",
            "name_prefix": "",
            "preserve_host_header": null,
            "security_groups": [],
            "subnet_mapping": [
              {
                "allocation_id": "",
                "ipv6_address": "",
                "outpost_id": "",
                "private_ipv4_address": "",
                "subnet_id": "subnet-03f2c4e965088f9c0"
              },
              {
                "allocation_id": "",
                "ipv6_address": "",
                "outpost_id": "",
                "private_ipv4_address": "",
                "subnet_id": "subnet-041e60b978b0520da"
              },
              {
                "allocation_id": "",
                "ipv6_address": "",
                "outpost_id": "",
                "private_ipv4_address": "",
                "subnet_id": "subnet-0956e432643571ff2"
              }
            ],
            "subnets": [
              "subnet-03f2c4e965088f9c0",
              "subnet-041e60b978b0520da",
              "subnet-0956e432643571ff2"
            ],
            "tags": null,
            "tags_all": {},
            "timeouts": null,
            "vpc_id": "vpc-0acd926f940595522",
            "xff_header_processing_mode": null,
            "zone_id": "ZKVM4W9LS7TM"
          },
          "sensitive_attributes": [],
          "private": "eyJlMmJmYjczMC1lY2FhLTExZTYtOGY4OC0zNDM2M2JjN2M0YzAiOnsiY3JlYXRlIjo2MDAwMDAwMDAwMDAsImRlbGV0ZSI6NjAwMDAwMDAwMDAwLCJ1cGRhdGUiOjYwMDAwMDAwMDAwMH19",
          "dependencies": [
            "module.subnet.aws_subnet.public_subnet_1",
            "module.subnet.aws_subnet.public_subnet_2",
            "module.subnet.aws_subnet.public_subnet_3",
            "module.vpc.aws_vpc.my_vpc"
          ]
        }
      ]
    },
    {
      "module": "module.network_load_balancer",
      "mode": "managed",
      "type": "aws_lb_listener",
      "name": "http_listener",
      "provider": "provider[\"registry.terraform.io/hashicorp/aws\"]",
      "instances": [
        {
          "schema_version": 0,
          "attributes": {
            "alpn_policy": null,
            "arn": "arn:aws:elasticloadbalancing:ap-southeast-1:473154593366:listener/app/my-application-load-balancer/33759fb875f17054/5d3a6625f876347d",
            "certificate_arn": null,
            "default_action": [
              {
                "authenticate_cognito": [],
                "authenticate_oidc": [],
                "fixed_response": [
                  {
                    "content_type": "text/plain",
                    "message_body": "404 Not Found",
                    "status_code": "404"
                  }
                ],
                "forward": [],
                "order": 1,
                "redirect": [],
                "target_group_arn": "",
                "type": "fixed-response"
              }
            ],
            "id": "arn:aws:elasticloadbalancing:ap-southeast-1:473154593366:listener/app/my-application-load-balancer/33759fb875f17054/5d3a6625f876347d",
            "load_balancer_arn": "arn:aws:elasticloadbalancing:ap-southeast-1:473154593366:loadbalancer/app/my-application-load-balancer/33759fb875f17054",
            "mutual_authentication": [],
            "port": 80,
            "protocol": "HTTP",
            "ssl_policy": "",
            "tags": null,
            "tags_all": {},
            "timeouts": null
          },
          "sensitive_attributes": [],
          "private": "eyJlMmJmYjczMC1lY2FhLTExZTYtOGY4OC0zNDM2M2JjN2M0YzAiOnsiY3JlYXRlIjozMDAwMDAwMDAwMDAsInVwZGF0ZSI6MzAwMDAwMDAwMDAwfX0=",
          "dependencies": [
            "module.network_load_balancer.aws_lb.alb",
            "module.security_group.aws_security_group.bastion_sg",
            "module.security_group.aws_security_group.jenkins_agent_sg",
            "module.security_group.aws_security_group.jenkins_master_sg",
            "module.security_group.aws_security_group.portainer_sg",
            "module.subnet.aws_subnet.public_subnet_1",
            "module.subnet.aws_subnet.public_subnet_2",
            "module.subnet.aws_subnet.public_subnet_3",
            "module.vpc.aws_vpc.my_vpc"
          ]
        }
      ]
    },
    {
      "module": "module.network_load_balancer",
      "mode": "managed",
      "type": "aws_lb_listener_rule",
      "name": "jenkins_rule",
      "provider": "provider[\"registry.terraform.io/hashicorp/aws\"]",
      "instances": [
        {
          "schema_version": 0,
          "attributes": {
            "action": [
              {
                "authenticate_cognito": [],
                "authenticate_oidc": [],
                "fixed_response": [],
                "forward": [],
                "order": 1,
                "redirect": [],
                "target_group_arn": "arn:aws:elasticloadbalancing:ap-southeast-1:473154593366:targetgroup/jenkins-target-group/cc614a96722c5fe0",
                "type": "forward"
              }
            ],
            "arn": "arn:aws:elasticloadbalancing:ap-southeast-1:473154593366:listener-rule/app/my-application-load-balancer/33759fb875f17054/5d3a6625f876347d/43256956640b525d",
            "condition": [
              {
                "host_header": [
                  {
                    "values": [
                      "jenkins.aditya-kristianto.com"
                    ]
                  }
                ],
                "http_header": [],
                "http_request_method": [],
                "path_pattern": [],
                "query_string": [],
                "source_ip": []
              }
            ],
            "id": "arn:aws:elasticloadbalancing:ap-southeast-1:473154593366:listener-rule/app/my-application-load-balancer/33759fb875f17054/5d3a6625f876347d/43256956640b525d",
            "listener_arn": "arn:aws:elasticloadbalancing:ap-southeast-1:473154593366:listener/app/my-application-load-balancer/33759fb875f17054/5d3a6625f876347d",
            "priority": 10,
            "tags": null,
            "tags_all": {}
          },
          "sensitive_attributes": [],
          "private": "bnVsbA==",
          "dependencies": [
            "module.network_load_balancer.aws_lb.alb",
            "module.network_load_balancer.aws_lb_listener.http_listener",
            "module.network_load_balancer.aws_lb_target_group.jenkins",
            "module.security_group.aws_security_group.bastion_sg",
            "module.security_group.aws_security_group.jenkins_agent_sg",
            "module.security_group.aws_security_group.jenkins_master_sg",
            "module.security_group.aws_security_group.portainer_sg",
            "module.subnet.aws_subnet.public_subnet_1",
            "module.subnet.aws_subnet.public_subnet_2",
            "module.subnet.aws_subnet.public_subnet_3",
            "module.vpc.aws_vpc.my_vpc"
          ]
        }
      ]
    },
    {
      "module": "module.network_load_balancer",
      "mode": "managed",
      "type": "aws_lb_listener_rule",
      "name": "portainer_rule",
      "provider": "provider[\"registry.terraform.io/hashicorp/aws\"]",
      "instances": [
        {
          "schema_version": 0,
          "attributes": {
            "action": [
              {
                "authenticate_cognito": [],
                "authenticate_oidc": [],
                "fixed_response": [],
                "forward": [],
                "order": 1,
                "redirect": [],
                "target_group_arn": "arn:aws:elasticloadbalancing:ap-southeast-1:473154593366:targetgroup/portainer-target-group/d2a06cc07eb24027",
                "type": "forward"
              }
            ],
            "arn": "arn:aws:elasticloadbalancing:ap-southeast-1:473154593366:listener-rule/app/my-application-load-balancer/33759fb875f17054/5d3a6625f876347d/aa26c4d23c6cc6e6",
            "condition": [
              {
                "host_header": [
                  {
                    "values": [
                      "portainer.aditya-kristianto.com"
                    ]
                  }
                ],
                "http_header": [],
                "http_request_method": [],
                "path_pattern": [],
                "query_string": [],
                "source_ip": []
              }
            ],
            "id": "arn:aws:elasticloadbalancing:ap-southeast-1:473154593366:listener-rule/app/my-application-load-balancer/33759fb875f17054/5d3a6625f876347d/aa26c4d23c6cc6e6",
            "listener_arn": "arn:aws:elasticloadbalancing:ap-southeast-1:473154593366:listener/app/my-application-load-balancer/33759fb875f17054/5d3a6625f876347d",
            "priority": 20,
            "tags": null,
            "tags_all": {}
          },
          "sensitive_attributes": [],
          "private": "bnVsbA==",
          "dependencies": [
            "module.network_load_balancer.aws_lb.alb",
            "module.network_load_balancer.aws_lb_listener.http_listener",
            "module.network_load_balancer.aws_lb_target_group.portainer",
            "module.security_group.aws_security_group.bastion_sg",
            "module.security_group.aws_security_group.jenkins_agent_sg",
            "module.security_group.aws_security_group.jenkins_master_sg",
            "module.security_group.aws_security_group.portainer_sg",
            "module.subnet.aws_subnet.public_subnet_1",
            "module.subnet.aws_subnet.public_subnet_2",
            "module.subnet.aws_subnet.public_subnet_3",
            "module.vpc.aws_vpc.my_vpc"
          ]
        }
      ]
    },
    {
      "module": "module.network_load_balancer",
      "mode": "managed",
      "type": "aws_lb_target_group",
      "name": "jenkins",
      "provider": "provider[\"registry.terraform.io/hashicorp/aws\"]",
      "instances": [
        {
          "schema_version": 0,
          "attributes": {
            "arn": "arn:aws:elasticloadbalancing:ap-southeast-1:473154593366:targetgroup/jenkins-target-group/cc614a96722c5fe0",
            "arn_suffix": "targetgroup/jenkins-target-group/cc614a96722c5fe0",
            "connection_termination": null,
            "deregistration_delay": "300",
            "health_check": [
              {
                "enabled": true,
                "healthy_threshold": 3,
                "interval": 30,
                "matcher": "200",
                "path": "/",
                "port": "traffic-port",
                "protocol": "HTTP",
                "timeout": 5,
                "unhealthy_threshold": 2
              }
            ],
            "id": "arn:aws:elasticloadbalancing:ap-southeast-1:473154593366:targetgroup/jenkins-target-group/cc614a96722c5fe0",
            "ip_address_type": "ipv4",
            "lambda_multi_value_headers_enabled": false,
            "load_balancer_arns": [],
            "load_balancing_algorithm_type": "round_robin",
            "load_balancing_anomaly_mitigation": "off",
            "load_balancing_cross_zone_enabled": "use_load_balancer_configuration",
            "name": "jenkins-target-group",
            "name_prefix": "",
            "port": 80,
            "preserve_client_ip": null,
            "protocol": "HTTP",
            "protocol_version": "HTTP1",
            "proxy_protocol_v2": false,
            "slow_start": 0,
            "stickiness": [
              {
                "cookie_duration": 86400,
                "cookie_name": "",
                "enabled": false,
                "type": "lb_cookie"
              }
            ],
            "tags": null,
            "tags_all": {},
            "target_failover": [
              {
                "on_deregistration": null,
                "on_unhealthy": null
              }
            ],
            "target_group_health": [
              {
                "dns_failover": [
                  {
                    "minimum_healthy_targets_count": "1",
                    "minimum_healthy_targets_percentage": "off"
                  }
                ],
                "unhealthy_state_routing": [
                  {
                    "minimum_healthy_targets_count": 1,
                    "minimum_healthy_targets_percentage": "off"
                  }
                ]
              }
            ],
            "target_health_state": [
              {
                "enable_unhealthy_connection_termination": null,
                "unhealthy_draining_interval": null
              }
            ],
            "target_type": "instance",
            "vpc_id": "vpc-0acd926f940595522"
          },
          "sensitive_attributes": [],
          "private": "bnVsbA==",
          "dependencies": [
            "module.vpc.aws_vpc.my_vpc"
          ]
        }
      ]
    },
    {
      "module": "module.network_load_balancer",
      "mode": "managed",
      "type": "aws_lb_target_group",
      "name": "portainer",
      "provider": "provider[\"registry.terraform.io/hashicorp/aws\"]",
      "instances": [
        {
          "schema_version": 0,
          "attributes": {
            "arn": "arn:aws:elasticloadbalancing:ap-southeast-1:473154593366:targetgroup/portainer-target-group/d2a06cc07eb24027",
            "arn_suffix": "targetgroup/portainer-target-group/d2a06cc07eb24027",
            "connection_termination": null,
            "deregistration_delay": "300",
            "health_check": [
              {
                "enabled": true,
                "healthy_threshold": 3,
                "interval": 30,
                "matcher": "200",
                "path": "/",
                "port": "traffic-port",
                "protocol": "HTTP",
                "timeout": 5,
                "unhealthy_threshold": 2
              }
            ],
            "id": "arn:aws:elasticloadbalancing:ap-southeast-1:473154593366:targetgroup/portainer-target-group/d2a06cc07eb24027",
            "ip_address_type": "ipv4",
            "lambda_multi_value_headers_enabled": false,
            "load_balancer_arns": [],
            "load_balancing_algorithm_type": "round_robin",
            "load_balancing_anomaly_mitigation": "off",
            "load_balancing_cross_zone_enabled": "use_load_balancer_configuration",
            "name": "portainer-target-group",
            "name_prefix": "",
            "port": 80,
            "preserve_client_ip": null,
            "protocol": "HTTP",
            "protocol_version": "HTTP1",
            "proxy_protocol_v2": false,
            "slow_start": 0,
            "stickiness": [
              {
                "cookie_duration": 86400,
                "cookie_name": "",
                "enabled": false,
                "type": "lb_cookie"
              }
            ],
            "tags": null,
            "tags_all": {},
            "target_failover": [
              {
                "on_deregistration": null,
                "on_unhealthy": null
              }
            ],
            "target_group_health": [
              {
                "dns_failover": [
                  {
                    "minimum_healthy_targets_count": "1",
                    "minimum_healthy_targets_percentage": "off"
                  }
                ],
                "unhealthy_state_routing": [
                  {
                    "minimum_healthy_targets_count": 1,
                    "minimum_healthy_targets_percentage": "off"
                  }
                ]
              }
            ],
            "target_health_state": [
              {
                "enable_unhealthy_connection_termination": null,
                "unhealthy_draining_interval": null
              }
            ],
            "target_type": "instance",
            "vpc_id": "vpc-0acd926f940595522"
          },
          "sensitive_attributes": [],
          "private": "bnVsbA==",
          "dependencies": [
            "module.vpc.aws_vpc.my_vpc"
          ]
        }
      ]
    },
    {
      "module": "module.route53_record",
      "mode": "managed",
      "type": "aws_route53_record",
      "name": "jenkins",
      "provider": "provider[\"registry.terraform.io/hashicorp/aws\"]",
      "instances": [
        {
          "schema_version": 2,
          "attributes": {
            "alias": [
              {
                "evaluate_target_health": true,
                "name": "my-application-load-balancer-908207007.ap-southeast-1.elb.amazonaws.com",
                "zone_id": "Z1LMS91P8CMLE5"
              }
            ],
            "allow_overwrite": null,
            "cidr_routing_policy": [],
            "failover_routing_policy": [],
            "fqdn": "jenkins.aditya-kristianto.com",
            "geolocation_routing_policy": [],
            "geoproximity_routing_policy": [],
            "health_check_id": "",
            "id": "Z0148722AZOXRNZ0DFO2_jenkins.aditya-kristianto.com_A",
            "latency_routing_policy": [],
            "multivalue_answer_routing_policy": false,
            "name": "jenkins.aditya-kristianto.com",
            "records": null,
            "set_identifier": "",
            "ttl": 0,
            "type": "A",
            "weighted_routing_policy": [],
            "zone_id": "Z0148722AZOXRNZ0DFO2"
          },
          "sensitive_attributes": [],
          "private": "eyJzY2hlbWFfdmVyc2lvbiI6IjIifQ==",
          "dependencies": [
            "module.network_load_balancer.aws_lb.alb",
            "module.security_group.aws_security_group.bastion_sg",
            "module.security_group.aws_security_group.jenkins_agent_sg",
            "module.security_group.aws_security_group.jenkins_master_sg",
            "module.security_group.aws_security_group.portainer_sg",
            "module.subnet.aws_subnet.public_subnet_1",
            "module.subnet.aws_subnet.public_subnet_2",
            "module.subnet.aws_subnet.public_subnet_3",
            "module.vpc.aws_vpc.my_vpc"
          ]
        }
      ]
    },
    {
      "module": "module.route53_record",
      "mode": "managed",
      "type": "aws_route53_record",
      "name": "portainer",
      "provider": "provider[\"registry.terraform.io/hashicorp/aws\"]",
      "instances": [
        {
          "schema_version": 2,
          "attributes": {
            "alias": [
              {
                "evaluate_target_health": true,
                "name": "my-application-load-balancer-908207007.ap-southeast-1.elb.amazonaws.com",
                "zone_id": "Z1LMS91P8CMLE5"
              }
            ],
            "allow_overwrite": null,
            "cidr_routing_policy": [],
            "failover_routing_policy": [],
            "fqdn": "portainer.aditya-kristianto.com",
            "geolocation_routing_policy": [],
            "geoproximity_routing_policy": [],
            "health_check_id": "",
            "id": "Z0148722AZOXRNZ0DFO2_portainer.aditya-kristianto.com_A",
            "latency_routing_policy": [],
            "multivalue_answer_routing_policy": false,
            "name": "portainer.aditya-kristianto.com",
            "records": null,
            "set_identifier": "",
            "ttl": 0,
            "type": "A",
            "weighted_routing_policy": [],
            "zone_id": "Z0148722AZOXRNZ0DFO2"
          },
          "sensitive_attributes": [],
          "private": "eyJzY2hlbWFfdmVyc2lvbiI6IjIifQ==",
          "dependencies": [
            "module.network_load_balancer.aws_lb.alb",
            "module.security_group.aws_security_group.bastion_sg",
            "module.security_group.aws_security_group.jenkins_agent_sg",
            "module.security_group.aws_security_group.jenkins_master_sg",
            "module.security_group.aws_security_group.portainer_sg",
            "module.subnet.aws_subnet.public_subnet_1",
            "module.subnet.aws_subnet.public_subnet_2",
            "module.subnet.aws_subnet.public_subnet_3",
            "module.vpc.aws_vpc.my_vpc"
          ]
        }
      ]
    },
    {
      "module": "module.route_table",
      "mode": "managed",
      "type": "aws_route_table",
      "name": "public_route_table",
      "provider": "provider[\"registry.terraform.io/hashicorp/aws\"]",
      "instances": [
        {
          "schema_version": 0,
          "attributes": {
            "arn": "arn:aws:ec2:ap-southeast-1:473154593366:route-table/rtb-054cae8ff40adb905",
            "id": "rtb-054cae8ff40adb905",
            "owner_id": "473154593366",
            "propagating_vgws": [],
            "route": [
              {
                "carrier_gateway_id": "",
                "cidr_block": "0.0.0.0/0",
                "core_network_arn": "",
                "destination_prefix_list_id": "",
                "egress_only_gateway_id": "",
                "gateway_id": "igw-0ed51cbb5258ad87b",
                "ipv6_cidr_block": "",
                "local_gateway_id": "",
                "nat_gateway_id": "",
                "network_interface_id": "",
                "transit_gateway_id": "",
                "vpc_endpoint_id": "",
                "vpc_peering_connection_id": ""
              }
            ],
            "tags": {
              "Environment": "dev",
              "Name": "public-subnet-route-table",
              "Terraform": "true"
            },
            "tags_all": {
              "Environment": "dev",
              "Name": "public-subnet-route-table",
              "Terraform": "true"
            },
            "timeouts": null,
            "vpc_id": "vpc-0acd926f940595522"
          },
          "sensitive_attributes": [],
          "private": "eyJlMmJmYjczMC1lY2FhLTExZTYtOGY4OC0zNDM2M2JjN2M0YzAiOnsiY3JlYXRlIjozMDAwMDAwMDAwMDAsImRlbGV0ZSI6MzAwMDAwMDAwMDAwLCJ1cGRhdGUiOjEyMDAwMDAwMDAwMH19",
          "dependencies": [
            "module.internet_gateway.aws_internet_gateway.my_igw",
            "module.vpc.aws_vpc.my_vpc"
          ]
        }
      ]
    },
    {
      "module": "module.route_table",
      "mode": "managed",
      "type": "aws_route_table_association",
      "name": "public_association",
      "provider": "provider[\"registry.terraform.io/hashicorp/aws\"]",
      "instances": [
        {
          "schema_version": 0,
          "attributes": {
            "gateway_id": "",
            "id": "rtbassoc-0981cbc5161daa43e",
            "route_table_id": "rtb-054cae8ff40adb905",
            "subnet_id": "subnet-0956e432643571ff2",
            "timeouts": null
          },
          "sensitive_attributes": [],
          "private": "eyJlMmJmYjczMC1lY2FhLTExZTYtOGY4OC0zNDM2M2JjN2M0YzAiOnsiY3JlYXRlIjozMDAwMDAwMDAwMDAsImRlbGV0ZSI6MzAwMDAwMDAwMDAwLCJ1cGRhdGUiOjEyMDAwMDAwMDAwMH19",
          "dependencies": [
            "module.internet_gateway.aws_internet_gateway.my_igw",
            "module.route_table.aws_route_table.public_route_table",
            "module.subnet.aws_subnet.public_subnet_1",
            "module.subnet.aws_subnet.public_subnet_2",
            "module.subnet.aws_subnet.public_subnet_3",
            "module.vpc.aws_vpc.my_vpc"
          ]
        }
      ]
    },
    {
      "module": "module.security_group",
      "mode": "managed",
      "type": "aws_security_group",
      "name": "bastion_sg",
      "provider": "provider[\"registry.terraform.io/hashicorp/aws\"]",
      "instances": [
        {
          "schema_version": 1,
          "attributes": {
            "arn": "arn:aws:ec2:ap-southeast-1:473154593366:security-group/sg-0f85828a5049800b1",
            "description": "Managed by Terraform",
            "egress": [
              {
                "cidr_blocks": [
                  "0.0.0.0/0"
                ],
                "description": "",
                "from_port": 0,
                "ipv6_cidr_blocks": [
                  "::/0"
                ],
                "prefix_list_ids": [],
                "protocol": "-1",
                "security_groups": [],
                "self": false,
                "to_port": 0
              }
            ],
            "id": "sg-0f85828a5049800b1",
            "ingress": [
              {
                "cidr_blocks": [
                  "0.0.0.0/0"
                ],
                "description": "",
                "from_port": 22,
                "ipv6_cidr_blocks": [],
                "prefix_list_ids": [],
                "protocol": "tcp",
                "security_groups": [],
                "self": false,
                "to_port": 22
              },
              {
                "cidr_blocks": [],
                "description": "",
                "from_port": 22,
                "ipv6_cidr_blocks": [
                  "2001:448a:2061:8ff7:78e8:3995:8f63:99a/128"
                ],
                "prefix_list_ids": [],
                "protocol": "tcp",
                "security_groups": [],
                "self": false,
                "to_port": 22
              }
            ],
            "name": "terraform-20241113153958451000000002",
            "name_prefix": "terraform-",
            "owner_id": "473154593366",
            "revoke_rules_on_delete": false,
            "tags": {
              "Environment": "dev",
              "Name": "bastion-sg",
              "Terraform": "true"
            },
            "tags_all": {
              "Environment": "dev",
              "Name": "bastion-sg",
              "Terraform": "true"
            },
            "timeouts": null,
            "vpc_id": "vpc-0acd926f940595522"
          },
          "sensitive_attributes": [],
          "private": "eyJlMmJmYjczMC1lY2FhLTExZTYtOGY4OC0zNDM2M2JjN2M0YzAiOnsiY3JlYXRlIjo2MDAwMDAwMDAwMDAsImRlbGV0ZSI6OTAwMDAwMDAwMDAwfSwic2NoZW1hX3ZlcnNpb24iOiIxIn0=",
          "dependencies": [
            "module.vpc.aws_vpc.my_vpc"
          ]
        }
      ]
    },
    {
      "module": "module.security_group",
      "mode": "managed",
      "type": "aws_security_group",
      "name": "jenkins_agent_sg",
      "provider": "provider[\"registry.terraform.io/hashicorp/aws\"]",
      "instances": [
        {
          "schema_version": 1,
          "attributes": {
            "arn": "arn:aws:ec2:ap-southeast-1:473154593366:security-group/sg-0dd1c271a1fc7f386",
            "description": "Security group for Jenkins Agent EC2 instance",
            "egress": [
              {
                "cidr_blocks": [
                  "0.0.0.0/0"
                ],
                "description": "Allow all outbound traffic",
                "from_port": 0,
                "ipv6_cidr_blocks": [],
                "prefix_list_ids": [],
                "protocol": "-1",
                "security_groups": [],
                "self": false,
                "to_port": 0
              }
            ],
            "id": "sg-0dd1c271a1fc7f386",
            "ingress": [
              {
                "cidr_blocks": [
                  "0.0.0.0/0"
                ],
                "description": "",
                "from_port": 0,
                "ipv6_cidr_blocks": [],
                "prefix_list_ids": [],
                "protocol": "-1",
                "security_groups": [],
                "self": false,
                "to_port": 0
              },
              {
                "cidr_blocks": [
                  "0.0.0.0/0"
                ],
                "description": "",
                "from_port": 10250,
                "ipv6_cidr_blocks": [],
                "prefix_list_ids": [],
                "protocol": "tcp",
                "security_groups": [],
                "self": false,
                "to_port": 10250
              },
              {
                "cidr_blocks": [
                  "0.0.0.0/0"
                ],
                "description": "",
                "from_port": 443,
                "ipv6_cidr_blocks": [],
                "prefix_list_ids": [],
                "protocol": "tcp",
                "security_groups": [],
                "self": false,
                "to_port": 443
              },
              {
                "cidr_blocks": [
                  "0.0.0.0/0"
                ],
                "description": "HTTP",
                "from_port": 80,
                "ipv6_cidr_blocks": [],
                "prefix_list_ids": [],
                "protocol": "tcp",
                "security_groups": [],
                "self": false,
                "to_port": 80
              }
            ],
            "name": "jenkins-agent-sg",
            "name_prefix": "",
            "owner_id": "473154593366",
            "revoke_rules_on_delete": false,
            "tags": {
              "Environment": "dev",
              "Name": "jenkins-agent-sg",
              "Terraform": "true"
            },
            "tags_all": {
              "Environment": "dev",
              "Name": "jenkins-agent-sg",
              "Terraform": "true"
            },
            "timeouts": null,
            "vpc_id": "vpc-0acd926f940595522"
          },
          "sensitive_attributes": [],
          "private": "eyJlMmJmYjczMC1lY2FhLTExZTYtOGY4OC0zNDM2M2JjN2M0YzAiOnsiY3JlYXRlIjo2MDAwMDAwMDAwMDAsImRlbGV0ZSI6OTAwMDAwMDAwMDAwfSwic2NoZW1hX3ZlcnNpb24iOiIxIn0=",
          "dependencies": [
            "module.vpc.aws_vpc.my_vpc"
          ]
        }
      ]
    },
    {
      "module": "module.security_group",
      "mode": "managed",
      "type": "aws_security_group",
      "name": "jenkins_master_sg",
      "provider": "provider[\"registry.terraform.io/hashicorp/aws\"]",
      "instances": [
        {
          "schema_version": 1,
          "attributes": {
            "arn": "arn:aws:ec2:ap-southeast-1:473154593366:security-group/sg-06060f39eaad3e4cc",
            "description": "Security group for Jenkins Master EC2 instance",
            "egress": [
              {
                "cidr_blocks": [
                  "0.0.0.0/0"
                ],
                "description": "Allow all outbound traffic",
                "from_port": 0,
                "ipv6_cidr_blocks": [],
                "prefix_list_ids": [],
                "protocol": "-1",
                "security_groups": [],
                "self": false,
                "to_port": 0
              }
            ],
            "id": "sg-06060f39eaad3e4cc",
            "ingress": [
              {
                "cidr_blocks": [
                  "0.0.0.0/0"
                ],
                "description": "",
                "from_port": 0,
                "ipv6_cidr_blocks": [],
                "prefix_list_ids": [],
                "protocol": "-1",
                "security_groups": [],
                "self": false,
                "to_port": 0
              },
              {
                "cidr_blocks": [
                  "0.0.0.0/0"
                ],
                "description": "",
                "from_port": 443,
                "ipv6_cidr_blocks": [],
                "prefix_list_ids": [],
                "protocol": "tcp",
                "security_groups": [],
                "self": false,
                "to_port": 443
              },
              {
                "cidr_blocks": [
                  "0.0.0.0/0"
                ],
                "description": "",
                "from_port": 50000,
                "ipv6_cidr_blocks": [],
                "prefix_list_ids": [],
                "protocol": "tcp",
                "security_groups": [],
                "self": false,
                "to_port": 50000
              },
              {
                "cidr_blocks": [
                  "0.0.0.0/0"
                ],
                "description": "HTTP",
                "from_port": 80,
                "ipv6_cidr_blocks": [],
                "prefix_list_ids": [],
                "protocol": "tcp",
                "security_groups": [],
                "self": false,
                "to_port": 80
              }
            ],
            "name": "jenkins-master-sg",
            "name_prefix": "",
            "owner_id": "473154593366",
            "revoke_rules_on_delete": false,
            "tags": {
              "Environment": "dev",
              "Name": "jenkins-master-sg",
              "Terraform": "true"
            },
            "tags_all": {
              "Environment": "dev",
              "Name": "jenkins-master-sg",
              "Terraform": "true"
            },
            "timeouts": null,
            "vpc_id": "vpc-0acd926f940595522"
          },
          "sensitive_attributes": [],
          "private": "eyJlMmJmYjczMC1lY2FhLTExZTYtOGY4OC0zNDM2M2JjN2M0YzAiOnsiY3JlYXRlIjo2MDAwMDAwMDAwMDAsImRlbGV0ZSI6OTAwMDAwMDAwMDAwfSwic2NoZW1hX3ZlcnNpb24iOiIxIn0=",
          "dependencies": [
            "module.vpc.aws_vpc.my_vpc"
          ]
        }
      ]
    },
    {
      "module": "module.security_group",
      "mode": "managed",
      "type": "aws_security_group",
      "name": "portainer_sg",
      "provider": "provider[\"registry.terraform.io/hashicorp/aws\"]",
      "instances": [
        {
          "schema_version": 1,
          "attributes": {
            "arn": "arn:aws:ec2:ap-southeast-1:473154593366:security-group/sg-08675402015a6eac3",
            "description": "Security group for Portainer EC2 instance",
            "egress": [
              {
                "cidr_blocks": [
                  "0.0.0.0/0"
                ],
                "description": "Allow all outbound traffic",
                "from_port": 0,
                "ipv6_cidr_blocks": [],
                "prefix_list_ids": [],
                "protocol": "-1",
                "security_groups": [],
                "self": false,
                "to_port": 0
              }
            ],
            "id": "sg-08675402015a6eac3",
            "ingress": [
              {
                "cidr_blocks": [
                  "0.0.0.0/0"
                ],
                "description": "",
                "from_port": 0,
                "ipv6_cidr_blocks": [],
                "prefix_list_ids": [],
                "protocol": "-1",
                "security_groups": [],
                "self": false,
                "to_port": 0
              },
              {
                "cidr_blocks": [
                  "0.0.0.0/0"
                ],
                "description": "",
                "from_port": 443,
                "ipv6_cidr_blocks": [],
                "prefix_list_ids": [],
                "protocol": "tcp",
                "security_groups": [],
                "self": false,
                "to_port": 443
              },
              {
                "cidr_blocks": [
                  "0.0.0.0/0"
                ],
                "description": "",
                "from_port": 50000,
                "ipv6_cidr_blocks": [],
                "prefix_list_ids": [],
                "protocol": "tcp",
                "security_groups": [],
                "self": false,
                "to_port": 50000
              },
              {
                "cidr_blocks": [
                  "0.0.0.0/0"
                ],
                "description": "HTTP",
                "from_port": 80,
                "ipv6_cidr_blocks": [],
                "prefix_list_ids": [],
                "protocol": "tcp",
                "security_groups": [],
                "self": false,
                "to_port": 80
              }
            ],
            "name": "portainer-sg",
            "name_prefix": "",
            "owner_id": "473154593366",
            "revoke_rules_on_delete": false,
            "tags": {
              "Environment": "dev",
              "Name": "portainer-sg",
              "Terraform": "true"
            },
            "tags_all": {
              "Environment": "dev",
              "Name": "portainer-sg",
              "Terraform": "true"
            },
            "timeouts": null,
            "vpc_id": "vpc-0acd926f940595522"
          },
          "sensitive_attributes": [],
          "private": "eyJlMmJmYjczMC1lY2FhLTExZTYtOGY4OC0zNDM2M2JjN2M0YzAiOnsiY3JlYXRlIjo2MDAwMDAwMDAwMDAsImRlbGV0ZSI6OTAwMDAwMDAwMDAwfSwic2NoZW1hX3ZlcnNpb24iOiIxIn0=",
          "dependencies": [
            "module.vpc.aws_vpc.my_vpc"
          ]
        }
      ]
    },
    {
      "module": "module.subnet",
      "mode": "managed",
      "type": "aws_subnet",
      "name": "private_subnet_1",
      "provider": "provider[\"registry.terraform.io/hashicorp/aws\"]",
      "instances": [
        {
          "schema_version": 1,
          "attributes": {
            "arn": "arn:aws:ec2:ap-southeast-1:473154593366:subnet/subnet-054a6fb671420a901",
            "assign_ipv6_address_on_creation": false,
            "availability_zone": "ap-southeast-1a",
            "availability_zone_id": "apse1-az1",
            "cidr_block": "10.0.1.0/24",
            "customer_owned_ipv4_pool": "",
            "enable_dns64": false,
            "enable_lni_at_device_index": 0,
            "enable_resource_name_dns_a_record_on_launch": false,
            "enable_resource_name_dns_aaaa_record_on_launch": false,
            "id": "subnet-054a6fb671420a901",
            "ipv6_cidr_block": "",
            "ipv6_cidr_block_association_id": "",
            "ipv6_native": false,
            "map_customer_owned_ip_on_launch": false,
            "map_public_ip_on_launch": false,
            "outpost_arn": "",
            "owner_id": "473154593366",
            "private_dns_hostname_type_on_launch": "ip-name",
            "tags": {
              "Environment": "dev",
              "Name": "my-vpc-private-subnet-1",
              "Terraform": "true"
            },
            "tags_all": {
              "Environment": "dev",
              "Name": "my-vpc-private-subnet-1",
              "Terraform": "true"
            },
            "timeouts": null,
            "vpc_id": "vpc-0acd926f940595522"
          },
          "sensitive_attributes": [],
          "private": "eyJlMmJmYjczMC1lY2FhLTExZTYtOGY4OC0zNDM2M2JjN2M0YzAiOnsiY3JlYXRlIjo2MDAwMDAwMDAwMDAsImRlbGV0ZSI6MTIwMDAwMDAwMDAwMH0sInNjaGVtYV92ZXJzaW9uIjoiMSJ9",
          "dependencies": [
            "module.vpc.aws_vpc.my_vpc"
          ]
        }
      ]
    },
    {
      "module": "module.subnet",
      "mode": "managed",
      "type": "aws_subnet",
      "name": "private_subnet_2",
      "provider": "provider[\"registry.terraform.io/hashicorp/aws\"]",
      "instances": [
        {
          "schema_version": 1,
          "attributes": {
            "arn": "arn:aws:ec2:ap-southeast-1:473154593366:subnet/subnet-0dc3514ba047382c7",
            "assign_ipv6_address_on_creation": false,
            "availability_zone": "ap-southeast-1b",
            "availability_zone_id": "apse1-az2",
            "cidr_block": "10.0.2.0/24",
            "customer_owned_ipv4_pool": "",
            "enable_dns64": false,
            "enable_lni_at_device_index": 0,
            "enable_resource_name_dns_a_record_on_launch": false,
            "enable_resource_name_dns_aaaa_record_on_launch": false,
            "id": "subnet-0dc3514ba047382c7",
            "ipv6_cidr_block": "",
            "ipv6_cidr_block_association_id": "",
            "ipv6_native": false,
            "map_customer_owned_ip_on_launch": false,
            "map_public_ip_on_launch": false,
            "outpost_arn": "",
            "owner_id": "473154593366",
            "private_dns_hostname_type_on_launch": "ip-name",
            "tags": {
              "Environment": "dev",
              "Name": "my-vpc-private-subnet-2",
              "Terraform": "true"
            },
            "tags_all": {
              "Environment": "dev",
              "Name": "my-vpc-private-subnet-2",
              "Terraform": "true"
            },
            "timeouts": null,
            "vpc_id": "vpc-0acd926f940595522"
          },
          "sensitive_attributes": [],
          "private": "eyJlMmJmYjczMC1lY2FhLTExZTYtOGY4OC0zNDM2M2JjN2M0YzAiOnsiY3JlYXRlIjo2MDAwMDAwMDAwMDAsImRlbGV0ZSI6MTIwMDAwMDAwMDAwMH0sInNjaGVtYV92ZXJzaW9uIjoiMSJ9",
          "dependencies": [
            "module.vpc.aws_vpc.my_vpc"
          ]
        }
      ]
    },
    {
      "module": "module.subnet",
      "mode": "managed",
      "type": "aws_subnet",
      "name": "private_subnet_3",
      "provider": "provider[\"registry.terraform.io/hashicorp/aws\"]",
      "instances": [
        {
          "schema_version": 1,
          "attributes": {
            "arn": "arn:aws:ec2:ap-southeast-1:473154593366:subnet/subnet-04e0663b84cd28b97",
            "assign_ipv6_address_on_creation": false,
            "availability_zone": "ap-southeast-1c",
            "availability_zone_id": "apse1-az3",
            "cidr_block": "10.0.3.0/24",
            "customer_owned_ipv4_pool": "",
            "enable_dns64": false,
            "enable_lni_at_device_index": 0,
            "enable_resource_name_dns_a_record_on_launch": false,
            "enable_resource_name_dns_aaaa_record_on_launch": false,
            "id": "subnet-04e0663b84cd28b97",
            "ipv6_cidr_block": "",
            "ipv6_cidr_block_association_id": "",
            "ipv6_native": false,
            "map_customer_owned_ip_on_launch": false,
            "map_public_ip_on_launch": false,
            "outpost_arn": "",
            "owner_id": "473154593366",
            "private_dns_hostname_type_on_launch": "ip-name",
            "tags": {
              "Environment": "dev",
              "Name": "my-vpc-private-subnet-3",
              "Terraform": "true"
            },
            "tags_all": {
              "Environment": "dev",
              "Name": "my-vpc-private-subnet-3",
              "Terraform": "true"
            },
            "timeouts": null,
            "vpc_id": "vpc-0acd926f940595522"
          },
          "sensitive_attributes": [],
          "private": "eyJlMmJmYjczMC1lY2FhLTExZTYtOGY4OC0zNDM2M2JjN2M0YzAiOnsiY3JlYXRlIjo2MDAwMDAwMDAwMDAsImRlbGV0ZSI6MTIwMDAwMDAwMDAwMH0sInNjaGVtYV92ZXJzaW9uIjoiMSJ9",
          "dependencies": [
            "module.vpc.aws_vpc.my_vpc"
          ]
        }
      ]
    },
    {
      "module": "module.subnet",
      "mode": "managed",
      "type": "aws_subnet",
      "name": "public_subnet_1",
      "provider": "provider[\"registry.terraform.io/hashicorp/aws\"]",
      "instances": [
        {
          "schema_version": 1,
          "attributes": {
            "arn": "arn:aws:ec2:ap-southeast-1:473154593366:subnet/subnet-0956e432643571ff2",
            "assign_ipv6_address_on_creation": false,
            "availability_zone": "ap-southeast-1a",
            "availability_zone_id": "apse1-az1",
            "cidr_block": "10.0.101.0/24",
            "customer_owned_ipv4_pool": "",
            "enable_dns64": false,
            "enable_lni_at_device_index": 0,
            "enable_resource_name_dns_a_record_on_launch": false,
            "enable_resource_name_dns_aaaa_record_on_launch": false,
            "id": "subnet-0956e432643571ff2",
            "ipv6_cidr_block": "",
            "ipv6_cidr_block_association_id": "",
            "ipv6_native": false,
            "map_customer_owned_ip_on_launch": false,
            "map_public_ip_on_launch": true,
            "outpost_arn": "",
            "owner_id": "473154593366",
            "private_dns_hostname_type_on_launch": "ip-name",
            "tags": {
              "Environment": "dev",
              "Name": "my-vpc-public-subnet-1",
              "Terraform": "true"
            },
            "tags_all": {
              "Environment": "dev",
              "Name": "my-vpc-public-subnet-1",
              "Terraform": "true"
            },
            "timeouts": null,
            "vpc_id": "vpc-0acd926f940595522"
          },
          "sensitive_attributes": [],
          "private": "eyJlMmJmYjczMC1lY2FhLTExZTYtOGY4OC0zNDM2M2JjN2M0YzAiOnsiY3JlYXRlIjo2MDAwMDAwMDAwMDAsImRlbGV0ZSI6MTIwMDAwMDAwMDAwMH0sInNjaGVtYV92ZXJzaW9uIjoiMSJ9",
          "dependencies": [
            "module.vpc.aws_vpc.my_vpc"
          ]
        }
      ]
    },
    {
      "module": "module.subnet",
      "mode": "managed",
      "type": "aws_subnet",
      "name": "public_subnet_2",
      "provider": "provider[\"registry.terraform.io/hashicorp/aws\"]",
      "instances": [
        {
          "schema_version": 1,
          "attributes": {
            "arn": "arn:aws:ec2:ap-southeast-1:473154593366:subnet/subnet-03f2c4e965088f9c0",
            "assign_ipv6_address_on_creation": false,
            "availability_zone": "ap-southeast-1b",
            "availability_zone_id": "apse1-az2",
            "cidr_block": "10.0.102.0/24",
            "customer_owned_ipv4_pool": "",
            "enable_dns64": false,
            "enable_lni_at_device_index": 0,
            "enable_resource_name_dns_a_record_on_launch": false,
            "enable_resource_name_dns_aaaa_record_on_launch": false,
            "id": "subnet-03f2c4e965088f9c0",
            "ipv6_cidr_block": "",
            "ipv6_cidr_block_association_id": "",
            "ipv6_native": false,
            "map_customer_owned_ip_on_launch": false,
            "map_public_ip_on_launch": true,
            "outpost_arn": "",
            "owner_id": "473154593366",
            "private_dns_hostname_type_on_launch": "ip-name",
            "tags": {
              "Environment": "dev",
              "Name": "my-vpc-public-subnet-2",
              "Terraform": "true"
            },
            "tags_all": {
              "Environment": "dev",
              "Name": "my-vpc-public-subnet-2",
              "Terraform": "true"
            },
            "timeouts": null,
            "vpc_id": "vpc-0acd926f940595522"
          },
          "sensitive_attributes": [],
          "private": "eyJlMmJmYjczMC1lY2FhLTExZTYtOGY4OC0zNDM2M2JjN2M0YzAiOnsiY3JlYXRlIjo2MDAwMDAwMDAwMDAsImRlbGV0ZSI6MTIwMDAwMDAwMDAwMH0sInNjaGVtYV92ZXJzaW9uIjoiMSJ9",
          "dependencies": [
            "module.vpc.aws_vpc.my_vpc"
          ]
        }
      ]
    },
    {
      "module": "module.subnet",
      "mode": "managed",
      "type": "aws_subnet",
      "name": "public_subnet_3",
      "provider": "provider[\"registry.terraform.io/hashicorp/aws\"]",
      "instances": [
        {
          "schema_version": 1,
          "attributes": {
            "arn": "arn:aws:ec2:ap-southeast-1:473154593366:subnet/subnet-041e60b978b0520da",
            "assign_ipv6_address_on_creation": false,
            "availability_zone": "ap-southeast-1c",
            "availability_zone_id": "apse1-az3",
            "cidr_block": "10.0.103.0/24",
            "customer_owned_ipv4_pool": "",
            "enable_dns64": false,
            "enable_lni_at_device_index": 0,
            "enable_resource_name_dns_a_record_on_launch": false,
            "enable_resource_name_dns_aaaa_record_on_launch": false,
            "id": "subnet-041e60b978b0520da",
            "ipv6_cidr_block": "",
            "ipv6_cidr_block_association_id": "",
            "ipv6_native": false,
            "map_customer_owned_ip_on_launch": false,
            "map_public_ip_on_launch": true,
            "outpost_arn": "",
            "owner_id": "473154593366",
            "private_dns_hostname_type_on_launch": "ip-name",
            "tags": {
              "Environment": "dev",
              "Name": "my-vpc-public-subnet-3",
              "Terraform": "true"
            },
            "tags_all": {
              "Environment": "dev",
              "Name": "my-vpc-public-subnet-3",
              "Terraform": "true"
            },
            "timeouts": null,
            "vpc_id": "vpc-0acd926f940595522"
          },
          "sensitive_attributes": [],
          "private": "eyJlMmJmYjczMC1lY2FhLTExZTYtOGY4OC0zNDM2M2JjN2M0YzAiOnsiY3JlYXRlIjo2MDAwMDAwMDAwMDAsImRlbGV0ZSI6MTIwMDAwMDAwMDAwMH0sInNjaGVtYV92ZXJzaW9uIjoiMSJ9",
          "dependencies": [
            "module.vpc.aws_vpc.my_vpc"
          ]
        }
      ]
    },
    {
      "module": "module.vpc",
      "mode": "managed",
      "type": "aws_vpc",
      "name": "my_vpc",
      "provider": "provider[\"registry.terraform.io/hashicorp/aws\"]",
      "instances": [
        {
          "schema_version": 1,
          "attributes": {
            "arn": "arn:aws:ec2:ap-southeast-1:473154593366:vpc/vpc-0acd926f940595522",
            "assign_generated_ipv6_cidr_block": false,
            "cidr_block": "10.0.0.0/16",
            "default_network_acl_id": "acl-002d06dfae507886f",
            "default_route_table_id": "rtb-0872c5d05b5fb9959",
            "default_security_group_id": "sg-00a6d816f4a7c40e9",
            "dhcp_options_id": "dopt-0c8460a0e8b4bef2d",
            "enable_dns_hostnames": false,
            "enable_dns_support": true,
            "enable_network_address_usage_metrics": false,
            "id": "vpc-0acd926f940595522",
            "instance_tenancy": "default",
            "ipv4_ipam_pool_id": null,
            "ipv4_netmask_length": null,
            "ipv6_association_id": "",
            "ipv6_cidr_block": "",
            "ipv6_cidr_block_network_border_group": "",
            "ipv6_ipam_pool_id": "",
            "ipv6_netmask_length": 0,
            "main_route_table_id": "rtb-0872c5d05b5fb9959",
            "owner_id": "473154593366",
            "tags": {
              "Environment": "dev",
              "Name": "my-vpc",
              "Terraform": "true"
            },
            "tags_all": {
              "Environment": "dev",
              "Name": "my-vpc",
              "Terraform": "true"
            }
          },
          "sensitive_attributes": [],
          "private": "eyJzY2hlbWFfdmVyc2lvbiI6IjEifQ=="
        }
      ]
    }
  ],
  "check_results": [
    {
      "object_kind": "var",
      "config_addr": "module.eks.module.eks.module.self_managed_node_group.var.platform",
      "status": "pass",
      "objects": null
    },
    {
      "object_kind": "resource",
      "config_addr": "module.eks.module.eks.module.self_managed_node_group.module.user_data.null_resource.validate_cluster_service_cidr",
      "status": "pass",
      "objects": null
    },
    {
      "object_kind": "resource",
      "config_addr": "module.eks.module.eks.module.eks_managed_node_group.module.user_data.null_resource.validate_cluster_service_cidr",
      "status": "pass",
      "objects": null
    }
  ]
}
