{
  "version": 4,
  "terraform_version": "1.9.6",
  "serial": 24083,
  "lineage": "7edd5c2a-de5c-76ad-f1bf-16014f0d7132",
  "outputs": {},
  "resources": [
    {
      "mode": "managed",
      "type": "time_sleep",
      "name": "wait",
      "provider": "provider[\"registry.terraform.io/hashicorp/time\"]",
      "instances": [
        {
          "schema_version": 0,
          "attributes": {
            "create_duration": "5m",
            "destroy_duration": null,
            "id": "2024-12-14T01:31:18Z",
            "triggers": null
          },
          "sensitive_attributes": [],
          "dependencies": [
            "module.bastion_host.aws_instance.bastion_host",
            "module.bastion_host.aws_security_group.ec2_bastion_host_sg",
            "module.iam.aws_iam_instance_profile.ssm_profile",
            "module.iam.aws_iam_role.ssm_role",
            "module.key_pair.aws_key_pair.my_key_pair",
            "module.key_pair.tls_private_key.my_key",
            "module.postgres.aws_instance.postgres",
            "module.postgres.aws_security_group.ec2_postgres_sg",
            "module.vpc.aws_subnet.private_ap_southeast_1a",
            "module.vpc.aws_subnet.private_ap_southeast_1b",
            "module.vpc.aws_subnet.private_ap_southeast_1c",
            "module.vpc.aws_vpc.my_vpc"
          ]
        }
      ]
    },
    {
      "module": "module.application_load_balancer",
      "mode": "managed",
      "type": "aws_lb",
      "name": "my_alb",
      "provider": "provider[\"registry.terraform.io/hashicorp/aws\"]",
      "instances": [
        {
          "schema_version": 0,
          "attributes": {
            "access_logs": [
              {
                "bucket": "",
                "enabled": false,
                "prefix": ""
              }
            ],
            "arn": "arn:aws:elasticloadbalancing:ap-southeast-1:473154593366:loadbalancer/app/my-application-load-balancer/8e664c77a682801f",
            "arn_suffix": "app/my-application-load-balancer/8e664c77a682801f",
            "client_keep_alive": 3600,
            "connection_logs": [
              {
                "bucket": "",
                "enabled": false,
                "prefix": ""
              }
            ],
            "customer_owned_ipv4_pool": "",
            "desync_mitigation_mode": "defensive",
            "dns_name": "my-application-load-balancer-1024570911.ap-southeast-1.elb.amazonaws.com",
            "dns_record_client_routing_policy": null,
            "drop_invalid_header_fields": false,
            "enable_cross_zone_load_balancing": true,
            "enable_deletion_protection": false,
            "enable_http2": true,
            "enable_tls_version_and_cipher_suite_headers": false,
            "enable_waf_fail_open": false,
            "enable_xff_client_port": false,
            "enable_zonal_shift": false,
            "enforce_security_group_inbound_rules_on_private_link_traffic": "",
            "id": "arn:aws:elasticloadbalancing:ap-southeast-1:473154593366:loadbalancer/app/my-application-load-balancer/8e664c77a682801f",
            "idle_timeout": 60,
            "internal": false,
            "ip_address_type": "ipv4",
            "load_balancer_type": "application",
            "name": "my-application-load-balancer",
            "name_prefix": "",
            "preserve_host_header": false,
            "security_groups": [
              "sg-07d0231dd33eabf8a"
            ],
            "subnet_mapping": [
              {
                "allocation_id": "",
                "ipv6_address": "",
                "outpost_id": "",
                "private_ipv4_address": "",
                "subnet_id": "subnet-00a2bf78d28978bb4"
              },
              {
                "allocation_id": "",
                "ipv6_address": "",
                "outpost_id": "",
                "private_ipv4_address": "",
                "subnet_id": "subnet-02a1305748bc1c895"
              },
              {
                "allocation_id": "",
                "ipv6_address": "",
                "outpost_id": "",
                "private_ipv4_address": "",
                "subnet_id": "subnet-09d643feae001726a"
              }
            ],
            "subnets": [
              "subnet-00a2bf78d28978bb4",
              "subnet-02a1305748bc1c895",
              "subnet-09d643feae001726a"
            ],
            "tags": {
              "Environment": "dev",
              "Name": "my-alb",
              "Terraform": "true"
            },
            "tags_all": {
              "Environment": "dev",
              "Name": "my-alb",
              "Terraform": "true"
            },
            "timeouts": null,
            "vpc_id": "vpc-0a2220c0ba1a8e843",
            "xff_header_processing_mode": "append",
            "zone_id": "Z1LMS91P8CMLE5"
          },
          "sensitive_attributes": [],
          "private": "eyJlMmJmYjczMC1lY2FhLTExZTYtOGY4OC0zNDM2M2JjN2M0YzAiOnsiY3JlYXRlIjo2MDAwMDAwMDAwMDAsImRlbGV0ZSI6NjAwMDAwMDAwMDAwLCJ1cGRhdGUiOjYwMDAwMDAwMDAwMH19",
          "dependencies": [
            "module.application_load_balancer.aws_security_group.alb_sg",
            "module.certificate_manager.aws_acm_certificate.my_certificate",
            "module.certificate_manager.aws_acm_certificate_validation.my_cert_validation",
            "module.certificate_manager.aws_route53_record.record",
            "module.vpc.aws_subnet.public_ap_southeast_1a",
            "module.vpc.aws_subnet.public_ap_southeast_1b",
            "module.vpc.aws_subnet.public_ap_southeast_1c",
            "module.vpc.aws_vpc.my_vpc"
          ]
        }
      ]
    },
    {
      "module": "module.application_load_balancer",
      "mode": "managed",
      "type": "aws_lb_listener",
      "name": "http",
      "provider": "provider[\"registry.terraform.io/hashicorp/aws\"]",
      "instances": [
        {
          "schema_version": 0,
          "attributes": {
            "alpn_policy": null,
            "arn": "arn:aws:elasticloadbalancing:ap-southeast-1:473154593366:listener/app/my-application-load-balancer/8e664c77a682801f/269fdfec97344d8e",
            "certificate_arn": null,
            "default_action": [
              {
                "authenticate_cognito": [],
                "authenticate_oidc": [],
                "fixed_response": [
                  {
                    "content_type": "text/plain",
                    "message_body": "No matching rules found",
                    "status_code": "404"
                  }
                ],
                "forward": [],
                "order": 1,
                "redirect": [],
                "target_group_arn": "",
                "type": "fixed-response"
              }
            ],
            "id": "arn:aws:elasticloadbalancing:ap-southeast-1:473154593366:listener/app/my-application-load-balancer/8e664c77a682801f/269fdfec97344d8e",
            "load_balancer_arn": "arn:aws:elasticloadbalancing:ap-southeast-1:473154593366:loadbalancer/app/my-application-load-balancer/8e664c77a682801f",
            "mutual_authentication": [],
            "port": 80,
            "protocol": "HTTP",
            "ssl_policy": "",
            "tags": null,
            "tags_all": {},
            "tcp_idle_timeout_seconds": null,
            "timeouts": null
          },
          "sensitive_attributes": [],
          "private": "eyJlMmJmYjczMC1lY2FhLTExZTYtOGY4OC0zNDM2M2JjN2M0YzAiOnsiY3JlYXRlIjozMDAwMDAwMDAwMDAsInVwZGF0ZSI6MzAwMDAwMDAwMDAwfX0=",
          "dependencies": [
            "module.application_load_balancer.aws_lb.my_alb",
            "module.application_load_balancer.aws_security_group.alb_sg",
            "module.certificate_manager.aws_acm_certificate.my_certificate",
            "module.certificate_manager.aws_acm_certificate_validation.my_cert_validation",
            "module.certificate_manager.aws_route53_record.record",
            "module.vpc.aws_subnet.public_ap_southeast_1a",
            "module.vpc.aws_subnet.public_ap_southeast_1b",
            "module.vpc.aws_subnet.public_ap_southeast_1c",
            "module.vpc.aws_vpc.my_vpc"
          ]
        }
      ]
    },
    {
      "module": "module.application_load_balancer",
      "mode": "managed",
      "type": "aws_lb_listener",
      "name": "https",
      "provider": "provider[\"registry.terraform.io/hashicorp/aws\"]",
      "instances": [
        {
          "schema_version": 0,
          "attributes": {
            "alpn_policy": null,
            "arn": "arn:aws:elasticloadbalancing:ap-southeast-1:473154593366:listener/app/my-application-load-balancer/8e664c77a682801f/11c112424a595911",
            "certificate_arn": "arn:aws:acm:ap-southeast-1:473154593366:certificate/9f8af28e-ad1d-4cbc-9863-3e593de80166",
            "default_action": [
              {
                "authenticate_cognito": [],
                "authenticate_oidc": [],
                "fixed_response": [
                  {
                    "content_type": "text/plain",
                    "message_body": "No matching rules found",
                    "status_code": "404"
                  }
                ],
                "forward": [],
                "order": 1,
                "redirect": [],
                "target_group_arn": "",
                "type": "fixed-response"
              }
            ],
            "id": "arn:aws:elasticloadbalancing:ap-southeast-1:473154593366:listener/app/my-application-load-balancer/8e664c77a682801f/11c112424a595911",
            "load_balancer_arn": "arn:aws:elasticloadbalancing:ap-southeast-1:473154593366:loadbalancer/app/my-application-load-balancer/8e664c77a682801f",
            "mutual_authentication": [
              {
                "ignore_client_certificate_expiry": false,
                "mode": "off",
                "trust_store_arn": ""
              }
            ],
            "port": 443,
            "protocol": "HTTPS",
            "ssl_policy": "ELBSecurityPolicy-2016-08",
            "tags": null,
            "tags_all": {},
            "tcp_idle_timeout_seconds": null,
            "timeouts": null
          },
          "sensitive_attributes": [],
          "private": "eyJlMmJmYjczMC1lY2FhLTExZTYtOGY4OC0zNDM2M2JjN2M0YzAiOnsiY3JlYXRlIjozMDAwMDAwMDAwMDAsInVwZGF0ZSI6MzAwMDAwMDAwMDAwfX0=",
          "dependencies": [
            "module.application_load_balancer.aws_lb.my_alb",
            "module.application_load_balancer.aws_security_group.alb_sg",
            "module.certificate_manager.aws_acm_certificate.my_certificate",
            "module.certificate_manager.aws_acm_certificate_validation.my_cert_validation",
            "module.certificate_manager.aws_route53_record.record",
            "module.vpc.aws_subnet.public_ap_southeast_1a",
            "module.vpc.aws_subnet.public_ap_southeast_1b",
            "module.vpc.aws_subnet.public_ap_southeast_1c",
            "module.vpc.aws_vpc.my_vpc"
          ]
        }
      ]
    },
    {
      "module": "module.application_load_balancer",
      "mode": "managed",
      "type": "aws_lb_listener_rule",
      "name": "jenkins_http_rule",
      "provider": "provider[\"registry.terraform.io/hashicorp/aws\"]",
      "instances": [
        {
          "schema_version": 0,
          "attributes": {
            "action": [
              {
                "authenticate_cognito": [],
                "authenticate_oidc": [],
                "fixed_response": [],
                "forward": [
                  {
                    "stickiness": [
                      {
                        "duration": 0,
                        "enabled": false
                      }
                    ],
                    "target_group": [
                      {
                        "arn": "arn:aws:elasticloadbalancing:ap-southeast-1:473154593366:targetgroup/jenkins-master-http-tg/4bb11c5c960d6b3d",
                        "weight": 100
                      }
                    ]
                  }
                ],
                "order": 1,
                "redirect": [],
                "target_group_arn": "",
                "type": "forward"
              }
            ],
            "arn": "arn:aws:elasticloadbalancing:ap-southeast-1:473154593366:listener-rule/app/my-application-load-balancer/8e664c77a682801f/269fdfec97344d8e/23965e035e2361e5",
            "condition": [
              {
                "host_header": [
                  {
                    "values": [
                      "jenkins.aditya-kristianto.com"
                    ]
                  }
                ],
                "http_header": [],
                "http_request_method": [],
                "path_pattern": [],
                "query_string": [],
                "source_ip": []
              }
            ],
            "id": "arn:aws:elasticloadbalancing:ap-southeast-1:473154593366:listener-rule/app/my-application-load-balancer/8e664c77a682801f/269fdfec97344d8e/23965e035e2361e5",
            "listener_arn": "arn:aws:elasticloadbalancing:ap-southeast-1:473154593366:listener/app/my-application-load-balancer/8e664c77a682801f/269fdfec97344d8e",
            "priority": 1,
            "tags": null,
            "tags_all": {}
          },
          "sensitive_attributes": [],
          "private": "bnVsbA==",
          "dependencies": [
            "module.application_load_balancer.aws_lb.my_alb",
            "module.application_load_balancer.aws_lb_listener.http",
            "module.application_load_balancer.aws_lb_target_group.jenkins_master_http",
            "module.application_load_balancer.aws_security_group.alb_sg",
            "module.certificate_manager.aws_acm_certificate.my_certificate",
            "module.certificate_manager.aws_acm_certificate_validation.my_cert_validation",
            "module.certificate_manager.aws_route53_record.record",
            "module.vpc.aws_subnet.public_ap_southeast_1a",
            "module.vpc.aws_subnet.public_ap_southeast_1b",
            "module.vpc.aws_subnet.public_ap_southeast_1c",
            "module.vpc.aws_vpc.my_vpc"
          ]
        }
      ]
    },
    {
      "module": "module.application_load_balancer",
      "mode": "managed",
      "type": "aws_lb_listener_rule",
      "name": "jenkins_https_rule",
      "provider": "provider[\"registry.terraform.io/hashicorp/aws\"]",
      "instances": [
        {
          "schema_version": 0,
          "attributes": {
            "action": [
              {
                "authenticate_cognito": [],
                "authenticate_oidc": [],
                "fixed_response": [],
                "forward": [
                  {
                    "stickiness": [
                      {
                        "duration": 0,
                        "enabled": false
                      }
                    ],
                    "target_group": [
                      {
                        "arn": "arn:aws:elasticloadbalancing:ap-southeast-1:473154593366:targetgroup/jenkins-master-https-tg/81b6afcfc73b27be",
                        "weight": 100
                      }
                    ]
                  }
                ],
                "order": 1,
                "redirect": [],
                "target_group_arn": "",
                "type": "forward"
              }
            ],
            "arn": "arn:aws:elasticloadbalancing:ap-southeast-1:473154593366:listener-rule/app/my-application-load-balancer/8e664c77a682801f/11c112424a595911/fa86de94973b49a9",
            "condition": [
              {
                "host_header": [
                  {
                    "values": [
                      "jenkins.aditya-kristianto.com"
                    ]
                  }
                ],
                "http_header": [],
                "http_request_method": [],
                "path_pattern": [],
                "query_string": [],
                "source_ip": []
              }
            ],
            "id": "arn:aws:elasticloadbalancing:ap-southeast-1:473154593366:listener-rule/app/my-application-load-balancer/8e664c77a682801f/11c112424a595911/fa86de94973b49a9",
            "listener_arn": "arn:aws:elasticloadbalancing:ap-southeast-1:473154593366:listener/app/my-application-load-balancer/8e664c77a682801f/11c112424a595911",
            "priority": 2,
            "tags": null,
            "tags_all": {}
          },
          "sensitive_attributes": [],
          "private": "bnVsbA==",
          "dependencies": [
            "module.application_load_balancer.aws_lb.my_alb",
            "module.application_load_balancer.aws_lb_listener.https",
            "module.application_load_balancer.aws_lb_target_group.jenkins_master_https",
            "module.application_load_balancer.aws_security_group.alb_sg",
            "module.certificate_manager.aws_acm_certificate.my_certificate",
            "module.certificate_manager.aws_acm_certificate_validation.my_cert_validation",
            "module.certificate_manager.aws_route53_record.record",
            "module.vpc.aws_subnet.public_ap_southeast_1a",
            "module.vpc.aws_subnet.public_ap_southeast_1b",
            "module.vpc.aws_subnet.public_ap_southeast_1c",
            "module.vpc.aws_vpc.my_vpc"
          ]
        }
      ]
    },
    {
      "module": "module.application_load_balancer",
      "mode": "managed",
      "type": "aws_lb_listener_rule",
      "name": "pgadmin_http_rule",
      "provider": "provider[\"registry.terraform.io/hashicorp/aws\"]",
      "instances": [
        {
          "schema_version": 0,
          "attributes": {
            "action": [
              {
                "authenticate_cognito": [],
                "authenticate_oidc": [],
                "fixed_response": [],
                "forward": [],
                "order": 1,
                "redirect": [],
                "target_group_arn": "arn:aws:elasticloadbalancing:ap-southeast-1:473154593366:targetgroup/pgadmin-http-tg/dbe3fbb29102011b",
                "type": "forward"
              }
            ],
            "arn": "arn:aws:elasticloadbalancing:ap-southeast-1:473154593366:listener-rule/app/my-application-load-balancer/8e664c77a682801f/269fdfec97344d8e/897a3c919a695cd7",
            "condition": [
              {
                "host_header": [
                  {
                    "values": [
                      "pgadmin.aditya-kristianto.com"
                    ]
                  }
                ],
                "http_header": [],
                "http_request_method": [],
                "path_pattern": [],
                "query_string": [],
                "source_ip": []
              }
            ],
            "id": "arn:aws:elasticloadbalancing:ap-southeast-1:473154593366:listener-rule/app/my-application-load-balancer/8e664c77a682801f/269fdfec97344d8e/897a3c919a695cd7",
            "listener_arn": "arn:aws:elasticloadbalancing:ap-southeast-1:473154593366:listener/app/my-application-load-balancer/8e664c77a682801f/269fdfec97344d8e",
            "priority": 5,
            "tags": null,
            "tags_all": {}
          },
          "sensitive_attributes": [],
          "private": "bnVsbA==",
          "dependencies": [
            "module.application_load_balancer.aws_lb.my_alb",
            "module.application_load_balancer.aws_lb_listener.http",
            "module.application_load_balancer.aws_lb_target_group.pgadmin_http",
            "module.application_load_balancer.aws_security_group.alb_sg",
            "module.certificate_manager.aws_acm_certificate.my_certificate",
            "module.certificate_manager.aws_acm_certificate_validation.my_cert_validation",
            "module.certificate_manager.aws_route53_record.record",
            "module.vpc.aws_subnet.public_ap_southeast_1a",
            "module.vpc.aws_subnet.public_ap_southeast_1b",
            "module.vpc.aws_subnet.public_ap_southeast_1c",
            "module.vpc.aws_vpc.my_vpc"
          ]
        }
      ]
    },
    {
      "module": "module.application_load_balancer",
      "mode": "managed",
      "type": "aws_lb_listener_rule",
      "name": "pgadmin_https_rule",
      "provider": "provider[\"registry.terraform.io/hashicorp/aws\"]",
      "instances": [
        {
          "schema_version": 0,
          "attributes": {
            "action": [
              {
                "authenticate_cognito": [],
                "authenticate_oidc": [],
                "fixed_response": [],
                "forward": [],
                "order": 1,
                "redirect": [],
                "target_group_arn": "arn:aws:elasticloadbalancing:ap-southeast-1:473154593366:targetgroup/pgadmin-https-tg/13308fe65e8ef6ba",
                "type": "forward"
              }
            ],
            "arn": "arn:aws:elasticloadbalancing:ap-southeast-1:473154593366:listener-rule/app/my-application-load-balancer/8e664c77a682801f/11c112424a595911/f894a4f1a46c7165",
            "condition": [
              {
                "host_header": [
                  {
                    "values": [
                      "pgadmin.aditya-kristianto.com"
                    ]
                  }
                ],
                "http_header": [],
                "http_request_method": [],
                "path_pattern": [],
                "query_string": [],
                "source_ip": []
              }
            ],
            "id": "arn:aws:elasticloadbalancing:ap-southeast-1:473154593366:listener-rule/app/my-application-load-balancer/8e664c77a682801f/11c112424a595911/f894a4f1a46c7165",
            "listener_arn": "arn:aws:elasticloadbalancing:ap-southeast-1:473154593366:listener/app/my-application-load-balancer/8e664c77a682801f/11c112424a595911",
            "priority": 6,
            "tags": null,
            "tags_all": {}
          },
          "sensitive_attributes": [],
          "private": "bnVsbA==",
          "dependencies": [
            "module.application_load_balancer.aws_lb.my_alb",
            "module.application_load_balancer.aws_lb_listener.https",
            "module.application_load_balancer.aws_lb_target_group.pgadmin_https",
            "module.application_load_balancer.aws_security_group.alb_sg",
            "module.certificate_manager.aws_acm_certificate.my_certificate",
            "module.certificate_manager.aws_acm_certificate_validation.my_cert_validation",
            "module.certificate_manager.aws_route53_record.record",
            "module.vpc.aws_subnet.public_ap_southeast_1a",
            "module.vpc.aws_subnet.public_ap_southeast_1b",
            "module.vpc.aws_subnet.public_ap_southeast_1c",
            "module.vpc.aws_vpc.my_vpc"
          ]
        }
      ]
    },
    {
      "module": "module.application_load_balancer",
      "mode": "managed",
      "type": "aws_lb_listener_rule",
      "name": "portainer_http_rule",
      "provider": "provider[\"registry.terraform.io/hashicorp/aws\"]",
      "instances": [
        {
          "schema_version": 0,
          "attributes": {
            "action": [
              {
                "authenticate_cognito": [],
                "authenticate_oidc": [],
                "fixed_response": [],
                "forward": [],
                "order": 1,
                "redirect": [],
                "target_group_arn": "arn:aws:elasticloadbalancing:ap-southeast-1:473154593366:targetgroup/portainer-http-tg/93d4e264c65eb87f",
                "type": "forward"
              }
            ],
            "arn": "arn:aws:elasticloadbalancing:ap-southeast-1:473154593366:listener-rule/app/my-application-load-balancer/8e664c77a682801f/269fdfec97344d8e/c3f8040228a1ea30",
            "condition": [
              {
                "host_header": [
                  {
                    "values": [
                      "portainer.aditya-kristianto.com"
                    ]
                  }
                ],
                "http_header": [],
                "http_request_method": [],
                "path_pattern": [],
                "query_string": [],
                "source_ip": []
              }
            ],
            "id": "arn:aws:elasticloadbalancing:ap-southeast-1:473154593366:listener-rule/app/my-application-load-balancer/8e664c77a682801f/269fdfec97344d8e/c3f8040228a1ea30",
            "listener_arn": "arn:aws:elasticloadbalancing:ap-southeast-1:473154593366:listener/app/my-application-load-balancer/8e664c77a682801f/269fdfec97344d8e",
            "priority": 3,
            "tags": null,
            "tags_all": {}
          },
          "sensitive_attributes": [],
          "private": "bnVsbA==",
          "dependencies": [
            "module.application_load_balancer.aws_lb.my_alb",
            "module.application_load_balancer.aws_lb_listener.http",
            "module.application_load_balancer.aws_lb_target_group.portainer_http",
            "module.application_load_balancer.aws_security_group.alb_sg",
            "module.certificate_manager.aws_acm_certificate.my_certificate",
            "module.certificate_manager.aws_acm_certificate_validation.my_cert_validation",
            "module.certificate_manager.aws_route53_record.record",
            "module.vpc.aws_subnet.public_ap_southeast_1a",
            "module.vpc.aws_subnet.public_ap_southeast_1b",
            "module.vpc.aws_subnet.public_ap_southeast_1c",
            "module.vpc.aws_vpc.my_vpc"
          ]
        }
      ]
    },
    {
      "module": "module.application_load_balancer",
      "mode": "managed",
      "type": "aws_lb_listener_rule",
      "name": "portainer_https_rule",
      "provider": "provider[\"registry.terraform.io/hashicorp/aws\"]",
      "instances": [
        {
          "schema_version": 0,
          "attributes": {
            "action": [
              {
                "authenticate_cognito": [],
                "authenticate_oidc": [],
                "fixed_response": [],
                "forward": [],
                "order": 1,
                "redirect": [],
                "target_group_arn": "arn:aws:elasticloadbalancing:ap-southeast-1:473154593366:targetgroup/portainer-https-tg/8d32df104cf15bf2",
                "type": "forward"
              }
            ],
            "arn": "arn:aws:elasticloadbalancing:ap-southeast-1:473154593366:listener-rule/app/my-application-load-balancer/8e664c77a682801f/11c112424a595911/b70cdbe95352ac48",
            "condition": [
              {
                "host_header": [
                  {
                    "values": [
                      "portainer.aditya-kristianto.com"
                    ]
                  }
                ],
                "http_header": [],
                "http_request_method": [],
                "path_pattern": [],
                "query_string": [],
                "source_ip": []
              }
            ],
            "id": "arn:aws:elasticloadbalancing:ap-southeast-1:473154593366:listener-rule/app/my-application-load-balancer/8e664c77a682801f/11c112424a595911/b70cdbe95352ac48",
            "listener_arn": "arn:aws:elasticloadbalancing:ap-southeast-1:473154593366:listener/app/my-application-load-balancer/8e664c77a682801f/11c112424a595911",
            "priority": 4,
            "tags": null,
            "tags_all": {}
          },
          "sensitive_attributes": [],
          "private": "bnVsbA==",
          "dependencies": [
            "module.application_load_balancer.aws_lb.my_alb",
            "module.application_load_balancer.aws_lb_listener.https",
            "module.application_load_balancer.aws_lb_target_group.portainer_https",
            "module.application_load_balancer.aws_security_group.alb_sg",
            "module.certificate_manager.aws_acm_certificate.my_certificate",
            "module.certificate_manager.aws_acm_certificate_validation.my_cert_validation",
            "module.certificate_manager.aws_route53_record.record",
            "module.vpc.aws_subnet.public_ap_southeast_1a",
            "module.vpc.aws_subnet.public_ap_southeast_1b",
            "module.vpc.aws_subnet.public_ap_southeast_1c",
            "module.vpc.aws_vpc.my_vpc"
          ]
        }
      ]
    },
    {
      "module": "module.application_load_balancer",
      "mode": "managed",
      "type": "aws_lb_listener_rule",
      "name": "postgres_http_rule",
      "provider": "provider[\"registry.terraform.io/hashicorp/aws\"]",
      "instances": [
        {
          "schema_version": 0,
          "attributes": {
            "action": [
              {
                "authenticate_cognito": [],
                "authenticate_oidc": [],
                "fixed_response": [],
                "forward": [],
                "order": 1,
                "redirect": [],
                "target_group_arn": "arn:aws:elasticloadbalancing:ap-southeast-1:473154593366:targetgroup/postgres-http-tg/b050a3f9b68ea2be",
                "type": "forward"
              }
            ],
            "arn": "arn:aws:elasticloadbalancing:ap-southeast-1:473154593366:listener-rule/app/my-application-load-balancer/8e664c77a682801f/269fdfec97344d8e/0c773ed762f946d7",
            "condition": [
              {
                "host_header": [
                  {
                    "values": [
                      "postgres.aditya-kristianto.com"
                    ]
                  }
                ],
                "http_header": [],
                "http_request_method": [],
                "path_pattern": [],
                "query_string": [],
                "source_ip": []
              }
            ],
            "id": "arn:aws:elasticloadbalancing:ap-southeast-1:473154593366:listener-rule/app/my-application-load-balancer/8e664c77a682801f/269fdfec97344d8e/0c773ed762f946d7",
            "listener_arn": "arn:aws:elasticloadbalancing:ap-southeast-1:473154593366:listener/app/my-application-load-balancer/8e664c77a682801f/269fdfec97344d8e",
            "priority": 7,
            "tags": null,
            "tags_all": {}
          },
          "sensitive_attributes": [],
          "private": "bnVsbA==",
          "dependencies": [
            "module.application_load_balancer.aws_lb.my_alb",
            "module.application_load_balancer.aws_lb_listener.http",
            "module.application_load_balancer.aws_lb_target_group.postgres_http",
            "module.application_load_balancer.aws_security_group.alb_sg",
            "module.certificate_manager.aws_acm_certificate.my_certificate",
            "module.certificate_manager.aws_acm_certificate_validation.my_cert_validation",
            "module.certificate_manager.aws_route53_record.record",
            "module.vpc.aws_subnet.public_ap_southeast_1a",
            "module.vpc.aws_subnet.public_ap_southeast_1b",
            "module.vpc.aws_subnet.public_ap_southeast_1c",
            "module.vpc.aws_vpc.my_vpc"
          ]
        }
      ]
    },
    {
      "module": "module.application_load_balancer",
      "mode": "managed",
      "type": "aws_lb_listener_rule",
      "name": "rust_app_http_rule",
      "provider": "provider[\"registry.terraform.io/hashicorp/aws\"]",
      "instances": [
        {
          "schema_version": 0,
          "attributes": {
            "action": [
              {
                "authenticate_cognito": [],
                "authenticate_oidc": [],
                "fixed_response": [],
                "forward": [],
                "order": 1,
                "redirect": [],
                "target_group_arn": "arn:aws:elasticloadbalancing:ap-southeast-1:473154593366:targetgroup/rust-app-http-tg/4d48037160e13c56",
                "type": "forward"
              }
            ],
            "arn": "arn:aws:elasticloadbalancing:ap-southeast-1:473154593366:listener-rule/app/my-application-load-balancer/8e664c77a682801f/269fdfec97344d8e/df64234db9fa54e1",
            "condition": [
              {
                "host_header": [
                  {
                    "values": [
                      "rust-app.aditya-kristianto.com"
                    ]
                  }
                ],
                "http_header": [],
                "http_request_method": [],
                "path_pattern": [],
                "query_string": [],
                "source_ip": []
              }
            ],
            "id": "arn:aws:elasticloadbalancing:ap-southeast-1:473154593366:listener-rule/app/my-application-load-balancer/8e664c77a682801f/269fdfec97344d8e/df64234db9fa54e1",
            "listener_arn": "arn:aws:elasticloadbalancing:ap-southeast-1:473154593366:listener/app/my-application-load-balancer/8e664c77a682801f/269fdfec97344d8e",
            "priority": 8,
            "tags": null,
            "tags_all": {}
          },
          "sensitive_attributes": [],
          "private": "bnVsbA==",
          "dependencies": [
            "module.application_load_balancer.aws_lb.my_alb",
            "module.application_load_balancer.aws_lb_listener.http",
            "module.application_load_balancer.aws_lb_target_group.rust_app_http",
            "module.application_load_balancer.aws_security_group.alb_sg",
            "module.certificate_manager.aws_acm_certificate.my_certificate",
            "module.certificate_manager.aws_acm_certificate_validation.my_cert_validation",
            "module.certificate_manager.aws_route53_record.record",
            "module.vpc.aws_subnet.public_ap_southeast_1a",
            "module.vpc.aws_subnet.public_ap_southeast_1b",
            "module.vpc.aws_subnet.public_ap_southeast_1c",
            "module.vpc.aws_vpc.my_vpc"
          ]
        }
      ]
    },
    {
      "module": "module.application_load_balancer",
      "mode": "managed",
      "type": "aws_lb_listener_rule",
      "name": "rust_app_https_rule",
      "provider": "provider[\"registry.terraform.io/hashicorp/aws\"]",
      "instances": [
        {
          "schema_version": 0,
          "attributes": {
            "action": [
              {
                "authenticate_cognito": [],
                "authenticate_oidc": [],
                "fixed_response": [],
                "forward": [],
                "order": 1,
                "redirect": [],
                "target_group_arn": "arn:aws:elasticloadbalancing:ap-southeast-1:473154593366:targetgroup/rust-app-https-tg/52d841fdb185c7ff",
                "type": "forward"
              }
            ],
            "arn": "arn:aws:elasticloadbalancing:ap-southeast-1:473154593366:listener-rule/app/my-application-load-balancer/8e664c77a682801f/11c112424a595911/c4dc3c12731b8be1",
            "condition": [
              {
                "host_header": [
                  {
                    "values": [
                      "rust-app.aditya-kristianto.com"
                    ]
                  }
                ],
                "http_header": [],
                "http_request_method": [],
                "path_pattern": [],
                "query_string": [],
                "source_ip": []
              }
            ],
            "id": "arn:aws:elasticloadbalancing:ap-southeast-1:473154593366:listener-rule/app/my-application-load-balancer/8e664c77a682801f/11c112424a595911/c4dc3c12731b8be1",
            "listener_arn": "arn:aws:elasticloadbalancing:ap-southeast-1:473154593366:listener/app/my-application-load-balancer/8e664c77a682801f/11c112424a595911",
            "priority": 9,
            "tags": null,
            "tags_all": {}
          },
          "sensitive_attributes": [],
          "private": "bnVsbA==",
          "dependencies": [
            "module.application_load_balancer.aws_lb.my_alb",
            "module.application_load_balancer.aws_lb_listener.https",
            "module.application_load_balancer.aws_lb_target_group.rust_app_https",
            "module.application_load_balancer.aws_security_group.alb_sg",
            "module.certificate_manager.aws_acm_certificate.my_certificate",
            "module.certificate_manager.aws_acm_certificate_validation.my_cert_validation",
            "module.certificate_manager.aws_route53_record.record",
            "module.vpc.aws_subnet.public_ap_southeast_1a",
            "module.vpc.aws_subnet.public_ap_southeast_1b",
            "module.vpc.aws_subnet.public_ap_southeast_1c",
            "module.vpc.aws_vpc.my_vpc"
          ]
        }
      ]
    },
    {
      "module": "module.application_load_balancer",
      "mode": "managed",
      "type": "aws_lb_listener_rule",
      "name": "rust_auth_app_http_rule",
      "provider": "provider[\"registry.terraform.io/hashicorp/aws\"]",
      "instances": [
        {
          "schema_version": 0,
          "attributes": {
            "action": [
              {
                "authenticate_cognito": [],
                "authenticate_oidc": [],
                "fixed_response": [],
                "forward": [],
                "order": 1,
                "redirect": [],
                "target_group_arn": "arn:aws:elasticloadbalancing:ap-southeast-1:473154593366:targetgroup/rust-auth-app-http-tg/5513ade1ce1e7431",
                "type": "forward"
              }
            ],
            "arn": "arn:aws:elasticloadbalancing:ap-southeast-1:473154593366:listener-rule/app/my-application-load-balancer/8e664c77a682801f/269fdfec97344d8e/52e038d3c32eabab",
            "condition": [
              {
                "host_header": [
                  {
                    "values": [
                      "rust-auth-app.aditya-kristianto.com"
                    ]
                  }
                ],
                "http_header": [],
                "http_request_method": [],
                "path_pattern": [],
                "query_string": [],
                "source_ip": []
              }
            ],
            "id": "arn:aws:elasticloadbalancing:ap-southeast-1:473154593366:listener-rule/app/my-application-load-balancer/8e664c77a682801f/269fdfec97344d8e/52e038d3c32eabab",
            "listener_arn": "arn:aws:elasticloadbalancing:ap-southeast-1:473154593366:listener/app/my-application-load-balancer/8e664c77a682801f/269fdfec97344d8e",
            "priority": 10,
            "tags": null,
            "tags_all": {}
          },
          "sensitive_attributes": [],
          "private": "bnVsbA==",
          "dependencies": [
            "module.application_load_balancer.aws_lb.my_alb",
            "module.application_load_balancer.aws_lb_listener.http",
            "module.application_load_balancer.aws_lb_target_group.rust_auth_app_http",
            "module.application_load_balancer.aws_security_group.alb_sg",
            "module.certificate_manager.aws_acm_certificate.my_certificate",
            "module.certificate_manager.aws_acm_certificate_validation.my_cert_validation",
            "module.certificate_manager.aws_route53_record.record",
            "module.vpc.aws_subnet.public_ap_southeast_1a",
            "module.vpc.aws_subnet.public_ap_southeast_1b",
            "module.vpc.aws_subnet.public_ap_southeast_1c",
            "module.vpc.aws_vpc.my_vpc"
          ]
        }
      ]
    },
    {
      "module": "module.application_load_balancer",
      "mode": "managed",
      "type": "aws_lb_listener_rule",
      "name": "rust_auth_app_https_rule",
      "provider": "provider[\"registry.terraform.io/hashicorp/aws\"]",
      "instances": [
        {
          "schema_version": 0,
          "attributes": {
            "action": [
              {
                "authenticate_cognito": [],
                "authenticate_oidc": [],
                "fixed_response": [],
                "forward": [],
                "order": 1,
                "redirect": [],
                "target_group_arn": "arn:aws:elasticloadbalancing:ap-southeast-1:473154593366:targetgroup/rust-auth-app-https-tg/28bd044e4198030f",
                "type": "forward"
              }
            ],
            "arn": "arn:aws:elasticloadbalancing:ap-southeast-1:473154593366:listener-rule/app/my-application-load-balancer/8e664c77a682801f/11c112424a595911/82d0603d914d1e4f",
            "condition": [
              {
                "host_header": [
                  {
                    "values": [
                      "rust-auth-app.aditya-kristianto.com"
                    ]
                  }
                ],
                "http_header": [],
                "http_request_method": [],
                "path_pattern": [],
                "query_string": [],
                "source_ip": []
              }
            ],
            "id": "arn:aws:elasticloadbalancing:ap-southeast-1:473154593366:listener-rule/app/my-application-load-balancer/8e664c77a682801f/11c112424a595911/82d0603d914d1e4f",
            "listener_arn": "arn:aws:elasticloadbalancing:ap-southeast-1:473154593366:listener/app/my-application-load-balancer/8e664c77a682801f/11c112424a595911",
            "priority": 11,
            "tags": null,
            "tags_all": {}
          },
          "sensitive_attributes": [],
          "private": "bnVsbA==",
          "dependencies": [
            "module.application_load_balancer.aws_lb.my_alb",
            "module.application_load_balancer.aws_lb_listener.https",
            "module.application_load_balancer.aws_lb_target_group.rust_auth_app_https",
            "module.application_load_balancer.aws_security_group.alb_sg",
            "module.certificate_manager.aws_acm_certificate.my_certificate",
            "module.certificate_manager.aws_acm_certificate_validation.my_cert_validation",
            "module.certificate_manager.aws_route53_record.record",
            "module.vpc.aws_subnet.public_ap_southeast_1a",
            "module.vpc.aws_subnet.public_ap_southeast_1b",
            "module.vpc.aws_subnet.public_ap_southeast_1c",
            "module.vpc.aws_vpc.my_vpc"
          ]
        }
      ]
    },
    {
      "module": "module.application_load_balancer",
      "mode": "managed",
      "type": "aws_lb_listener_rule",
      "name": "rust_oauth_app_http_rule",
      "provider": "provider[\"registry.terraform.io/hashicorp/aws\"]",
      "instances": [
        {
          "schema_version": 0,
          "attributes": {
            "action": [
              {
                "authenticate_cognito": [],
                "authenticate_oidc": [],
                "fixed_response": [],
                "forward": [],
                "order": 1,
                "redirect": [],
                "target_group_arn": "arn:aws:elasticloadbalancing:ap-southeast-1:473154593366:targetgroup/rust-oauth-app-http-tg/3e2077daf913fc3f",
                "type": "forward"
              }
            ],
            "arn": "arn:aws:elasticloadbalancing:ap-southeast-1:473154593366:listener-rule/app/my-application-load-balancer/8e664c77a682801f/269fdfec97344d8e/cdc7aad561cd6b30",
            "condition": [
              {
                "host_header": [
                  {
                    "values": [
                      "rust-oauth-app.aditya-kristianto.com"
                    ]
                  }
                ],
                "http_header": [],
                "http_request_method": [],
                "path_pattern": [],
                "query_string": [],
                "source_ip": []
              }
            ],
            "id": "arn:aws:elasticloadbalancing:ap-southeast-1:473154593366:listener-rule/app/my-application-load-balancer/8e664c77a682801f/269fdfec97344d8e/cdc7aad561cd6b30",
            "listener_arn": "arn:aws:elasticloadbalancing:ap-southeast-1:473154593366:listener/app/my-application-load-balancer/8e664c77a682801f/269fdfec97344d8e",
            "priority": 12,
            "tags": null,
            "tags_all": {}
          },
          "sensitive_attributes": [],
          "private": "bnVsbA==",
          "dependencies": [
            "module.application_load_balancer.aws_lb.my_alb",
            "module.application_load_balancer.aws_lb_listener.http",
            "module.application_load_balancer.aws_lb_target_group.rust_oauth_app_http",
            "module.application_load_balancer.aws_security_group.alb_sg",
            "module.certificate_manager.aws_acm_certificate.my_certificate",
            "module.certificate_manager.aws_acm_certificate_validation.my_cert_validation",
            "module.certificate_manager.aws_route53_record.record",
            "module.vpc.aws_subnet.public_ap_southeast_1a",
            "module.vpc.aws_subnet.public_ap_southeast_1b",
            "module.vpc.aws_subnet.public_ap_southeast_1c",
            "module.vpc.aws_vpc.my_vpc"
          ]
        }
      ]
    },
    {
      "module": "module.application_load_balancer",
      "mode": "managed",
      "type": "aws_lb_listener_rule",
      "name": "rust_oauth_app_https_rule",
      "provider": "provider[\"registry.terraform.io/hashicorp/aws\"]",
      "instances": [
        {
          "schema_version": 0,
          "attributes": {
            "action": [
              {
                "authenticate_cognito": [],
                "authenticate_oidc": [],
                "fixed_response": [],
                "forward": [],
                "order": 1,
                "redirect": [],
                "target_group_arn": "arn:aws:elasticloadbalancing:ap-southeast-1:473154593366:targetgroup/rust-oauth-app-https-tg/c6b1a13e26a80133",
                "type": "forward"
              }
            ],
            "arn": "arn:aws:elasticloadbalancing:ap-southeast-1:473154593366:listener-rule/app/my-application-load-balancer/8e664c77a682801f/11c112424a595911/d322f4b990a7464c",
            "condition": [
              {
                "host_header": [
                  {
                    "values": [
                      "rust-oauth-app.aditya-kristianto.com"
                    ]
                  }
                ],
                "http_header": [],
                "http_request_method": [],
                "path_pattern": [],
                "query_string": [],
                "source_ip": []
              }
            ],
            "id": "arn:aws:elasticloadbalancing:ap-southeast-1:473154593366:listener-rule/app/my-application-load-balancer/8e664c77a682801f/11c112424a595911/d322f4b990a7464c",
            "listener_arn": "arn:aws:elasticloadbalancing:ap-southeast-1:473154593366:listener/app/my-application-load-balancer/8e664c77a682801f/11c112424a595911",
            "priority": 13,
            "tags": null,
            "tags_all": {}
          },
          "sensitive_attributes": [],
          "private": "bnVsbA==",
          "dependencies": [
            "module.application_load_balancer.aws_lb.my_alb",
            "module.application_load_balancer.aws_lb_listener.https",
            "module.application_load_balancer.aws_lb_target_group.rust_oauth_app_https",
            "module.application_load_balancer.aws_security_group.alb_sg",
            "module.certificate_manager.aws_acm_certificate.my_certificate",
            "module.certificate_manager.aws_acm_certificate_validation.my_cert_validation",
            "module.certificate_manager.aws_route53_record.record",
            "module.vpc.aws_subnet.public_ap_southeast_1a",
            "module.vpc.aws_subnet.public_ap_southeast_1b",
            "module.vpc.aws_subnet.public_ap_southeast_1c",
            "module.vpc.aws_vpc.my_vpc"
          ]
        }
      ]
    },
    {
      "module": "module.application_load_balancer",
      "mode": "managed",
      "type": "aws_lb_listener_rule",
      "name": "rust_stock_app_http_rule",
      "provider": "provider[\"registry.terraform.io/hashicorp/aws\"]",
      "instances": [
        {
          "schema_version": 0,
          "attributes": {
            "action": [
              {
                "authenticate_cognito": [],
                "authenticate_oidc": [],
                "fixed_response": [],
                "forward": [],
                "order": 1,
                "redirect": [],
                "target_group_arn": "arn:aws:elasticloadbalancing:ap-southeast-1:473154593366:targetgroup/rust-stock-app-http-tg/57826f5082ee1c01",
                "type": "forward"
              }
            ],
            "arn": "arn:aws:elasticloadbalancing:ap-southeast-1:473154593366:listener-rule/app/my-application-load-balancer/8e664c77a682801f/269fdfec97344d8e/86c381218a0e9e57",
            "condition": [
              {
                "host_header": [
                  {
                    "values": [
                      "rust-stock-app.aditya-kristianto.com"
                    ]
                  }
                ],
                "http_header": [],
                "http_request_method": [],
                "path_pattern": [],
                "query_string": [],
                "source_ip": []
              }
            ],
            "id": "arn:aws:elasticloadbalancing:ap-southeast-1:473154593366:listener-rule/app/my-application-load-balancer/8e664c77a682801f/269fdfec97344d8e/86c381218a0e9e57",
            "listener_arn": "arn:aws:elasticloadbalancing:ap-southeast-1:473154593366:listener/app/my-application-load-balancer/8e664c77a682801f/269fdfec97344d8e",
            "priority": 14,
            "tags": null,
            "tags_all": {}
          },
          "sensitive_attributes": [],
          "private": "bnVsbA==",
          "dependencies": [
            "module.application_load_balancer.aws_lb.my_alb",
            "module.application_load_balancer.aws_lb_listener.http",
            "module.application_load_balancer.aws_lb_target_group.rust_stock_app_http",
            "module.application_load_balancer.aws_security_group.alb_sg",
            "module.certificate_manager.aws_acm_certificate.my_certificate",
            "module.certificate_manager.aws_acm_certificate_validation.my_cert_validation",
            "module.certificate_manager.aws_route53_record.record",
            "module.vpc.aws_subnet.public_ap_southeast_1a",
            "module.vpc.aws_subnet.public_ap_southeast_1b",
            "module.vpc.aws_subnet.public_ap_southeast_1c",
            "module.vpc.aws_vpc.my_vpc"
          ]
        }
      ]
    },
    {
      "module": "module.application_load_balancer",
      "mode": "managed",
      "type": "aws_lb_listener_rule",
      "name": "rust_stock_app_https_rule",
      "provider": "provider[\"registry.terraform.io/hashicorp/aws\"]",
      "instances": [
        {
          "schema_version": 0,
          "attributes": {
            "action": [
              {
                "authenticate_cognito": [],
                "authenticate_oidc": [],
                "fixed_response": [],
                "forward": [],
                "order": 1,
                "redirect": [],
                "target_group_arn": "arn:aws:elasticloadbalancing:ap-southeast-1:473154593366:targetgroup/rust-stock-app-https-tg/b85048b635c9b7db",
                "type": "forward"
              }
            ],
            "arn": "arn:aws:elasticloadbalancing:ap-southeast-1:473154593366:listener-rule/app/my-application-load-balancer/8e664c77a682801f/11c112424a595911/5d06776a5e553a34",
            "condition": [
              {
                "host_header": [
                  {
                    "values": [
                      "rust-stock-app.aditya-kristianto.com"
                    ]
                  }
                ],
                "http_header": [],
                "http_request_method": [],
                "path_pattern": [],
                "query_string": [],
                "source_ip": []
              }
            ],
            "id": "arn:aws:elasticloadbalancing:ap-southeast-1:473154593366:listener-rule/app/my-application-load-balancer/8e664c77a682801f/11c112424a595911/5d06776a5e553a34",
            "listener_arn": "arn:aws:elasticloadbalancing:ap-southeast-1:473154593366:listener/app/my-application-load-balancer/8e664c77a682801f/11c112424a595911",
            "priority": 15,
            "tags": null,
            "tags_all": {}
          },
          "sensitive_attributes": [],
          "private": "bnVsbA==",
          "dependencies": [
            "module.application_load_balancer.aws_lb.my_alb",
            "module.application_load_balancer.aws_lb_listener.https",
            "module.application_load_balancer.aws_lb_target_group.rust_stock_app_https",
            "module.application_load_balancer.aws_security_group.alb_sg",
            "module.certificate_manager.aws_acm_certificate.my_certificate",
            "module.certificate_manager.aws_acm_certificate_validation.my_cert_validation",
            "module.certificate_manager.aws_route53_record.record",
            "module.vpc.aws_subnet.public_ap_southeast_1a",
            "module.vpc.aws_subnet.public_ap_southeast_1b",
            "module.vpc.aws_subnet.public_ap_southeast_1c",
            "module.vpc.aws_vpc.my_vpc"
          ]
        }
      ]
    },
    {
      "module": "module.application_load_balancer",
      "mode": "managed",
      "type": "aws_lb_listener_rule",
      "name": "rust_uuid_app_http_rule",
      "provider": "provider[\"registry.terraform.io/hashicorp/aws\"]",
      "instances": [
        {
          "schema_version": 0,
          "attributes": {
            "action": [
              {
                "authenticate_cognito": [],
                "authenticate_oidc": [],
                "fixed_response": [],
                "forward": [],
                "order": 1,
                "redirect": [],
                "target_group_arn": "arn:aws:elasticloadbalancing:ap-southeast-1:473154593366:targetgroup/rust-uuid-app-http-tg/77190ac3b16a95a5",
                "type": "forward"
              }
            ],
            "arn": "arn:aws:elasticloadbalancing:ap-southeast-1:473154593366:listener-rule/app/my-application-load-balancer/8e664c77a682801f/269fdfec97344d8e/b80f3eeca6ce2d97",
            "condition": [
              {
                "host_header": [
                  {
                    "values": [
                      "rust-uuid-app.aditya-kristianto.com"
                    ]
                  }
                ],
                "http_header": [],
                "http_request_method": [],
                "path_pattern": [],
                "query_string": [],
                "source_ip": []
              }
            ],
            "id": "arn:aws:elasticloadbalancing:ap-southeast-1:473154593366:listener-rule/app/my-application-load-balancer/8e664c77a682801f/269fdfec97344d8e/b80f3eeca6ce2d97",
            "listener_arn": "arn:aws:elasticloadbalancing:ap-southeast-1:473154593366:listener/app/my-application-load-balancer/8e664c77a682801f/269fdfec97344d8e",
            "priority": 16,
            "tags": null,
            "tags_all": {}
          },
          "sensitive_attributes": [],
          "private": "bnVsbA==",
          "dependencies": [
            "module.application_load_balancer.aws_lb.my_alb",
            "module.application_load_balancer.aws_lb_listener.http",
            "module.application_load_balancer.aws_lb_target_group.rust_uuid_app_http",
            "module.application_load_balancer.aws_security_group.alb_sg",
            "module.certificate_manager.aws_acm_certificate.my_certificate",
            "module.certificate_manager.aws_acm_certificate_validation.my_cert_validation",
            "module.certificate_manager.aws_route53_record.record",
            "module.vpc.aws_subnet.public_ap_southeast_1a",
            "module.vpc.aws_subnet.public_ap_southeast_1b",
            "module.vpc.aws_subnet.public_ap_southeast_1c",
            "module.vpc.aws_vpc.my_vpc"
          ]
        }
      ]
    },
    {
      "module": "module.application_load_balancer",
      "mode": "managed",
      "type": "aws_lb_listener_rule",
      "name": "rust_uuid_app_https_rule",
      "provider": "provider[\"registry.terraform.io/hashicorp/aws\"]",
      "instances": [
        {
          "schema_version": 0,
          "attributes": {
            "action": [
              {
                "authenticate_cognito": [],
                "authenticate_oidc": [],
                "fixed_response": [],
                "forward": [],
                "order": 1,
                "redirect": [],
                "target_group_arn": "arn:aws:elasticloadbalancing:ap-southeast-1:473154593366:targetgroup/rust-uuid-app-https-tg/e46a706330068570",
                "type": "forward"
              }
            ],
            "arn": "arn:aws:elasticloadbalancing:ap-southeast-1:473154593366:listener-rule/app/my-application-load-balancer/8e664c77a682801f/11c112424a595911/c4cf813fe6dcfe7b",
            "condition": [
              {
                "host_header": [
                  {
                    "values": [
                      "rust-uuid-app.aditya-kristianto.com"
                    ]
                  }
                ],
                "http_header": [],
                "http_request_method": [],
                "path_pattern": [],
                "query_string": [],
                "source_ip": []
              }
            ],
            "id": "arn:aws:elasticloadbalancing:ap-southeast-1:473154593366:listener-rule/app/my-application-load-balancer/8e664c77a682801f/11c112424a595911/c4cf813fe6dcfe7b",
            "listener_arn": "arn:aws:elasticloadbalancing:ap-southeast-1:473154593366:listener/app/my-application-load-balancer/8e664c77a682801f/11c112424a595911",
            "priority": 17,
            "tags": null,
            "tags_all": {}
          },
          "sensitive_attributes": [],
          "private": "bnVsbA==",
          "dependencies": [
            "module.application_load_balancer.aws_lb.my_alb",
            "module.application_load_balancer.aws_lb_listener.https",
            "module.application_load_balancer.aws_lb_target_group.rust_uuid_app_https",
            "module.application_load_balancer.aws_security_group.alb_sg",
            "module.certificate_manager.aws_acm_certificate.my_certificate",
            "module.certificate_manager.aws_acm_certificate_validation.my_cert_validation",
            "module.certificate_manager.aws_route53_record.record",
            "module.vpc.aws_subnet.public_ap_southeast_1a",
            "module.vpc.aws_subnet.public_ap_southeast_1b",
            "module.vpc.aws_subnet.public_ap_southeast_1c",
            "module.vpc.aws_vpc.my_vpc"
          ]
        }
      ]
    },
    {
      "module": "module.application_load_balancer",
      "mode": "managed",
      "type": "aws_lb_target_group",
      "name": "jenkins_master_http",
      "provider": "provider[\"registry.terraform.io/hashicorp/aws\"]",
      "instances": [
        {
          "schema_version": 0,
          "attributes": {
            "arn": "arn:aws:elasticloadbalancing:ap-southeast-1:473154593366:targetgroup/jenkins-master-http-tg/4bb11c5c960d6b3d",
            "arn_suffix": "targetgroup/jenkins-master-http-tg/4bb11c5c960d6b3d",
            "connection_termination": null,
            "deregistration_delay": "30",
            "health_check": [
              {
                "enabled": true,
                "healthy_threshold": 3,
                "interval": 30,
                "matcher": "200",
                "path": "/",
                "port": "traffic-port",
                "protocol": "HTTP",
                "timeout": 5,
                "unhealthy_threshold": 2
              }
            ],
            "id": "arn:aws:elasticloadbalancing:ap-southeast-1:473154593366:targetgroup/jenkins-master-http-tg/4bb11c5c960d6b3d",
            "ip_address_type": "ipv4",
            "lambda_multi_value_headers_enabled": false,
            "load_balancer_arns": [],
            "load_balancing_algorithm_type": "round_robin",
            "load_balancing_anomaly_mitigation": "off",
            "load_balancing_cross_zone_enabled": "use_load_balancer_configuration",
            "name": "jenkins-master-http-tg",
            "name_prefix": "",
            "port": 80,
            "preserve_client_ip": null,
            "protocol": "HTTP",
            "protocol_version": "HTTP1",
            "proxy_protocol_v2": false,
            "slow_start": 0,
            "stickiness": [
              {
                "cookie_duration": 86400,
                "cookie_name": "",
                "enabled": true,
                "type": "lb_cookie"
              }
            ],
            "tags": {
              "Name": "jenkins-master-http-tg",
              "Purpose": "Forward from jenkins.aditya-kristianto.com"
            },
            "tags_all": {
              "Name": "jenkins-master-http-tg",
              "Purpose": "Forward from jenkins.aditya-kristianto.com"
            },
            "target_failover": [
              {
                "on_deregistration": null,
                "on_unhealthy": null
              }
            ],
            "target_group_health": [
              {
                "dns_failover": [
                  {
                    "minimum_healthy_targets_count": "1",
                    "minimum_healthy_targets_percentage": "off"
                  }
                ],
                "unhealthy_state_routing": [
                  {
                    "minimum_healthy_targets_count": 1,
                    "minimum_healthy_targets_percentage": "off"
                  }
                ]
              }
            ],
            "target_health_state": [
              {
                "enable_unhealthy_connection_termination": null,
                "unhealthy_draining_interval": null
              }
            ],
            "target_type": "ip",
            "vpc_id": "vpc-0a2220c0ba1a8e843"
          },
          "sensitive_attributes": [],
          "private": "bnVsbA==",
          "dependencies": [
            "module.certificate_manager.aws_acm_certificate.my_certificate",
            "module.certificate_manager.aws_acm_certificate_validation.my_cert_validation",
            "module.certificate_manager.aws_route53_record.record",
            "module.vpc.aws_vpc.my_vpc"
          ]
        }
      ]
    },
    {
      "module": "module.application_load_balancer",
      "mode": "managed",
      "type": "aws_lb_target_group",
      "name": "jenkins_master_https",
      "provider": "provider[\"registry.terraform.io/hashicorp/aws\"]",
      "instances": [
        {
          "schema_version": 0,
          "attributes": {
            "arn": "arn:aws:elasticloadbalancing:ap-southeast-1:473154593366:targetgroup/jenkins-master-https-tg/81b6afcfc73b27be",
            "arn_suffix": "targetgroup/jenkins-master-https-tg/81b6afcfc73b27be",
            "connection_termination": null,
            "deregistration_delay": "30",
            "health_check": [
              {
                "enabled": true,
                "healthy_threshold": 3,
                "interval": 30,
                "matcher": "200",
                "path": "/",
                "port": "traffic-port",
                "protocol": "HTTPS",
                "timeout": 5,
                "unhealthy_threshold": 2
              }
            ],
            "id": "arn:aws:elasticloadbalancing:ap-southeast-1:473154593366:targetgroup/jenkins-master-https-tg/81b6afcfc73b27be",
            "ip_address_type": "ipv4",
            "lambda_multi_value_headers_enabled": false,
            "load_balancer_arns": [],
            "load_balancing_algorithm_type": "round_robin",
            "load_balancing_anomaly_mitigation": "off",
            "load_balancing_cross_zone_enabled": "use_load_balancer_configuration",
            "name": "jenkins-master-https-tg",
            "name_prefix": "",
            "port": 443,
            "preserve_client_ip": null,
            "protocol": "HTTPS",
            "protocol_version": "HTTP1",
            "proxy_protocol_v2": false,
            "slow_start": 0,
            "stickiness": [
              {
                "cookie_duration": 86400,
                "cookie_name": "",
                "enabled": true,
                "type": "lb_cookie"
              }
            ],
            "tags": {
              "Name": "jenkins-master-https-tg",
              "Purpose": "Forward from jenkins.aditya-kristianto.com"
            },
            "tags_all": {
              "Name": "jenkins-master-https-tg",
              "Purpose": "Forward from jenkins.aditya-kristianto.com"
            },
            "target_failover": [
              {
                "on_deregistration": null,
                "on_unhealthy": null
              }
            ],
            "target_group_health": [
              {
                "dns_failover": [
                  {
                    "minimum_healthy_targets_count": "1",
                    "minimum_healthy_targets_percentage": "off"
                  }
                ],
                "unhealthy_state_routing": [
                  {
                    "minimum_healthy_targets_count": 1,
                    "minimum_healthy_targets_percentage": "off"
                  }
                ]
              }
            ],
            "target_health_state": [
              {
                "enable_unhealthy_connection_termination": null,
                "unhealthy_draining_interval": null
              }
            ],
            "target_type": "ip",
            "vpc_id": "vpc-0a2220c0ba1a8e843"
          },
          "sensitive_attributes": [],
          "private": "bnVsbA==",
          "dependencies": [
            "module.certificate_manager.aws_acm_certificate.my_certificate",
            "module.certificate_manager.aws_acm_certificate_validation.my_cert_validation",
            "module.certificate_manager.aws_route53_record.record",
            "module.vpc.aws_vpc.my_vpc"
          ]
        }
      ]
    },
    {
      "module": "module.application_load_balancer",
      "mode": "managed",
      "type": "aws_lb_target_group",
      "name": "pgadmin_http",
      "provider": "provider[\"registry.terraform.io/hashicorp/aws\"]",
      "instances": [
        {
          "schema_version": 0,
          "attributes": {
            "arn": "arn:aws:elasticloadbalancing:ap-southeast-1:473154593366:targetgroup/pgadmin-http-tg/dbe3fbb29102011b",
            "arn_suffix": "targetgroup/pgadmin-http-tg/dbe3fbb29102011b",
            "connection_termination": null,
            "deregistration_delay": "30",
            "health_check": [
              {
                "enabled": true,
                "healthy_threshold": 3,
                "interval": 30,
                "matcher": "200",
                "path": "/",
                "port": "traffic-port",
                "protocol": "HTTP",
                "timeout": 5,
                "unhealthy_threshold": 2
              }
            ],
            "id": "arn:aws:elasticloadbalancing:ap-southeast-1:473154593366:targetgroup/pgadmin-http-tg/dbe3fbb29102011b",
            "ip_address_type": "ipv4",
            "lambda_multi_value_headers_enabled": false,
            "load_balancer_arns": [],
            "load_balancing_algorithm_type": "round_robin",
            "load_balancing_anomaly_mitigation": "off",
            "load_balancing_cross_zone_enabled": "use_load_balancer_configuration",
            "name": "pgadmin-http-tg",
            "name_prefix": "",
            "port": 80,
            "preserve_client_ip": null,
            "protocol": "HTTP",
            "protocol_version": "HTTP1",
            "proxy_protocol_v2": false,
            "slow_start": 0,
            "stickiness": [
              {
                "cookie_duration": 86400,
                "cookie_name": "",
                "enabled": true,
                "type": "lb_cookie"
              }
            ],
            "tags": {
              "Name": "pgadmin-http-tg",
              "Purpose": "Forward from pgadmin.aditya-kristianto.com"
            },
            "tags_all": {
              "Name": "pgadmin-http-tg",
              "Purpose": "Forward from pgadmin.aditya-kristianto.com"
            },
            "target_failover": [
              {
                "on_deregistration": null,
                "on_unhealthy": null
              }
            ],
            "target_group_health": [
              {
                "dns_failover": [
                  {
                    "minimum_healthy_targets_count": "1",
                    "minimum_healthy_targets_percentage": "off"
                  }
                ],
                "unhealthy_state_routing": [
                  {
                    "minimum_healthy_targets_count": 1,
                    "minimum_healthy_targets_percentage": "off"
                  }
                ]
              }
            ],
            "target_health_state": [
              {
                "enable_unhealthy_connection_termination": null,
                "unhealthy_draining_interval": null
              }
            ],
            "target_type": "ip",
            "vpc_id": "vpc-0a2220c0ba1a8e843"
          },
          "sensitive_attributes": [],
          "private": "bnVsbA==",
          "dependencies": [
            "module.certificate_manager.aws_acm_certificate.my_certificate",
            "module.certificate_manager.aws_acm_certificate_validation.my_cert_validation",
            "module.certificate_manager.aws_route53_record.record",
            "module.vpc.aws_vpc.my_vpc"
          ]
        }
      ]
    },
    {
      "module": "module.application_load_balancer",
      "mode": "managed",
      "type": "aws_lb_target_group",
      "name": "pgadmin_https",
      "provider": "provider[\"registry.terraform.io/hashicorp/aws\"]",
      "instances": [
        {
          "schema_version": 0,
          "attributes": {
            "arn": "arn:aws:elasticloadbalancing:ap-southeast-1:473154593366:targetgroup/pgadmin-https-tg/13308fe65e8ef6ba",
            "arn_suffix": "targetgroup/pgadmin-https-tg/13308fe65e8ef6ba",
            "connection_termination": null,
            "deregistration_delay": "30",
            "health_check": [
              {
                "enabled": true,
                "healthy_threshold": 3,
                "interval": 30,
                "matcher": "200",
                "path": "/",
                "port": "traffic-port",
                "protocol": "HTTPS",
                "timeout": 5,
                "unhealthy_threshold": 2
              }
            ],
            "id": "arn:aws:elasticloadbalancing:ap-southeast-1:473154593366:targetgroup/pgadmin-https-tg/13308fe65e8ef6ba",
            "ip_address_type": "ipv4",
            "lambda_multi_value_headers_enabled": false,
            "load_balancer_arns": [],
            "load_balancing_algorithm_type": "round_robin",
            "load_balancing_anomaly_mitigation": "off",
            "load_balancing_cross_zone_enabled": "use_load_balancer_configuration",
            "name": "pgadmin-https-tg",
            "name_prefix": "",
            "port": 443,
            "preserve_client_ip": null,
            "protocol": "HTTPS",
            "protocol_version": "HTTP1",
            "proxy_protocol_v2": false,
            "slow_start": 0,
            "stickiness": [
              {
                "cookie_duration": 86400,
                "cookie_name": "",
                "enabled": true,
                "type": "lb_cookie"
              }
            ],
            "tags": {
              "Name": "pgadmin-https-tg",
              "Purpose": "Forward from pgadmin.aditya-kristianto.com"
            },
            "tags_all": {
              "Name": "pgadmin-https-tg",
              "Purpose": "Forward from pgadmin.aditya-kristianto.com"
            },
            "target_failover": [
              {
                "on_deregistration": null,
                "on_unhealthy": null
              }
            ],
            "target_group_health": [
              {
                "dns_failover": [
                  {
                    "minimum_healthy_targets_count": "1",
                    "minimum_healthy_targets_percentage": "off"
                  }
                ],
                "unhealthy_state_routing": [
                  {
                    "minimum_healthy_targets_count": 1,
                    "minimum_healthy_targets_percentage": "off"
                  }
                ]
              }
            ],
            "target_health_state": [
              {
                "enable_unhealthy_connection_termination": null,
                "unhealthy_draining_interval": null
              }
            ],
            "target_type": "ip",
            "vpc_id": "vpc-0a2220c0ba1a8e843"
          },
          "sensitive_attributes": [],
          "private": "bnVsbA==",
          "dependencies": [
            "module.certificate_manager.aws_acm_certificate.my_certificate",
            "module.certificate_manager.aws_acm_certificate_validation.my_cert_validation",
            "module.certificate_manager.aws_route53_record.record",
            "module.vpc.aws_vpc.my_vpc"
          ]
        }
      ]
    },
    {
      "module": "module.application_load_balancer",
      "mode": "managed",
      "type": "aws_lb_target_group",
      "name": "portainer_http",
      "provider": "provider[\"registry.terraform.io/hashicorp/aws\"]",
      "instances": [
        {
          "schema_version": 0,
          "attributes": {
            "arn": "arn:aws:elasticloadbalancing:ap-southeast-1:473154593366:targetgroup/portainer-http-tg/93d4e264c65eb87f",
            "arn_suffix": "targetgroup/portainer-http-tg/93d4e264c65eb87f",
            "connection_termination": null,
            "deregistration_delay": "30",
            "health_check": [
              {
                "enabled": true,
                "healthy_threshold": 3,
                "interval": 30,
                "matcher": "200",
                "path": "/",
                "port": "traffic-port",
                "protocol": "HTTP",
                "timeout": 5,
                "unhealthy_threshold": 2
              }
            ],
            "id": "arn:aws:elasticloadbalancing:ap-southeast-1:473154593366:targetgroup/portainer-http-tg/93d4e264c65eb87f",
            "ip_address_type": "ipv4",
            "lambda_multi_value_headers_enabled": false,
            "load_balancer_arns": [],
            "load_balancing_algorithm_type": "round_robin",
            "load_balancing_anomaly_mitigation": "off",
            "load_balancing_cross_zone_enabled": "use_load_balancer_configuration",
            "name": "portainer-http-tg",
            "name_prefix": "",
            "port": 80,
            "preserve_client_ip": null,
            "protocol": "HTTP",
            "protocol_version": "HTTP1",
            "proxy_protocol_v2": false,
            "slow_start": 0,
            "stickiness": [
              {
                "cookie_duration": 86400,
                "cookie_name": "",
                "enabled": true,
                "type": "lb_cookie"
              }
            ],
            "tags": {
              "Name": "portainer-http-tg",
              "Purpose": "Forward from portainer.aditya-kristianto.com"
            },
            "tags_all": {
              "Name": "portainer-http-tg",
              "Purpose": "Forward from portainer.aditya-kristianto.com"
            },
            "target_failover": [
              {
                "on_deregistration": null,
                "on_unhealthy": null
              }
            ],
            "target_group_health": [
              {
                "dns_failover": [
                  {
                    "minimum_healthy_targets_count": "1",
                    "minimum_healthy_targets_percentage": "off"
                  }
                ],
                "unhealthy_state_routing": [
                  {
                    "minimum_healthy_targets_count": 1,
                    "minimum_healthy_targets_percentage": "off"
                  }
                ]
              }
            ],
            "target_health_state": [
              {
                "enable_unhealthy_connection_termination": null,
                "unhealthy_draining_interval": null
              }
            ],
            "target_type": "ip",
            "vpc_id": "vpc-0a2220c0ba1a8e843"
          },
          "sensitive_attributes": [],
          "private": "bnVsbA==",
          "dependencies": [
            "module.certificate_manager.aws_acm_certificate.my_certificate",
            "module.certificate_manager.aws_acm_certificate_validation.my_cert_validation",
            "module.certificate_manager.aws_route53_record.record",
            "module.vpc.aws_vpc.my_vpc"
          ]
        }
      ]
    },
    {
      "module": "module.application_load_balancer",
      "mode": "managed",
      "type": "aws_lb_target_group",
      "name": "portainer_https",
      "provider": "provider[\"registry.terraform.io/hashicorp/aws\"]",
      "instances": [
        {
          "schema_version": 0,
          "attributes": {
            "arn": "arn:aws:elasticloadbalancing:ap-southeast-1:473154593366:targetgroup/portainer-https-tg/8d32df104cf15bf2",
            "arn_suffix": "targetgroup/portainer-https-tg/8d32df104cf15bf2",
            "connection_termination": null,
            "deregistration_delay": "30",
            "health_check": [
              {
                "enabled": true,
                "healthy_threshold": 3,
                "interval": 30,
                "matcher": "200",
                "path": "/",
                "port": "traffic-port",
                "protocol": "HTTPS",
                "timeout": 5,
                "unhealthy_threshold": 2
              }
            ],
            "id": "arn:aws:elasticloadbalancing:ap-southeast-1:473154593366:targetgroup/portainer-https-tg/8d32df104cf15bf2",
            "ip_address_type": "ipv4",
            "lambda_multi_value_headers_enabled": false,
            "load_balancer_arns": [],
            "load_balancing_algorithm_type": "round_robin",
            "load_balancing_anomaly_mitigation": "off",
            "load_balancing_cross_zone_enabled": "use_load_balancer_configuration",
            "name": "portainer-https-tg",
            "name_prefix": "",
            "port": 443,
            "preserve_client_ip": null,
            "protocol": "HTTPS",
            "protocol_version": "HTTP1",
            "proxy_protocol_v2": false,
            "slow_start": 0,
            "stickiness": [
              {
                "cookie_duration": 86400,
                "cookie_name": "",
                "enabled": true,
                "type": "lb_cookie"
              }
            ],
            "tags": {
              "Name": "portainer-https-tg",
              "Purpose": "Forward from portainer.aditya-kristianto.com"
            },
            "tags_all": {
              "Name": "portainer-https-tg",
              "Purpose": "Forward from portainer.aditya-kristianto.com"
            },
            "target_failover": [
              {
                "on_deregistration": null,
                "on_unhealthy": null
              }
            ],
            "target_group_health": [
              {
                "dns_failover": [
                  {
                    "minimum_healthy_targets_count": "1",
                    "minimum_healthy_targets_percentage": "off"
                  }
                ],
                "unhealthy_state_routing": [
                  {
                    "minimum_healthy_targets_count": 1,
                    "minimum_healthy_targets_percentage": "off"
                  }
                ]
              }
            ],
            "target_health_state": [
              {
                "enable_unhealthy_connection_termination": null,
                "unhealthy_draining_interval": null
              }
            ],
            "target_type": "ip",
            "vpc_id": "vpc-0a2220c0ba1a8e843"
          },
          "sensitive_attributes": [],
          "private": "bnVsbA==",
          "dependencies": [
            "module.certificate_manager.aws_acm_certificate.my_certificate",
            "module.certificate_manager.aws_acm_certificate_validation.my_cert_validation",
            "module.certificate_manager.aws_route53_record.record",
            "module.vpc.aws_vpc.my_vpc"
          ]
        }
      ]
    },
    {
      "module": "module.application_load_balancer",
      "mode": "managed",
      "type": "aws_lb_target_group",
      "name": "postgres_http",
      "provider": "provider[\"registry.terraform.io/hashicorp/aws\"]",
      "instances": [
        {
          "schema_version": 0,
          "attributes": {
            "arn": "arn:aws:elasticloadbalancing:ap-southeast-1:473154593366:targetgroup/postgres-http-tg/b050a3f9b68ea2be",
            "arn_suffix": "targetgroup/postgres-http-tg/b050a3f9b68ea2be",
            "connection_termination": null,
            "deregistration_delay": "30",
            "health_check": [
              {
                "enabled": true,
                "healthy_threshold": 3,
                "interval": 30,
                "matcher": "200",
                "path": "/",
                "port": "traffic-port",
                "protocol": "HTTP",
                "timeout": 5,
                "unhealthy_threshold": 2
              }
            ],
            "id": "arn:aws:elasticloadbalancing:ap-southeast-1:473154593366:targetgroup/postgres-http-tg/b050a3f9b68ea2be",
            "ip_address_type": "ipv4",
            "lambda_multi_value_headers_enabled": false,
            "load_balancer_arns": [],
            "load_balancing_algorithm_type": "round_robin",
            "load_balancing_anomaly_mitigation": "off",
            "load_balancing_cross_zone_enabled": "use_load_balancer_configuration",
            "name": "postgres-http-tg",
            "name_prefix": "",
            "port": 80,
            "preserve_client_ip": null,
            "protocol": "HTTP",
            "protocol_version": "HTTP1",
            "proxy_protocol_v2": false,
            "slow_start": 0,
            "stickiness": [
              {
                "cookie_duration": 86400,
                "cookie_name": "",
                "enabled": true,
                "type": "lb_cookie"
              }
            ],
            "tags": {
              "Name": "postgres-http-tg",
              "Purpose": "Forward from postgres.aditya-kristianto.com"
            },
            "tags_all": {
              "Name": "postgres-http-tg",
              "Purpose": "Forward from postgres.aditya-kristianto.com"
            },
            "target_failover": [
              {
                "on_deregistration": null,
                "on_unhealthy": null
              }
            ],
            "target_group_health": [
              {
                "dns_failover": [
                  {
                    "minimum_healthy_targets_count": "1",
                    "minimum_healthy_targets_percentage": "off"
                  }
                ],
                "unhealthy_state_routing": [
                  {
                    "minimum_healthy_targets_count": 1,
                    "minimum_healthy_targets_percentage": "off"
                  }
                ]
              }
            ],
            "target_health_state": [
              {
                "enable_unhealthy_connection_termination": null,
                "unhealthy_draining_interval": null
              }
            ],
            "target_type": "ip",
            "vpc_id": "vpc-0a2220c0ba1a8e843"
          },
          "sensitive_attributes": [],
          "private": "bnVsbA==",
          "dependencies": [
            "module.certificate_manager.aws_acm_certificate.my_certificate",
            "module.certificate_manager.aws_acm_certificate_validation.my_cert_validation",
            "module.certificate_manager.aws_route53_record.record",
            "module.vpc.aws_vpc.my_vpc"
          ]
        }
      ]
    },
    {
      "module": "module.application_load_balancer",
      "mode": "managed",
      "type": "aws_lb_target_group",
      "name": "rust_app_http",
      "provider": "provider[\"registry.terraform.io/hashicorp/aws\"]",
      "instances": [
        {
          "schema_version": 0,
          "attributes": {
            "arn": "arn:aws:elasticloadbalancing:ap-southeast-1:473154593366:targetgroup/rust-app-http-tg/4d48037160e13c56",
            "arn_suffix": "targetgroup/rust-app-http-tg/4d48037160e13c56",
            "connection_termination": null,
            "deregistration_delay": "30",
            "health_check": [
              {
                "enabled": true,
                "healthy_threshold": 3,
                "interval": 30,
                "matcher": "200",
                "path": "/v1/healthcheck",
                "port": "traffic-port",
                "protocol": "HTTP",
                "timeout": 5,
                "unhealthy_threshold": 2
              }
            ],
            "id": "arn:aws:elasticloadbalancing:ap-southeast-1:473154593366:targetgroup/rust-app-http-tg/4d48037160e13c56",
            "ip_address_type": "ipv4",
            "lambda_multi_value_headers_enabled": false,
            "load_balancer_arns": [],
            "load_balancing_algorithm_type": "round_robin",
            "load_balancing_anomaly_mitigation": "off",
            "load_balancing_cross_zone_enabled": "use_load_balancer_configuration",
            "name": "rust-app-http-tg",
            "name_prefix": "",
            "port": 80,
            "preserve_client_ip": null,
            "protocol": "HTTP",
            "protocol_version": "HTTP1",
            "proxy_protocol_v2": false,
            "slow_start": 0,
            "stickiness": [
              {
                "cookie_duration": 86400,
                "cookie_name": "",
                "enabled": true,
                "type": "lb_cookie"
              }
            ],
            "tags": {
              "Name": "rust-app-http-tg",
              "Purpose": "Forward from rust-app.aditya-kristianto.com"
            },
            "tags_all": {
              "Name": "rust-app-http-tg",
              "Purpose": "Forward from rust-app.aditya-kristianto.com"
            },
            "target_failover": [
              {
                "on_deregistration": null,
                "on_unhealthy": null
              }
            ],
            "target_group_health": [
              {
                "dns_failover": [
                  {
                    "minimum_healthy_targets_count": "1",
                    "minimum_healthy_targets_percentage": "off"
                  }
                ],
                "unhealthy_state_routing": [
                  {
                    "minimum_healthy_targets_count": 1,
                    "minimum_healthy_targets_percentage": "off"
                  }
                ]
              }
            ],
            "target_health_state": [
              {
                "enable_unhealthy_connection_termination": null,
                "unhealthy_draining_interval": null
              }
            ],
            "target_type": "ip",
            "vpc_id": "vpc-0a2220c0ba1a8e843"
          },
          "sensitive_attributes": [],
          "private": "bnVsbA==",
          "dependencies": [
            "module.certificate_manager.aws_acm_certificate.my_certificate",
            "module.certificate_manager.aws_acm_certificate_validation.my_cert_validation",
            "module.certificate_manager.aws_route53_record.record",
            "module.vpc.aws_vpc.my_vpc"
          ]
        }
      ]
    },
    {
      "module": "module.application_load_balancer",
      "mode": "managed",
      "type": "aws_lb_target_group",
      "name": "rust_app_https",
      "provider": "provider[\"registry.terraform.io/hashicorp/aws\"]",
      "instances": [
        {
          "schema_version": 0,
          "attributes": {
            "arn": "arn:aws:elasticloadbalancing:ap-southeast-1:473154593366:targetgroup/rust-app-https-tg/52d841fdb185c7ff",
            "arn_suffix": "targetgroup/rust-app-https-tg/52d841fdb185c7ff",
            "connection_termination": null,
            "deregistration_delay": "30",
            "health_check": [
              {
                "enabled": true,
                "healthy_threshold": 3,
                "interval": 30,
                "matcher": "200",
                "path": "/v1/healthcheck",
                "port": "traffic-port",
                "protocol": "HTTPS",
                "timeout": 5,
                "unhealthy_threshold": 2
              }
            ],
            "id": "arn:aws:elasticloadbalancing:ap-southeast-1:473154593366:targetgroup/rust-app-https-tg/52d841fdb185c7ff",
            "ip_address_type": "ipv4",
            "lambda_multi_value_headers_enabled": false,
            "load_balancer_arns": [],
            "load_balancing_algorithm_type": "round_robin",
            "load_balancing_anomaly_mitigation": "off",
            "load_balancing_cross_zone_enabled": "use_load_balancer_configuration",
            "name": "rust-app-https-tg",
            "name_prefix": "",
            "port": 80,
            "preserve_client_ip": null,
            "protocol": "HTTPS",
            "protocol_version": "HTTP1",
            "proxy_protocol_v2": false,
            "slow_start": 0,
            "stickiness": [
              {
                "cookie_duration": 86400,
                "cookie_name": "",
                "enabled": true,
                "type": "lb_cookie"
              }
            ],
            "tags": {
              "Name": "rust-app-https-tg",
              "Purpose": "Forward from rust-app.aditya-kristianto.com"
            },
            "tags_all": {
              "Name": "rust-app-https-tg",
              "Purpose": "Forward from rust-app.aditya-kristianto.com"
            },
            "target_failover": [
              {
                "on_deregistration": null,
                "on_unhealthy": null
              }
            ],
            "target_group_health": [
              {
                "dns_failover": [
                  {
                    "minimum_healthy_targets_count": "1",
                    "minimum_healthy_targets_percentage": "off"
                  }
                ],
                "unhealthy_state_routing": [
                  {
                    "minimum_healthy_targets_count": 1,
                    "minimum_healthy_targets_percentage": "off"
                  }
                ]
              }
            ],
            "target_health_state": [
              {
                "enable_unhealthy_connection_termination": null,
                "unhealthy_draining_interval": null
              }
            ],
            "target_type": "ip",
            "vpc_id": "vpc-0a2220c0ba1a8e843"
          },
          "sensitive_attributes": [],
          "private": "bnVsbA==",
          "dependencies": [
            "module.certificate_manager.aws_acm_certificate.my_certificate",
            "module.certificate_manager.aws_acm_certificate_validation.my_cert_validation",
            "module.certificate_manager.aws_route53_record.record",
            "module.vpc.aws_vpc.my_vpc"
          ]
        }
      ]
    },
    {
      "module": "module.application_load_balancer",
      "mode": "managed",
      "type": "aws_lb_target_group",
      "name": "rust_auth_app_http",
      "provider": "provider[\"registry.terraform.io/hashicorp/aws\"]",
      "instances": [
        {
          "schema_version": 0,
          "attributes": {
            "arn": "arn:aws:elasticloadbalancing:ap-southeast-1:473154593366:targetgroup/rust-auth-app-http-tg/5513ade1ce1e7431",
            "arn_suffix": "targetgroup/rust-auth-app-http-tg/5513ade1ce1e7431",
            "connection_termination": null,
            "deregistration_delay": "30",
            "health_check": [
              {
                "enabled": true,
                "healthy_threshold": 3,
                "interval": 30,
                "matcher": "200",
                "path": "/v1/healthcheck",
                "port": "traffic-port",
                "protocol": "HTTP",
                "timeout": 5,
                "unhealthy_threshold": 2
              }
            ],
            "id": "arn:aws:elasticloadbalancing:ap-southeast-1:473154593366:targetgroup/rust-auth-app-http-tg/5513ade1ce1e7431",
            "ip_address_type": "ipv4",
            "lambda_multi_value_headers_enabled": false,
            "load_balancer_arns": [],
            "load_balancing_algorithm_type": "round_robin",
            "load_balancing_anomaly_mitigation": "off",
            "load_balancing_cross_zone_enabled": "use_load_balancer_configuration",
            "name": "rust-auth-app-http-tg",
            "name_prefix": "",
            "port": 81,
            "preserve_client_ip": null,
            "protocol": "HTTP",
            "protocol_version": "HTTP1",
            "proxy_protocol_v2": false,
            "slow_start": 0,
            "stickiness": [
              {
                "cookie_duration": 86400,
                "cookie_name": "",
                "enabled": true,
                "type": "lb_cookie"
              }
            ],
            "tags": {
              "Name": "rust-auth-app-http-tg",
              "Purpose": "Forward from rust-auth-app.aditya-kristianto.com"
            },
            "tags_all": {
              "Name": "rust-auth-app-http-tg",
              "Purpose": "Forward from rust-auth-app.aditya-kristianto.com"
            },
            "target_failover": [
              {
                "on_deregistration": null,
                "on_unhealthy": null
              }
            ],
            "target_group_health": [
              {
                "dns_failover": [
                  {
                    "minimum_healthy_targets_count": "1",
                    "minimum_healthy_targets_percentage": "off"
                  }
                ],
                "unhealthy_state_routing": [
                  {
                    "minimum_healthy_targets_count": 1,
                    "minimum_healthy_targets_percentage": "off"
                  }
                ]
              }
            ],
            "target_health_state": [
              {
                "enable_unhealthy_connection_termination": null,
                "unhealthy_draining_interval": null
              }
            ],
            "target_type": "ip",
            "vpc_id": "vpc-0a2220c0ba1a8e843"
          },
          "sensitive_attributes": [],
          "private": "bnVsbA==",
          "dependencies": [
            "module.certificate_manager.aws_acm_certificate.my_certificate",
            "module.certificate_manager.aws_acm_certificate_validation.my_cert_validation",
            "module.certificate_manager.aws_route53_record.record",
            "module.vpc.aws_vpc.my_vpc"
          ]
        }
      ]
    },
    {
      "module": "module.application_load_balancer",
      "mode": "managed",
      "type": "aws_lb_target_group",
      "name": "rust_auth_app_https",
      "provider": "provider[\"registry.terraform.io/hashicorp/aws\"]",
      "instances": [
        {
          "schema_version": 0,
          "attributes": {
            "arn": "arn:aws:elasticloadbalancing:ap-southeast-1:473154593366:targetgroup/rust-auth-app-https-tg/28bd044e4198030f",
            "arn_suffix": "targetgroup/rust-auth-app-https-tg/28bd044e4198030f",
            "connection_termination": null,
            "deregistration_delay": "30",
            "health_check": [
              {
                "enabled": true,
                "healthy_threshold": 3,
                "interval": 30,
                "matcher": "200",
                "path": "/v1/healthcheck",
                "port": "traffic-port",
                "protocol": "HTTPS",
                "timeout": 5,
                "unhealthy_threshold": 2
              }
            ],
            "id": "arn:aws:elasticloadbalancing:ap-southeast-1:473154593366:targetgroup/rust-auth-app-https-tg/28bd044e4198030f",
            "ip_address_type": "ipv4",
            "lambda_multi_value_headers_enabled": false,
            "load_balancer_arns": [],
            "load_balancing_algorithm_type": "round_robin",
            "load_balancing_anomaly_mitigation": "off",
            "load_balancing_cross_zone_enabled": "use_load_balancer_configuration",
            "name": "rust-auth-app-https-tg",
            "name_prefix": "",
            "port": 81,
            "preserve_client_ip": null,
            "protocol": "HTTPS",
            "protocol_version": "HTTP1",
            "proxy_protocol_v2": false,
            "slow_start": 0,
            "stickiness": [
              {
                "cookie_duration": 86400,
                "cookie_name": "",
                "enabled": true,
                "type": "lb_cookie"
              }
            ],
            "tags": {
              "Name": "rust-auth-app-https-tg",
              "Purpose": "Forward from rust-auth-app.aditya-kristianto.com"
            },
            "tags_all": {
              "Name": "rust-auth-app-https-tg",
              "Purpose": "Forward from rust-auth-app.aditya-kristianto.com"
            },
            "target_failover": [
              {
                "on_deregistration": null,
                "on_unhealthy": null
              }
            ],
            "target_group_health": [
              {
                "dns_failover": [
                  {
                    "minimum_healthy_targets_count": "1",
                    "minimum_healthy_targets_percentage": "off"
                  }
                ],
                "unhealthy_state_routing": [
                  {
                    "minimum_healthy_targets_count": 1,
                    "minimum_healthy_targets_percentage": "off"
                  }
                ]
              }
            ],
            "target_health_state": [
              {
                "enable_unhealthy_connection_termination": null,
                "unhealthy_draining_interval": null
              }
            ],
            "target_type": "ip",
            "vpc_id": "vpc-0a2220c0ba1a8e843"
          },
          "sensitive_attributes": [],
          "private": "bnVsbA==",
          "dependencies": [
            "module.certificate_manager.aws_acm_certificate.my_certificate",
            "module.certificate_manager.aws_acm_certificate_validation.my_cert_validation",
            "module.certificate_manager.aws_route53_record.record",
            "module.vpc.aws_vpc.my_vpc"
          ]
        }
      ]
    },
    {
      "module": "module.application_load_balancer",
      "mode": "managed",
      "type": "aws_lb_target_group",
      "name": "rust_oauth_app_http",
      "provider": "provider[\"registry.terraform.io/hashicorp/aws\"]",
      "instances": [
        {
          "schema_version": 0,
          "attributes": {
            "arn": "arn:aws:elasticloadbalancing:ap-southeast-1:473154593366:targetgroup/rust-oauth-app-http-tg/3e2077daf913fc3f",
            "arn_suffix": "targetgroup/rust-oauth-app-http-tg/3e2077daf913fc3f",
            "connection_termination": null,
            "deregistration_delay": "30",
            "health_check": [
              {
                "enabled": true,
                "healthy_threshold": 3,
                "interval": 30,
                "matcher": "200",
                "path": "/v1/healthcheck",
                "port": "traffic-port",
                "protocol": "HTTP",
                "timeout": 5,
                "unhealthy_threshold": 2
              }
            ],
            "id": "arn:aws:elasticloadbalancing:ap-southeast-1:473154593366:targetgroup/rust-oauth-app-http-tg/3e2077daf913fc3f",
            "ip_address_type": "ipv4",
            "lambda_multi_value_headers_enabled": false,
            "load_balancer_arns": [],
            "load_balancing_algorithm_type": "round_robin",
            "load_balancing_anomaly_mitigation": "off",
            "load_balancing_cross_zone_enabled": "use_load_balancer_configuration",
            "name": "rust-oauth-app-http-tg",
            "name_prefix": "",
            "port": 82,
            "preserve_client_ip": null,
            "protocol": "HTTP",
            "protocol_version": "HTTP1",
            "proxy_protocol_v2": false,
            "slow_start": 0,
            "stickiness": [
              {
                "cookie_duration": 86400,
                "cookie_name": "",
                "enabled": true,
                "type": "lb_cookie"
              }
            ],
            "tags": {
              "Name": "rust-oauth-app-http-tg",
              "Purpose": "Forward from rust-oauth-app.aditya-kristianto.com"
            },
            "tags_all": {
              "Name": "rust-oauth-app-http-tg",
              "Purpose": "Forward from rust-oauth-app.aditya-kristianto.com"
            },
            "target_failover": [
              {
                "on_deregistration": null,
                "on_unhealthy": null
              }
            ],
            "target_group_health": [
              {
                "dns_failover": [
                  {
                    "minimum_healthy_targets_count": "1",
                    "minimum_healthy_targets_percentage": "off"
                  }
                ],
                "unhealthy_state_routing": [
                  {
                    "minimum_healthy_targets_count": 1,
                    "minimum_healthy_targets_percentage": "off"
                  }
                ]
              }
            ],
            "target_health_state": [
              {
                "enable_unhealthy_connection_termination": null,
                "unhealthy_draining_interval": null
              }
            ],
            "target_type": "ip",
            "vpc_id": "vpc-0a2220c0ba1a8e843"
          },
          "sensitive_attributes": [],
          "private": "bnVsbA==",
          "dependencies": [
            "module.certificate_manager.aws_acm_certificate.my_certificate",
            "module.certificate_manager.aws_acm_certificate_validation.my_cert_validation",
            "module.certificate_manager.aws_route53_record.record",
            "module.vpc.aws_vpc.my_vpc"
          ]
        }
      ]
    },
    {
      "module": "module.application_load_balancer",
      "mode": "managed",
      "type": "aws_lb_target_group",
      "name": "rust_oauth_app_https",
      "provider": "provider[\"registry.terraform.io/hashicorp/aws\"]",
      "instances": [
        {
          "schema_version": 0,
          "attributes": {
            "arn": "arn:aws:elasticloadbalancing:ap-southeast-1:473154593366:targetgroup/rust-oauth-app-https-tg/c6b1a13e26a80133",
            "arn_suffix": "targetgroup/rust-oauth-app-https-tg/c6b1a13e26a80133",
            "connection_termination": null,
            "deregistration_delay": "30",
            "health_check": [
              {
                "enabled": true,
                "healthy_threshold": 3,
                "interval": 30,
                "matcher": "200",
                "path": "/v1/healthcheck",
                "port": "traffic-port",
                "protocol": "HTTPS",
                "timeout": 5,
                "unhealthy_threshold": 2
              }
            ],
            "id": "arn:aws:elasticloadbalancing:ap-southeast-1:473154593366:targetgroup/rust-oauth-app-https-tg/c6b1a13e26a80133",
            "ip_address_type": "ipv4",
            "lambda_multi_value_headers_enabled": false,
            "load_balancer_arns": [],
            "load_balancing_algorithm_type": "round_robin",
            "load_balancing_anomaly_mitigation": "off",
            "load_balancing_cross_zone_enabled": "use_load_balancer_configuration",
            "name": "rust-oauth-app-https-tg",
            "name_prefix": "",
            "port": 82,
            "preserve_client_ip": null,
            "protocol": "HTTPS",
            "protocol_version": "HTTP1",
            "proxy_protocol_v2": false,
            "slow_start": 0,
            "stickiness": [
              {
                "cookie_duration": 86400,
                "cookie_name": "",
                "enabled": true,
                "type": "lb_cookie"
              }
            ],
            "tags": {
              "Name": "rust-oauth-app-https-tg",
              "Purpose": "Forward from rust-oauth-app.aditya-kristianto.com"
            },
            "tags_all": {
              "Name": "rust-oauth-app-https-tg",
              "Purpose": "Forward from rust-oauth-app.aditya-kristianto.com"
            },
            "target_failover": [
              {
                "on_deregistration": null,
                "on_unhealthy": null
              }
            ],
            "target_group_health": [
              {
                "dns_failover": [
                  {
                    "minimum_healthy_targets_count": "1",
                    "minimum_healthy_targets_percentage": "off"
                  }
                ],
                "unhealthy_state_routing": [
                  {
                    "minimum_healthy_targets_count": 1,
                    "minimum_healthy_targets_percentage": "off"
                  }
                ]
              }
            ],
            "target_health_state": [
              {
                "enable_unhealthy_connection_termination": null,
                "unhealthy_draining_interval": null
              }
            ],
            "target_type": "ip",
            "vpc_id": "vpc-0a2220c0ba1a8e843"
          },
          "sensitive_attributes": [],
          "private": "bnVsbA==",
          "dependencies": [
            "module.certificate_manager.aws_acm_certificate.my_certificate",
            "module.certificate_manager.aws_acm_certificate_validation.my_cert_validation",
            "module.certificate_manager.aws_route53_record.record",
            "module.vpc.aws_vpc.my_vpc"
          ]
        }
      ]
    },
    {
      "module": "module.application_load_balancer",
      "mode": "managed",
      "type": "aws_lb_target_group",
      "name": "rust_stock_app_http",
      "provider": "provider[\"registry.terraform.io/hashicorp/aws\"]",
      "instances": [
        {
          "schema_version": 0,
          "attributes": {
            "arn": "arn:aws:elasticloadbalancing:ap-southeast-1:473154593366:targetgroup/rust-stock-app-http-tg/57826f5082ee1c01",
            "arn_suffix": "targetgroup/rust-stock-app-http-tg/57826f5082ee1c01",
            "connection_termination": null,
            "deregistration_delay": "30",
            "health_check": [
              {
                "enabled": true,
                "healthy_threshold": 3,
                "interval": 30,
                "matcher": "200",
                "path": "/v1/healthcheck",
                "port": "traffic-port",
                "protocol": "HTTP",
                "timeout": 5,
                "unhealthy_threshold": 2
              }
            ],
            "id": "arn:aws:elasticloadbalancing:ap-southeast-1:473154593366:targetgroup/rust-stock-app-http-tg/57826f5082ee1c01",
            "ip_address_type": "ipv4",
            "lambda_multi_value_headers_enabled": false,
            "load_balancer_arns": [],
            "load_balancing_algorithm_type": "round_robin",
            "load_balancing_anomaly_mitigation": "off",
            "load_balancing_cross_zone_enabled": "use_load_balancer_configuration",
            "name": "rust-stock-app-http-tg",
            "name_prefix": "",
            "port": 83,
            "preserve_client_ip": null,
            "protocol": "HTTP",
            "protocol_version": "HTTP1",
            "proxy_protocol_v2": false,
            "slow_start": 0,
            "stickiness": [
              {
                "cookie_duration": 86400,
                "cookie_name": "",
                "enabled": true,
                "type": "lb_cookie"
              }
            ],
            "tags": {
              "Name": "rust-stock-app-http-tg",
              "Purpose": "Forward from rust-stock-app.aditya-kristianto.com"
            },
            "tags_all": {
              "Name": "rust-stock-app-http-tg",
              "Purpose": "Forward from rust-stock-app.aditya-kristianto.com"
            },
            "target_failover": [
              {
                "on_deregistration": null,
                "on_unhealthy": null
              }
            ],
            "target_group_health": [
              {
                "dns_failover": [
                  {
                    "minimum_healthy_targets_count": "1",
                    "minimum_healthy_targets_percentage": "off"
                  }
                ],
                "unhealthy_state_routing": [
                  {
                    "minimum_healthy_targets_count": 1,
                    "minimum_healthy_targets_percentage": "off"
                  }
                ]
              }
            ],
            "target_health_state": [
              {
                "enable_unhealthy_connection_termination": null,
                "unhealthy_draining_interval": null
              }
            ],
            "target_type": "ip",
            "vpc_id": "vpc-0a2220c0ba1a8e843"
          },
          "sensitive_attributes": [],
          "private": "bnVsbA==",
          "dependencies": [
            "module.certificate_manager.aws_acm_certificate.my_certificate",
            "module.certificate_manager.aws_acm_certificate_validation.my_cert_validation",
            "module.certificate_manager.aws_route53_record.record",
            "module.vpc.aws_vpc.my_vpc"
          ]
        }
      ]
    },
    {
      "module": "module.application_load_balancer",
      "mode": "managed",
      "type": "aws_lb_target_group",
      "name": "rust_stock_app_https",
      "provider": "provider[\"registry.terraform.io/hashicorp/aws\"]",
      "instances": [
        {
          "schema_version": 0,
          "attributes": {
            "arn": "arn:aws:elasticloadbalancing:ap-southeast-1:473154593366:targetgroup/rust-stock-app-https-tg/b85048b635c9b7db",
            "arn_suffix": "targetgroup/rust-stock-app-https-tg/b85048b635c9b7db",
            "connection_termination": null,
            "deregistration_delay": "30",
            "health_check": [
              {
                "enabled": true,
                "healthy_threshold": 3,
                "interval": 30,
                "matcher": "200",
                "path": "/v1/healthcheck",
                "port": "traffic-port",
                "protocol": "HTTPS",
                "timeout": 5,
                "unhealthy_threshold": 2
              }
            ],
            "id": "arn:aws:elasticloadbalancing:ap-southeast-1:473154593366:targetgroup/rust-stock-app-https-tg/b85048b635c9b7db",
            "ip_address_type": "ipv4",
            "lambda_multi_value_headers_enabled": false,
            "load_balancer_arns": [],
            "load_balancing_algorithm_type": "round_robin",
            "load_balancing_anomaly_mitigation": "off",
            "load_balancing_cross_zone_enabled": "use_load_balancer_configuration",
            "name": "rust-stock-app-https-tg",
            "name_prefix": "",
            "port": 83,
            "preserve_client_ip": null,
            "protocol": "HTTPS",
            "protocol_version": "HTTP1",
            "proxy_protocol_v2": false,
            "slow_start": 0,
            "stickiness": [
              {
                "cookie_duration": 86400,
                "cookie_name": "",
                "enabled": true,
                "type": "lb_cookie"
              }
            ],
            "tags": {
              "Name": "rust-stock-app-https-tg",
              "Purpose": "Forward from rust-stock-app.aditya-kristianto.com"
            },
            "tags_all": {
              "Name": "rust-stock-app-https-tg",
              "Purpose": "Forward from rust-stock-app.aditya-kristianto.com"
            },
            "target_failover": [
              {
                "on_deregistration": null,
                "on_unhealthy": null
              }
            ],
            "target_group_health": [
              {
                "dns_failover": [
                  {
                    "minimum_healthy_targets_count": "1",
                    "minimum_healthy_targets_percentage": "off"
                  }
                ],
                "unhealthy_state_routing": [
                  {
                    "minimum_healthy_targets_count": 1,
                    "minimum_healthy_targets_percentage": "off"
                  }
                ]
              }
            ],
            "target_health_state": [
              {
                "enable_unhealthy_connection_termination": null,
                "unhealthy_draining_interval": null
              }
            ],
            "target_type": "ip",
            "vpc_id": "vpc-0a2220c0ba1a8e843"
          },
          "sensitive_attributes": [],
          "private": "bnVsbA==",
          "dependencies": [
            "module.certificate_manager.aws_acm_certificate.my_certificate",
            "module.certificate_manager.aws_acm_certificate_validation.my_cert_validation",
            "module.certificate_manager.aws_route53_record.record",
            "module.vpc.aws_vpc.my_vpc"
          ]
        }
      ]
    },
    {
      "module": "module.application_load_balancer",
      "mode": "managed",
      "type": "aws_lb_target_group",
      "name": "rust_uuid_app_http",
      "provider": "provider[\"registry.terraform.io/hashicorp/aws\"]",
      "instances": [
        {
          "schema_version": 0,
          "attributes": {
            "arn": "arn:aws:elasticloadbalancing:ap-southeast-1:473154593366:targetgroup/rust-uuid-app-http-tg/77190ac3b16a95a5",
            "arn_suffix": "targetgroup/rust-uuid-app-http-tg/77190ac3b16a95a5",
            "connection_termination": null,
            "deregistration_delay": "30",
            "health_check": [
              {
                "enabled": true,
                "healthy_threshold": 3,
                "interval": 30,
                "matcher": "200",
                "path": "/v1/healthcheck",
                "port": "traffic-port",
                "protocol": "HTTP",
                "timeout": 5,
                "unhealthy_threshold": 2
              }
            ],
            "id": "arn:aws:elasticloadbalancing:ap-southeast-1:473154593366:targetgroup/rust-uuid-app-http-tg/77190ac3b16a95a5",
            "ip_address_type": "ipv4",
            "lambda_multi_value_headers_enabled": false,
            "load_balancer_arns": [],
            "load_balancing_algorithm_type": "round_robin",
            "load_balancing_anomaly_mitigation": "off",
            "load_balancing_cross_zone_enabled": "use_load_balancer_configuration",
            "name": "rust-uuid-app-http-tg",
            "name_prefix": "",
            "port": 84,
            "preserve_client_ip": null,
            "protocol": "HTTP",
            "protocol_version": "HTTP1",
            "proxy_protocol_v2": false,
            "slow_start": 0,
            "stickiness": [
              {
                "cookie_duration": 86400,
                "cookie_name": "",
                "enabled": true,
                "type": "lb_cookie"
              }
            ],
            "tags": {
              "Name": "rust-uuid-app-http-tg",
              "Purpose": "Forward from rust-uuid-app.aditya-kristianto.com"
            },
            "tags_all": {
              "Name": "rust-uuid-app-http-tg",
              "Purpose": "Forward from rust-uuid-app.aditya-kristianto.com"
            },
            "target_failover": [
              {
                "on_deregistration": null,
                "on_unhealthy": null
              }
            ],
            "target_group_health": [
              {
                "dns_failover": [
                  {
                    "minimum_healthy_targets_count": "1",
                    "minimum_healthy_targets_percentage": "off"
                  }
                ],
                "unhealthy_state_routing": [
                  {
                    "minimum_healthy_targets_count": 1,
                    "minimum_healthy_targets_percentage": "off"
                  }
                ]
              }
            ],
            "target_health_state": [
              {
                "enable_unhealthy_connection_termination": null,
                "unhealthy_draining_interval": null
              }
            ],
            "target_type": "ip",
            "vpc_id": "vpc-0a2220c0ba1a8e843"
          },
          "sensitive_attributes": [],
          "private": "bnVsbA==",
          "dependencies": [
            "module.certificate_manager.aws_acm_certificate.my_certificate",
            "module.certificate_manager.aws_acm_certificate_validation.my_cert_validation",
            "module.certificate_manager.aws_route53_record.record",
            "module.vpc.aws_vpc.my_vpc"
          ]
        }
      ]
    },
    {
      "module": "module.application_load_balancer",
      "mode": "managed",
      "type": "aws_lb_target_group",
      "name": "rust_uuid_app_https",
      "provider": "provider[\"registry.terraform.io/hashicorp/aws\"]",
      "instances": [
        {
          "schema_version": 0,
          "attributes": {
            "arn": "arn:aws:elasticloadbalancing:ap-southeast-1:473154593366:targetgroup/rust-uuid-app-https-tg/e46a706330068570",
            "arn_suffix": "targetgroup/rust-uuid-app-https-tg/e46a706330068570",
            "connection_termination": null,
            "deregistration_delay": "30",
            "health_check": [
              {
                "enabled": true,
                "healthy_threshold": 3,
                "interval": 30,
                "matcher": "200",
                "path": "/v1/healthcheck",
                "port": "traffic-port",
                "protocol": "HTTPS",
                "timeout": 5,
                "unhealthy_threshold": 2
              }
            ],
            "id": "arn:aws:elasticloadbalancing:ap-southeast-1:473154593366:targetgroup/rust-uuid-app-https-tg/e46a706330068570",
            "ip_address_type": "ipv4",
            "lambda_multi_value_headers_enabled": false,
            "load_balancer_arns": [],
            "load_balancing_algorithm_type": "round_robin",
            "load_balancing_anomaly_mitigation": "off",
            "load_balancing_cross_zone_enabled": "use_load_balancer_configuration",
            "name": "rust-uuid-app-https-tg",
            "name_prefix": "",
            "port": 84,
            "preserve_client_ip": null,
            "protocol": "HTTPS",
            "protocol_version": "HTTP1",
            "proxy_protocol_v2": false,
            "slow_start": 0,
            "stickiness": [
              {
                "cookie_duration": 86400,
                "cookie_name": "",
                "enabled": true,
                "type": "lb_cookie"
              }
            ],
            "tags": {
              "Name": "rust-uuid-app-https-tg",
              "Purpose": "Forward from rust-uuid-app.aditya-kristianto.com"
            },
            "tags_all": {
              "Name": "rust-uuid-app-https-tg",
              "Purpose": "Forward from rust-uuid-app.aditya-kristianto.com"
            },
            "target_failover": [
              {
                "on_deregistration": null,
                "on_unhealthy": null
              }
            ],
            "target_group_health": [
              {
                "dns_failover": [
                  {
                    "minimum_healthy_targets_count": "1",
                    "minimum_healthy_targets_percentage": "off"
                  }
                ],
                "unhealthy_state_routing": [
                  {
                    "minimum_healthy_targets_count": 1,
                    "minimum_healthy_targets_percentage": "off"
                  }
                ]
              }
            ],
            "target_health_state": [
              {
                "enable_unhealthy_connection_termination": null,
                "unhealthy_draining_interval": null
              }
            ],
            "target_type": "ip",
            "vpc_id": "vpc-0a2220c0ba1a8e843"
          },
          "sensitive_attributes": [],
          "private": "bnVsbA==",
          "dependencies": [
            "module.certificate_manager.aws_acm_certificate.my_certificate",
            "module.certificate_manager.aws_acm_certificate_validation.my_cert_validation",
            "module.certificate_manager.aws_route53_record.record",
            "module.vpc.aws_vpc.my_vpc"
          ]
        }
      ]
    },
    {
      "module": "module.application_load_balancer",
      "mode": "managed",
      "type": "aws_lb_target_group_attachment",
      "name": "jenkins_master_http",
      "provider": "provider[\"registry.terraform.io/hashicorp/aws\"]",
      "instances": [
        {
          "schema_version": 0,
          "attributes": {
            "availability_zone": null,
            "id": "arn:aws:elasticloadbalancing:ap-southeast-1:473154593366:targetgroup/jenkins-master-http-tg/4bb11c5c960d6b3d-20241214012658173400000013",
            "port": 80,
            "target_group_arn": "arn:aws:elasticloadbalancing:ap-southeast-1:473154593366:targetgroup/jenkins-master-http-tg/4bb11c5c960d6b3d",
            "target_id": "10.0.1.114"
          },
          "sensitive_attributes": [],
          "private": "bnVsbA==",
          "dependencies": [
            "module.application_load_balancer.aws_lb_target_group.jenkins_master_http",
            "module.bastion_host.aws_instance.bastion_host",
            "module.bastion_host.aws_security_group.ec2_bastion_host_sg",
            "module.certificate_manager.aws_acm_certificate.my_certificate",
            "module.certificate_manager.aws_acm_certificate_validation.my_cert_validation",
            "module.certificate_manager.aws_route53_record.record",
            "module.iam.aws_iam_instance_profile.ssm_profile",
            "module.iam.aws_iam_role.ssm_role",
            "module.jenkins_master.aws_instance.jenkins_master",
            "module.jenkins_master.aws_security_group.jenkins_master_sg",
            "module.jenkins_master.local_file.certificate_file",
            "module.jenkins_master.local_file.jenkins_master_private_key_file",
            "module.jenkins_master.local_file.jenkins_master_public_key_file",
            "module.jenkins_master.tls_private_key.jenkins_master_key",
            "module.jenkins_master.tls_self_signed_cert.jenkins_master",
            "module.key_pair.aws_key_pair.my_key_pair",
            "module.key_pair.tls_private_key.my_key",
            "module.vpc.aws_subnet.private_ap_southeast_1a",
            "module.vpc.aws_subnet.private_ap_southeast_1b",
            "module.vpc.aws_subnet.private_ap_southeast_1c",
            "module.vpc.aws_vpc.my_vpc"
          ]
        }
      ]
    },
    {
      "module": "module.application_load_balancer",
      "mode": "managed",
      "type": "aws_lb_target_group_attachment",
      "name": "jenkins_master_https",
      "provider": "provider[\"registry.terraform.io/hashicorp/aws\"]",
      "instances": [
        {
          "schema_version": 0,
          "attributes": {
            "availability_zone": null,
            "id": "arn:aws:elasticloadbalancing:ap-southeast-1:473154593366:targetgroup/jenkins-master-https-tg/81b6afcfc73b27be-20241214012700752200000016",
            "port": 443,
            "target_group_arn": "arn:aws:elasticloadbalancing:ap-southeast-1:473154593366:targetgroup/jenkins-master-https-tg/81b6afcfc73b27be",
            "target_id": "10.0.1.114"
          },
          "sensitive_attributes": [],
          "private": "bnVsbA==",
          "dependencies": [
            "module.application_load_balancer.aws_lb_target_group.jenkins_master_https",
            "module.bastion_host.aws_instance.bastion_host",
            "module.bastion_host.aws_security_group.ec2_bastion_host_sg",
            "module.certificate_manager.aws_acm_certificate.my_certificate",
            "module.certificate_manager.aws_acm_certificate_validation.my_cert_validation",
            "module.certificate_manager.aws_route53_record.record",
            "module.iam.aws_iam_instance_profile.ssm_profile",
            "module.iam.aws_iam_role.ssm_role",
            "module.jenkins_master.aws_instance.jenkins_master",
            "module.jenkins_master.aws_security_group.jenkins_master_sg",
            "module.jenkins_master.local_file.certificate_file",
            "module.jenkins_master.local_file.jenkins_master_private_key_file",
            "module.jenkins_master.local_file.jenkins_master_public_key_file",
            "module.jenkins_master.tls_private_key.jenkins_master_key",
            "module.jenkins_master.tls_self_signed_cert.jenkins_master",
            "module.key_pair.aws_key_pair.my_key_pair",
            "module.key_pair.tls_private_key.my_key",
            "module.vpc.aws_subnet.private_ap_southeast_1a",
            "module.vpc.aws_subnet.private_ap_southeast_1b",
            "module.vpc.aws_subnet.private_ap_southeast_1c",
            "module.vpc.aws_vpc.my_vpc"
          ]
        }
      ]
    },
    {
      "module": "module.application_load_balancer",
      "mode": "managed",
      "type": "aws_lb_target_group_attachment",
      "name": "pgadmin_http",
      "provider": "provider[\"registry.terraform.io/hashicorp/aws\"]",
      "instances": [
        {
          "schema_version": 0,
          "attributes": {
            "availability_zone": null,
            "id": "arn:aws:elasticloadbalancing:ap-southeast-1:473154593366:targetgroup/pgadmin-http-tg/dbe3fbb29102011b-20241214012659709900000014",
            "port": 80,
            "target_group_arn": "arn:aws:elasticloadbalancing:ap-southeast-1:473154593366:targetgroup/pgadmin-http-tg/dbe3fbb29102011b",
            "target_id": "10.0.1.152"
          },
          "sensitive_attributes": [],
          "private": "bnVsbA==",
          "dependencies": [
            "module.application_load_balancer.aws_lb_target_group.pgadmin_http",
            "module.certificate_manager.aws_acm_certificate.my_certificate",
            "module.certificate_manager.aws_acm_certificate_validation.my_cert_validation",
            "module.certificate_manager.aws_route53_record.record",
            "module.iam.aws_iam_instance_profile.ssm_profile",
            "module.iam.aws_iam_role.ssm_role",
            "module.key_pair.aws_key_pair.my_key_pair",
            "module.key_pair.tls_private_key.my_key",
            "module.postgres.aws_instance.postgres",
            "module.postgres.aws_security_group.ec2_postgres_sg",
            "module.vpc.aws_subnet.private_ap_southeast_1a",
            "module.vpc.aws_vpc.my_vpc"
          ]
        }
      ]
    },
    {
      "module": "module.application_load_balancer",
      "mode": "managed",
      "type": "aws_lb_target_group_attachment",
      "name": "pgadmin_https",
      "provider": "provider[\"registry.terraform.io/hashicorp/aws\"]",
      "instances": [
        {
          "schema_version": 0,
          "attributes": {
            "availability_zone": null,
            "id": "arn:aws:elasticloadbalancing:ap-southeast-1:473154593366:targetgroup/pgadmin-https-tg/13308fe65e8ef6ba-20241214012657694400000010",
            "port": 443,
            "target_group_arn": "arn:aws:elasticloadbalancing:ap-southeast-1:473154593366:targetgroup/pgadmin-https-tg/13308fe65e8ef6ba",
            "target_id": "10.0.1.152"
          },
          "sensitive_attributes": [],
          "private": "bnVsbA==",
          "dependencies": [
            "module.application_load_balancer.aws_lb_target_group.pgadmin_https",
            "module.certificate_manager.aws_acm_certificate.my_certificate",
            "module.certificate_manager.aws_acm_certificate_validation.my_cert_validation",
            "module.certificate_manager.aws_route53_record.record",
            "module.iam.aws_iam_instance_profile.ssm_profile",
            "module.iam.aws_iam_role.ssm_role",
            "module.key_pair.aws_key_pair.my_key_pair",
            "module.key_pair.tls_private_key.my_key",
            "module.postgres.aws_instance.postgres",
            "module.postgres.aws_security_group.ec2_postgres_sg",
            "module.vpc.aws_subnet.private_ap_southeast_1a",
            "module.vpc.aws_vpc.my_vpc"
          ]
        }
      ]
    },
    {
      "module": "module.application_load_balancer",
      "mode": "managed",
      "type": "aws_lb_target_group_attachment",
      "name": "portainer_http",
      "provider": "provider[\"registry.terraform.io/hashicorp/aws\"]",
      "instances": [
        {
          "schema_version": 0,
          "attributes": {
            "availability_zone": null,
            "id": "arn:aws:elasticloadbalancing:ap-southeast-1:473154593366:targetgroup/portainer-http-tg/93d4e264c65eb87f-20241214012657951800000012",
            "port": 80,
            "target_group_arn": "arn:aws:elasticloadbalancing:ap-southeast-1:473154593366:targetgroup/portainer-http-tg/93d4e264c65eb87f",
            "target_id": "10.0.1.246"
          },
          "sensitive_attributes": [],
          "private": "bnVsbA==",
          "dependencies": [
            "module.application_load_balancer.aws_lb_target_group.portainer_http",
            "module.bastion_host.aws_instance.bastion_host",
            "module.bastion_host.aws_security_group.ec2_bastion_host_sg",
            "module.certificate_manager.aws_acm_certificate.my_certificate",
            "module.certificate_manager.aws_acm_certificate_validation.my_cert_validation",
            "module.certificate_manager.aws_route53_record.record",
            "module.iam.aws_iam_instance_profile.ssm_profile",
            "module.iam.aws_iam_role.ssm_role",
            "module.key_pair.aws_key_pair.my_key_pair",
            "module.key_pair.tls_private_key.my_key",
            "module.portainer.aws_instance.portainer",
            "module.portainer.aws_security_group.ec2_portainer_sg",
            "module.vpc.aws_subnet.private_ap_southeast_1a",
            "module.vpc.aws_subnet.private_ap_southeast_1b",
            "module.vpc.aws_subnet.private_ap_southeast_1c",
            "module.vpc.aws_vpc.my_vpc"
          ]
        }
      ]
    },
    {
      "module": "module.application_load_balancer",
      "mode": "managed",
      "type": "aws_lb_target_group_attachment",
      "name": "portainer_https",
      "provider": "provider[\"registry.terraform.io/hashicorp/aws\"]",
      "instances": [
        {
          "schema_version": 0,
          "attributes": {
            "availability_zone": null,
            "id": "arn:aws:elasticloadbalancing:ap-southeast-1:473154593366:targetgroup/portainer-https-tg/8d32df104cf15bf2-20241214012700398900000015",
            "port": 443,
            "target_group_arn": "arn:aws:elasticloadbalancing:ap-southeast-1:473154593366:targetgroup/portainer-https-tg/8d32df104cf15bf2",
            "target_id": "10.0.1.246"
          },
          "sensitive_attributes": [],
          "private": "bnVsbA==",
          "dependencies": [
            "module.application_load_balancer.aws_lb_target_group.portainer_https",
            "module.bastion_host.aws_instance.bastion_host",
            "module.bastion_host.aws_security_group.ec2_bastion_host_sg",
            "module.certificate_manager.aws_acm_certificate.my_certificate",
            "module.certificate_manager.aws_acm_certificate_validation.my_cert_validation",
            "module.certificate_manager.aws_route53_record.record",
            "module.iam.aws_iam_instance_profile.ssm_profile",
            "module.iam.aws_iam_role.ssm_role",
            "module.key_pair.aws_key_pair.my_key_pair",
            "module.key_pair.tls_private_key.my_key",
            "module.portainer.aws_instance.portainer",
            "module.portainer.aws_security_group.ec2_portainer_sg",
            "module.vpc.aws_subnet.private_ap_southeast_1a",
            "module.vpc.aws_subnet.private_ap_southeast_1b",
            "module.vpc.aws_subnet.private_ap_southeast_1c",
            "module.vpc.aws_vpc.my_vpc"
          ]
        }
      ]
    },
    {
      "module": "module.application_load_balancer",
      "mode": "managed",
      "type": "aws_lb_target_group_attachment",
      "name": "postgres_http",
      "provider": "provider[\"registry.terraform.io/hashicorp/aws\"]",
      "instances": [
        {
          "schema_version": 0,
          "attributes": {
            "availability_zone": null,
            "id": "arn:aws:elasticloadbalancing:ap-southeast-1:473154593366:targetgroup/postgres-http-tg/b050a3f9b68ea2be-20241214012657909700000011",
            "port": 80,
            "target_group_arn": "arn:aws:elasticloadbalancing:ap-southeast-1:473154593366:targetgroup/postgres-http-tg/b050a3f9b68ea2be",
            "target_id": "10.0.1.152"
          },
          "sensitive_attributes": [],
          "private": "bnVsbA==",
          "dependencies": [
            "module.application_load_balancer.aws_lb_target_group.postgres_http",
            "module.certificate_manager.aws_acm_certificate.my_certificate",
            "module.certificate_manager.aws_acm_certificate_validation.my_cert_validation",
            "module.certificate_manager.aws_route53_record.record",
            "module.iam.aws_iam_instance_profile.ssm_profile",
            "module.iam.aws_iam_role.ssm_role",
            "module.key_pair.aws_key_pair.my_key_pair",
            "module.key_pair.tls_private_key.my_key",
            "module.postgres.aws_instance.postgres",
            "module.postgres.aws_security_group.ec2_postgres_sg",
            "module.vpc.aws_subnet.private_ap_southeast_1a",
            "module.vpc.aws_vpc.my_vpc"
          ]
        }
      ]
    },
    {
      "module": "module.application_load_balancer",
      "mode": "managed",
      "type": "aws_lb_target_group_attachment",
      "name": "rust_app_http",
      "provider": "provider[\"registry.terraform.io/hashicorp/aws\"]",
      "instances": [
        {
          "schema_version": 0,
          "attributes": {
            "availability_zone": null,
            "id": "arn:aws:elasticloadbalancing:ap-southeast-1:473154593366:targetgroup/rust-app-http-tg/4d48037160e13c56-2024121401321911180000001b",
            "port": 80,
            "target_group_arn": "arn:aws:elasticloadbalancing:ap-southeast-1:473154593366:targetgroup/rust-app-http-tg/4d48037160e13c56",
            "target_id": "10.0.1.195"
          },
          "sensitive_attributes": [],
          "private": "bnVsbA==",
          "dependencies": [
            "module.application_load_balancer.aws_lb_target_group.rust_app_http",
            "module.bastion_host.aws_instance.bastion_host",
            "module.bastion_host.aws_security_group.ec2_bastion_host_sg",
            "module.certificate_manager.aws_acm_certificate.my_certificate",
            "module.certificate_manager.aws_acm_certificate_validation.my_cert_validation",
            "module.certificate_manager.aws_route53_record.record",
            "module.iam.aws_iam_instance_profile.ssm_profile",
            "module.iam.aws_iam_role.ssm_role",
            "module.key_pair.aws_key_pair.my_key_pair",
            "module.key_pair.tls_private_key.my_key",
            "module.postgres.aws_instance.postgres",
            "module.postgres.aws_security_group.ec2_postgres_sg",
            "module.rust_app.aws_instance.rust_app",
            "module.rust_app.aws_security_group.ec2_rust_app_sg",
            "module.vpc.aws_subnet.private_ap_southeast_1a",
            "module.vpc.aws_subnet.private_ap_southeast_1b",
            "module.vpc.aws_subnet.private_ap_southeast_1c",
            "module.vpc.aws_vpc.my_vpc",
            "time_sleep.wait"
          ]
        }
      ]
    },
    {
      "module": "module.application_load_balancer",
      "mode": "managed",
      "type": "aws_lb_target_group_attachment",
      "name": "rust_app_https",
      "provider": "provider[\"registry.terraform.io/hashicorp/aws\"]",
      "instances": [
        {
          "schema_version": 0,
          "attributes": {
            "availability_zone": null,
            "id": "arn:aws:elasticloadbalancing:ap-southeast-1:473154593366:targetgroup/rust-app-https-tg/52d841fdb185c7ff-20241214013219026400000019",
            "port": 443,
            "target_group_arn": "arn:aws:elasticloadbalancing:ap-southeast-1:473154593366:targetgroup/rust-app-https-tg/52d841fdb185c7ff",
            "target_id": "10.0.1.195"
          },
          "sensitive_attributes": [],
          "private": "bnVsbA==",
          "dependencies": [
            "module.application_load_balancer.aws_lb_target_group.rust_app_https",
            "module.bastion_host.aws_instance.bastion_host",
            "module.bastion_host.aws_security_group.ec2_bastion_host_sg",
            "module.certificate_manager.aws_acm_certificate.my_certificate",
            "module.certificate_manager.aws_acm_certificate_validation.my_cert_validation",
            "module.certificate_manager.aws_route53_record.record",
            "module.iam.aws_iam_instance_profile.ssm_profile",
            "module.iam.aws_iam_role.ssm_role",
            "module.key_pair.aws_key_pair.my_key_pair",
            "module.key_pair.tls_private_key.my_key",
            "module.postgres.aws_instance.postgres",
            "module.postgres.aws_security_group.ec2_postgres_sg",
            "module.rust_app.aws_instance.rust_app",
            "module.rust_app.aws_security_group.ec2_rust_app_sg",
            "module.vpc.aws_subnet.private_ap_southeast_1a",
            "module.vpc.aws_subnet.private_ap_southeast_1b",
            "module.vpc.aws_subnet.private_ap_southeast_1c",
            "module.vpc.aws_vpc.my_vpc",
            "time_sleep.wait"
          ]
        }
      ]
    },
    {
      "module": "module.application_load_balancer",
      "mode": "managed",
      "type": "aws_lb_target_group_attachment",
      "name": "rust_auth_app_http",
      "provider": "provider[\"registry.terraform.io/hashicorp/aws\"]",
      "instances": [
        {
          "schema_version": 0,
          "attributes": {
            "availability_zone": null,
            "id": "arn:aws:elasticloadbalancing:ap-southeast-1:473154593366:targetgroup/rust-auth-app-http-tg/5513ade1ce1e7431-20241214013219450100000020",
            "port": 81,
            "target_group_arn": "arn:aws:elasticloadbalancing:ap-southeast-1:473154593366:targetgroup/rust-auth-app-http-tg/5513ade1ce1e7431",
            "target_id": "10.0.1.195"
          },
          "sensitive_attributes": [],
          "private": "bnVsbA==",
          "dependencies": [
            "module.application_load_balancer.aws_lb_target_group.rust_auth_app_http",
            "module.bastion_host.aws_instance.bastion_host",
            "module.bastion_host.aws_security_group.ec2_bastion_host_sg",
            "module.certificate_manager.aws_acm_certificate.my_certificate",
            "module.certificate_manager.aws_acm_certificate_validation.my_cert_validation",
            "module.certificate_manager.aws_route53_record.record",
            "module.iam.aws_iam_instance_profile.ssm_profile",
            "module.iam.aws_iam_role.ssm_role",
            "module.key_pair.aws_key_pair.my_key_pair",
            "module.key_pair.tls_private_key.my_key",
            "module.postgres.aws_instance.postgres",
            "module.postgres.aws_security_group.ec2_postgres_sg",
            "module.rust_app.aws_instance.rust_app",
            "module.rust_app.aws_security_group.ec2_rust_app_sg",
            "module.vpc.aws_subnet.private_ap_southeast_1a",
            "module.vpc.aws_subnet.private_ap_southeast_1b",
            "module.vpc.aws_subnet.private_ap_southeast_1c",
            "module.vpc.aws_vpc.my_vpc",
            "time_sleep.wait"
          ]
        }
      ]
    },
    {
      "module": "module.application_load_balancer",
      "mode": "managed",
      "type": "aws_lb_target_group_attachment",
      "name": "rust_auth_app_https",
      "provider": "provider[\"registry.terraform.io/hashicorp/aws\"]",
      "instances": [
        {
          "schema_version": 0,
          "attributes": {
            "availability_zone": null,
            "id": "arn:aws:elasticloadbalancing:ap-southeast-1:473154593366:targetgroup/rust-auth-app-https-tg/28bd044e4198030f-2024121401321942750000001f",
            "port": 444,
            "target_group_arn": "arn:aws:elasticloadbalancing:ap-southeast-1:473154593366:targetgroup/rust-auth-app-https-tg/28bd044e4198030f",
            "target_id": "10.0.1.195"
          },
          "sensitive_attributes": [],
          "private": "bnVsbA==",
          "dependencies": [
            "module.application_load_balancer.aws_lb_target_group.rust_auth_app_https",
            "module.bastion_host.aws_instance.bastion_host",
            "module.bastion_host.aws_security_group.ec2_bastion_host_sg",
            "module.certificate_manager.aws_acm_certificate.my_certificate",
            "module.certificate_manager.aws_acm_certificate_validation.my_cert_validation",
            "module.certificate_manager.aws_route53_record.record",
            "module.iam.aws_iam_instance_profile.ssm_profile",
            "module.iam.aws_iam_role.ssm_role",
            "module.key_pair.aws_key_pair.my_key_pair",
            "module.key_pair.tls_private_key.my_key",
            "module.postgres.aws_instance.postgres",
            "module.postgres.aws_security_group.ec2_postgres_sg",
            "module.rust_app.aws_instance.rust_app",
            "module.rust_app.aws_security_group.ec2_rust_app_sg",
            "module.vpc.aws_subnet.private_ap_southeast_1a",
            "module.vpc.aws_subnet.private_ap_southeast_1b",
            "module.vpc.aws_subnet.private_ap_southeast_1c",
            "module.vpc.aws_vpc.my_vpc",
            "time_sleep.wait"
          ]
        }
      ]
    },
    {
      "module": "module.application_load_balancer",
      "mode": "managed",
      "type": "aws_lb_target_group_attachment",
      "name": "rust_oauth_app_http",
      "provider": "provider[\"registry.terraform.io/hashicorp/aws\"]",
      "instances": [
        {
          "schema_version": 0,
          "attributes": {
            "availability_zone": null,
            "id": "arn:aws:elasticloadbalancing:ap-southeast-1:473154593366:targetgroup/rust-oauth-app-http-tg/3e2077daf913fc3f-2024121401321926840000001c",
            "port": 82,
            "target_group_arn": "arn:aws:elasticloadbalancing:ap-southeast-1:473154593366:targetgroup/rust-oauth-app-http-tg/3e2077daf913fc3f",
            "target_id": "10.0.1.195"
          },
          "sensitive_attributes": [],
          "private": "bnVsbA==",
          "dependencies": [
            "module.application_load_balancer.aws_lb_target_group.rust_oauth_app_http",
            "module.bastion_host.aws_instance.bastion_host",
            "module.bastion_host.aws_security_group.ec2_bastion_host_sg",
            "module.certificate_manager.aws_acm_certificate.my_certificate",
            "module.certificate_manager.aws_acm_certificate_validation.my_cert_validation",
            "module.certificate_manager.aws_route53_record.record",
            "module.iam.aws_iam_instance_profile.ssm_profile",
            "module.iam.aws_iam_role.ssm_role",
            "module.key_pair.aws_key_pair.my_key_pair",
            "module.key_pair.tls_private_key.my_key",
            "module.postgres.aws_instance.postgres",
            "module.postgres.aws_security_group.ec2_postgres_sg",
            "module.rust_app.aws_instance.rust_app",
            "module.rust_app.aws_security_group.ec2_rust_app_sg",
            "module.vpc.aws_subnet.private_ap_southeast_1a",
            "module.vpc.aws_subnet.private_ap_southeast_1b",
            "module.vpc.aws_subnet.private_ap_southeast_1c",
            "module.vpc.aws_vpc.my_vpc",
            "time_sleep.wait"
          ]
        }
      ]
    },
    {
      "module": "module.application_load_balancer",
      "mode": "managed",
      "type": "aws_lb_target_group_attachment",
      "name": "rust_oauth_app_https",
      "provider": "provider[\"registry.terraform.io/hashicorp/aws\"]",
      "instances": [
        {
          "schema_version": 0,
          "attributes": {
            "availability_zone": null,
            "id": "arn:aws:elasticloadbalancing:ap-southeast-1:473154593366:targetgroup/rust-oauth-app-https-tg/c6b1a13e26a80133-2024121401321930360000001d",
            "port": 445,
            "target_group_arn": "arn:aws:elasticloadbalancing:ap-southeast-1:473154593366:targetgroup/rust-oauth-app-https-tg/c6b1a13e26a80133",
            "target_id": "10.0.1.195"
          },
          "sensitive_attributes": [],
          "private": "bnVsbA==",
          "dependencies": [
            "module.application_load_balancer.aws_lb_target_group.rust_oauth_app_https",
            "module.bastion_host.aws_instance.bastion_host",
            "module.bastion_host.aws_security_group.ec2_bastion_host_sg",
            "module.certificate_manager.aws_acm_certificate.my_certificate",
            "module.certificate_manager.aws_acm_certificate_validation.my_cert_validation",
            "module.certificate_manager.aws_route53_record.record",
            "module.iam.aws_iam_instance_profile.ssm_profile",
            "module.iam.aws_iam_role.ssm_role",
            "module.key_pair.aws_key_pair.my_key_pair",
            "module.key_pair.tls_private_key.my_key",
            "module.postgres.aws_instance.postgres",
            "module.postgres.aws_security_group.ec2_postgres_sg",
            "module.rust_app.aws_instance.rust_app",
            "module.rust_app.aws_security_group.ec2_rust_app_sg",
            "module.vpc.aws_subnet.private_ap_southeast_1a",
            "module.vpc.aws_subnet.private_ap_southeast_1b",
            "module.vpc.aws_subnet.private_ap_southeast_1c",
            "module.vpc.aws_vpc.my_vpc",
            "time_sleep.wait"
          ]
        }
      ]
    },
    {
      "module": "module.application_load_balancer",
      "mode": "managed",
      "type": "aws_lb_target_group_attachment",
      "name": "rust_stock_app_http",
      "provider": "provider[\"registry.terraform.io/hashicorp/aws\"]",
      "instances": [
        {
          "schema_version": 0,
          "attributes": {
            "availability_zone": null,
            "id": "arn:aws:elasticloadbalancing:ap-southeast-1:473154593366:targetgroup/rust-stock-app-http-tg/57826f5082ee1c01-2024121401321906590000001a",
            "port": 83,
            "target_group_arn": "arn:aws:elasticloadbalancing:ap-southeast-1:473154593366:targetgroup/rust-stock-app-http-tg/57826f5082ee1c01",
            "target_id": "10.0.1.195"
          },
          "sensitive_attributes": [],
          "private": "bnVsbA==",
          "dependencies": [
            "module.application_load_balancer.aws_lb_target_group.rust_stock_app_http",
            "module.bastion_host.aws_instance.bastion_host",
            "module.bastion_host.aws_security_group.ec2_bastion_host_sg",
            "module.certificate_manager.aws_acm_certificate.my_certificate",
            "module.certificate_manager.aws_acm_certificate_validation.my_cert_validation",
            "module.certificate_manager.aws_route53_record.record",
            "module.iam.aws_iam_instance_profile.ssm_profile",
            "module.iam.aws_iam_role.ssm_role",
            "module.key_pair.aws_key_pair.my_key_pair",
            "module.key_pair.tls_private_key.my_key",
            "module.postgres.aws_instance.postgres",
            "module.postgres.aws_security_group.ec2_postgres_sg",
            "module.rust_app.aws_instance.rust_app",
            "module.rust_app.aws_security_group.ec2_rust_app_sg",
            "module.vpc.aws_subnet.private_ap_southeast_1a",
            "module.vpc.aws_subnet.private_ap_southeast_1b",
            "module.vpc.aws_subnet.private_ap_southeast_1c",
            "module.vpc.aws_vpc.my_vpc",
            "time_sleep.wait"
          ]
        }
      ]
    },
    {
      "module": "module.application_load_balancer",
      "mode": "managed",
      "type": "aws_lb_target_group_attachment",
      "name": "rust_stock_app_https",
      "provider": "provider[\"registry.terraform.io/hashicorp/aws\"]",
      "instances": [
        {
          "schema_version": 0,
          "attributes": {
            "availability_zone": null,
            "id": "arn:aws:elasticloadbalancing:ap-southeast-1:473154593366:targetgroup/rust-stock-app-https-tg/b85048b635c9b7db-2024121401321937960000001e",
            "port": 446,
            "target_group_arn": "arn:aws:elasticloadbalancing:ap-southeast-1:473154593366:targetgroup/rust-stock-app-https-tg/b85048b635c9b7db",
            "target_id": "10.0.1.195"
          },
          "sensitive_attributes": [],
          "private": "bnVsbA==",
          "dependencies": [
            "module.application_load_balancer.aws_lb_target_group.rust_stock_app_https",
            "module.bastion_host.aws_instance.bastion_host",
            "module.bastion_host.aws_security_group.ec2_bastion_host_sg",
            "module.certificate_manager.aws_acm_certificate.my_certificate",
            "module.certificate_manager.aws_acm_certificate_validation.my_cert_validation",
            "module.certificate_manager.aws_route53_record.record",
            "module.iam.aws_iam_instance_profile.ssm_profile",
            "module.iam.aws_iam_role.ssm_role",
            "module.key_pair.aws_key_pair.my_key_pair",
            "module.key_pair.tls_private_key.my_key",
            "module.postgres.aws_instance.postgres",
            "module.postgres.aws_security_group.ec2_postgres_sg",
            "module.rust_app.aws_instance.rust_app",
            "module.rust_app.aws_security_group.ec2_rust_app_sg",
            "module.vpc.aws_subnet.private_ap_southeast_1a",
            "module.vpc.aws_subnet.private_ap_southeast_1b",
            "module.vpc.aws_subnet.private_ap_southeast_1c",
            "module.vpc.aws_vpc.my_vpc",
            "time_sleep.wait"
          ]
        }
      ]
    },
    {
      "module": "module.application_load_balancer",
      "mode": "managed",
      "type": "aws_lb_target_group_attachment",
      "name": "rust_uuid_app_http",
      "provider": "provider[\"registry.terraform.io/hashicorp/aws\"]",
      "instances": [
        {
          "schema_version": 0,
          "attributes": {
            "availability_zone": null,
            "id": "arn:aws:elasticloadbalancing:ap-southeast-1:473154593366:targetgroup/rust-uuid-app-http-tg/77190ac3b16a95a5-20241214013220178100000022",
            "port": 84,
            "target_group_arn": "arn:aws:elasticloadbalancing:ap-southeast-1:473154593366:targetgroup/rust-uuid-app-http-tg/77190ac3b16a95a5",
            "target_id": "10.0.1.195"
          },
          "sensitive_attributes": [],
          "private": "bnVsbA==",
          "dependencies": [
            "module.application_load_balancer.aws_lb_target_group.rust_uuid_app_http",
            "module.bastion_host.aws_instance.bastion_host",
            "module.bastion_host.aws_security_group.ec2_bastion_host_sg",
            "module.certificate_manager.aws_acm_certificate.my_certificate",
            "module.certificate_manager.aws_acm_certificate_validation.my_cert_validation",
            "module.certificate_manager.aws_route53_record.record",
            "module.iam.aws_iam_instance_profile.ssm_profile",
            "module.iam.aws_iam_role.ssm_role",
            "module.key_pair.aws_key_pair.my_key_pair",
            "module.key_pair.tls_private_key.my_key",
            "module.postgres.aws_instance.postgres",
            "module.postgres.aws_security_group.ec2_postgres_sg",
            "module.rust_app.aws_instance.rust_app",
            "module.rust_app.aws_security_group.ec2_rust_app_sg",
            "module.vpc.aws_subnet.private_ap_southeast_1a",
            "module.vpc.aws_subnet.private_ap_southeast_1b",
            "module.vpc.aws_subnet.private_ap_southeast_1c",
            "module.vpc.aws_vpc.my_vpc",
            "time_sleep.wait"
          ]
        }
      ]
    },
    {
      "module": "module.application_load_balancer",
      "mode": "managed",
      "type": "aws_lb_target_group_attachment",
      "name": "rust_uuid_app_https",
      "provider": "provider[\"registry.terraform.io/hashicorp/aws\"]",
      "instances": [
        {
          "schema_version": 0,
          "attributes": {
            "availability_zone": null,
            "id": "arn:aws:elasticloadbalancing:ap-southeast-1:473154593366:targetgroup/rust-uuid-app-https-tg/e46a706330068570-20241214013219494900000021",
            "port": 447,
            "target_group_arn": "arn:aws:elasticloadbalancing:ap-southeast-1:473154593366:targetgroup/rust-uuid-app-https-tg/e46a706330068570",
            "target_id": "10.0.1.195"
          },
          "sensitive_attributes": [],
          "private": "bnVsbA==",
          "dependencies": [
            "module.application_load_balancer.aws_lb_target_group.rust_uuid_app_https",
            "module.bastion_host.aws_instance.bastion_host",
            "module.bastion_host.aws_security_group.ec2_bastion_host_sg",
            "module.certificate_manager.aws_acm_certificate.my_certificate",
            "module.certificate_manager.aws_acm_certificate_validation.my_cert_validation",
            "module.certificate_manager.aws_route53_record.record",
            "module.iam.aws_iam_instance_profile.ssm_profile",
            "module.iam.aws_iam_role.ssm_role",
            "module.key_pair.aws_key_pair.my_key_pair",
            "module.key_pair.tls_private_key.my_key",
            "module.postgres.aws_instance.postgres",
            "module.postgres.aws_security_group.ec2_postgres_sg",
            "module.rust_app.aws_instance.rust_app",
            "module.rust_app.aws_security_group.ec2_rust_app_sg",
            "module.vpc.aws_subnet.private_ap_southeast_1a",
            "module.vpc.aws_subnet.private_ap_southeast_1b",
            "module.vpc.aws_subnet.private_ap_southeast_1c",
            "module.vpc.aws_vpc.my_vpc",
            "time_sleep.wait"
          ]
        }
      ]
    },
    {
      "module": "module.application_load_balancer",
      "mode": "managed",
      "type": "aws_route53_record",
      "name": "jenkins_master",
      "provider": "provider[\"registry.terraform.io/hashicorp/aws\"]",
      "instances": [
        {
          "schema_version": 2,
          "attributes": {
            "alias": [
              {
                "evaluate_target_health": true,
                "name": "my-application-load-balancer-1024570911.ap-southeast-1.elb.amazonaws.com",
                "zone_id": "Z1LMS91P8CMLE5"
              }
            ],
            "allow_overwrite": null,
            "cidr_routing_policy": [],
            "failover_routing_policy": [],
            "fqdn": "jenkins.aditya-kristianto.com",
            "geolocation_routing_policy": [],
            "geoproximity_routing_policy": [],
            "health_check_id": "",
            "id": "Z0148722AZOXRNZ0DFO2_jenkins.aditya-kristianto.com_A",
            "latency_routing_policy": [],
            "multivalue_answer_routing_policy": false,
            "name": "jenkins.aditya-kristianto.com",
            "records": null,
            "set_identifier": "",
            "ttl": 0,
            "type": "A",
            "weighted_routing_policy": [],
            "zone_id": "Z0148722AZOXRNZ0DFO2"
          },
          "sensitive_attributes": [],
          "private": "eyJzY2hlbWFfdmVyc2lvbiI6IjIifQ==",
          "dependencies": [
            "module.application_load_balancer.aws_lb.my_alb",
            "module.application_load_balancer.aws_security_group.alb_sg",
            "module.certificate_manager.aws_acm_certificate.my_certificate",
            "module.certificate_manager.aws_acm_certificate_validation.my_cert_validation",
            "module.certificate_manager.aws_route53_record.record",
            "module.vpc.aws_subnet.public_ap_southeast_1a",
            "module.vpc.aws_subnet.public_ap_southeast_1b",
            "module.vpc.aws_subnet.public_ap_southeast_1c",
            "module.vpc.aws_vpc.my_vpc"
          ]
        }
      ]
    },
    {
      "module": "module.application_load_balancer",
      "mode": "managed",
      "type": "aws_route53_record",
      "name": "pgadmin",
      "provider": "provider[\"registry.terraform.io/hashicorp/aws\"]",
      "instances": [
        {
          "schema_version": 2,
          "attributes": {
            "alias": [
              {
                "evaluate_target_health": true,
                "name": "my-application-load-balancer-1024570911.ap-southeast-1.elb.amazonaws.com",
                "zone_id": "Z1LMS91P8CMLE5"
              }
            ],
            "allow_overwrite": null,
            "cidr_routing_policy": [],
            "failover_routing_policy": [],
            "fqdn": "pgadmin.aditya-kristianto.com",
            "geolocation_routing_policy": [],
            "geoproximity_routing_policy": [],
            "health_check_id": "",
            "id": "Z0148722AZOXRNZ0DFO2_pgadmin.aditya-kristianto.com_A",
            "latency_routing_policy": [],
            "multivalue_answer_routing_policy": false,
            "name": "pgadmin.aditya-kristianto.com",
            "records": null,
            "set_identifier": "",
            "ttl": 0,
            "type": "A",
            "weighted_routing_policy": [],
            "zone_id": "Z0148722AZOXRNZ0DFO2"
          },
          "sensitive_attributes": [],
          "private": "eyJzY2hlbWFfdmVyc2lvbiI6IjIifQ==",
          "dependencies": [
            "module.application_load_balancer.aws_lb.my_alb",
            "module.application_load_balancer.aws_security_group.alb_sg",
            "module.certificate_manager.aws_acm_certificate.my_certificate",
            "module.certificate_manager.aws_acm_certificate_validation.my_cert_validation",
            "module.certificate_manager.aws_route53_record.record",
            "module.vpc.aws_subnet.public_ap_southeast_1a",
            "module.vpc.aws_subnet.public_ap_southeast_1b",
            "module.vpc.aws_subnet.public_ap_southeast_1c",
            "module.vpc.aws_vpc.my_vpc"
          ]
        }
      ]
    },
    {
      "module": "module.application_load_balancer",
      "mode": "managed",
      "type": "aws_route53_record",
      "name": "portainer",
      "provider": "provider[\"registry.terraform.io/hashicorp/aws\"]",
      "instances": [
        {
          "schema_version": 2,
          "attributes": {
            "alias": [
              {
                "evaluate_target_health": true,
                "name": "my-application-load-balancer-1024570911.ap-southeast-1.elb.amazonaws.com",
                "zone_id": "Z1LMS91P8CMLE5"
              }
            ],
            "allow_overwrite": null,
            "cidr_routing_policy": [],
            "failover_routing_policy": [],
            "fqdn": "portainer.aditya-kristianto.com",
            "geolocation_routing_policy": [],
            "geoproximity_routing_policy": [],
            "health_check_id": "",
            "id": "Z0148722AZOXRNZ0DFO2_portainer.aditya-kristianto.com_A",
            "latency_routing_policy": [],
            "multivalue_answer_routing_policy": false,
            "name": "portainer.aditya-kristianto.com",
            "records": null,
            "set_identifier": "",
            "ttl": 0,
            "type": "A",
            "weighted_routing_policy": [],
            "zone_id": "Z0148722AZOXRNZ0DFO2"
          },
          "sensitive_attributes": [],
          "private": "eyJzY2hlbWFfdmVyc2lvbiI6IjIifQ==",
          "dependencies": [
            "module.application_load_balancer.aws_lb.my_alb",
            "module.application_load_balancer.aws_security_group.alb_sg",
            "module.certificate_manager.aws_acm_certificate.my_certificate",
            "module.certificate_manager.aws_acm_certificate_validation.my_cert_validation",
            "module.certificate_manager.aws_route53_record.record",
            "module.vpc.aws_subnet.public_ap_southeast_1a",
            "module.vpc.aws_subnet.public_ap_southeast_1b",
            "module.vpc.aws_subnet.public_ap_southeast_1c",
            "module.vpc.aws_vpc.my_vpc"
          ]
        }
      ]
    },
    {
      "module": "module.application_load_balancer",
      "mode": "managed",
      "type": "aws_route53_record",
      "name": "postgres",
      "provider": "provider[\"registry.terraform.io/hashicorp/aws\"]",
      "instances": [
        {
          "schema_version": 2,
          "attributes": {
            "alias": [
              {
                "evaluate_target_health": true,
                "name": "my-application-load-balancer-1024570911.ap-southeast-1.elb.amazonaws.com",
                "zone_id": "Z1LMS91P8CMLE5"
              }
            ],
            "allow_overwrite": null,
            "cidr_routing_policy": [],
            "failover_routing_policy": [],
            "fqdn": "postgres.aditya-kristianto.com",
            "geolocation_routing_policy": [],
            "geoproximity_routing_policy": [],
            "health_check_id": "",
            "id": "Z0148722AZOXRNZ0DFO2_postgres.aditya-kristianto.com_A",
            "latency_routing_policy": [],
            "multivalue_answer_routing_policy": false,
            "name": "postgres.aditya-kristianto.com",
            "records": null,
            "set_identifier": "",
            "ttl": 0,
            "type": "A",
            "weighted_routing_policy": [],
            "zone_id": "Z0148722AZOXRNZ0DFO2"
          },
          "sensitive_attributes": [],
          "private": "eyJzY2hlbWFfdmVyc2lvbiI6IjIifQ==",
          "dependencies": [
            "module.application_load_balancer.aws_lb.my_alb",
            "module.application_load_balancer.aws_security_group.alb_sg",
            "module.certificate_manager.aws_acm_certificate.my_certificate",
            "module.certificate_manager.aws_acm_certificate_validation.my_cert_validation",
            "module.certificate_manager.aws_route53_record.record",
            "module.vpc.aws_subnet.public_ap_southeast_1a",
            "module.vpc.aws_subnet.public_ap_southeast_1b",
            "module.vpc.aws_subnet.public_ap_southeast_1c",
            "module.vpc.aws_vpc.my_vpc"
          ]
        }
      ]
    },
    {
      "module": "module.application_load_balancer",
      "mode": "managed",
      "type": "aws_route53_record",
      "name": "rust_app",
      "provider": "provider[\"registry.terraform.io/hashicorp/aws\"]",
      "instances": [
        {
          "schema_version": 2,
          "attributes": {
            "alias": [
              {
                "evaluate_target_health": true,
                "name": "my-application-load-balancer-1024570911.ap-southeast-1.elb.amazonaws.com",
                "zone_id": "Z1LMS91P8CMLE5"
              }
            ],
            "allow_overwrite": null,
            "cidr_routing_policy": [],
            "failover_routing_policy": [],
            "fqdn": "rust-app.aditya-kristianto.com",
            "geolocation_routing_policy": [],
            "geoproximity_routing_policy": [],
            "health_check_id": "",
            "id": "Z0148722AZOXRNZ0DFO2_rust-app.aditya-kristianto.com_A",
            "latency_routing_policy": [],
            "multivalue_answer_routing_policy": false,
            "name": "rust-app.aditya-kristianto.com",
            "records": null,
            "set_identifier": "",
            "ttl": 0,
            "type": "A",
            "weighted_routing_policy": [],
            "zone_id": "Z0148722AZOXRNZ0DFO2"
          },
          "sensitive_attributes": [],
          "private": "eyJzY2hlbWFfdmVyc2lvbiI6IjIifQ==",
          "dependencies": [
            "module.application_load_balancer.aws_lb.my_alb",
            "module.application_load_balancer.aws_security_group.alb_sg",
            "module.certificate_manager.aws_acm_certificate.my_certificate",
            "module.certificate_manager.aws_acm_certificate_validation.my_cert_validation",
            "module.certificate_manager.aws_route53_record.record",
            "module.vpc.aws_subnet.public_ap_southeast_1a",
            "module.vpc.aws_subnet.public_ap_southeast_1b",
            "module.vpc.aws_subnet.public_ap_southeast_1c",
            "module.vpc.aws_vpc.my_vpc"
          ]
        }
      ]
    },
    {
      "module": "module.application_load_balancer",
      "mode": "managed",
      "type": "aws_route53_record",
      "name": "rust_auth_app",
      "provider": "provider[\"registry.terraform.io/hashicorp/aws\"]",
      "instances": [
        {
          "schema_version": 2,
          "attributes": {
            "alias": [
              {
                "evaluate_target_health": true,
                "name": "my-application-load-balancer-1024570911.ap-southeast-1.elb.amazonaws.com",
                "zone_id": "Z1LMS91P8CMLE5"
              }
            ],
            "allow_overwrite": null,
            "cidr_routing_policy": [],
            "failover_routing_policy": [],
            "fqdn": "rust-auth-app.aditya-kristianto.com",
            "geolocation_routing_policy": [],
            "geoproximity_routing_policy": [],
            "health_check_id": "",
            "id": "Z0148722AZOXRNZ0DFO2_rust-auth-app.aditya-kristianto.com_A",
            "latency_routing_policy": [],
            "multivalue_answer_routing_policy": false,
            "name": "rust-auth-app.aditya-kristianto.com",
            "records": null,
            "set_identifier": "",
            "ttl": 0,
            "type": "A",
            "weighted_routing_policy": [],
            "zone_id": "Z0148722AZOXRNZ0DFO2"
          },
          "sensitive_attributes": [],
          "private": "eyJzY2hlbWFfdmVyc2lvbiI6IjIifQ==",
          "dependencies": [
            "module.application_load_balancer.aws_lb.my_alb",
            "module.application_load_balancer.aws_security_group.alb_sg",
            "module.certificate_manager.aws_acm_certificate.my_certificate",
            "module.certificate_manager.aws_acm_certificate_validation.my_cert_validation",
            "module.certificate_manager.aws_route53_record.record",
            "module.vpc.aws_subnet.public_ap_southeast_1a",
            "module.vpc.aws_subnet.public_ap_southeast_1b",
            "module.vpc.aws_subnet.public_ap_southeast_1c",
            "module.vpc.aws_vpc.my_vpc"
          ]
        }
      ]
    },
    {
      "module": "module.application_load_balancer",
      "mode": "managed",
      "type": "aws_route53_record",
      "name": "rust_oauth_app",
      "provider": "provider[\"registry.terraform.io/hashicorp/aws\"]",
      "instances": [
        {
          "schema_version": 2,
          "attributes": {
            "alias": [
              {
                "evaluate_target_health": true,
                "name": "my-application-load-balancer-1024570911.ap-southeast-1.elb.amazonaws.com",
                "zone_id": "Z1LMS91P8CMLE5"
              }
            ],
            "allow_overwrite": null,
            "cidr_routing_policy": [],
            "failover_routing_policy": [],
            "fqdn": "rust-oauth-app.aditya-kristianto.com",
            "geolocation_routing_policy": [],
            "geoproximity_routing_policy": [],
            "health_check_id": "",
            "id": "Z0148722AZOXRNZ0DFO2_rust-oauth-app.aditya-kristianto.com_A",
            "latency_routing_policy": [],
            "multivalue_answer_routing_policy": false,
            "name": "rust-oauth-app.aditya-kristianto.com",
            "records": null,
            "set_identifier": "",
            "ttl": 0,
            "type": "A",
            "weighted_routing_policy": [],
            "zone_id": "Z0148722AZOXRNZ0DFO2"
          },
          "sensitive_attributes": [],
          "private": "eyJzY2hlbWFfdmVyc2lvbiI6IjIifQ==",
          "dependencies": [
            "module.application_load_balancer.aws_lb.my_alb",
            "module.application_load_balancer.aws_security_group.alb_sg",
            "module.certificate_manager.aws_acm_certificate.my_certificate",
            "module.certificate_manager.aws_acm_certificate_validation.my_cert_validation",
            "module.certificate_manager.aws_route53_record.record",
            "module.vpc.aws_subnet.public_ap_southeast_1a",
            "module.vpc.aws_subnet.public_ap_southeast_1b",
            "module.vpc.aws_subnet.public_ap_southeast_1c",
            "module.vpc.aws_vpc.my_vpc"
          ]
        }
      ]
    },
    {
      "module": "module.application_load_balancer",
      "mode": "managed",
      "type": "aws_route53_record",
      "name": "rust_stock_app",
      "provider": "provider[\"registry.terraform.io/hashicorp/aws\"]",
      "instances": [
        {
          "schema_version": 2,
          "attributes": {
            "alias": [
              {
                "evaluate_target_health": true,
                "name": "my-application-load-balancer-1024570911.ap-southeast-1.elb.amazonaws.com",
                "zone_id": "Z1LMS91P8CMLE5"
              }
            ],
            "allow_overwrite": null,
            "cidr_routing_policy": [],
            "failover_routing_policy": [],
            "fqdn": "rust-stock-app.aditya-kristianto.com",
            "geolocation_routing_policy": [],
            "geoproximity_routing_policy": [],
            "health_check_id": "",
            "id": "Z0148722AZOXRNZ0DFO2_rust-stock-app.aditya-kristianto.com_A",
            "latency_routing_policy": [],
            "multivalue_answer_routing_policy": false,
            "name": "rust-stock-app.aditya-kristianto.com",
            "records": null,
            "set_identifier": "",
            "ttl": 0,
            "type": "A",
            "weighted_routing_policy": [],
            "zone_id": "Z0148722AZOXRNZ0DFO2"
          },
          "sensitive_attributes": [],
          "private": "eyJzY2hlbWFfdmVyc2lvbiI6IjIifQ==",
          "dependencies": [
            "module.application_load_balancer.aws_lb.my_alb",
            "module.application_load_balancer.aws_security_group.alb_sg",
            "module.certificate_manager.aws_acm_certificate.my_certificate",
            "module.certificate_manager.aws_acm_certificate_validation.my_cert_validation",
            "module.certificate_manager.aws_route53_record.record",
            "module.vpc.aws_subnet.public_ap_southeast_1a",
            "module.vpc.aws_subnet.public_ap_southeast_1b",
            "module.vpc.aws_subnet.public_ap_southeast_1c",
            "module.vpc.aws_vpc.my_vpc"
          ]
        }
      ]
    },
    {
      "module": "module.application_load_balancer",
      "mode": "managed",
      "type": "aws_route53_record",
      "name": "rust_uuid_app",
      "provider": "provider[\"registry.terraform.io/hashicorp/aws\"]",
      "instances": [
        {
          "schema_version": 2,
          "attributes": {
            "alias": [
              {
                "evaluate_target_health": true,
                "name": "my-application-load-balancer-1024570911.ap-southeast-1.elb.amazonaws.com",
                "zone_id": "Z1LMS91P8CMLE5"
              }
            ],
            "allow_overwrite": null,
            "cidr_routing_policy": [],
            "failover_routing_policy": [],
            "fqdn": "rust-uuid-app.aditya-kristianto.com",
            "geolocation_routing_policy": [],
            "geoproximity_routing_policy": [],
            "health_check_id": "",
            "id": "Z0148722AZOXRNZ0DFO2_rust-uuid-app.aditya-kristianto.com_A",
            "latency_routing_policy": [],
            "multivalue_answer_routing_policy": false,
            "name": "rust-uuid-app.aditya-kristianto.com",
            "records": null,
            "set_identifier": "",
            "ttl": 0,
            "type": "A",
            "weighted_routing_policy": [],
            "zone_id": "Z0148722AZOXRNZ0DFO2"
          },
          "sensitive_attributes": [],
          "private": "eyJzY2hlbWFfdmVyc2lvbiI6IjIifQ==",
          "dependencies": [
            "module.application_load_balancer.aws_lb.my_alb",
            "module.application_load_balancer.aws_security_group.alb_sg",
            "module.certificate_manager.aws_acm_certificate.my_certificate",
            "module.certificate_manager.aws_acm_certificate_validation.my_cert_validation",
            "module.certificate_manager.aws_route53_record.record",
            "module.vpc.aws_subnet.public_ap_southeast_1a",
            "module.vpc.aws_subnet.public_ap_southeast_1b",
            "module.vpc.aws_subnet.public_ap_southeast_1c",
            "module.vpc.aws_vpc.my_vpc"
          ]
        }
      ]
    },
    {
      "module": "module.application_load_balancer",
      "mode": "managed",
      "type": "aws_security_group",
      "name": "alb_sg",
      "provider": "provider[\"registry.terraform.io/hashicorp/aws\"]",
      "instances": [
        {
          "schema_version": 1,
          "attributes": {
            "arn": "arn:aws:ec2:ap-southeast-1:473154593366:security-group/sg-07d0231dd33eabf8a",
            "description": "Application Load Balancer Security Group",
            "egress": [
              {
                "cidr_blocks": [
                  "10.0.0.0/16"
                ],
                "description": "HTTP",
                "from_port": 80,
                "ipv6_cidr_blocks": [],
                "prefix_list_ids": [],
                "protocol": "tcp",
                "security_groups": [],
                "self": false,
                "to_port": 80
              },
              {
                "cidr_blocks": [
                  "10.0.0.0/16"
                ],
                "description": "HTTP",
                "from_port": 81,
                "ipv6_cidr_blocks": [],
                "prefix_list_ids": [],
                "protocol": "tcp",
                "security_groups": [],
                "self": false,
                "to_port": 81
              },
              {
                "cidr_blocks": [
                  "10.0.0.0/16"
                ],
                "description": "HTTP",
                "from_port": 82,
                "ipv6_cidr_blocks": [],
                "prefix_list_ids": [],
                "protocol": "tcp",
                "security_groups": [],
                "self": false,
                "to_port": 82
              },
              {
                "cidr_blocks": [
                  "10.0.0.0/16"
                ],
                "description": "HTTP",
                "from_port": 83,
                "ipv6_cidr_blocks": [],
                "prefix_list_ids": [],
                "protocol": "tcp",
                "security_groups": [],
                "self": false,
                "to_port": 83
              },
              {
                "cidr_blocks": [
                  "10.0.0.0/16"
                ],
                "description": "HTTP",
                "from_port": 84,
                "ipv6_cidr_blocks": [],
                "prefix_list_ids": [],
                "protocol": "tcp",
                "security_groups": [],
                "self": false,
                "to_port": 84
              },
              {
                "cidr_blocks": [
                  "10.0.0.0/16"
                ],
                "description": "HTTPS",
                "from_port": 443,
                "ipv6_cidr_blocks": [],
                "prefix_list_ids": [],
                "protocol": "tcp",
                "security_groups": [],
                "self": false,
                "to_port": 443
              }
            ],
            "id": "sg-07d0231dd33eabf8a",
            "ingress": [
              {
                "cidr_blocks": [
                  "0.0.0.0/0"
                ],
                "description": "HTTP",
                "from_port": 80,
                "ipv6_cidr_blocks": [],
                "prefix_list_ids": [],
                "protocol": "tcp",
                "security_groups": [],
                "self": false,
                "to_port": 80
              },
              {
                "cidr_blocks": [
                  "0.0.0.0/0"
                ],
                "description": "HTTPS",
                "from_port": 443,
                "ipv6_cidr_blocks": [],
                "prefix_list_ids": [],
                "protocol": "tcp",
                "security_groups": [],
                "self": false,
                "to_port": 443
              }
            ],
            "name": "application_load_balancer_security_group",
            "name_prefix": "",
            "owner_id": "473154593366",
            "revoke_rules_on_delete": false,
            "tags": {
              "Environment": "dev",
              "Name": "my-application-load-balancer-security_group",
              "Terraform": "true"
            },
            "tags_all": {
              "Environment": "dev",
              "Name": "my-application-load-balancer-security_group",
              "Terraform": "true"
            },
            "timeouts": null,
            "vpc_id": "vpc-0a2220c0ba1a8e843"
          },
          "sensitive_attributes": [],
          "private": "eyJlMmJmYjczMC1lY2FhLTExZTYtOGY4OC0zNDM2M2JjN2M0YzAiOnsiY3JlYXRlIjo2MDAwMDAwMDAwMDAsImRlbGV0ZSI6OTAwMDAwMDAwMDAwfSwic2NoZW1hX3ZlcnNpb24iOiIxIn0=",
          "dependencies": [
            "module.certificate_manager.aws_acm_certificate.my_certificate",
            "module.certificate_manager.aws_acm_certificate_validation.my_cert_validation",
            "module.certificate_manager.aws_route53_record.record",
            "module.vpc.aws_vpc.my_vpc"
          ]
        }
      ]
    },
    {
      "module": "module.bastion_host",
      "mode": "managed",
      "type": "aws_instance",
      "name": "bastion_host",
      "provider": "provider[\"registry.terraform.io/hashicorp/aws\"]",
      "instances": [
        {
          "schema_version": 1,
          "attributes": {
            "ami": "ami-015ce1b8f0618ad32",
            "arn": "arn:aws:ec2:ap-southeast-1:473154593366:instance/i-0baa7b660102922ef",
            "associate_public_ip_address": false,
            "availability_zone": "ap-southeast-1a",
            "capacity_reservation_specification": [
              {
                "capacity_reservation_preference": "open",
                "capacity_reservation_target": []
              }
            ],
            "cpu_core_count": 2,
            "cpu_options": [
              {
                "amd_sev_snp": "",
                "core_count": 2,
                "threads_per_core": 1
              }
            ],
            "cpu_threads_per_core": 1,
            "credit_specification": [
              {
                "cpu_credits": "unlimited"
              }
            ],
            "disable_api_stop": false,
            "disable_api_termination": false,
            "ebs_block_device": [],
            "ebs_optimized": false,
            "enclave_options": [
              {
                "enabled": false
              }
            ],
            "ephemeral_block_device": [],
            "get_password_data": false,
            "hibernation": false,
            "host_id": "",
            "host_resource_group_arn": null,
            "iam_instance_profile": "ssm_instance_profile",
            "id": "i-0baa7b660102922ef",
            "instance_initiated_shutdown_behavior": "stop",
            "instance_lifecycle": "",
            "instance_market_options": [],
            "instance_state": "running",
            "instance_type": "t4g.nano",
            "ipv6_address_count": 0,
            "ipv6_addresses": [],
            "key_name": "my-key-pair",
            "launch_template": [],
            "maintenance_options": [
              {
                "auto_recovery": "default"
              }
            ],
            "metadata_options": [
              {
                "http_endpoint": "enabled",
                "http_protocol_ipv6": "disabled",
                "http_put_response_hop_limit": 2,
                "http_tokens": "required",
                "instance_metadata_tags": "disabled"
              }
            ],
            "monitoring": false,
            "network_interface": [],
            "outpost_arn": "",
            "password_data": "",
            "placement_group": "",
            "placement_partition_number": 0,
            "primary_network_interface_id": "eni-052aa16bb39854585",
            "private_dns": "ip-10-0-1-130.ap-southeast-1.compute.internal",
            "private_dns_name_options": [
              {
                "enable_resource_name_dns_a_record": false,
                "enable_resource_name_dns_aaaa_record": false,
                "hostname_type": "ip-name"
              }
            ],
            "private_ip": "10.0.1.130",
            "public_dns": "",
            "public_ip": "",
            "root_block_device": [
              {
                "delete_on_termination": true,
                "device_name": "/dev/xvda",
                "encrypted": false,
                "iops": 3000,
                "kms_key_id": "",
                "tags": {},
                "tags_all": {},
                "throughput": 125,
                "volume_id": "vol-050402d7a32499a7d",
                "volume_size": 8,
                "volume_type": "gp3"
              }
            ],
            "secondary_private_ips": [],
            "security_groups": [],
            "source_dest_check": true,
            "spot_instance_request_id": "",
            "subnet_id": "subnet-047767caebe0229a0",
            "tags": {
              "Environment": "dev",
              "Name": "bastion-host",
              "Terraform": "true"
            },
            "tags_all": {
              "Environment": "dev",
              "Name": "bastion-host",
              "Terraform": "true"
            },
            "tenancy": "default",
            "timeouts": null,
            "user_data": null,
            "user_data_base64": null,
            "user_data_replace_on_change": false,
            "volume_tags": null,
            "vpc_security_group_ids": [
              "sg-0ca828177a6c1c65d"
            ]
          },
          "sensitive_attributes": [],
          "private": "eyJlMmJmYjczMC1lY2FhLTExZTYtOGY4OC0zNDM2M2JjN2M0YzAiOnsiY3JlYXRlIjo2MDAwMDAwMDAwMDAsImRlbGV0ZSI6MTIwMDAwMDAwMDAwMCwicmVhZCI6OTAwMDAwMDAwMDAwLCJ1cGRhdGUiOjYwMDAwMDAwMDAwMH0sInNjaGVtYV92ZXJzaW9uIjoiMSJ9",
          "dependencies": [
            "module.bastion_host.aws_security_group.ec2_bastion_host_sg",
            "module.iam.aws_iam_instance_profile.ssm_profile",
            "module.iam.aws_iam_role.ssm_role",
            "module.key_pair.aws_key_pair.my_key_pair",
            "module.key_pair.tls_private_key.my_key",
            "module.vpc.aws_subnet.private_ap_southeast_1a",
            "module.vpc.aws_subnet.private_ap_southeast_1b",
            "module.vpc.aws_subnet.private_ap_southeast_1c",
            "module.vpc.aws_vpc.my_vpc"
          ]
        }
      ]
    },
    {
      "module": "module.bastion_host",
      "mode": "managed",
      "type": "aws_security_group",
      "name": "ec2_bastion_host_sg",
      "provider": "provider[\"registry.terraform.io/hashicorp/aws\"]",
      "instances": [
        {
          "schema_version": 1,
          "attributes": {
            "arn": "arn:aws:ec2:ap-southeast-1:473154593366:security-group/sg-0ca828177a6c1c65d",
            "description": "Allow SSM access",
            "egress": [
              {
                "cidr_blocks": [
                  "0.0.0.0/0"
                ],
                "description": "Allow HTTPS traffic",
                "from_port": 443,
                "ipv6_cidr_blocks": [
                  "::/0"
                ],
                "prefix_list_ids": [],
                "protocol": "tcp",
                "security_groups": [],
                "self": false,
                "to_port": 443
              },
              {
                "cidr_blocks": [
                  "10.0.1.0/24",
                  "10.0.2.0/24",
                  "10.0.3.0/24"
                ],
                "description": "Allow HTTP traffic",
                "from_port": 8000,
                "ipv6_cidr_blocks": [],
                "prefix_list_ids": [],
                "protocol": "tcp",
                "security_groups": [],
                "self": false,
                "to_port": 8000
              },
              {
                "cidr_blocks": [
                  "10.0.1.0/24",
                  "10.0.2.0/24",
                  "10.0.3.0/24"
                ],
                "description": "Allow HTTP traffic",
                "from_port": 8080,
                "ipv6_cidr_blocks": [],
                "prefix_list_ids": [],
                "protocol": "tcp",
                "security_groups": [],
                "self": false,
                "to_port": 8080
              },
              {
                "cidr_blocks": [
                  "10.0.1.0/24",
                  "10.0.2.0/24",
                  "10.0.3.0/24"
                ],
                "description": "Allow HTTPS traffic",
                "from_port": 8443,
                "ipv6_cidr_blocks": [],
                "prefix_list_ids": [],
                "protocol": "tcp",
                "security_groups": [],
                "self": false,
                "to_port": 8443
              },
              {
                "cidr_blocks": [
                  "10.0.1.0/24",
                  "10.0.2.0/24",
                  "10.0.3.0/24"
                ],
                "description": "Allow HTTPS traffic",
                "from_port": 9443,
                "ipv6_cidr_blocks": [],
                "prefix_list_ids": [],
                "protocol": "tcp",
                "security_groups": [],
                "self": false,
                "to_port": 9443
              },
              {
                "cidr_blocks": [
                  "10.0.1.0/24",
                  "10.0.2.0/24",
                  "10.0.3.0/24"
                ],
                "description": "Allow SSH traffic",
                "from_port": 22,
                "ipv6_cidr_blocks": [],
                "prefix_list_ids": [],
                "protocol": "tcp",
                "security_groups": [],
                "self": false,
                "to_port": 22
              }
            ],
            "id": "sg-0ca828177a6c1c65d",
            "ingress": [
              {
                "cidr_blocks": [
                  "0.0.0.0/0"
                ],
                "description": "Allow HTTPS traffic",
                "from_port": 22,
                "ipv6_cidr_blocks": [
                  "::/0"
                ],
                "prefix_list_ids": [],
                "protocol": "tcp",
                "security_groups": [],
                "self": false,
                "to_port": 22
              }
            ],
            "name": "ec2_ssm_security_group",
            "name_prefix": "",
            "owner_id": "473154593366",
            "revoke_rules_on_delete": false,
            "tags": {
              "Environment": "dev",
              "Name": "ec2_ssm_security_group",
              "Terraform": "true"
            },
            "tags_all": {
              "Environment": "dev",
              "Name": "ec2_ssm_security_group",
              "Terraform": "true"
            },
            "timeouts": null,
            "vpc_id": "vpc-0a2220c0ba1a8e843"
          },
          "sensitive_attributes": [],
          "private": "eyJlMmJmYjczMC1lY2FhLTExZTYtOGY4OC0zNDM2M2JjN2M0YzAiOnsiY3JlYXRlIjo2MDAwMDAwMDAwMDAsImRlbGV0ZSI6OTAwMDAwMDAwMDAwfSwic2NoZW1hX3ZlcnNpb24iOiIxIn0=",
          "dependencies": [
            "module.vpc.aws_subnet.private_ap_southeast_1a",
            "module.vpc.aws_subnet.private_ap_southeast_1b",
            "module.vpc.aws_subnet.private_ap_southeast_1c",
            "module.vpc.aws_vpc.my_vpc"
          ]
        }
      ]
    },
    {
      "module": "module.certificate_manager",
      "mode": "managed",
      "type": "aws_acm_certificate",
      "name": "my_certificate",
      "provider": "provider[\"registry.terraform.io/hashicorp/aws\"]",
      "instances": [
        {
          "schema_version": 0,
          "attributes": {
            "arn": "arn:aws:acm:ap-southeast-1:473154593366:certificate/9f8af28e-ad1d-4cbc-9863-3e593de80166",
            "certificate_authority_arn": "",
            "certificate_body": null,
            "certificate_chain": null,
            "domain_name": "aditya-kristianto.com",
            "domain_validation_options": [
              {
                "domain_name": "aditya-kristianto.com",
                "resource_record_name": "_f8e650732c9d0327386c488c6df755dd.aditya-kristianto.com.",
                "resource_record_type": "CNAME",
                "resource_record_value": "_f9971a800b6a382d6ec6481f7fe51ed5.sdgjtdhdhz.acm-validations.aws."
              },
              {
                "domain_name": "jenkins.aditya-kristianto.com",
                "resource_record_name": "_f747ea17080bbc1c44d87a18c3d7d75f.jenkins.aditya-kristianto.com.",
                "resource_record_type": "CNAME",
                "resource_record_value": "_09bb47f014e7e48c76d8fd4fde46d70a.djqtsrsxkq.acm-validations.aws."
              },
              {
                "domain_name": "portainer.aditya-kristianto.com",
                "resource_record_name": "_fb542ecc06a7ba214d8135a0af69af31.portainer.aditya-kristianto.com.",
                "resource_record_type": "CNAME",
                "resource_record_value": "_fcf2d88faacd911f52d72afaa11fb96c.djqtsrsxkq.acm-validations.aws."
              },
              {
                "domain_name": "rust-app.aditya-kristianto.com",
                "resource_record_name": "_765493e443f629e8f61e8f794b2a02d5.rust-app.aditya-kristianto.com.",
                "resource_record_type": "CNAME",
                "resource_record_value": "_82c82c8432850e030ca80c7b8b40cdd2.zfyfvmchrl.acm-validations.aws."
              },
              {
                "domain_name": "rust-auth-app.aditya-kristianto.com",
                "resource_record_name": "_a964353b437be38b38d3fd4474e7d2b4.rust-auth-app.aditya-kristianto.com.",
                "resource_record_type": "CNAME",
                "resource_record_value": "_dfcd1107494483a5577ccf14626d478f.zfyfvmchrl.acm-validations.aws."
              },
              {
                "domain_name": "rust-oauth-app.aditya-kristianto.com",
                "resource_record_name": "_58525a55572cef2c295209388fd360bc.rust-oauth-app.aditya-kristianto.com.",
                "resource_record_type": "CNAME",
                "resource_record_value": "_8663b218e78d24e1be7c17d0760169f6.zfyfvmchrl.acm-validations.aws."
              },
              {
                "domain_name": "rust-stock-app.aditya-kristianto.com",
                "resource_record_name": "_570beafe5f71daf859eefca78522a25a.rust-stock-app.aditya-kristianto.com.",
                "resource_record_type": "CNAME",
                "resource_record_value": "_cf5096c866323b3f9ad308c4b05ce27a.zfyfvmchrl.acm-validations.aws."
              },
              {
                "domain_name": "rust-uuid-app.aditya-kristianto.com",
                "resource_record_name": "_d0bb4710d98413ef46d2c89e1857a053.rust-uuid-app.aditya-kristianto.com.",
                "resource_record_type": "CNAME",
                "resource_record_value": "_634b413b66362025282159bfb2020303.zfyfvmchrl.acm-validations.aws."
              }
            ],
            "early_renewal_duration": "",
            "id": "arn:aws:acm:ap-southeast-1:473154593366:certificate/9f8af28e-ad1d-4cbc-9863-3e593de80166",
            "key_algorithm": "RSA_2048",
            "not_after": "",
            "not_before": "",
            "options": [
              {
                "certificate_transparency_logging_preference": "ENABLED"
              }
            ],
            "pending_renewal": false,
            "private_key": null,
            "renewal_eligibility": "INELIGIBLE",
            "renewal_summary": [],
            "status": "PENDING_VALIDATION",
            "subject_alternative_names": [
              "aditya-kristianto.com",
              "jenkins.aditya-kristianto.com",
              "portainer.aditya-kristianto.com",
              "rust-app.aditya-kristianto.com",
              "rust-auth-app.aditya-kristianto.com",
              "rust-oauth-app.aditya-kristianto.com",
              "rust-stock-app.aditya-kristianto.com",
              "rust-uuid-app.aditya-kristianto.com"
            ],
            "tags": {
              "Name": "My SSL Certificate"
            },
            "tags_all": {
              "Name": "My SSL Certificate"
            },
            "type": "AMAZON_ISSUED",
            "validation_emails": [],
            "validation_method": "DNS",
            "validation_option": [
              {
                "domain_name": "jenkins.aditya-kristianto.com",
                "validation_domain": "aditya-kristianto.com"
              },
              {
                "domain_name": "portainer.aditya-kristianto.com",
                "validation_domain": "aditya-kristianto.com"
              },
              {
                "domain_name": "rust-app.aditya-kristianto.com",
                "validation_domain": "aditya-kristianto.com"
              },
              {
                "domain_name": "rust-auth-app.aditya-kristianto.com",
                "validation_domain": "aditya-kristianto.com"
              },
              {
                "domain_name": "rust-oauth-app.aditya-kristianto.com",
                "validation_domain": "aditya-kristianto.com"
              },
              {
                "domain_name": "rust-stock-app.aditya-kristianto.com",
                "validation_domain": "aditya-kristianto.com"
              },
              {
                "domain_name": "rust-uuid-app.aditya-kristianto.com",
                "validation_domain": "aditya-kristianto.com"
              }
            ]
          },
          "sensitive_attributes": [
            [
              {
                "type": "get_attr",
                "value": "private_key"
              }
            ]
          ],
          "private": "bnVsbA==",
          "create_before_destroy": true
        }
      ]
    },
    {
      "module": "module.certificate_manager",
      "mode": "managed",
      "type": "aws_acm_certificate_validation",
      "name": "my_cert_validation",
      "provider": "provider[\"registry.terraform.io/hashicorp/aws\"]",
      "instances": [
        {
          "schema_version": 0,
          "attributes": {
            "certificate_arn": "arn:aws:acm:ap-southeast-1:473154593366:certificate/9f8af28e-ad1d-4cbc-9863-3e593de80166",
            "id": "2024-12-14 01:26:42.013 +0000 UTC",
            "timeouts": null,
            "validation_record_fqdns": [
              "_570beafe5f71daf859eefca78522a25a.rust-stock-app.aditya-kristianto.com",
              "_58525a55572cef2c295209388fd360bc.rust-oauth-app.aditya-kristianto.com",
              "_765493e443f629e8f61e8f794b2a02d5.rust-app.aditya-kristianto.com",
              "_a964353b437be38b38d3fd4474e7d2b4.rust-auth-app.aditya-kristianto.com",
              "_d0bb4710d98413ef46d2c89e1857a053.rust-uuid-app.aditya-kristianto.com",
              "_f747ea17080bbc1c44d87a18c3d7d75f.jenkins.aditya-kristianto.com",
              "_f8e650732c9d0327386c488c6df755dd.aditya-kristianto.com",
              "_fb542ecc06a7ba214d8135a0af69af31.portainer.aditya-kristianto.com"
            ]
          },
          "sensitive_attributes": [],
          "private": "eyJlMmJmYjczMC1lY2FhLTExZTYtOGY4OC0zNDM2M2JjN2M0YzAiOnsiY3JlYXRlIjo0NTAwMDAwMDAwMDAwfX0=",
          "dependencies": [
            "module.certificate_manager.aws_acm_certificate.my_certificate",
            "module.certificate_manager.aws_route53_record.record"
          ]
        }
      ]
    },
    {
      "module": "module.certificate_manager",
      "mode": "managed",
      "type": "aws_route53_record",
      "name": "record",
      "provider": "provider[\"registry.terraform.io/hashicorp/aws\"]",
      "instances": [
        {
          "index_key": "aditya-kristianto.com",
          "schema_version": 2,
          "attributes": {
            "alias": [],
            "allow_overwrite": true,
            "cidr_routing_policy": [],
            "failover_routing_policy": [],
            "fqdn": "_f8e650732c9d0327386c488c6df755dd.aditya-kristianto.com",
            "geolocation_routing_policy": [],
            "geoproximity_routing_policy": [],
            "health_check_id": "",
            "id": "Z0148722AZOXRNZ0DFO2__f8e650732c9d0327386c488c6df755dd.aditya-kristianto.com._CNAME",
            "latency_routing_policy": [],
            "multivalue_answer_routing_policy": false,
            "name": "_f8e650732c9d0327386c488c6df755dd.aditya-kristianto.com",
            "records": [
              "_f9971a800b6a382d6ec6481f7fe51ed5.sdgjtdhdhz.acm-validations.aws."
            ],
            "set_identifier": "",
            "ttl": 60,
            "type": "CNAME",
            "weighted_routing_policy": [],
            "zone_id": "Z0148722AZOXRNZ0DFO2"
          },
          "sensitive_attributes": [],
          "private": "eyJzY2hlbWFfdmVyc2lvbiI6IjIifQ==",
          "dependencies": [
            "module.certificate_manager.aws_acm_certificate.my_certificate"
          ]
        },
        {
          "index_key": "jenkins.aditya-kristianto.com",
          "schema_version": 2,
          "attributes": {
            "alias": [],
            "allow_overwrite": true,
            "cidr_routing_policy": [],
            "failover_routing_policy": [],
            "fqdn": "_f747ea17080bbc1c44d87a18c3d7d75f.jenkins.aditya-kristianto.com",
            "geolocation_routing_policy": [],
            "geoproximity_routing_policy": [],
            "health_check_id": "",
            "id": "Z0148722AZOXRNZ0DFO2__f747ea17080bbc1c44d87a18c3d7d75f.jenkins.aditya-kristianto.com._CNAME",
            "latency_routing_policy": [],
            "multivalue_answer_routing_policy": false,
            "name": "_f747ea17080bbc1c44d87a18c3d7d75f.jenkins.aditya-kristianto.com",
            "records": [
              "_09bb47f014e7e48c76d8fd4fde46d70a.djqtsrsxkq.acm-validations.aws."
            ],
            "set_identifier": "",
            "ttl": 60,
            "type": "CNAME",
            "weighted_routing_policy": [],
            "zone_id": "Z0148722AZOXRNZ0DFO2"
          },
          "sensitive_attributes": [],
          "private": "eyJzY2hlbWFfdmVyc2lvbiI6IjIifQ==",
          "dependencies": [
            "module.certificate_manager.aws_acm_certificate.my_certificate"
          ]
        },
        {
          "index_key": "portainer.aditya-kristianto.com",
          "schema_version": 2,
          "attributes": {
            "alias": [],
            "allow_overwrite": true,
            "cidr_routing_policy": [],
            "failover_routing_policy": [],
            "fqdn": "_fb542ecc06a7ba214d8135a0af69af31.portainer.aditya-kristianto.com",
            "geolocation_routing_policy": [],
            "geoproximity_routing_policy": [],
            "health_check_id": "",
            "id": "Z0148722AZOXRNZ0DFO2__fb542ecc06a7ba214d8135a0af69af31.portainer.aditya-kristianto.com._CNAME",
            "latency_routing_policy": [],
            "multivalue_answer_routing_policy": false,
            "name": "_fb542ecc06a7ba214d8135a0af69af31.portainer.aditya-kristianto.com",
            "records": [
              "_fcf2d88faacd911f52d72afaa11fb96c.djqtsrsxkq.acm-validations.aws."
            ],
            "set_identifier": "",
            "ttl": 60,
            "type": "CNAME",
            "weighted_routing_policy": [],
            "zone_id": "Z0148722AZOXRNZ0DFO2"
          },
          "sensitive_attributes": [],
          "private": "eyJzY2hlbWFfdmVyc2lvbiI6IjIifQ==",
          "dependencies": [
            "module.certificate_manager.aws_acm_certificate.my_certificate"
          ]
        },
        {
          "index_key": "rust-app.aditya-kristianto.com",
          "schema_version": 2,
          "attributes": {
            "alias": [],
            "allow_overwrite": true,
            "cidr_routing_policy": [],
            "failover_routing_policy": [],
            "fqdn": "_765493e443f629e8f61e8f794b2a02d5.rust-app.aditya-kristianto.com",
            "geolocation_routing_policy": [],
            "geoproximity_routing_policy": [],
            "health_check_id": "",
            "id": "Z0148722AZOXRNZ0DFO2__765493e443f629e8f61e8f794b2a02d5.rust-app.aditya-kristianto.com._CNAME",
            "latency_routing_policy": [],
            "multivalue_answer_routing_policy": false,
            "name": "_765493e443f629e8f61e8f794b2a02d5.rust-app.aditya-kristianto.com",
            "records": [
              "_82c82c8432850e030ca80c7b8b40cdd2.zfyfvmchrl.acm-validations.aws."
            ],
            "set_identifier": "",
            "ttl": 60,
            "type": "CNAME",
            "weighted_routing_policy": [],
            "zone_id": "Z0148722AZOXRNZ0DFO2"
          },
          "sensitive_attributes": [],
          "private": "eyJzY2hlbWFfdmVyc2lvbiI6IjIifQ==",
          "dependencies": [
            "module.certificate_manager.aws_acm_certificate.my_certificate"
          ]
        },
        {
          "index_key": "rust-auth-app.aditya-kristianto.com",
          "schema_version": 2,
          "attributes": {
            "alias": [],
            "allow_overwrite": true,
            "cidr_routing_policy": [],
            "failover_routing_policy": [],
            "fqdn": "_a964353b437be38b38d3fd4474e7d2b4.rust-auth-app.aditya-kristianto.com",
            "geolocation_routing_policy": [],
            "geoproximity_routing_policy": [],
            "health_check_id": "",
            "id": "Z0148722AZOXRNZ0DFO2__a964353b437be38b38d3fd4474e7d2b4.rust-auth-app.aditya-kristianto.com._CNAME",
            "latency_routing_policy": [],
            "multivalue_answer_routing_policy": false,
            "name": "_a964353b437be38b38d3fd4474e7d2b4.rust-auth-app.aditya-kristianto.com",
            "records": [
              "_dfcd1107494483a5577ccf14626d478f.zfyfvmchrl.acm-validations.aws."
            ],
            "set_identifier": "",
            "ttl": 60,
            "type": "CNAME",
            "weighted_routing_policy": [],
            "zone_id": "Z0148722AZOXRNZ0DFO2"
          },
          "sensitive_attributes": [],
          "private": "eyJzY2hlbWFfdmVyc2lvbiI6IjIifQ==",
          "dependencies": [
            "module.certificate_manager.aws_acm_certificate.my_certificate"
          ]
        },
        {
          "index_key": "rust-oauth-app.aditya-kristianto.com",
          "schema_version": 2,
          "attributes": {
            "alias": [],
            "allow_overwrite": true,
            "cidr_routing_policy": [],
            "failover_routing_policy": [],
            "fqdn": "_58525a55572cef2c295209388fd360bc.rust-oauth-app.aditya-kristianto.com",
            "geolocation_routing_policy": [],
            "geoproximity_routing_policy": [],
            "health_check_id": "",
            "id": "Z0148722AZOXRNZ0DFO2__58525a55572cef2c295209388fd360bc.rust-oauth-app.aditya-kristianto.com._CNAME",
            "latency_routing_policy": [],
            "multivalue_answer_routing_policy": false,
            "name": "_58525a55572cef2c295209388fd360bc.rust-oauth-app.aditya-kristianto.com",
            "records": [
              "_8663b218e78d24e1be7c17d0760169f6.zfyfvmchrl.acm-validations.aws."
            ],
            "set_identifier": "",
            "ttl": 60,
            "type": "CNAME",
            "weighted_routing_policy": [],
            "zone_id": "Z0148722AZOXRNZ0DFO2"
          },
          "sensitive_attributes": [],
          "private": "eyJzY2hlbWFfdmVyc2lvbiI6IjIifQ==",
          "dependencies": [
            "module.certificate_manager.aws_acm_certificate.my_certificate"
          ]
        },
        {
          "index_key": "rust-stock-app.aditya-kristianto.com",
          "schema_version": 2,
          "attributes": {
            "alias": [],
            "allow_overwrite": true,
            "cidr_routing_policy": [],
            "failover_routing_policy": [],
            "fqdn": "_570beafe5f71daf859eefca78522a25a.rust-stock-app.aditya-kristianto.com",
            "geolocation_routing_policy": [],
            "geoproximity_routing_policy": [],
            "health_check_id": "",
            "id": "Z0148722AZOXRNZ0DFO2__570beafe5f71daf859eefca78522a25a.rust-stock-app.aditya-kristianto.com._CNAME",
            "latency_routing_policy": [],
            "multivalue_answer_routing_policy": false,
            "name": "_570beafe5f71daf859eefca78522a25a.rust-stock-app.aditya-kristianto.com",
            "records": [
              "_cf5096c866323b3f9ad308c4b05ce27a.zfyfvmchrl.acm-validations.aws."
            ],
            "set_identifier": "",
            "ttl": 60,
            "type": "CNAME",
            "weighted_routing_policy": [],
            "zone_id": "Z0148722AZOXRNZ0DFO2"
          },
          "sensitive_attributes": [],
          "private": "eyJzY2hlbWFfdmVyc2lvbiI6IjIifQ==",
          "dependencies": [
            "module.certificate_manager.aws_acm_certificate.my_certificate"
          ]
        },
        {
          "index_key": "rust-uuid-app.aditya-kristianto.com",
          "schema_version": 2,
          "attributes": {
            "alias": [],
            "allow_overwrite": true,
            "cidr_routing_policy": [],
            "failover_routing_policy": [],
            "fqdn": "_d0bb4710d98413ef46d2c89e1857a053.rust-uuid-app.aditya-kristianto.com",
            "geolocation_routing_policy": [],
            "geoproximity_routing_policy": [],
            "health_check_id": "",
            "id": "Z0148722AZOXRNZ0DFO2__d0bb4710d98413ef46d2c89e1857a053.rust-uuid-app.aditya-kristianto.com._CNAME",
            "latency_routing_policy": [],
            "multivalue_answer_routing_policy": false,
            "name": "_d0bb4710d98413ef46d2c89e1857a053.rust-uuid-app.aditya-kristianto.com",
            "records": [
              "_634b413b66362025282159bfb2020303.zfyfvmchrl.acm-validations.aws."
            ],
            "set_identifier": "",
            "ttl": 60,
            "type": "CNAME",
            "weighted_routing_policy": [],
            "zone_id": "Z0148722AZOXRNZ0DFO2"
          },
          "sensitive_attributes": [],
          "private": "eyJzY2hlbWFfdmVyc2lvbiI6IjIifQ==",
          "dependencies": [
            "module.certificate_manager.aws_acm_certificate.my_certificate"
          ]
        }
      ]
    },
    {
      "module": "module.iam",
      "mode": "managed",
      "type": "aws_iam_instance_profile",
      "name": "ssm_profile",
      "provider": "provider[\"registry.terraform.io/hashicorp/aws\"]",
      "instances": [
        {
          "schema_version": 0,
          "attributes": {
            "arn": "arn:aws:iam::473154593366:instance-profile/ssm_instance_profile",
            "create_date": "2024-12-14T01:25:55Z",
            "id": "ssm_instance_profile",
            "name": "ssm_instance_profile",
            "name_prefix": "",
            "path": "/",
            "role": "ec2_ssm_role",
            "tags": null,
            "tags_all": {},
            "unique_id": "AIPAW4KRWEJLAWZ6DAMHB"
          },
          "sensitive_attributes": [],
          "private": "bnVsbA==",
          "dependencies": [
            "module.iam.aws_iam_role.ssm_role"
          ]
        }
      ]
    },
    {
      "module": "module.iam",
      "mode": "managed",
      "type": "aws_iam_policy",
      "name": "ecr_access_policy",
      "provider": "provider[\"registry.terraform.io/hashicorp/aws\"]",
      "instances": [
        {
          "schema_version": 0,
          "attributes": {
            "arn": "arn:aws:iam::473154593366:policy/ECRAccessPolicy",
            "attachment_count": 0,
            "description": "Policy to allow EC2 to authenticate and pull images from ECR",
            "id": "arn:aws:iam::473154593366:policy/ECRAccessPolicy",
            "name": "ECRAccessPolicy",
            "name_prefix": "",
            "path": "/",
            "policy": "{\"Statement\":[{\"Action\":[\"ecr:GetDownloadUrlForLayer\",\"ecr:BatchGetImage\",\"ecr:DescribeImages\",\"ecr:ListImages\",\"ecr:BatchCheckLayerAvailability\",\"ecr:GetRegistryPolicy\",\"ecr:DescribeRegistry\",\"ecr:DescribePullThroughCacheRules\",\"ecr:GetAuthorizationToken\",\"ecr:GetRegistryScanningConfiguration\",\"ecr:BatchImportUpstreamImage\"],\"Effect\":\"Allow\",\"Resource\":\"arn:aws:ecr:ap-southeast-1:473154593366:repository/*\"}],\"Version\":\"2012-10-17\"}",
            "policy_id": "ANPAW4KRWEJLOEFQDGG2T",
            "tags": null,
            "tags_all": {}
          },
          "sensitive_attributes": [],
          "private": "bnVsbA=="
        }
      ]
    },
    {
      "module": "module.iam",
      "mode": "managed",
      "type": "aws_iam_policy",
      "name": "s3_access_policy",
      "provider": "provider[\"registry.terraform.io/hashicorp/aws\"]",
      "instances": [
        {
          "schema_version": 0,
          "attributes": {
            "arn": "arn:aws:iam::473154593366:policy/ec2-s3-access-policy",
            "attachment_count": 0,
            "description": "Allow EC2 instance to read from S3",
            "id": "arn:aws:iam::473154593366:policy/ec2-s3-access-policy",
            "name": "ec2-s3-access-policy",
            "name_prefix": "",
            "path": "/",
            "policy": "{\"Statement\":[{\"Action\":[\"s3:GetObject\",\"s3:PutObject\"],\"Effect\":\"Allow\",\"Resource\":\"arn:aws:s3:::rust-app-bucket/databases/rust_app/backups/*\"}],\"Version\":\"2012-10-17\"}",
            "policy_id": "ANPAW4KRWEJLO6JW4RDQU",
            "tags": null,
            "tags_all": {}
          },
          "sensitive_attributes": [],
          "private": "bnVsbA=="
        }
      ]
    },
    {
      "module": "module.iam",
      "mode": "managed",
      "type": "aws_iam_role",
      "name": "ssm_role",
      "provider": "provider[\"registry.terraform.io/hashicorp/aws\"]",
      "instances": [
        {
          "schema_version": 0,
          "attributes": {
            "arn": "arn:aws:iam::473154593366:role/ec2_ssm_role",
            "assume_role_policy": "{\"Statement\":[{\"Action\":\"sts:AssumeRole\",\"Effect\":\"Allow\",\"Principal\":{\"Service\":\"ec2.amazonaws.com\"}}],\"Version\":\"2012-10-17\"}",
            "create_date": "2024-12-14T01:25:53Z",
            "description": "",
            "force_detach_policies": false,
            "id": "ec2_ssm_role",
            "inline_policy": [],
            "managed_policy_arns": [],
            "max_session_duration": 3600,
            "name": "ec2_ssm_role",
            "name_prefix": "",
            "path": "/",
            "permissions_boundary": "",
            "tags": null,
            "tags_all": {},
            "unique_id": "AROAW4KRWEJLEVSRUVSC7"
          },
          "sensitive_attributes": [],
          "private": "bnVsbA=="
        }
      ]
    },
    {
      "module": "module.iam",
      "mode": "managed",
      "type": "aws_iam_role_policy_attachment",
      "name": "attach_ecr_access",
      "provider": "provider[\"registry.terraform.io/hashicorp/aws\"]",
      "instances": [
        {
          "schema_version": 0,
          "attributes": {
            "id": "ec2_ssm_role-20241214012555607900000009",
            "policy_arn": "arn:aws:iam::473154593366:policy/ECRAccessPolicy",
            "role": "ec2_ssm_role"
          },
          "sensitive_attributes": [],
          "private": "bnVsbA==",
          "dependencies": [
            "module.iam.aws_iam_policy.ecr_access_policy",
            "module.iam.aws_iam_role.ssm_role"
          ]
        }
      ]
    },
    {
      "module": "module.iam",
      "mode": "managed",
      "type": "aws_iam_role_policy_attachment",
      "name": "attach_s3_policy",
      "provider": "provider[\"registry.terraform.io/hashicorp/aws\"]",
      "instances": [
        {
          "schema_version": 0,
          "attributes": {
            "id": "ec2_ssm_role-20241214012555003600000007",
            "policy_arn": "arn:aws:iam::473154593366:policy/ec2-s3-access-policy",
            "role": "ec2_ssm_role"
          },
          "sensitive_attributes": [],
          "private": "bnVsbA==",
          "dependencies": [
            "module.iam.aws_iam_policy.s3_access_policy",
            "module.iam.aws_iam_role.ssm_role"
          ]
        }
      ]
    },
    {
      "module": "module.iam",
      "mode": "managed",
      "type": "aws_iam_role_policy_attachment",
      "name": "ssm_managed_policy",
      "provider": "provider[\"registry.terraform.io/hashicorp/aws\"]",
      "instances": [
        {
          "schema_version": 0,
          "attributes": {
            "id": "ec2_ssm_role-20241214012555387800000008",
            "policy_arn": "arn:aws:iam::aws:policy/AmazonSSMManagedInstanceCore",
            "role": "ec2_ssm_role"
          },
          "sensitive_attributes": [],
          "private": "bnVsbA==",
          "dependencies": [
            "module.iam.aws_iam_role.ssm_role"
          ]
        }
      ]
    },
    {
      "module": "module.iam",
      "mode": "managed",
      "type": "aws_security_group",
      "name": "vpc_endpoint_sg",
      "provider": "provider[\"registry.terraform.io/hashicorp/aws\"]",
      "instances": [
        {
          "schema_version": 1,
          "attributes": {
            "arn": "arn:aws:ec2:ap-southeast-1:473154593366:security-group/sg-0eae5fa0fb60df689",
            "description": "Allow SSM access",
            "egress": [],
            "id": "sg-0eae5fa0fb60df689",
            "ingress": [
              {
                "cidr_blocks": [
                  "0.0.0.0/0"
                ],
                "description": "Allow HTTPS traffic",
                "from_port": 443,
                "ipv6_cidr_blocks": [
                  "::/0"
                ],
                "prefix_list_ids": [],
                "protocol": "tcp",
                "security_groups": [],
                "self": false,
                "to_port": 443
              }
            ],
            "name": "vpc_endpoint_security_group",
            "name_prefix": "",
            "owner_id": "473154593366",
            "revoke_rules_on_delete": false,
            "tags": {
              "Environment": "dev",
              "Name": "vpc_endpoint_security_group",
              "Terraform": "true"
            },
            "tags_all": {
              "Environment": "dev",
              "Name": "vpc_endpoint_security_group",
              "Terraform": "true"
            },
            "timeouts": null,
            "vpc_id": "vpc-0a2220c0ba1a8e843"
          },
          "sensitive_attributes": [],
          "private": "eyJlMmJmYjczMC1lY2FhLTExZTYtOGY4OC0zNDM2M2JjN2M0YzAiOnsiY3JlYXRlIjo2MDAwMDAwMDAwMDAsImRlbGV0ZSI6OTAwMDAwMDAwMDAwfSwic2NoZW1hX3ZlcnNpb24iOiIxIn0=",
          "dependencies": [
            "module.vpc.aws_vpc.my_vpc"
          ]
        }
      ]
    },
    {
      "module": "module.jenkins_master",
      "mode": "managed",
      "type": "aws_instance",
      "name": "jenkins_master",
      "provider": "provider[\"registry.terraform.io/hashicorp/aws\"]",
      "instances": [
        {
          "schema_version": 1,
          "attributes": {
            "ami": "ami-05c718cb2fa58687f",
            "arn": "arn:aws:ec2:ap-southeast-1:473154593366:instance/i-09750869d62bda1d9",
            "associate_public_ip_address": false,
            "availability_zone": "ap-southeast-1a",
            "capacity_reservation_specification": [
              {
                "capacity_reservation_preference": "open",
                "capacity_reservation_target": []
              }
            ],
            "cpu_core_count": 2,
            "cpu_options": [
              {
                "amd_sev_snp": "",
                "core_count": 2,
                "threads_per_core": 1
              }
            ],
            "cpu_threads_per_core": 1,
            "credit_specification": [
              {
                "cpu_credits": "unlimited"
              }
            ],
            "disable_api_stop": false,
            "disable_api_termination": false,
            "ebs_block_device": [],
            "ebs_optimized": false,
            "enclave_options": [
              {
                "enabled": false
              }
            ],
            "ephemeral_block_device": [],
            "get_password_data": false,
            "hibernation": false,
            "host_id": "",
            "host_resource_group_arn": null,
            "iam_instance_profile": "ssm_instance_profile",
            "id": "i-09750869d62bda1d9",
            "instance_initiated_shutdown_behavior": "stop",
            "instance_lifecycle": "",
            "instance_market_options": [],
            "instance_state": "running",
            "instance_type": "t4g.small",
            "ipv6_address_count": 0,
            "ipv6_addresses": [],
            "key_name": "my-key-pair",
            "launch_template": [],
            "maintenance_options": [
              {
                "auto_recovery": "default"
              }
            ],
            "metadata_options": [
              {
                "http_endpoint": "enabled",
                "http_protocol_ipv6": "disabled",
                "http_put_response_hop_limit": 2,
                "http_tokens": "required",
                "instance_metadata_tags": "disabled"
              }
            ],
            "monitoring": false,
            "network_interface": [],
            "outpost_arn": "",
            "password_data": "",
            "placement_group": "",
            "placement_partition_number": 0,
            "primary_network_interface_id": "eni-0e067589cc1591bdb",
            "private_dns": "ip-10-0-1-114.ap-southeast-1.compute.internal",
            "private_dns_name_options": [
              {
                "enable_resource_name_dns_a_record": false,
                "enable_resource_name_dns_aaaa_record": false,
                "hostname_type": "ip-name"
              }
            ],
            "private_ip": "10.0.1.114",
            "public_dns": "",
            "public_ip": "",
            "root_block_device": [
              {
                "delete_on_termination": true,
                "device_name": "/dev/xvda",
                "encrypted": false,
                "iops": 3000,
                "kms_key_id": "",
                "tags": null,
                "tags_all": {},
                "throughput": 125,
                "volume_id": "vol-08748233bfe201ef9",
                "volume_size": 50,
                "volume_type": "gp3"
              }
            ],
            "secondary_private_ips": [],
            "security_groups": [],
            "source_dest_check": true,
            "spot_instance_request_id": "",
            "subnet_id": "subnet-047767caebe0229a0",
            "tags": {
              "Environment": "dev",
              "Name": "jenkins-master",
              "Terraform": "true"
            },
            "tags_all": {
              "Environment": "dev",
              "Name": "jenkins-master",
              "Terraform": "true"
            },
            "tenancy": "default",
            "timeouts": null,
            "user_data": "d39f6ebffbfa7ec7819d66584e1c1c55a0ea9b9e",
            "user_data_base64": null,
            "user_data_replace_on_change": false,
            "volume_tags": null,
            "vpc_security_group_ids": [
              "sg-061b76d9663ef07ba"
            ]
          },
          "sensitive_attributes": [
            [
              {
                "type": "get_attr",
                "value": "user_data"
              }
            ]
          ],
          "private": "eyJlMmJmYjczMC1lY2FhLTExZTYtOGY4OC0zNDM2M2JjN2M0YzAiOnsiY3JlYXRlIjo2MDAwMDAwMDAwMDAsImRlbGV0ZSI6MTIwMDAwMDAwMDAwMCwicmVhZCI6OTAwMDAwMDAwMDAwLCJ1cGRhdGUiOjYwMDAwMDAwMDAwMH0sInNjaGVtYV92ZXJzaW9uIjoiMSJ9",
          "dependencies": [
            "module.bastion_host.aws_instance.bastion_host",
            "module.bastion_host.aws_security_group.ec2_bastion_host_sg",
            "module.iam.aws_iam_instance_profile.ssm_profile",
            "module.iam.aws_iam_role.ssm_role",
            "module.jenkins_master.aws_security_group.jenkins_master_sg",
            "module.jenkins_master.local_file.certificate_file",
            "module.jenkins_master.local_file.jenkins_master_private_key_file",
            "module.jenkins_master.local_file.jenkins_master_public_key_file",
            "module.jenkins_master.tls_private_key.jenkins_master_key",
            "module.jenkins_master.tls_self_signed_cert.jenkins_master",
            "module.key_pair.aws_key_pair.my_key_pair",
            "module.key_pair.tls_private_key.my_key",
            "module.vpc.aws_subnet.private_ap_southeast_1a",
            "module.vpc.aws_subnet.private_ap_southeast_1b",
            "module.vpc.aws_subnet.private_ap_southeast_1c",
            "module.vpc.aws_vpc.my_vpc"
          ]
        }
      ]
    },
    {
      "module": "module.jenkins_master",
      "mode": "managed",
      "type": "aws_key_pair",
      "name": "jenkins_master_key_pair",
      "provider": "provider[\"registry.terraform.io/hashicorp/aws\"]",
      "instances": [
        {
          "schema_version": 1,
          "attributes": {
            "arn": "arn:aws:ec2:ap-southeast-1:473154593366:key-pair/my-jenkins-master-key-pair",
            "fingerprint": "48:49:ee:d4:a5:60:64:65:df:ac:82:09:1d:57:9f:97",
            "id": "my-jenkins-master-key-pair",
            "key_name": "my-jenkins-master-key-pair",
            "key_name_prefix": "",
            "key_pair_id": "key-0473af3873b2cc21d",
            "key_type": "rsa",
            "public_key": "ssh-rsa AAAAB3NzaC1yc2EAAAADAQABAAABAQDwoV3dH3aMB2GeNmFCpOSgxOB+cBMxdvHUG/zsb+hSZI/TII7sXdJH5OO6iBnsfYMwU2CphhsaFGF+G/VRbjZk00bNUiMb1sVctJdE/38r3/zdWdEwfBl2La1sRYLBrbtlq8Kv6zuhw7Rig7WRk61HchEevtZEnQev8neVoVk5MUQ7LpGWy5eGr+PVaCtpDAe2HcOvPmz+QoPtoPIG/M1G0LY7jBlBSpA2AZwpmAVzSf2c6AH+3C3BU4vDRW0fYrcpEzhS9iYxIh/4YEKA98CMEgIZF5RtcXi+i8z9ZdmW9hg+9cDatLiEQMX1LSrv01VhPyFuX9zdNqj0VD1pJ4hJ",
            "tags": null,
            "tags_all": {}
          },
          "sensitive_attributes": [],
          "private": "eyJzY2hlbWFfdmVyc2lvbiI6IjEifQ==",
          "dependencies": [
            "module.jenkins_master.tls_private_key.jenkins_master_key"
          ]
        }
      ]
    },
    {
      "module": "module.jenkins_master",
      "mode": "managed",
      "type": "aws_security_group",
      "name": "jenkins_master_sg",
      "provider": "provider[\"registry.terraform.io/hashicorp/aws\"]",
      "instances": [
        {
          "schema_version": 1,
          "attributes": {
            "arn": "arn:aws:ec2:ap-southeast-1:473154593366:security-group/sg-061b76d9663ef07ba",
            "description": "Security group for Jenkins Master EC2 instance",
            "egress": [
              {
                "cidr_blocks": [
                  "0.0.0.0/0"
                ],
                "description": "Allow all outbound traffic",
                "from_port": 0,
                "ipv6_cidr_blocks": [],
                "prefix_list_ids": [],
                "protocol": "-1",
                "security_groups": [],
                "self": false,
                "to_port": 0
              }
            ],
            "id": "sg-061b76d9663ef07ba",
            "ingress": [
              {
                "cidr_blocks": [
                  "0.0.0.0/0"
                ],
                "description": "",
                "from_port": 0,
                "ipv6_cidr_blocks": [],
                "prefix_list_ids": [],
                "protocol": "-1",
                "security_groups": [],
                "self": false,
                "to_port": 0
              },
              {
                "cidr_blocks": [
                  "0.0.0.0/0"
                ],
                "description": "",
                "from_port": 50000,
                "ipv6_cidr_blocks": [],
                "prefix_list_ids": [],
                "protocol": "tcp",
                "security_groups": [],
                "self": false,
                "to_port": 50000
              },
              {
                "cidr_blocks": [
                  "0.0.0.0/0"
                ],
                "description": "HTTP",
                "from_port": 80,
                "ipv6_cidr_blocks": [],
                "prefix_list_ids": [],
                "protocol": "tcp",
                "security_groups": [],
                "self": false,
                "to_port": 80
              },
              {
                "cidr_blocks": [
                  "0.0.0.0/0"
                ],
                "description": "HTTPS",
                "from_port": 443,
                "ipv6_cidr_blocks": [],
                "prefix_list_ids": [],
                "protocol": "tcp",
                "security_groups": [],
                "self": false,
                "to_port": 443
              },
              {
                "cidr_blocks": [
                  "10.0.1.130/32"
                ],
                "description": "Allow traffic from the Bastion Host security group",
                "from_port": 22,
                "ipv6_cidr_blocks": [],
                "prefix_list_ids": [],
                "protocol": "tcp",
                "security_groups": [],
                "self": false,
                "to_port": 22
              },
              {
                "cidr_blocks": [
                  "10.0.1.130/32"
                ],
                "description": "Allows ICMP from the Bastion Host security group",
                "from_port": -1,
                "ipv6_cidr_blocks": [],
                "prefix_list_ids": [],
                "protocol": "icmp",
                "security_groups": [],
                "self": false,
                "to_port": -1
              }
            ],
            "name": "jenkins-master-sg",
            "name_prefix": "",
            "owner_id": "473154593366",
            "revoke_rules_on_delete": false,
            "tags": {
              "Environment": "dev",
              "Name": "jenkins-master-sg",
              "Terraform": "true"
            },
            "tags_all": {
              "Environment": "dev",
              "Name": "jenkins-master-sg",
              "Terraform": "true"
            },
            "timeouts": null,
            "vpc_id": "vpc-0a2220c0ba1a8e843"
          },
          "sensitive_attributes": [],
          "private": "eyJlMmJmYjczMC1lY2FhLTExZTYtOGY4OC0zNDM2M2JjN2M0YzAiOnsiY3JlYXRlIjo2MDAwMDAwMDAwMDAsImRlbGV0ZSI6OTAwMDAwMDAwMDAwfSwic2NoZW1hX3ZlcnNpb24iOiIxIn0=",
          "dependencies": [
            "module.bastion_host.aws_instance.bastion_host",
            "module.bastion_host.aws_security_group.ec2_bastion_host_sg",
            "module.iam.aws_iam_instance_profile.ssm_profile",
            "module.iam.aws_iam_role.ssm_role",
            "module.key_pair.aws_key_pair.my_key_pair",
            "module.key_pair.tls_private_key.my_key",
            "module.vpc.aws_subnet.private_ap_southeast_1a",
            "module.vpc.aws_subnet.private_ap_southeast_1b",
            "module.vpc.aws_subnet.private_ap_southeast_1c",
            "module.vpc.aws_vpc.my_vpc"
          ]
        }
      ]
    },
    {
      "module": "module.jenkins_master",
      "mode": "managed",
      "type": "local_file",
      "name": "certificate_file",
      "provider": "provider[\"registry.terraform.io/hashicorp/local\"]",
      "instances": [
        {
          "schema_version": 0,
          "attributes": {
            "content": "-----BEGIN CERTIFICATE-----\nMIIDYTCCAkmgAwIBAgIQTSBuSKxftTk/1/twSa0IsjANBgkqhkiG9w0BAQsFADBR\nMQswCQYDVQQGEwJJRDEaMBgGA1UEChMRQWRpdHlhIEtyaXN0aWFudG8xJjAkBgNV\nBAMTHWplbmtpbnMuYWRpdHlhLWtyaXN0aWFudG8uY29tMB4XDTI0MTIxNDAxMjU1\nMloXDTI1MTIxNDAxMjU1MlowUTELMAkGA1UEBhMCSUQxGjAYBgNVBAoTEUFkaXR5\nYSBLcmlzdGlhbnRvMSYwJAYDVQQDEx1qZW5raW5zLmFkaXR5YS1rcmlzdGlhbnRv\nLmNvbTCCASIwDQYJKoZIhvcNAQEBBQADggEPADCCAQoCggEBAPChXd0fdowHYZ42\nYUKk5KDE4H5wEzF28dQb/Oxv6FJkj9Mgjuxd0kfk47qIGex9gzBTYKmGGxoUYX4b\n9VFuNmTTRs1SIxvWxVy0l0T/fyvf/N1Z0TB8GXYtrWxFgsGtu2Wrwq/rO6HDtGKD\ntZGTrUdyER6+1kSdB6/yd5WhWTkxRDsukZbLl4av49VoK2kMB7Ydw68+bP5Cg+2g\n8gb8zUbQtjuMGUFKkDYBnCmYBXNJ/ZzoAf7cLcFTi8NFbR9itykTOFL2JjEiH/hg\nQoD3wIwSAhkXlG1xeL6LzP1l2Zb2GD71wNq0uIRAxfUtKu/TVWE/IW5f3N02qPRU\nPWkniEkCAwEAAaM1MDMwDgYDVR0PAQH/BAQDAgWgMBMGA1UdJQQMMAoGCCsGAQUF\nBwMBMAwGA1UdEwEB/wQCMAAwDQYJKoZIhvcNAQELBQADggEBADBDSEsRN9t0UoMI\nEWyEmvfsmJWezCt5Vyst682e4JHLajiIbZ+TxeKPOGdf0UlTL1Dq1MZ1wybbiVRb\npQZDJV9KNwotFXSqpZg4XtwuK2YEmV4RvjBeSGFbnByyCfOvtsVhmfQpJUqvHWwu\nuAoaA0wBlhwhqyfiTgahSUPb9tcI5mOQ88MlZo/sf4P3h1bBvIChVvEvMvJYDeLN\nF7GjWPB/LBaRza+EFflVW5SXlpLg/hJyv4uat4VA0HfHVyYLT5ot8vvOy/gwmJCH\nQ968SgPzdqEdo4d5accJI1D9rmqON5LpIQNt85taLXUwhLH2Js65xupcP7QTgYgQ\naVVrL2I=\n-----END CERTIFICATE-----\n",
            "content_base64": null,
            "content_base64sha256": "XMN4he9NxTk37LuGbwFFLL1m7gqlsOeGfUKM5gVxlog=",
            "content_base64sha512": "fEi+aDjz2x/v5t5cxtao3vKe7UMNCHpj5/pLHX1hEfylCO11G894sUa5musYfKB4vZxzyXZsjTJ8+WnkISsbeA==",
            "content_md5": "87016662426ae9d2697b4dd7aa262634",
            "content_sha1": "ba61e4980d8743192e1e75cafdc75f18ee39cf28",
            "content_sha256": "5cc37885ef4dc53937ecbb866f01452cbd66ee0aa5b0e7867d428ce605719688",
            "content_sha512": "7c48be6838f3db1fefe6de5cc6d6a8def29eed430d087a63e7fa4b1d7d6111fca508ed751bcf78b146b99aeb187ca078bd9c73c9766c8d327cf969e4212b1b78",
            "directory_permission": "0777",
            "file_permission": "0777",
            "filename": "modules/jenkins_master/certificate.pem",
            "id": "ba61e4980d8743192e1e75cafdc75f18ee39cf28",
            "sensitive_content": null,
            "source": null
          },
          "sensitive_attributes": [
            [
              {
                "type": "get_attr",
                "value": "sensitive_content"
              }
            ]
          ],
          "dependencies": [
            "module.jenkins_master.tls_private_key.jenkins_master_key",
            "module.jenkins_master.tls_self_signed_cert.jenkins_master"
          ]
        }
      ]
    },
    {
      "module": "module.jenkins_master",
      "mode": "managed",
      "type": "local_file",
      "name": "jenkins_master_private_key_file",
      "provider": "provider[\"registry.terraform.io/hashicorp/local\"]",
      "instances": [
        {
          "schema_version": 0,
          "attributes": {
            "content": "-----BEGIN RSA PRIVATE KEY-----\nMIIEowIBAAKCAQEA8KFd3R92jAdhnjZhQqTkoMTgfnATMXbx1Bv87G/oUmSP0yCO\n7F3SR+TjuogZ7H2DMFNgqYYbGhRhfhv1UW42ZNNGzVIjG9bFXLSXRP9/K9/83VnR\nMHwZdi2tbEWCwa27ZavCr+s7ocO0YoO1kZOtR3IRHr7WRJ0Hr/J3laFZOTFEOy6R\nlsuXhq/j1WgraQwHth3Drz5s/kKD7aDyBvzNRtC2O4wZQUqQNgGcKZgFc0n9nOgB\n/twtwVOLw0VtH2K3KRM4UvYmMSIf+GBCgPfAjBICGReUbXF4vovM/WXZlvYYPvXA\n2rS4hEDF9S0q79NVYT8hbl/c3Tao9FQ9aSeISQIDAQABAoIBABvtPm2JV0LNIIEy\nInuPk5EtCDjkXPXirhJF5Uazfi0BysdgAfZgtSTu5ZcicI/HyU/0fUVvcPnH38C5\nEfGPbvSoqJDvtW9nr6QguWWimWnIJxqxb9vGq1XR20yzjIdZ2GPmWUP9cwBFLEw6\nqPnqP7QJAv+kek2gQ+Ihq8tL3IUMfxgS/8KCYoWjJjvsya8lWZYNLAD1ZcuMh7OK\n7++QavpRCYKBGehgB8l8TXXHPof691AiVhgMAmpuG0TwOaVeK8SScG6n83JPgjV6\nRFZ+Zh0kkNqAWLcg5txPXjdb0PV9ypdGGvn5sXyHSVQlVS8QqjfjL7gZJW2zCgTo\nEt9lH9kCgYEA9nn7FMeGs5Kn3vsFUqdIHBB0J8EvvQINfaR2mbVxW6xbUPfuw7hq\n8Qvtm6h6Kpf+t8NNiJM1U1eyzIwrZgOQ3gDCMHhu55vxGvymhRl4GG1u32mYqe/k\nu8qsrd64IYz46lUHqKVbfjLA49g5MWZBpc68PsFFApS4OEOxxohgskMCgYEA+e2P\nCroPVw/GujtJJTqyMSL6YrUg+MnYJ5q643E9ANNW6FenauQntgAjQC6Qe385QZJ2\nhTATA2SPyymFYD9vh50aABNUWcT0A6vOaW/A7p08AjQiP8vq6ZvzOyp1KdM8hS+T\n83OXtulWOEu3AnoXdyS9doZNWuTrOy0Y8lolcIMCgYB1yW9Sy9M0h7ZPmhg+GpEc\nUESiJvFAWvXFgE3pQMtuatyswf9Jax04GmIvjADtz/s7KEsqJGdMb9GTbLzkoHmf\nji8+6J7fcidzpR+S5cv9qHZer+Dz/R+LGt0QrinCZtMhcQca8gLaOTjy6YbTc7GV\noklVmBj5lca/pKIVZWEIbwKBgQD5WDClmwtC6NJzakKHig/NRgBYCi1jCL1GhfB+\nibM6556FHy5ATm/v/CMvHUW4cC1HZkAokNXnRKTRJBOU+rTir7II8T/ub7ijEP1V\n49CwPt5ntGuXCnLLrnL0TF+n4r82gUkyUdjC+/ixIZjsN7LBgz4iycrTLCAjYdLJ\nt3Yy0QKBgH6DU2l+AbSrW+AuViCY1NurbdK0mhHDpM5R8oML8/uhy1ls3Ep/owxP\nyru2gvKOp3sjpz/BSDn0p4hZDm7Kzr4v+W4lYEtfzTnag9p/2pWAFB1Iaad5lJWR\nL0ShJP4IMYBRafewPLE5qzlf8Dc6LX7P9RYgIq88MD8Fao85X0OK\n-----END RSA PRIVATE KEY-----\n",
            "content_base64": null,
            "content_base64sha256": "rSOWALWMoRL3nMZf+oh3DttNyBXdrI9mD9TYZgJS8Gs=",
            "content_base64sha512": "wsEz2oZOv1p7tzenqafIJ8FVQ7ZnpqVBf+IJy9HwT/LWldIyeDP0px6hq7Ldab8j1zs450WG8nQTOQrhoBMtew==",
            "content_md5": "2252d5f392072f35561f31279966d04f",
            "content_sha1": "d0fce78e0a3e3ba4a7f9b5149b9c4f9e8a940c03",
            "content_sha256": "ad239600b58ca112f79cc65ffa88770edb4dc815ddac8f660fd4d8660252f06b",
            "content_sha512": "c2c133da864ebf5a7bb737a7a9a7c827c15543b667a6a5417fe209cbd1f04ff2d695d2327833f4a71ea1abb2dd69bf23d73b38e74586f27413390ae1a0132d7b",
            "directory_permission": "0777",
            "file_permission": "0777",
            "filename": "modules/jenkins_master/jenkins_master_key.pem",
            "id": "d0fce78e0a3e3ba4a7f9b5149b9c4f9e8a940c03",
            "sensitive_content": null,
            "source": null
          },
          "sensitive_attributes": [
            [
              {
                "type": "get_attr",
                "value": "sensitive_content"
              }
            ],
            [
              {
                "type": "get_attr",
                "value": "content"
              }
            ]
          ],
          "dependencies": [
            "module.jenkins_master.tls_private_key.jenkins_master_key"
          ]
        }
      ]
    },
    {
      "module": "module.jenkins_master",
      "mode": "managed",
      "type": "local_file",
      "name": "jenkins_master_public_key_file",
      "provider": "provider[\"registry.terraform.io/hashicorp/local\"]",
      "instances": [
        {
          "schema_version": 0,
          "attributes": {
            "content": "ssh-rsa AAAAB3NzaC1yc2EAAAADAQABAAABAQDwoV3dH3aMB2GeNmFCpOSgxOB+cBMxdvHUG/zsb+hSZI/TII7sXdJH5OO6iBnsfYMwU2CphhsaFGF+G/VRbjZk00bNUiMb1sVctJdE/38r3/zdWdEwfBl2La1sRYLBrbtlq8Kv6zuhw7Rig7WRk61HchEevtZEnQev8neVoVk5MUQ7LpGWy5eGr+PVaCtpDAe2HcOvPmz+QoPtoPIG/M1G0LY7jBlBSpA2AZwpmAVzSf2c6AH+3C3BU4vDRW0fYrcpEzhS9iYxIh/4YEKA98CMEgIZF5RtcXi+i8z9ZdmW9hg+9cDatLiEQMX1LSrv01VhPyFuX9zdNqj0VD1pJ4hJ\n",
            "content_base64": null,
            "content_base64sha256": "1iHijzKcFlxfJw2q7Jj1vBszo87yzQBigg7T+h1IXbI=",
            "content_base64sha512": "Z+f+gvrKOqyZm7xOS0spcwGjKyBbKZWJ8/p8rOomChIawLNMwNDoI7hEEb61hsSQbGjcnQ2eGEG3dVrp2/K2/A==",
            "content_md5": "146474955b79e5e807b316917a837d95",
            "content_sha1": "4eb5b123d77e903a1c309b75a9f4b10f2262110b",
            "content_sha256": "d621e28f329c165c5f270daaec98f5bc1b33a3cef2cd0062820ed3fa1d485db2",
            "content_sha512": "67e7fe82faca3aac999bbc4e4b4b297301a32b205b299589f3fa7cacea260a121ac0b34cc0d0e823b84411beb586c4906c68dc9d0d9e1841b7755ae9dbf2b6fc",
            "directory_permission": "0777",
            "file_permission": "0777",
            "filename": "modules/jenkins_master/jenkins_master_key.pub",
            "id": "4eb5b123d77e903a1c309b75a9f4b10f2262110b",
            "sensitive_content": null,
            "source": null
          },
          "sensitive_attributes": [
            [
              {
                "type": "get_attr",
                "value": "sensitive_content"
              }
            ]
          ],
          "dependencies": [
            "module.jenkins_master.tls_private_key.jenkins_master_key"
          ]
        }
      ]
    },
    {
      "module": "module.jenkins_master",
      "mode": "managed",
      "type": "tls_private_key",
      "name": "jenkins_master_key",
      "provider": "provider[\"registry.terraform.io/hashicorp/tls\"]",
      "instances": [
        {
          "schema_version": 1,
          "attributes": {
            "algorithm": "RSA",
            "ecdsa_curve": "P224",
            "id": "d7f5027f27b91473c5c8df9e8be97ac1c1b54280",
            "private_key_openssh": "-----BEGIN OPENSSH PRIVATE KEY-----\nb3BlbnNzaC1rZXktdjEAAAAABG5vbmUAAAAEbm9uZQAAAAAAAAABAAABFwAAAAdz\nc2gtcnNhAAAAAwEAAQAAAQEA8KFd3R92jAdhnjZhQqTkoMTgfnATMXbx1Bv87G/o\nUmSP0yCO7F3SR+TjuogZ7H2DMFNgqYYbGhRhfhv1UW42ZNNGzVIjG9bFXLSXRP9/\nK9/83VnRMHwZdi2tbEWCwa27ZavCr+s7ocO0YoO1kZOtR3IRHr7WRJ0Hr/J3laFZ\nOTFEOy6RlsuXhq/j1WgraQwHth3Drz5s/kKD7aDyBvzNRtC2O4wZQUqQNgGcKZgF\nc0n9nOgB/twtwVOLw0VtH2K3KRM4UvYmMSIf+GBCgPfAjBICGReUbXF4vovM/WXZ\nlvYYPvXA2rS4hEDF9S0q79NVYT8hbl/c3Tao9FQ9aSeISQAAA7iFNy+MhTcvjAAA\nAAdzc2gtcnNhAAABAQDwoV3dH3aMB2GeNmFCpOSgxOB+cBMxdvHUG/zsb+hSZI/T\nII7sXdJH5OO6iBnsfYMwU2CphhsaFGF+G/VRbjZk00bNUiMb1sVctJdE/38r3/zd\nWdEwfBl2La1sRYLBrbtlq8Kv6zuhw7Rig7WRk61HchEevtZEnQev8neVoVk5MUQ7\nLpGWy5eGr+PVaCtpDAe2HcOvPmz+QoPtoPIG/M1G0LY7jBlBSpA2AZwpmAVzSf2c\n6AH+3C3BU4vDRW0fYrcpEzhS9iYxIh/4YEKA98CMEgIZF5RtcXi+i8z9ZdmW9hg+\n9cDatLiEQMX1LSrv01VhPyFuX9zdNqj0VD1pJ4hJAAAAAwEAAQAAAQAb7T5tiVdC\nzSCBMiJ7j5ORLQg45Fz14q4SReVGs34tAcrHYAH2YLUk7uWXInCPx8lP9H1Fb3D5\nx9/AuRHxj270qKiQ77VvZ6+kILlloplpyCcasW/bxqtV0dtMs4yHWdhj5llD/XMA\nRSxMOqj56j+0CQL/pHpNoEPiIavLS9yFDH8YEv/CgmKFoyY77MmvJVmWDSwA9WXL\njIeziu/vkGr6UQmCgRnoYAfJfE11xz6H+vdQIlYYDAJqbhtE8DmlXivEknBup/Ny\nT4I1ekRWfmYdJJDagFi3IObcT143W9D1fcqXRhr5+bF8h0lUJVUvEKo34y+4GSVt\nswoE6BLfZR/ZAAAAgH6DU2l+AbSrW+AuViCY1NurbdK0mhHDpM5R8oML8/uhy1ls\n3Ep/owxPyru2gvKOp3sjpz/BSDn0p4hZDm7Kzr4v+W4lYEtfzTnag9p/2pWAFB1I\naad5lJWRL0ShJP4IMYBRafewPLE5qzlf8Dc6LX7P9RYgIq88MD8Fao85X0OKAAAA\ngQD2efsUx4azkqfe+wVSp0gcEHQnwS+9Ag19pHaZtXFbrFtQ9+7DuGrxC+2bqHoq\nl/63w02IkzVTV7LMjCtmA5DeAMIweG7nm/Ea/KaFGXgYbW7faZip7+S7yqyt3rgh\njPjqVQeopVt+MsDj2DkxZkGlzrw+wUUClLg4Q7HGiGCyQwAAAIEA+e2PCroPVw/G\nujtJJTqyMSL6YrUg+MnYJ5q643E9ANNW6FenauQntgAjQC6Qe385QZJ2hTATA2SP\nyymFYD9vh50aABNUWcT0A6vOaW/A7p08AjQiP8vq6ZvzOyp1KdM8hS+T83OXtulW\nOEu3AnoXdyS9doZNWuTrOy0Y8lolcIMAAAAAAQID\n-----END OPENSSH PRIVATE KEY-----\n",
            "private_key_pem": "-----BEGIN RSA PRIVATE KEY-----\nMIIEowIBAAKCAQEA8KFd3R92jAdhnjZhQqTkoMTgfnATMXbx1Bv87G/oUmSP0yCO\n7F3SR+TjuogZ7H2DMFNgqYYbGhRhfhv1UW42ZNNGzVIjG9bFXLSXRP9/K9/83VnR\nMHwZdi2tbEWCwa27ZavCr+s7ocO0YoO1kZOtR3IRHr7WRJ0Hr/J3laFZOTFEOy6R\nlsuXhq/j1WgraQwHth3Drz5s/kKD7aDyBvzNRtC2O4wZQUqQNgGcKZgFc0n9nOgB\n/twtwVOLw0VtH2K3KRM4UvYmMSIf+GBCgPfAjBICGReUbXF4vovM/WXZlvYYPvXA\n2rS4hEDF9S0q79NVYT8hbl/c3Tao9FQ9aSeISQIDAQABAoIBABvtPm2JV0LNIIEy\nInuPk5EtCDjkXPXirhJF5Uazfi0BysdgAfZgtSTu5ZcicI/HyU/0fUVvcPnH38C5\nEfGPbvSoqJDvtW9nr6QguWWimWnIJxqxb9vGq1XR20yzjIdZ2GPmWUP9cwBFLEw6\nqPnqP7QJAv+kek2gQ+Ihq8tL3IUMfxgS/8KCYoWjJjvsya8lWZYNLAD1ZcuMh7OK\n7++QavpRCYKBGehgB8l8TXXHPof691AiVhgMAmpuG0TwOaVeK8SScG6n83JPgjV6\nRFZ+Zh0kkNqAWLcg5txPXjdb0PV9ypdGGvn5sXyHSVQlVS8QqjfjL7gZJW2zCgTo\nEt9lH9kCgYEA9nn7FMeGs5Kn3vsFUqdIHBB0J8EvvQINfaR2mbVxW6xbUPfuw7hq\n8Qvtm6h6Kpf+t8NNiJM1U1eyzIwrZgOQ3gDCMHhu55vxGvymhRl4GG1u32mYqe/k\nu8qsrd64IYz46lUHqKVbfjLA49g5MWZBpc68PsFFApS4OEOxxohgskMCgYEA+e2P\nCroPVw/GujtJJTqyMSL6YrUg+MnYJ5q643E9ANNW6FenauQntgAjQC6Qe385QZJ2\nhTATA2SPyymFYD9vh50aABNUWcT0A6vOaW/A7p08AjQiP8vq6ZvzOyp1KdM8hS+T\n83OXtulWOEu3AnoXdyS9doZNWuTrOy0Y8lolcIMCgYB1yW9Sy9M0h7ZPmhg+GpEc\nUESiJvFAWvXFgE3pQMtuatyswf9Jax04GmIvjADtz/s7KEsqJGdMb9GTbLzkoHmf\nji8+6J7fcidzpR+S5cv9qHZer+Dz/R+LGt0QrinCZtMhcQca8gLaOTjy6YbTc7GV\noklVmBj5lca/pKIVZWEIbwKBgQD5WDClmwtC6NJzakKHig/NRgBYCi1jCL1GhfB+\nibM6556FHy5ATm/v/CMvHUW4cC1HZkAokNXnRKTRJBOU+rTir7II8T/ub7ijEP1V\n49CwPt5ntGuXCnLLrnL0TF+n4r82gUkyUdjC+/ixIZjsN7LBgz4iycrTLCAjYdLJ\nt3Yy0QKBgH6DU2l+AbSrW+AuViCY1NurbdK0mhHDpM5R8oML8/uhy1ls3Ep/owxP\nyru2gvKOp3sjpz/BSDn0p4hZDm7Kzr4v+W4lYEtfzTnag9p/2pWAFB1Iaad5lJWR\nL0ShJP4IMYBRafewPLE5qzlf8Dc6LX7P9RYgIq88MD8Fao85X0OK\n-----END RSA PRIVATE KEY-----\n",
            "private_key_pem_pkcs8": "-----BEGIN PRIVATE KEY-----\nMIIEvQIBADANBgkqhkiG9w0BAQEFAASCBKcwggSjAgEAAoIBAQDwoV3dH3aMB2Ge\nNmFCpOSgxOB+cBMxdvHUG/zsb+hSZI/TII7sXdJH5OO6iBnsfYMwU2CphhsaFGF+\nG/VRbjZk00bNUiMb1sVctJdE/38r3/zdWdEwfBl2La1sRYLBrbtlq8Kv6zuhw7Ri\ng7WRk61HchEevtZEnQev8neVoVk5MUQ7LpGWy5eGr+PVaCtpDAe2HcOvPmz+QoPt\noPIG/M1G0LY7jBlBSpA2AZwpmAVzSf2c6AH+3C3BU4vDRW0fYrcpEzhS9iYxIh/4\nYEKA98CMEgIZF5RtcXi+i8z9ZdmW9hg+9cDatLiEQMX1LSrv01VhPyFuX9zdNqj0\nVD1pJ4hJAgMBAAECggEAG+0+bYlXQs0ggTIie4+TkS0IOORc9eKuEkXlRrN+LQHK\nx2AB9mC1JO7llyJwj8fJT/R9RW9w+cffwLkR8Y9u9KiokO+1b2evpCC5ZaKZacgn\nGrFv28arVdHbTLOMh1nYY+ZZQ/1zAEUsTDqo+eo/tAkC/6R6TaBD4iGry0vchQx/\nGBL/woJihaMmO+zJryVZlg0sAPVly4yHs4rv75Bq+lEJgoEZ6GAHyXxNdcc+h/r3\nUCJWGAwCam4bRPA5pV4rxJJwbqfzck+CNXpEVn5mHSSQ2oBYtyDm3E9eN1vQ9X3K\nl0Ya+fmxfIdJVCVVLxCqN+MvuBklbbMKBOgS32Uf2QKBgQD2efsUx4azkqfe+wVS\np0gcEHQnwS+9Ag19pHaZtXFbrFtQ9+7DuGrxC+2bqHoql/63w02IkzVTV7LMjCtm\nA5DeAMIweG7nm/Ea/KaFGXgYbW7faZip7+S7yqyt3rghjPjqVQeopVt+MsDj2Dkx\nZkGlzrw+wUUClLg4Q7HGiGCyQwKBgQD57Y8Kug9XD8a6O0klOrIxIvpitSD4ydgn\nmrrjcT0A01boV6dq5Ce2ACNALpB7fzlBknaFMBMDZI/LKYVgP2+HnRoAE1RZxPQD\nq85pb8DunTwCNCI/y+rpm/M7KnUp0zyFL5Pzc5e26VY4S7cCehd3JL12hk1a5Os7\nLRjyWiVwgwKBgHXJb1LL0zSHtk+aGD4akRxQRKIm8UBa9cWATelAy25q3KzB/0lr\nHTgaYi+MAO3P+zsoSyokZ0xv0ZNsvOSgeZ+OLz7ont9yJ3OlH5Lly/2odl6v4PP9\nH4sa3RCuKcJm0yFxBxryAto5OPLphtNzsZWiSVWYGPmVxr+kohVlYQhvAoGBAPlY\nMKWbC0Lo0nNqQoeKD81GAFgKLWMIvUaF8H6JszrnnoUfLkBOb+/8Iy8dRbhwLUdm\nQCiQ1edEpNEkE5T6tOKvsgjxP+5vuKMQ/VXj0LA+3me0a5cKcsuucvRMX6fivzaB\nSTJR2ML7+LEhmOw3ssGDPiLJytMsICNh0sm3djLRAoGAfoNTaX4BtKtb4C5WIJjU\n26tt0rSaEcOkzlHygwvz+6HLWWzcSn+jDE/Ku7aC8o6neyOnP8FIOfSniFkObsrO\nvi/5biVgS1/NOdqD2n/alYAUHUhpp3mUlZEvRKEk/ggxgFFp97A8sTmrOV/wNzot\nfs/1FiAirzwwPwVqjzlfQ4o=\n-----END PRIVATE KEY-----\n",
            "public_key_fingerprint_md5": "49:fe:d4:24:e4:cb:3d:d0:8d:98:2a:51:b1:e3:64:19",
            "public_key_fingerprint_sha256": "SHA256:C5W+mh+R0fbUqb/Du5RMDOvPQRpZDNhyEqvFHwtWgHw",
            "public_key_openssh": "ssh-rsa AAAAB3NzaC1yc2EAAAADAQABAAABAQDwoV3dH3aMB2GeNmFCpOSgxOB+cBMxdvHUG/zsb+hSZI/TII7sXdJH5OO6iBnsfYMwU2CphhsaFGF+G/VRbjZk00bNUiMb1sVctJdE/38r3/zdWdEwfBl2La1sRYLBrbtlq8Kv6zuhw7Rig7WRk61HchEevtZEnQev8neVoVk5MUQ7LpGWy5eGr+PVaCtpDAe2HcOvPmz+QoPtoPIG/M1G0LY7jBlBSpA2AZwpmAVzSf2c6AH+3C3BU4vDRW0fYrcpEzhS9iYxIh/4YEKA98CMEgIZF5RtcXi+i8z9ZdmW9hg+9cDatLiEQMX1LSrv01VhPyFuX9zdNqj0VD1pJ4hJ\n",
            "public_key_pem": "-----BEGIN PUBLIC KEY-----\nMIIBIjANBgkqhkiG9w0BAQEFAAOCAQ8AMIIBCgKCAQEA8KFd3R92jAdhnjZhQqTk\noMTgfnATMXbx1Bv87G/oUmSP0yCO7F3SR+TjuogZ7H2DMFNgqYYbGhRhfhv1UW42\nZNNGzVIjG9bFXLSXRP9/K9/83VnRMHwZdi2tbEWCwa27ZavCr+s7ocO0YoO1kZOt\nR3IRHr7WRJ0Hr/J3laFZOTFEOy6RlsuXhq/j1WgraQwHth3Drz5s/kKD7aDyBvzN\nRtC2O4wZQUqQNgGcKZgFc0n9nOgB/twtwVOLw0VtH2K3KRM4UvYmMSIf+GBCgPfA\njBICGReUbXF4vovM/WXZlvYYPvXA2rS4hEDF9S0q79NVYT8hbl/c3Tao9FQ9aSeI\nSQIDAQAB\n-----END PUBLIC KEY-----\n",
            "rsa_bits": 2048
          },
          "sensitive_attributes": [
            [
              {
                "type": "get_attr",
                "value": "private_key_openssh"
              }
            ],
            [
              {
                "type": "get_attr",
                "value": "private_key_pem_pkcs8"
              }
            ],
            [
              {
                "type": "get_attr",
                "value": "private_key_pem"
              }
            ]
          ]
        }
      ]
    },
    {
      "module": "module.jenkins_master",
      "mode": "managed",
      "type": "tls_self_signed_cert",
      "name": "jenkins_master",
      "provider": "provider[\"registry.terraform.io/hashicorp/tls\"]",
      "instances": [
        {
          "schema_version": 0,
          "attributes": {
            "allowed_uses": [
              "key_encipherment",
              "digital_signature",
              "server_auth"
            ],
            "cert_pem": "-----BEGIN CERTIFICATE-----\nMIIDYTCCAkmgAwIBAgIQTSBuSKxftTk/1/twSa0IsjANBgkqhkiG9w0BAQsFADBR\nMQswCQYDVQQGEwJJRDEaMBgGA1UEChMRQWRpdHlhIEtyaXN0aWFudG8xJjAkBgNV\nBAMTHWplbmtpbnMuYWRpdHlhLWtyaXN0aWFudG8uY29tMB4XDTI0MTIxNDAxMjU1\nMloXDTI1MTIxNDAxMjU1MlowUTELMAkGA1UEBhMCSUQxGjAYBgNVBAoTEUFkaXR5\nYSBLcmlzdGlhbnRvMSYwJAYDVQQDEx1qZW5raW5zLmFkaXR5YS1rcmlzdGlhbnRv\nLmNvbTCCASIwDQYJKoZIhvcNAQEBBQADggEPADCCAQoCggEBAPChXd0fdowHYZ42\nYUKk5KDE4H5wEzF28dQb/Oxv6FJkj9Mgjuxd0kfk47qIGex9gzBTYKmGGxoUYX4b\n9VFuNmTTRs1SIxvWxVy0l0T/fyvf/N1Z0TB8GXYtrWxFgsGtu2Wrwq/rO6HDtGKD\ntZGTrUdyER6+1kSdB6/yd5WhWTkxRDsukZbLl4av49VoK2kMB7Ydw68+bP5Cg+2g\n8gb8zUbQtjuMGUFKkDYBnCmYBXNJ/ZzoAf7cLcFTi8NFbR9itykTOFL2JjEiH/hg\nQoD3wIwSAhkXlG1xeL6LzP1l2Zb2GD71wNq0uIRAxfUtKu/TVWE/IW5f3N02qPRU\nPWkniEkCAwEAAaM1MDMwDgYDVR0PAQH/BAQDAgWgMBMGA1UdJQQMMAoGCCsGAQUF\nBwMBMAwGA1UdEwEB/wQCMAAwDQYJKoZIhvcNAQELBQADggEBADBDSEsRN9t0UoMI\nEWyEmvfsmJWezCt5Vyst682e4JHLajiIbZ+TxeKPOGdf0UlTL1Dq1MZ1wybbiVRb\npQZDJV9KNwotFXSqpZg4XtwuK2YEmV4RvjBeSGFbnByyCfOvtsVhmfQpJUqvHWwu\nuAoaA0wBlhwhqyfiTgahSUPb9tcI5mOQ88MlZo/sf4P3h1bBvIChVvEvMvJYDeLN\nF7GjWPB/LBaRza+EFflVW5SXlpLg/hJyv4uat4VA0HfHVyYLT5ot8vvOy/gwmJCH\nQ968SgPzdqEdo4d5accJI1D9rmqON5LpIQNt85taLXUwhLH2Js65xupcP7QTgYgQ\naVVrL2I=\n-----END CERTIFICATE-----\n",
            "dns_names": null,
            "early_renewal_hours": 0,
            "id": "102518945997742864855018035660488247474",
            "ip_addresses": null,
            "is_ca_certificate": false,
            "key_algorithm": "RSA",
            "private_key_pem": "-----BEGIN RSA PRIVATE KEY-----\nMIIEowIBAAKCAQEA8KFd3R92jAdhnjZhQqTkoMTgfnATMXbx1Bv87G/oUmSP0yCO\n7F3SR+TjuogZ7H2DMFNgqYYbGhRhfhv1UW42ZNNGzVIjG9bFXLSXRP9/K9/83VnR\nMHwZdi2tbEWCwa27ZavCr+s7ocO0YoO1kZOtR3IRHr7WRJ0Hr/J3laFZOTFEOy6R\nlsuXhq/j1WgraQwHth3Drz5s/kKD7aDyBvzNRtC2O4wZQUqQNgGcKZgFc0n9nOgB\n/twtwVOLw0VtH2K3KRM4UvYmMSIf+GBCgPfAjBICGReUbXF4vovM/WXZlvYYPvXA\n2rS4hEDF9S0q79NVYT8hbl/c3Tao9FQ9aSeISQIDAQABAoIBABvtPm2JV0LNIIEy\nInuPk5EtCDjkXPXirhJF5Uazfi0BysdgAfZgtSTu5ZcicI/HyU/0fUVvcPnH38C5\nEfGPbvSoqJDvtW9nr6QguWWimWnIJxqxb9vGq1XR20yzjIdZ2GPmWUP9cwBFLEw6\nqPnqP7QJAv+kek2gQ+Ihq8tL3IUMfxgS/8KCYoWjJjvsya8lWZYNLAD1ZcuMh7OK\n7++QavpRCYKBGehgB8l8TXXHPof691AiVhgMAmpuG0TwOaVeK8SScG6n83JPgjV6\nRFZ+Zh0kkNqAWLcg5txPXjdb0PV9ypdGGvn5sXyHSVQlVS8QqjfjL7gZJW2zCgTo\nEt9lH9kCgYEA9nn7FMeGs5Kn3vsFUqdIHBB0J8EvvQINfaR2mbVxW6xbUPfuw7hq\n8Qvtm6h6Kpf+t8NNiJM1U1eyzIwrZgOQ3gDCMHhu55vxGvymhRl4GG1u32mYqe/k\nu8qsrd64IYz46lUHqKVbfjLA49g5MWZBpc68PsFFApS4OEOxxohgskMCgYEA+e2P\nCroPVw/GujtJJTqyMSL6YrUg+MnYJ5q643E9ANNW6FenauQntgAjQC6Qe385QZJ2\nhTATA2SPyymFYD9vh50aABNUWcT0A6vOaW/A7p08AjQiP8vq6ZvzOyp1KdM8hS+T\n83OXtulWOEu3AnoXdyS9doZNWuTrOy0Y8lolcIMCgYB1yW9Sy9M0h7ZPmhg+GpEc\nUESiJvFAWvXFgE3pQMtuatyswf9Jax04GmIvjADtz/s7KEsqJGdMb9GTbLzkoHmf\nji8+6J7fcidzpR+S5cv9qHZer+Dz/R+LGt0QrinCZtMhcQca8gLaOTjy6YbTc7GV\noklVmBj5lca/pKIVZWEIbwKBgQD5WDClmwtC6NJzakKHig/NRgBYCi1jCL1GhfB+\nibM6556FHy5ATm/v/CMvHUW4cC1HZkAokNXnRKTRJBOU+rTir7II8T/ub7ijEP1V\n49CwPt5ntGuXCnLLrnL0TF+n4r82gUkyUdjC+/ixIZjsN7LBgz4iycrTLCAjYdLJ\nt3Yy0QKBgH6DU2l+AbSrW+AuViCY1NurbdK0mhHDpM5R8oML8/uhy1ls3Ep/owxP\nyru2gvKOp3sjpz/BSDn0p4hZDm7Kzr4v+W4lYEtfzTnag9p/2pWAFB1Iaad5lJWR\nL0ShJP4IMYBRafewPLE5qzlf8Dc6LX7P9RYgIq88MD8Fao85X0OK\n-----END RSA PRIVATE KEY-----\n",
            "ready_for_renewal": false,
            "set_authority_key_id": false,
            "set_subject_key_id": false,
            "subject": [
              {
                "common_name": "jenkins.aditya-kristianto.com",
                "country": "ID",
                "locality": null,
                "organization": "Aditya Kristianto",
                "organizational_unit": null,
                "postal_code": null,
                "province": null,
                "serial_number": null,
                "street_address": null
              }
            ],
            "uris": null,
            "validity_end_time": "2025-12-14T01:25:52.51682573Z",
            "validity_period_hours": 8760,
            "validity_start_time": "2024-12-14T01:25:52.51682573Z"
          },
          "sensitive_attributes": [
            [
              {
                "type": "get_attr",
                "value": "private_key_pem"
              }
            ]
          ],
          "dependencies": [
            "module.jenkins_master.tls_private_key.jenkins_master_key"
          ]
        }
      ]
    },
    {
      "module": "module.key_pair",
      "mode": "managed",
      "type": "aws_key_pair",
      "name": "my_key_pair",
      "provider": "provider[\"registry.terraform.io/hashicorp/aws\"]",
      "instances": [
        {
          "schema_version": 1,
          "attributes": {
            "arn": "arn:aws:ec2:ap-southeast-1:473154593366:key-pair/my-key-pair",
            "fingerprint": "0a:fb:92:22:d5:0e:cb:aa:24:3f:da:b0:c6:64:a0:95",
            "id": "my-key-pair",
            "key_name": "my-key-pair",
            "key_name_prefix": "",
            "key_pair_id": "key-0d35b0b1dacc190fa",
            "key_type": "rsa",
            "public_key": "ssh-rsa AAAAB3NzaC1yc2EAAAADAQABAAABAQDOJnqKnAFvXPrPy27ysyP9+QJQ1BjymwOeIYyqDU/NQTFrpHugh7Qa8qBWm81/ImLRyduAQqbzf15HUbUUipY3mPWV1kTA8ov3tfG884OTXcIyVe0jw3RUL9E+kXSumQf5tsbYccvKaeQ5LmhtR8+YR+MfYoaX6vUmIn0DNmK+BgDT2LJesyGW6dYh4Rq04t/smaHw9jvjPCxxRpLFH5hOF/ujjmFzCUAFuRaN8KTZu7bFL+hnfVl0r0/cXtKWWdoyF5fT/OWG3c4cPDq9SjRHHP8+TXoXQjnQHJPv2AvnLsoYLFvGTBt7ovDJUJowA+SNaDvCpg+za3qqNp4YscGn",
            "tags": null,
            "tags_all": {}
          },
          "sensitive_attributes": [],
          "private": "eyJzY2hlbWFfdmVyc2lvbiI6IjEifQ==",
          "dependencies": [
            "module.key_pair.tls_private_key.my_key"
          ]
        }
      ]
    },
    {
      "module": "module.key_pair",
      "mode": "managed",
      "type": "local_file",
      "name": "private_key_file",
      "provider": "provider[\"registry.terraform.io/hashicorp/local\"]",
      "instances": [
        {
          "schema_version": 0,
          "attributes": {
            "content": "-----BEGIN RSA PRIVATE KEY-----\nMIIEpQIBAAKCAQEAziZ6ipwBb1z6z8tu8rMj/fkCUNQY8psDniGMqg1PzUExa6R7\noIe0GvKgVpvNfyJi0cnbgEKm839eR1G1FIqWN5j1ldZEwPKL97XxvPODk13CMlXt\nI8N0VC/RPpF0rpkH+bbG2HHLymnkOS5obUfPmEfjH2KGl+r1JiJ9AzZivgYA09iy\nXrMhlunWIeEatOLf7Jmh8PY74zwscUaSxR+YThf7o45hcwlABbkWjfCk2bu2xS/o\nZ31ZdK9P3F7SllnaMheX0/zlht3OHDw6vUo0Rxz/Pk16F0I50ByT79gL5y7KGCxb\nxkwbe6LwyVCaMAPkjWg7wqYPs2t6qjaeGLHBpwIDAQABAoIBAQCTbqV49/V2xZKC\nhcVFQaTd//YOBIILD53Yu7mz7G1EJ/nGOA5KUoMWOqs9BZRD9j2iN7EJ26E2x8KP\nUvokRLEF9hi9Hk5xh4VelPrb3XQeMpGuGhHM3/4UL1aAXtqJ+9veVT+EkG3kxzJ3\nSp9YeGEZUWA3k+kaQOkuar/pSj34E15tnqtfaN5UZfTzMZQtD4oZYszY8YwOxEw+\n3zm3Cdsgk6DAVxS9rV8O2LINqOU7XI3dlu8+9RDBMQ9MrcI/W30aC53Ce018/8cG\nuWLwLtfSDBe3rPNFJI9Wq4/JRAfdhPgEBuvdYxpJZzavrJ4prqaptPcSHbTpCEpM\nBBchxt2BAoGBAOPOUl/7cbqdCIyka2RqWPywPt6edCSiTnsEXZZGuL6tjuL2OHQp\nuHF8Cm4k3DO5y+Gaw2ZCCLSu/9hCpjSotBT5V8jF1boIfZcHrsI6R7X077mQkqYR\n9b/BjKai72tuix9RGqJQPjXA0CqLJNZfQv5g6sIJfLu2lOa2OcA3QCIHAoGBAOeq\nCBdubeKxR1dQOKmHVNA2Wjn3qdZSFn+8yb2uJvSpRT3AtFuGiwmoCnqKE1g6WhI3\n3eHcjFxg6gFcwqlqAYGYQ2jGYKxRFvLpr2yCQdc5pz+8weE870s7CgUnT1OXfp2y\nQ+BZKpiYBdIqtV+Q2DsEaaIwr4301dxSYOPVuPthAoGATmhsR+cGrQFxuN66q/RC\nrq6G5R7KwPUwZ/0HrTqoSdD49jtjEPBvMHhOKrz7Ib6YYw1epeqijnYRT0EZbdSH\nLxTnVw5o0sArYfld+DIRDprAjDErmIdj+11F6PD50RNaRSwoK6fM0bmMrKf5xONC\n7sUy6BhV21IrjAE6fWNG6q8CgYEAtGigpoa0Am8mbKOnjLY8YW2CdFQfqi0BIncF\n8LZX1f6gUoforMIpMtrvViCDEhlXHYruOz9C+4npkigH3GEWTTMjg8vBa1A2+/Lq\nTyldVtuqGKPJpLuMatzOX9cOGr4Gt44k9+jYmD8DgXkLCCJHkiZMkScy/+zkQxDQ\nLX258eECgYEAr9ApeuH9TxgWRRyHXuolzDnmF0x/iPUV5bUJF/5qmyvheRI9s2Nc\nVKR6MoxK6MDUgpIWmWiPTAMvkA5Y/m77wjsikTsbY5OxE9R4076PQwXP79xK8Rq9\nV+IYB8kldR7L8YPqZftG8zrX4lF51DWNzZoQPhTPUpQyaosiWIySTa8=\n-----END RSA PRIVATE KEY-----\n",
            "content_base64": null,
            "content_base64sha256": "Yt2YnBF735SbFXwXVbay5PWRaxgvu7GV1rwAz3h7u8c=",
            "content_base64sha512": "IYiyjOX2XPsI+qVHLleZyL43pf77OgVaH5RvrWxMRbw3u7Rk0dAcPh3mP8cKIVKxEfIefQ1Q/7G/yrr526ERsQ==",
            "content_md5": "bba9af2d315ef99490695a0e2c1a4e96",
            "content_sha1": "7cbc1271645804e065c8cfe33dc1f036ac6d26bd",
            "content_sha256": "62dd989c117bdf949b157c1755b6b2e4f5916b182fbbb195d6bc00cf787bbbc7",
            "content_sha512": "2188b28ce5f65cfb08faa5472e5799c8be37a5fefb3a055a1f946fad6c4c45bc37bbb464d1d01c3e1de63fc70a2152b111f21e7d0d50ffb1bfcabaf9dba111b1",
            "directory_permission": "0777",
            "file_permission": "0777",
            "filename": "modules/key_pair/my-key-pair.pem",
            "id": "7cbc1271645804e065c8cfe33dc1f036ac6d26bd",
            "sensitive_content": null,
            "source": null
          },
          "sensitive_attributes": [
            [
              {
                "type": "get_attr",
                "value": "content"
              }
            ],
            [
              {
                "type": "get_attr",
                "value": "sensitive_content"
              }
            ]
          ],
          "dependencies": [
            "module.key_pair.tls_private_key.my_key"
          ]
        }
      ]
    },
    {
      "module": "module.key_pair",
      "mode": "managed",
      "type": "tls_private_key",
      "name": "my_key",
      "provider": "provider[\"registry.terraform.io/hashicorp/tls\"]",
      "instances": [
        {
          "schema_version": 1,
          "attributes": {
            "algorithm": "RSA",
            "ecdsa_curve": "P224",
            "id": "e333b8673531aef7bf589802224c2fbff7dee471",
            "private_key_openssh": "-----BEGIN OPENSSH PRIVATE KEY-----\nb3BlbnNzaC1rZXktdjEAAAAABG5vbmUAAAAEbm9uZQAAAAAAAAABAAABFwAAAAdz\nc2gtcnNhAAAAAwEAAQAAAQEAziZ6ipwBb1z6z8tu8rMj/fkCUNQY8psDniGMqg1P\nzUExa6R7oIe0GvKgVpvNfyJi0cnbgEKm839eR1G1FIqWN5j1ldZEwPKL97XxvPOD\nk13CMlXtI8N0VC/RPpF0rpkH+bbG2HHLymnkOS5obUfPmEfjH2KGl+r1JiJ9AzZi\nvgYA09iyXrMhlunWIeEatOLf7Jmh8PY74zwscUaSxR+YThf7o45hcwlABbkWjfCk\n2bu2xS/oZ31ZdK9P3F7SllnaMheX0/zlht3OHDw6vUo0Rxz/Pk16F0I50ByT79gL\n5y7KGCxbxkwbe6LwyVCaMAPkjWg7wqYPs2t6qjaeGLHBpwAAA7gErOpRBKzqUQAA\nAAdzc2gtcnNhAAABAQDOJnqKnAFvXPrPy27ysyP9+QJQ1BjymwOeIYyqDU/NQTFr\npHugh7Qa8qBWm81/ImLRyduAQqbzf15HUbUUipY3mPWV1kTA8ov3tfG884OTXcIy\nVe0jw3RUL9E+kXSumQf5tsbYccvKaeQ5LmhtR8+YR+MfYoaX6vUmIn0DNmK+BgDT\n2LJesyGW6dYh4Rq04t/smaHw9jvjPCxxRpLFH5hOF/ujjmFzCUAFuRaN8KTZu7bF\nL+hnfVl0r0/cXtKWWdoyF5fT/OWG3c4cPDq9SjRHHP8+TXoXQjnQHJPv2AvnLsoY\nLFvGTBt7ovDJUJowA+SNaDvCpg+za3qqNp4YscGnAAAAAwEAAQAAAQEAk26lePf1\ndsWSgoXFRUGk3f/2DgSCCw+d2Lu5s+xtRCf5xjgOSlKDFjqrPQWUQ/Y9ojexCduh\nNsfCj1L6JESxBfYYvR5OcYeFXpT62910HjKRrhoRzN/+FC9WgF7aifvb3lU/hJBt\n5Mcyd0qfWHhhGVFgN5PpGkDpLmq/6Uo9+BNebZ6rX2jeVGX08zGULQ+KGWLM2PGM\nDsRMPt85twnbIJOgwFcUva1fDtiyDajlO1yN3ZbvPvUQwTEPTK3CP1t9GgudwntN\nfP/HBrli8C7X0gwXt6zzRSSPVquPyUQH3YT4BAbr3WMaSWc2r6yeKa6mqbT3Eh20\n6QhKTAQXIcbdgQAAAIEAr9ApeuH9TxgWRRyHXuolzDnmF0x/iPUV5bUJF/5qmyvh\neRI9s2NcVKR6MoxK6MDUgpIWmWiPTAMvkA5Y/m77wjsikTsbY5OxE9R4076PQwXP\n79xK8Rq9V+IYB8kldR7L8YPqZftG8zrX4lF51DWNzZoQPhTPUpQyaosiWIySTa8A\nAACBAOPOUl/7cbqdCIyka2RqWPywPt6edCSiTnsEXZZGuL6tjuL2OHQpuHF8Cm4k\n3DO5y+Gaw2ZCCLSu/9hCpjSotBT5V8jF1boIfZcHrsI6R7X077mQkqYR9b/BjKai\n72tuix9RGqJQPjXA0CqLJNZfQv5g6sIJfLu2lOa2OcA3QCIHAAAAgQDnqggXbm3i\nsUdXUDiph1TQNlo596nWUhZ/vMm9rib0qUU9wLRbhosJqAp6ihNYOloSN93h3Ixc\nYOoBXMKpagGBmENoxmCsURby6a9sgkHXOac/vMHhPO9LOwoFJ09Tl36dskPgWSqY\nmAXSKrVfkNg7BGmiMK+N9NXcUmDj1bj7YQAAAAAB\n-----END OPENSSH PRIVATE KEY-----\n",
            "private_key_pem": "-----BEGIN RSA PRIVATE KEY-----\nMIIEpQIBAAKCAQEAziZ6ipwBb1z6z8tu8rMj/fkCUNQY8psDniGMqg1PzUExa6R7\noIe0GvKgVpvNfyJi0cnbgEKm839eR1G1FIqWN5j1ldZEwPKL97XxvPODk13CMlXt\nI8N0VC/RPpF0rpkH+bbG2HHLymnkOS5obUfPmEfjH2KGl+r1JiJ9AzZivgYA09iy\nXrMhlunWIeEatOLf7Jmh8PY74zwscUaSxR+YThf7o45hcwlABbkWjfCk2bu2xS/o\nZ31ZdK9P3F7SllnaMheX0/zlht3OHDw6vUo0Rxz/Pk16F0I50ByT79gL5y7KGCxb\nxkwbe6LwyVCaMAPkjWg7wqYPs2t6qjaeGLHBpwIDAQABAoIBAQCTbqV49/V2xZKC\nhcVFQaTd//YOBIILD53Yu7mz7G1EJ/nGOA5KUoMWOqs9BZRD9j2iN7EJ26E2x8KP\nUvokRLEF9hi9Hk5xh4VelPrb3XQeMpGuGhHM3/4UL1aAXtqJ+9veVT+EkG3kxzJ3\nSp9YeGEZUWA3k+kaQOkuar/pSj34E15tnqtfaN5UZfTzMZQtD4oZYszY8YwOxEw+\n3zm3Cdsgk6DAVxS9rV8O2LINqOU7XI3dlu8+9RDBMQ9MrcI/W30aC53Ce018/8cG\nuWLwLtfSDBe3rPNFJI9Wq4/JRAfdhPgEBuvdYxpJZzavrJ4prqaptPcSHbTpCEpM\nBBchxt2BAoGBAOPOUl/7cbqdCIyka2RqWPywPt6edCSiTnsEXZZGuL6tjuL2OHQp\nuHF8Cm4k3DO5y+Gaw2ZCCLSu/9hCpjSotBT5V8jF1boIfZcHrsI6R7X077mQkqYR\n9b/BjKai72tuix9RGqJQPjXA0CqLJNZfQv5g6sIJfLu2lOa2OcA3QCIHAoGBAOeq\nCBdubeKxR1dQOKmHVNA2Wjn3qdZSFn+8yb2uJvSpRT3AtFuGiwmoCnqKE1g6WhI3\n3eHcjFxg6gFcwqlqAYGYQ2jGYKxRFvLpr2yCQdc5pz+8weE870s7CgUnT1OXfp2y\nQ+BZKpiYBdIqtV+Q2DsEaaIwr4301dxSYOPVuPthAoGATmhsR+cGrQFxuN66q/RC\nrq6G5R7KwPUwZ/0HrTqoSdD49jtjEPBvMHhOKrz7Ib6YYw1epeqijnYRT0EZbdSH\nLxTnVw5o0sArYfld+DIRDprAjDErmIdj+11F6PD50RNaRSwoK6fM0bmMrKf5xONC\n7sUy6BhV21IrjAE6fWNG6q8CgYEAtGigpoa0Am8mbKOnjLY8YW2CdFQfqi0BIncF\n8LZX1f6gUoforMIpMtrvViCDEhlXHYruOz9C+4npkigH3GEWTTMjg8vBa1A2+/Lq\nTyldVtuqGKPJpLuMatzOX9cOGr4Gt44k9+jYmD8DgXkLCCJHkiZMkScy/+zkQxDQ\nLX258eECgYEAr9ApeuH9TxgWRRyHXuolzDnmF0x/iPUV5bUJF/5qmyvheRI9s2Nc\nVKR6MoxK6MDUgpIWmWiPTAMvkA5Y/m77wjsikTsbY5OxE9R4076PQwXP79xK8Rq9\nV+IYB8kldR7L8YPqZftG8zrX4lF51DWNzZoQPhTPUpQyaosiWIySTa8=\n-----END RSA PRIVATE KEY-----\n",
            "private_key_pem_pkcs8": "-----BEGIN PRIVATE KEY-----\nMIIEvwIBADANBgkqhkiG9w0BAQEFAASCBKkwggSlAgEAAoIBAQDOJnqKnAFvXPrP\ny27ysyP9+QJQ1BjymwOeIYyqDU/NQTFrpHugh7Qa8qBWm81/ImLRyduAQqbzf15H\nUbUUipY3mPWV1kTA8ov3tfG884OTXcIyVe0jw3RUL9E+kXSumQf5tsbYccvKaeQ5\nLmhtR8+YR+MfYoaX6vUmIn0DNmK+BgDT2LJesyGW6dYh4Rq04t/smaHw9jvjPCxx\nRpLFH5hOF/ujjmFzCUAFuRaN8KTZu7bFL+hnfVl0r0/cXtKWWdoyF5fT/OWG3c4c\nPDq9SjRHHP8+TXoXQjnQHJPv2AvnLsoYLFvGTBt7ovDJUJowA+SNaDvCpg+za3qq\nNp4YscGnAgMBAAECggEBAJNupXj39XbFkoKFxUVBpN3/9g4EggsPndi7ubPsbUQn\n+cY4DkpSgxY6qz0FlEP2PaI3sQnboTbHwo9S+iREsQX2GL0eTnGHhV6U+tvddB4y\nka4aEczf/hQvVoBe2on7295VP4SQbeTHMndKn1h4YRlRYDeT6RpA6S5qv+lKPfgT\nXm2eq19o3lRl9PMxlC0PihlizNjxjA7ETD7fObcJ2yCToMBXFL2tXw7Ysg2o5Ttc\njd2W7z71EMExD0ytwj9bfRoLncJ7TXz/xwa5YvAu19IMF7es80Ukj1arj8lEB92E\n+AQG691jGklnNq+snimupqm09xIdtOkISkwEFyHG3YECgYEA485SX/txup0IjKRr\nZGpY/LA+3p50JKJOewRdlka4vq2O4vY4dCm4cXwKbiTcM7nL4ZrDZkIItK7/2EKm\nNKi0FPlXyMXVugh9lweuwjpHtfTvuZCSphH1v8GMpqLva26LH1EaolA+NcDQKosk\n1l9C/mDqwgl8u7aU5rY5wDdAIgcCgYEA56oIF25t4rFHV1A4qYdU0DZaOfep1lIW\nf7zJva4m9KlFPcC0W4aLCagKeooTWDpaEjfd4dyMXGDqAVzCqWoBgZhDaMZgrFEW\n8umvbIJB1zmnP7zB4TzvSzsKBSdPU5d+nbJD4FkqmJgF0iq1X5DYOwRpojCvjfTV\n3FJg49W4+2ECgYBOaGxH5watAXG43rqr9EKuroblHsrA9TBn/QetOqhJ0Pj2O2MQ\n8G8weE4qvPshvphjDV6l6qKOdhFPQRlt1IcvFOdXDmjSwCth+V34MhEOmsCMMSuY\nh2P7XUXo8PnRE1pFLCgrp8zRuYysp/nE40LuxTLoGFXbUiuMATp9Y0bqrwKBgQC0\naKCmhrQCbyZso6eMtjxhbYJ0VB+qLQEidwXwtlfV/qBSh+iswiky2u9WIIMSGVcd\niu47P0L7iemSKAfcYRZNMyODy8FrUDb78upPKV1W26oYo8mku4xq3M5f1w4avga3\njiT36NiYPwOBeQsIIkeSJkyRJzL/7ORDENAtfbnx4QKBgQCv0Cl64f1PGBZFHIde\n6iXMOeYXTH+I9RXltQkX/mqbK+F5Ej2zY1xUpHoyjErowNSCkhaZaI9MAy+QDlj+\nbvvCOyKROxtjk7ET1HjTvo9DBc/v3ErxGr1X4hgHySV1Hsvxg+pl+0bzOtfiUXnU\nNY3NmhA+FM9SlDJqiyJYjJJNrw==\n-----END PRIVATE KEY-----\n",
            "public_key_fingerprint_md5": "c7:89:ee:de:5c:71:a2:43:54:fa:a2:5f:ad:8d:dd:0a",
            "public_key_fingerprint_sha256": "SHA256:hb4J3QX6bJX0YzZ4SUueSvSg9QdJFsEkzVzxobCrByQ",
            "public_key_openssh": "ssh-rsa AAAAB3NzaC1yc2EAAAADAQABAAABAQDOJnqKnAFvXPrPy27ysyP9+QJQ1BjymwOeIYyqDU/NQTFrpHugh7Qa8qBWm81/ImLRyduAQqbzf15HUbUUipY3mPWV1kTA8ov3tfG884OTXcIyVe0jw3RUL9E+kXSumQf5tsbYccvKaeQ5LmhtR8+YR+MfYoaX6vUmIn0DNmK+BgDT2LJesyGW6dYh4Rq04t/smaHw9jvjPCxxRpLFH5hOF/ujjmFzCUAFuRaN8KTZu7bFL+hnfVl0r0/cXtKWWdoyF5fT/OWG3c4cPDq9SjRHHP8+TXoXQjnQHJPv2AvnLsoYLFvGTBt7ovDJUJowA+SNaDvCpg+za3qqNp4YscGn\n",
            "public_key_pem": "-----BEGIN PUBLIC KEY-----\nMIIBIjANBgkqhkiG9w0BAQEFAAOCAQ8AMIIBCgKCAQEAziZ6ipwBb1z6z8tu8rMj\n/fkCUNQY8psDniGMqg1PzUExa6R7oIe0GvKgVpvNfyJi0cnbgEKm839eR1G1FIqW\nN5j1ldZEwPKL97XxvPODk13CMlXtI8N0VC/RPpF0rpkH+bbG2HHLymnkOS5obUfP\nmEfjH2KGl+r1JiJ9AzZivgYA09iyXrMhlunWIeEatOLf7Jmh8PY74zwscUaSxR+Y\nThf7o45hcwlABbkWjfCk2bu2xS/oZ31ZdK9P3F7SllnaMheX0/zlht3OHDw6vUo0\nRxz/Pk16F0I50ByT79gL5y7KGCxbxkwbe6LwyVCaMAPkjWg7wqYPs2t6qjaeGLHB\npwIDAQAB\n-----END PUBLIC KEY-----\n",
            "rsa_bits": 2048
          },
          "sensitive_attributes": [
            [
              {
                "type": "get_attr",
                "value": "private_key_openssh"
              }
            ],
            [
              {
                "type": "get_attr",
                "value": "private_key_pem_pkcs8"
              }
            ],
            [
              {
                "type": "get_attr",
                "value": "private_key_pem"
              }
            ]
          ]
        }
      ]
    },
    {
      "module": "module.portainer",
      "mode": "managed",
      "type": "aws_instance",
      "name": "portainer",
      "provider": "provider[\"registry.terraform.io/hashicorp/aws\"]",
      "instances": [
        {
          "schema_version": 1,
          "attributes": {
            "ami": "ami-05c718cb2fa58687f",
            "arn": "arn:aws:ec2:ap-southeast-1:473154593366:instance/i-0ab9065e056dad87d",
            "associate_public_ip_address": false,
            "availability_zone": "ap-southeast-1a",
            "capacity_reservation_specification": [
              {
                "capacity_reservation_preference": "open",
                "capacity_reservation_target": []
              }
            ],
            "cpu_core_count": 2,
            "cpu_options": [
              {
                "amd_sev_snp": "",
                "core_count": 2,
                "threads_per_core": 1
              }
            ],
            "cpu_threads_per_core": 1,
            "credit_specification": [
              {
                "cpu_credits": "unlimited"
              }
            ],
            "disable_api_stop": false,
            "disable_api_termination": false,
            "ebs_block_device": [],
            "ebs_optimized": false,
            "enclave_options": [
              {
                "enabled": false
              }
            ],
            "ephemeral_block_device": [],
            "get_password_data": false,
            "hibernation": false,
            "host_id": "",
            "host_resource_group_arn": null,
            "iam_instance_profile": "ssm_instance_profile",
            "id": "i-0ab9065e056dad87d",
            "instance_initiated_shutdown_behavior": "stop",
            "instance_lifecycle": "",
            "instance_market_options": [],
            "instance_state": "running",
            "instance_type": "t4g.nano",
            "ipv6_address_count": 0,
            "ipv6_addresses": [],
            "key_name": "my-key-pair",
            "launch_template": [],
            "maintenance_options": [
              {
                "auto_recovery": "default"
              }
            ],
            "metadata_options": [
              {
                "http_endpoint": "enabled",
                "http_protocol_ipv6": "disabled",
                "http_put_response_hop_limit": 2,
                "http_tokens": "required",
                "instance_metadata_tags": "disabled"
              }
            ],
            "monitoring": false,
            "network_interface": [],
            "outpost_arn": "",
            "password_data": "",
            "placement_group": "",
            "placement_partition_number": 0,
            "primary_network_interface_id": "eni-01c849e20f3450a4c",
            "private_dns": "ip-10-0-1-246.ap-southeast-1.compute.internal",
            "private_dns_name_options": [
              {
                "enable_resource_name_dns_a_record": false,
                "enable_resource_name_dns_aaaa_record": false,
                "hostname_type": "ip-name"
              }
            ],
            "private_ip": "10.0.1.246",
            "public_dns": "",
            "public_ip": "",
            "root_block_device": [
              {
                "delete_on_termination": true,
                "device_name": "/dev/xvda",
                "encrypted": false,
                "iops": 3000,
                "kms_key_id": "",
                "tags": null,
                "tags_all": {},
                "throughput": 125,
                "volume_id": "vol-0076d72c6ae7b30ba",
                "volume_size": 10,
                "volume_type": "gp3"
              }
            ],
            "secondary_private_ips": [],
            "security_groups": [],
            "source_dest_check": true,
            "spot_instance_request_id": "",
            "subnet_id": "subnet-047767caebe0229a0",
            "tags": {
              "Environment": "dev",
              "Name": "portainer",
              "Terraform": "true"
            },
            "tags_all": {
              "Environment": "dev",
              "Name": "portainer",
              "Terraform": "true"
            },
            "tenancy": "default",
            "timeouts": null,
            "user_data": "c46e1c5434dcf793a01cb59dd416018fcaab537e",
            "user_data_base64": null,
            "user_data_replace_on_change": false,
            "volume_tags": null,
            "vpc_security_group_ids": [
              "sg-0161329926374ed59"
            ]
          },
          "sensitive_attributes": [],
          "private": "eyJlMmJmYjczMC1lY2FhLTExZTYtOGY4OC0zNDM2M2JjN2M0YzAiOnsiY3JlYXRlIjo2MDAwMDAwMDAwMDAsImRlbGV0ZSI6MTIwMDAwMDAwMDAwMCwicmVhZCI6OTAwMDAwMDAwMDAwLCJ1cGRhdGUiOjYwMDAwMDAwMDAwMH0sInNjaGVtYV92ZXJzaW9uIjoiMSJ9",
          "dependencies": [
            "module.bastion_host.aws_instance.bastion_host",
            "module.bastion_host.aws_security_group.ec2_bastion_host_sg",
            "module.iam.aws_iam_instance_profile.ssm_profile",
            "module.iam.aws_iam_role.ssm_role",
            "module.key_pair.aws_key_pair.my_key_pair",
            "module.key_pair.tls_private_key.my_key",
            "module.portainer.aws_security_group.ec2_portainer_sg",
            "module.vpc.aws_subnet.private_ap_southeast_1a",
            "module.vpc.aws_subnet.private_ap_southeast_1b",
            "module.vpc.aws_subnet.private_ap_southeast_1c",
            "module.vpc.aws_vpc.my_vpc"
          ]
        }
      ]
    },
    {
      "module": "module.portainer",
      "mode": "managed",
      "type": "aws_security_group",
      "name": "ec2_portainer_sg",
      "provider": "provider[\"registry.terraform.io/hashicorp/aws\"]",
      "instances": [
        {
          "schema_version": 1,
          "attributes": {
            "arn": "arn:aws:ec2:ap-southeast-1:473154593366:security-group/sg-0161329926374ed59",
            "description": "Allow SSH access",
            "egress": [
              {
                "cidr_blocks": [
                  "0.0.0.0/0"
                ],
                "description": "Allow all outbound traffic",
                "from_port": 0,
                "ipv6_cidr_blocks": [],
                "prefix_list_ids": [],
                "protocol": "-1",
                "security_groups": [],
                "self": false,
                "to_port": 0
              }
            ],
            "id": "sg-0161329926374ed59",
            "ingress": [
              {
                "cidr_blocks": [
                  "0.0.0.0/0"
                ],
                "description": "HTTP",
                "from_port": 80,
                "ipv6_cidr_blocks": [],
                "prefix_list_ids": [],
                "protocol": "tcp",
                "security_groups": [],
                "self": false,
                "to_port": 80
              },
              {
                "cidr_blocks": [
                  "0.0.0.0/0"
                ],
                "description": "HTTPS",
                "from_port": 443,
                "ipv6_cidr_blocks": [],
                "prefix_list_ids": [],
                "protocol": "tcp",
                "security_groups": [],
                "self": false,
                "to_port": 443
              },
              {
                "cidr_blocks": [
                  "10.0.1.130/32"
                ],
                "description": "Allow traffic from the Bastion Host security group",
                "from_port": 22,
                "ipv6_cidr_blocks": [],
                "prefix_list_ids": [],
                "protocol": "tcp",
                "security_groups": [],
                "self": false,
                "to_port": 22
              },
              {
                "cidr_blocks": [
                  "10.0.1.130/32"
                ],
                "description": "Allows ICMP from the Bastion Host security group",
                "from_port": -1,
                "ipv6_cidr_blocks": [],
                "prefix_list_ids": [],
                "protocol": "icmp",
                "security_groups": [],
                "self": false,
                "to_port": -1
              }
            ],
            "name": "ec2_portainer_security_group",
            "name_prefix": "",
            "owner_id": "473154593366",
            "revoke_rules_on_delete": false,
            "tags": {
              "Environment": "dev",
              "Name": "ec2_portainer_security_group",
              "Terraform": "true"
            },
            "tags_all": {
              "Environment": "dev",
              "Name": "ec2_portainer_security_group",
              "Terraform": "true"
            },
            "timeouts": null,
            "vpc_id": "vpc-0a2220c0ba1a8e843"
          },
          "sensitive_attributes": [],
          "private": "eyJlMmJmYjczMC1lY2FhLTExZTYtOGY4OC0zNDM2M2JjN2M0YzAiOnsiY3JlYXRlIjo2MDAwMDAwMDAwMDAsImRlbGV0ZSI6OTAwMDAwMDAwMDAwfSwic2NoZW1hX3ZlcnNpb24iOiIxIn0=",
          "dependencies": [
            "module.bastion_host.aws_instance.bastion_host",
            "module.bastion_host.aws_security_group.ec2_bastion_host_sg",
            "module.iam.aws_iam_instance_profile.ssm_profile",
            "module.iam.aws_iam_role.ssm_role",
            "module.key_pair.aws_key_pair.my_key_pair",
            "module.key_pair.tls_private_key.my_key",
            "module.vpc.aws_subnet.private_ap_southeast_1a",
            "module.vpc.aws_subnet.private_ap_southeast_1b",
            "module.vpc.aws_subnet.private_ap_southeast_1c",
            "module.vpc.aws_vpc.my_vpc"
          ]
        }
      ]
    },
    {
      "module": "module.postgres",
      "mode": "managed",
      "type": "aws_instance",
      "name": "postgres",
      "provider": "provider[\"registry.terraform.io/hashicorp/aws\"]",
      "instances": [
        {
          "schema_version": 1,
          "attributes": {
            "ami": "ami-05c718cb2fa58687f",
            "arn": "arn:aws:ec2:ap-southeast-1:473154593366:instance/i-0e7b10993ef493ca9",
            "associate_public_ip_address": false,
            "availability_zone": "ap-southeast-1a",
            "capacity_reservation_specification": [
              {
                "capacity_reservation_preference": "open",
                "capacity_reservation_target": []
              }
            ],
            "cpu_core_count": 2,
            "cpu_options": [
              {
                "amd_sev_snp": "",
                "core_count": 2,
                "threads_per_core": 1
              }
            ],
            "cpu_threads_per_core": 1,
            "credit_specification": [
              {
                "cpu_credits": "unlimited"
              }
            ],
            "disable_api_stop": false,
            "disable_api_termination": false,
            "ebs_block_device": [],
            "ebs_optimized": false,
            "enclave_options": [
              {
                "enabled": false
              }
            ],
            "ephemeral_block_device": [],
            "get_password_data": false,
            "hibernation": false,
            "host_id": "",
            "host_resource_group_arn": null,
            "iam_instance_profile": "ssm_instance_profile",
            "id": "i-0e7b10993ef493ca9",
            "instance_initiated_shutdown_behavior": "stop",
            "instance_lifecycle": "",
            "instance_market_options": [],
            "instance_state": "running",
            "instance_type": "t4g.micro",
            "ipv6_address_count": 0,
            "ipv6_addresses": [],
            "key_name": "my-key-pair",
            "launch_template": [],
            "maintenance_options": [
              {
                "auto_recovery": "default"
              }
            ],
            "metadata_options": [
              {
                "http_endpoint": "enabled",
                "http_protocol_ipv6": "disabled",
                "http_put_response_hop_limit": 2,
                "http_tokens": "required",
                "instance_metadata_tags": "disabled"
              }
            ],
            "monitoring": false,
            "network_interface": [],
            "outpost_arn": "",
            "password_data": "",
            "placement_group": "",
            "placement_partition_number": 0,
            "primary_network_interface_id": "eni-0755f37c136ac9da4",
            "private_dns": "ip-10-0-1-152.ap-southeast-1.compute.internal",
            "private_dns_name_options": [
              {
                "enable_resource_name_dns_a_record": false,
                "enable_resource_name_dns_aaaa_record": false,
                "hostname_type": "ip-name"
              }
            ],
            "private_ip": "10.0.1.152",
            "public_dns": "",
            "public_ip": "",
            "root_block_device": [
              {
                "delete_on_termination": true,
                "device_name": "/dev/xvda",
                "encrypted": false,
                "iops": 3000,
                "kms_key_id": "",
                "tags": null,
                "tags_all": {},
                "throughput": 125,
                "volume_id": "vol-04e6c830f1b928aa7",
                "volume_size": 10,
                "volume_type": "gp3"
              }
            ],
            "secondary_private_ips": [],
            "security_groups": [],
            "source_dest_check": true,
            "spot_instance_request_id": "",
            "subnet_id": "subnet-047767caebe0229a0",
            "tags": {
              "Environment": "dev",
              "Name": "postgres",
              "Terraform": "true"
            },
            "tags_all": {
              "Environment": "dev",
              "Name": "postgres",
              "Terraform": "true"
            },
            "tenancy": "default",
            "timeouts": null,
            "user_data": "c6a5717a2b7e83515aff9e9e698e81b30320bb55",
            "user_data_base64": null,
            "user_data_replace_on_change": false,
            "volume_tags": null,
            "vpc_security_group_ids": [
              "sg-0ed291a27d01dc6c1"
            ]
          },
          "sensitive_attributes": [],
          "private": "eyJlMmJmYjczMC1lY2FhLTExZTYtOGY4OC0zNDM2M2JjN2M0YzAiOnsiY3JlYXRlIjo2MDAwMDAwMDAwMDAsImRlbGV0ZSI6MTIwMDAwMDAwMDAwMCwicmVhZCI6OTAwMDAwMDAwMDAwLCJ1cGRhdGUiOjYwMDAwMDAwMDAwMH0sInNjaGVtYV92ZXJzaW9uIjoiMSJ9",
          "dependencies": [
            "module.iam.aws_iam_instance_profile.ssm_profile",
            "module.iam.aws_iam_role.ssm_role",
            "module.key_pair.aws_key_pair.my_key_pair",
            "module.key_pair.tls_private_key.my_key",
            "module.postgres.aws_security_group.ec2_postgres_sg",
            "module.vpc.aws_subnet.private_ap_southeast_1a",
            "module.vpc.aws_vpc.my_vpc"
          ]
        }
      ]
    },
    {
      "module": "module.postgres",
      "mode": "managed",
      "type": "aws_security_group",
      "name": "ec2_postgres_sg",
      "provider": "provider[\"registry.terraform.io/hashicorp/aws\"]",
      "instances": [
        {
          "schema_version": 1,
          "attributes": {
            "arn": "arn:aws:ec2:ap-southeast-1:473154593366:security-group/sg-0ed291a27d01dc6c1",
            "description": "Allow access",
            "egress": [
              {
                "cidr_blocks": [
                  "0.0.0.0/0"
                ],
                "description": "Allow all outbound traffic",
                "from_port": 0,
                "ipv6_cidr_blocks": [],
                "prefix_list_ids": [],
                "protocol": "-1",
                "security_groups": [],
                "self": false,
                "to_port": 0
              }
            ],
            "id": "sg-0ed291a27d01dc6c1",
            "ingress": [
              {
                "cidr_blocks": [
                  "0.0.0.0/0"
                ],
                "description": "HTTP",
                "from_port": 80,
                "ipv6_cidr_blocks": [],
                "prefix_list_ids": [],
                "protocol": "tcp",
                "security_groups": [],
                "self": false,
                "to_port": 80
              },
              {
                "cidr_blocks": [
                  "0.0.0.0/0"
                ],
                "description": "HTTPS",
                "from_port": 443,
                "ipv6_cidr_blocks": [],
                "prefix_list_ids": [],
                "protocol": "tcp",
                "security_groups": [],
                "self": false,
                "to_port": 443
              },
              {
                "cidr_blocks": [
                  "10.0.0.0/16"
                ],
                "description": "Allow traffic from Internal VPC",
                "from_port": 5432,
                "ipv6_cidr_blocks": [],
                "prefix_list_ids": [],
                "protocol": "tcp",
                "security_groups": [],
                "self": false,
                "to_port": 5432
              },
              {
                "cidr_blocks": [
                  "10.0.0.0/16"
                ],
                "description": "Allows ICMP from the Internal VPC",
                "from_port": -1,
                "ipv6_cidr_blocks": [],
                "prefix_list_ids": [],
                "protocol": "icmp",
                "security_groups": [],
                "self": false,
                "to_port": -1
              }
            ],
            "name": "ec2_postgres_security_group",
            "name_prefix": "",
            "owner_id": "473154593366",
            "revoke_rules_on_delete": false,
            "tags": {
              "Environment": "dev",
              "Name": "ec2_postgres_security_group",
              "Terraform": "true"
            },
            "tags_all": {
              "Environment": "dev",
              "Name": "ec2_postgres_security_group",
              "Terraform": "true"
            },
            "timeouts": null,
            "vpc_id": "vpc-0a2220c0ba1a8e843"
          },
          "sensitive_attributes": [],
          "private": "eyJlMmJmYjczMC1lY2FhLTExZTYtOGY4OC0zNDM2M2JjN2M0YzAiOnsiY3JlYXRlIjo2MDAwMDAwMDAwMDAsImRlbGV0ZSI6OTAwMDAwMDAwMDAwfSwic2NoZW1hX3ZlcnNpb24iOiIxIn0=",
          "dependencies": [
            "module.vpc.aws_vpc.my_vpc"
          ]
        }
      ]
    },
    {
      "module": "module.rust_app",
      "mode": "managed",
      "type": "aws_instance",
      "name": "rust_app",
      "provider": "provider[\"registry.terraform.io/hashicorp/aws\"]",
      "instances": [
        {
          "schema_version": 1,
          "attributes": {
            "ami": "ami-05c718cb2fa58687f",
            "arn": "arn:aws:ec2:ap-southeast-1:473154593366:instance/i-07cc7b2df65a6d74a",
            "associate_public_ip_address": false,
            "availability_zone": "ap-southeast-1a",
            "capacity_reservation_specification": [
              {
                "capacity_reservation_preference": "open",
                "capacity_reservation_target": []
              }
            ],
            "cpu_core_count": 2,
            "cpu_options": [
              {
                "amd_sev_snp": "",
                "core_count": 2,
                "threads_per_core": 1
              }
            ],
            "cpu_threads_per_core": 1,
            "credit_specification": [
              {
                "cpu_credits": "unlimited"
              }
            ],
            "disable_api_stop": false,
            "disable_api_termination": false,
            "ebs_block_device": [],
            "ebs_optimized": false,
            "enclave_options": [
              {
                "enabled": false
              }
            ],
            "ephemeral_block_device": [],
            "get_password_data": false,
            "hibernation": false,
            "host_id": "",
            "host_resource_group_arn": null,
            "iam_instance_profile": "ssm_instance_profile",
            "id": "i-07cc7b2df65a6d74a",
            "instance_initiated_shutdown_behavior": "stop",
            "instance_lifecycle": "",
            "instance_market_options": [],
            "instance_state": "running",
            "instance_type": "t4g.nano",
            "ipv6_address_count": 0,
            "ipv6_addresses": [],
            "key_name": "my-key-pair",
            "launch_template": [],
            "maintenance_options": [
              {
                "auto_recovery": "default"
              }
            ],
            "metadata_options": [
              {
                "http_endpoint": "enabled",
                "http_protocol_ipv6": "disabled",
                "http_put_response_hop_limit": 2,
                "http_tokens": "required",
                "instance_metadata_tags": "disabled"
              }
            ],
            "monitoring": false,
            "network_interface": [],
            "outpost_arn": "",
            "password_data": "",
            "placement_group": "",
            "placement_partition_number": 0,
            "primary_network_interface_id": "eni-00648ada777b733c9",
            "private_dns": "ip-10-0-1-195.ap-southeast-1.compute.internal",
            "private_dns_name_options": [
              {
                "enable_resource_name_dns_a_record": false,
                "enable_resource_name_dns_aaaa_record": false,
                "hostname_type": "ip-name"
              }
            ],
            "private_ip": "10.0.1.195",
            "public_dns": "",
            "public_ip": "",
            "root_block_device": [
              {
                "delete_on_termination": true,
                "device_name": "/dev/xvda",
                "encrypted": false,
                "iops": 3000,
                "kms_key_id": "",
                "tags": null,
                "tags_all": {},
                "throughput": 125,
                "volume_id": "vol-0b7158ce3f253a807",
                "volume_size": 10,
                "volume_type": "gp3"
              }
            ],
            "secondary_private_ips": [],
            "security_groups": [],
            "source_dest_check": true,
            "spot_instance_request_id": "",
            "subnet_id": "subnet-047767caebe0229a0",
            "tags": {
              "Environment": "dev",
              "Name": "rust_app",
              "Terraform": "true"
            },
            "tags_all": {
              "Environment": "dev",
              "Name": "rust_app",
              "Terraform": "true"
            },
            "tenancy": "default",
            "timeouts": null,
            "user_data": "9b9c44558d2514c3bf5aceb941330245feecaf9c",
            "user_data_base64": null,
            "user_data_replace_on_change": false,
            "volume_tags": null,
            "vpc_security_group_ids": [
              "sg-0d777bcd3e2cceb9f"
            ]
          },
          "sensitive_attributes": [],
          "private": "eyJlMmJmYjczMC1lY2FhLTExZTYtOGY4OC0zNDM2M2JjN2M0YzAiOnsiY3JlYXRlIjo2MDAwMDAwMDAwMDAsImRlbGV0ZSI6MTIwMDAwMDAwMDAwMCwicmVhZCI6OTAwMDAwMDAwMDAwLCJ1cGRhdGUiOjYwMDAwMDAwMDAwMH0sInNjaGVtYV92ZXJzaW9uIjoiMSJ9",
          "dependencies": [
            "module.bastion_host.aws_instance.bastion_host",
            "module.bastion_host.aws_security_group.ec2_bastion_host_sg",
            "module.iam.aws_iam_instance_profile.ssm_profile",
            "module.iam.aws_iam_role.ssm_role",
            "module.key_pair.aws_key_pair.my_key_pair",
            "module.key_pair.tls_private_key.my_key",
            "module.postgres.aws_instance.postgres",
            "module.postgres.aws_security_group.ec2_postgres_sg",
            "module.rust_app.aws_security_group.ec2_rust_app_sg",
            "module.vpc.aws_subnet.private_ap_southeast_1a",
            "module.vpc.aws_subnet.private_ap_southeast_1b",
            "module.vpc.aws_subnet.private_ap_southeast_1c",
            "module.vpc.aws_vpc.my_vpc",
            "time_sleep.wait"
          ]
        }
      ]
    },
    {
      "module": "module.rust_app",
      "mode": "managed",
      "type": "aws_security_group",
      "name": "ec2_rust_app_sg",
      "provider": "provider[\"registry.terraform.io/hashicorp/aws\"]",
      "instances": [
        {
          "schema_version": 1,
          "attributes": {
            "arn": "arn:aws:ec2:ap-southeast-1:473154593366:security-group/sg-0d777bcd3e2cceb9f",
            "description": "Allow access",
            "egress": [
              {
                "cidr_blocks": [
                  "0.0.0.0/0"
                ],
                "description": "Allow all outbound traffic",
                "from_port": 0,
                "ipv6_cidr_blocks": [],
                "prefix_list_ids": [],
                "protocol": "-1",
                "security_groups": [],
                "self": false,
                "to_port": 0
              },
              {
                "cidr_blocks": [
                  "10.0.1.152/32"
                ],
                "description": "Allow outbound traffic to Postgres Instance",
                "from_port": 5432,
                "ipv6_cidr_blocks": [],
                "prefix_list_ids": [],
                "protocol": "tcp",
                "security_groups": [],
                "self": false,
                "to_port": 5432
              }
            ],
            "id": "sg-0d777bcd3e2cceb9f",
            "ingress": [
              {
                "cidr_blocks": [
                  "10.0.0.0/16"
                ],
                "description": "HTTP",
                "from_port": 80,
                "ipv6_cidr_blocks": [],
                "prefix_list_ids": [],
                "protocol": "tcp",
                "security_groups": [],
                "self": false,
                "to_port": 80
              },
              {
                "cidr_blocks": [
                  "10.0.0.0/16"
                ],
                "description": "HTTP",
                "from_port": 81,
                "ipv6_cidr_blocks": [],
                "prefix_list_ids": [],
                "protocol": "tcp",
                "security_groups": [],
                "self": false,
                "to_port": 81
              },
              {
                "cidr_blocks": [
                  "10.0.0.0/16"
                ],
                "description": "HTTP",
                "from_port": 82,
                "ipv6_cidr_blocks": [],
                "prefix_list_ids": [],
                "protocol": "tcp",
                "security_groups": [],
                "self": false,
                "to_port": 82
              },
              {
                "cidr_blocks": [
                  "10.0.0.0/16"
                ],
                "description": "HTTP",
                "from_port": 83,
                "ipv6_cidr_blocks": [],
                "prefix_list_ids": [],
                "protocol": "tcp",
                "security_groups": [],
                "self": false,
                "to_port": 83
              },
              {
                "cidr_blocks": [
                  "10.0.0.0/16"
                ],
                "description": "HTTP",
                "from_port": 84,
                "ipv6_cidr_blocks": [],
                "prefix_list_ids": [],
                "protocol": "tcp",
                "security_groups": [],
                "self": false,
                "to_port": 84
              },
              {
                "cidr_blocks": [
                  "10.0.1.130/32"
                ],
                "description": "Allow traffic from the Bastion Host security group",
                "from_port": 22,
                "ipv6_cidr_blocks": [],
                "prefix_list_ids": [],
                "protocol": "tcp",
                "security_groups": [],
                "self": false,
                "to_port": 22
              },
              {
                "cidr_blocks": [
                  "10.0.1.130/32"
                ],
                "description": "Allows ICMP from the Bastion Host security group",
                "from_port": -1,
                "ipv6_cidr_blocks": [],
                "prefix_list_ids": [],
                "protocol": "icmp",
                "security_groups": [],
                "self": false,
                "to_port": -1
              }
            ],
            "name": "ec2_rust_app_security_group",
            "name_prefix": "",
            "owner_id": "473154593366",
            "revoke_rules_on_delete": false,
            "tags": {
              "Environment": "dev",
              "Name": "ec2_rust_app_security_group",
              "Terraform": "true"
            },
            "tags_all": {
              "Environment": "dev",
              "Name": "ec2_rust_app_security_group",
              "Terraform": "true"
            },
            "timeouts": null,
            "vpc_id": "vpc-0a2220c0ba1a8e843"
          },
          "sensitive_attributes": [],
          "private": "eyJlMmJmYjczMC1lY2FhLTExZTYtOGY4OC0zNDM2M2JjN2M0YzAiOnsiY3JlYXRlIjo2MDAwMDAwMDAwMDAsImRlbGV0ZSI6OTAwMDAwMDAwMDAwfSwic2NoZW1hX3ZlcnNpb24iOiIxIn0=",
          "dependencies": [
            "module.bastion_host.aws_instance.bastion_host",
            "module.bastion_host.aws_security_group.ec2_bastion_host_sg",
            "module.iam.aws_iam_instance_profile.ssm_profile",
            "module.iam.aws_iam_role.ssm_role",
            "module.key_pair.aws_key_pair.my_key_pair",
            "module.key_pair.tls_private_key.my_key",
            "module.postgres.aws_instance.postgres",
            "module.postgres.aws_security_group.ec2_postgres_sg",
            "module.vpc.aws_subnet.private_ap_southeast_1a",
            "module.vpc.aws_subnet.private_ap_southeast_1b",
            "module.vpc.aws_subnet.private_ap_southeast_1c",
            "module.vpc.aws_vpc.my_vpc",
            "time_sleep.wait"
          ]
        }
      ]
    },
    {
      "module": "module.test3",
      "mode": "managed",
      "type": "aws_eks_addon",
      "name": "eks_pod_identity_agent",
      "provider": "provider[\"registry.terraform.io/hashicorp/aws\"]",
      "instances": [
        {
          "schema_version": 0,
          "attributes": {
            "addon_name": "eks-pod-identity-agent",
            "addon_version": "v1.3.2-eksbuild.2",
            "arn": "arn:aws:eks:ap-southeast-1:473154593366:addon/jenkins_agent_cluster/eks-pod-identity-agent/fac9e166-4b84-f965-5745-c2dc22c473c8",
            "cluster_name": "jenkins_agent_cluster",
            "configuration_values": "",
            "created_at": "2024-12-14T01:33:28Z",
            "id": "jenkins_agent_cluster:eks-pod-identity-agent",
            "modified_at": "2024-12-14T01:33:34Z",
            "pod_identity_association": [],
            "preserve": null,
            "resolve_conflicts": null,
            "resolve_conflicts_on_create": null,
            "resolve_conflicts_on_update": "OVERWRITE",
            "service_account_role_arn": "",
            "tags": null,
            "tags_all": {},
            "timeouts": null
          },
          "sensitive_attributes": [],
          "private": "eyJlMmJmYjczMC1lY2FhLTExZTYtOGY4OC0zNDM2M2JjN2M0YzAiOnsiY3JlYXRlIjoxMjAwMDAwMDAwMDAwLCJkZWxldGUiOjI0MDAwMDAwMDAwMDAsInVwZGF0ZSI6MTIwMDAwMDAwMDAwMH19",
          "dependencies": [
            "module.test3.aws_eks_cluster.jenkins_agent_cluster",
            "module.test3.aws_iam_role.jenkins_agent_cluster",
            "module.test3.aws_iam_role_policy_attachment.jenkins_agent_cluster-AmazonEKSClusterPolicy",
            "module.vpc.aws_subnet.private_ap_southeast_1a",
            "module.vpc.aws_subnet.private_ap_southeast_1b",
            "module.vpc.aws_subnet.private_ap_southeast_1c",
            "module.vpc.aws_subnet.public_ap_southeast_1a",
            "module.vpc.aws_subnet.public_ap_southeast_1b",
            "module.vpc.aws_subnet.public_ap_southeast_1c",
            "module.vpc.aws_vpc.my_vpc"
          ]
        }
      ]
    },
    {
      "module": "module.test3",
      "mode": "managed",
      "type": "aws_eks_addon",
      "name": "kube_proxy",
      "provider": "provider[\"registry.terraform.io/hashicorp/aws\"]",
      "instances": [
        {
          "schema_version": 0,
          "attributes": {
            "addon_name": "kube-proxy",
            "addon_version": "v1.31.2-eksbuild.2",
            "arn": "arn:aws:eks:ap-southeast-1:473154593366:addon/jenkins_agent_cluster/kube-proxy/fac9e166-4b88-1562-b53a-76f8df2f7467",
            "cluster_name": "jenkins_agent_cluster",
            "configuration_values": "",
            "created_at": "2024-12-14T01:33:28Z",
            "id": "jenkins_agent_cluster:kube-proxy",
            "modified_at": "2024-12-14T01:33:35Z",
            "pod_identity_association": [],
            "preserve": null,
            "resolve_conflicts": null,
            "resolve_conflicts_on_create": null,
            "resolve_conflicts_on_update": "OVERWRITE",
            "service_account_role_arn": "",
            "tags": null,
            "tags_all": {},
            "timeouts": null
          },
          "sensitive_attributes": [],
          "private": "eyJlMmJmYjczMC1lY2FhLTExZTYtOGY4OC0zNDM2M2JjN2M0YzAiOnsiY3JlYXRlIjoxMjAwMDAwMDAwMDAwLCJkZWxldGUiOjI0MDAwMDAwMDAwMDAsInVwZGF0ZSI6MTIwMDAwMDAwMDAwMH19",
          "dependencies": [
            "module.test3.aws_eks_cluster.jenkins_agent_cluster",
            "module.test3.aws_iam_role.jenkins_agent_cluster",
            "module.test3.aws_iam_role_policy_attachment.jenkins_agent_cluster-AmazonEKSClusterPolicy",
            "module.vpc.aws_subnet.private_ap_southeast_1a",
            "module.vpc.aws_subnet.private_ap_southeast_1b",
            "module.vpc.aws_subnet.private_ap_southeast_1c",
            "module.vpc.aws_subnet.public_ap_southeast_1a",
            "module.vpc.aws_subnet.public_ap_southeast_1b",
            "module.vpc.aws_subnet.public_ap_southeast_1c",
            "module.vpc.aws_vpc.my_vpc"
          ]
        }
      ]
    },
    {
      "module": "module.test3",
      "mode": "managed",
      "type": "aws_eks_addon",
      "name": "vpc_cni",
      "provider": "provider[\"registry.terraform.io/hashicorp/aws\"]",
      "instances": [
        {
          "schema_version": 0,
          "attributes": {
            "addon_name": "vpc-cni",
            "addon_version": "v1.19.0-eksbuild.1",
            "arn": "arn:aws:eks:ap-southeast-1:473154593366:addon/jenkins_agent_cluster/vpc-cni/84c9e166-4b89-9e15-31e0-07bc2857620a",
            "cluster_name": "jenkins_agent_cluster",
            "configuration_values": "",
            "created_at": "2024-12-14T01:33:28Z",
            "id": "jenkins_agent_cluster:vpc-cni",
            "modified_at": "2024-12-14T01:33:37Z",
            "pod_identity_association": [],
            "preserve": null,
            "resolve_conflicts": null,
            "resolve_conflicts_on_create": null,
            "resolve_conflicts_on_update": "OVERWRITE",
            "service_account_role_arn": "",
            "tags": null,
            "tags_all": {},
            "timeouts": null
          },
          "sensitive_attributes": [],
          "private": "eyJlMmJmYjczMC1lY2FhLTExZTYtOGY4OC0zNDM2M2JjN2M0YzAiOnsiY3JlYXRlIjoxMjAwMDAwMDAwMDAwLCJkZWxldGUiOjI0MDAwMDAwMDAwMDAsInVwZGF0ZSI6MTIwMDAwMDAwMDAwMH19",
          "dependencies": [
            "module.test3.aws_eks_cluster.jenkins_agent_cluster",
            "module.test3.aws_iam_role.jenkins_agent_cluster",
            "module.test3.aws_iam_role_policy_attachment.jenkins_agent_cluster-AmazonEKSClusterPolicy",
            "module.vpc.aws_subnet.private_ap_southeast_1a",
            "module.vpc.aws_subnet.private_ap_southeast_1b",
            "module.vpc.aws_subnet.private_ap_southeast_1c",
            "module.vpc.aws_subnet.public_ap_southeast_1a",
            "module.vpc.aws_subnet.public_ap_southeast_1b",
            "module.vpc.aws_subnet.public_ap_southeast_1c",
            "module.vpc.aws_vpc.my_vpc"
          ]
        }
      ]
    },
    {
      "module": "module.test3",
      "mode": "managed",
      "type": "aws_eks_cluster",
      "name": "jenkins_agent_cluster",
      "provider": "provider[\"registry.terraform.io/hashicorp/aws\"]",
      "instances": [
        {
          "schema_version": 1,
          "attributes": {
            "access_config": [
              {
                "authentication_mode": "CONFIG_MAP",
                "bootstrap_cluster_creator_admin_permissions": true
              }
            ],
            "arn": "arn:aws:eks:ap-southeast-1:473154593366:cluster/jenkins_agent_cluster",
            "bootstrap_self_managed_addons": true,
            "certificate_authority": [
              {
                "data": "LS0tLS1CRUdJTiBDRVJUSUZJQ0FURS0tLS0tCk1JSURCVENDQWUyZ0F3SUJBZ0lJTlh6VTBzQXNJVDB3RFFZSktvWklodmNOQVFFTEJRQXdGVEVUTUJFR0ExVUUKQXhNS2EzVmlaWEp1WlhSbGN6QWVGdzB5TkRFeU1UUXdNVEkxTURkYUZ3MHpOREV5TVRJd01UTXdNRGRhTUJVeApFekFSQmdOVkJBTVRDbXQxWW1WeWJtVjBaWE13Z2dFaU1BMEdDU3FHU0liM0RRRUJBUVVBQTRJQkR3QXdnZ0VLCkFvSUJBUURPZmFXSlROVjBDeXozemoxRGNMNkJ5dHg5ZkhOSkthR1BySzNYMzRvQVlIUkRiZnNnM1g2dFJlb1UKWlJmNjRSVFhuUUJ0TEtsbnlXMkF4RnNxZVhwRzJ5RWUwRnBaNFp2WGNqcE10Ti9xdElxMmpvTDZYdVpzaGw4OApPN2pCSmgybUc0YlRLRmF6dTI5TTA3NmxjYjhXd2JwOW5kVzUrNU1yV0FQWlU5Uy9BZWxtSE9hQ0dISXhFeHY3ClVMY1FndkZDdWJHbms4UjAxdEY5Q0NxZ3R1VUtzd2JDbXZPbHhNc2NybTVEUWswZk9QUFRmZnVadjRHWTJoTUwKRVRkUjdpeXJrZ2RzUkhKcVhLUlg1S1k3WSt0RFREalFIM3ExYzZ3dXNzdlA4WUpPSTBjcjdMYXk0R2FLOWN0Mgo2Skhnd3pCMnpSWUljeWJzS0hsUWlHeGE5UmdUQWdNQkFBR2pXVEJYTUE0R0ExVWREd0VCL3dRRUF3SUNwREFQCkJnTlZIUk1CQWY4RUJUQURBUUgvTUIwR0ExVWREZ1FXQkJUa2ZSaHIzQTViRkFUQ2NVZXB1ZHNBTWhHREZ6QVYKQmdOVkhSRUVEakFNZ2dwcmRXSmxjbTVsZEdWek1BMEdDU3FHU0liM0RRRUJDd1VBQTRJQkFRQ25tSDdEdEhOagpiWmVnNVFVNVFzVURTNi9sTFhHV1EwT0xWNXRUd090cUhiU2ZRYzJ5UWJ6bnZoSFZ2TU1yVWEwNnhwdmpRUW1YClhBUERvVHEzSUVTOHpJbGR0UzRib05IMFhqSTdwNDFBNVNyN20zNHBSRlFQTS9vVkJWR0NaM2UzcHpHbHVUMDMKZjZXMjFZT3FVSlhvNzNuZHkySGJJVFlnZzFMbXgxZVVpVHc4TVB3dHRZMUhQQjJMdlg1S2I4MmVjTGdjMTBrYwpxZUJIL0p5dEZlcTRadmNhcWdHSkYzU2hicHVuMlFvZ1hhODY2QjN1K0F5ZVBleWlVNHY3K0orcE85TjNtaXptCnoySmIrV2ErZ1VzUmYvOEgxS29WUTFYdlU0Q05OQzFwaUZsME5pM1BDR0pob0ZvbVRSc1FQOWpreEZTT3RWYm8KZVk2VkRiTjFNbVBYCi0tLS0tRU5EIENFUlRJRklDQVRFLS0tLS0K"
              }
            ],
            "cluster_id": null,
            "created_at": "2024-12-14T01:26:39Z",
            "enabled_cluster_log_types": null,
            "encryption_config": [],
            "endpoint": "https://5886F6B05AD3415E59992912839AF4CC.gr7.ap-southeast-1.eks.amazonaws.com",
            "id": "jenkins_agent_cluster",
            "identity": [
              {
                "oidc": [
                  {
                    "issuer": "https://oidc.eks.ap-southeast-1.amazonaws.com/id/5886F6B05AD3415E59992912839AF4CC"
                  }
                ]
              }
            ],
            "kubernetes_network_config": [
              {
                "ip_family": "ipv4",
                "service_ipv4_cidr": "172.20.0.0/16",
                "service_ipv6_cidr": ""
              }
            ],
            "name": "jenkins_agent_cluster",
            "outpost_config": [],
            "platform_version": "eks.15",
            "role_arn": "arn:aws:iam::473154593366:role/eks-cluster-jenkins_agent_cluster",
            "status": "ACTIVE",
            "tags": null,
            "tags_all": {},
            "timeouts": null,
            "upgrade_policy": [
              {
                "support_type": "EXTENDED"
              }
            ],
            "version": "1.31",
            "vpc_config": [
              {
                "cluster_security_group_id": "sg-0a8b507f45bcaad26",
                "endpoint_private_access": false,
                "endpoint_public_access": true,
                "public_access_cidrs": [
                  "0.0.0.0/0"
                ],
                "security_group_ids": null,
                "subnet_ids": [
                  "subnet-00a2bf78d28978bb4",
                  "subnet-02a1305748bc1c895",
                  "subnet-047767caebe0229a0",
                  "subnet-06c4b2c0ea31291b6",
                  "subnet-09d643feae001726a",
                  "subnet-0c9a9b369a85d6258"
                ],
                "vpc_id": "vpc-0a2220c0ba1a8e843"
              }
            ],
            "zonal_shift_config": []
          },
          "sensitive_attributes": [],
          "private": "eyJlMmJmYjczMC1lY2FhLTExZTYtOGY4OC0zNDM2M2JjN2M0YzAiOnsiY3JlYXRlIjoxODAwMDAwMDAwMDAwLCJkZWxldGUiOjkwMDAwMDAwMDAwMCwidXBkYXRlIjozNjAwMDAwMDAwMDAwfSwic2NoZW1hX3ZlcnNpb24iOiIxIn0=",
          "dependencies": [
            "module.test3.aws_iam_role.jenkins_agent_cluster",
            "module.test3.aws_iam_role_policy_attachment.jenkins_agent_cluster-AmazonEKSClusterPolicy",
            "module.vpc.aws_subnet.private_ap_southeast_1a",
            "module.vpc.aws_subnet.private_ap_southeast_1b",
            "module.vpc.aws_subnet.private_ap_southeast_1c",
            "module.vpc.aws_subnet.public_ap_southeast_1a",
            "module.vpc.aws_subnet.public_ap_southeast_1b",
            "module.vpc.aws_subnet.public_ap_southeast_1c",
            "module.vpc.aws_vpc.my_vpc"
          ]
        }
      ]
    },
    {
      "module": "module.test3",
      "mode": "managed",
      "type": "aws_eks_node_group",
      "name": "jenkins_agent_nodes",
      "provider": "provider[\"registry.terraform.io/hashicorp/aws\"]",
      "instances": [
        {
          "schema_version": 0,
          "attributes": {
            "ami_type": "AL2_ARM_64",
            "arn": "arn:aws:eks:ap-southeast-1:473154593366:nodegroup/jenkins_agent_cluster/jenkins-agent-nodes/f6c9e166-4b81-d1cb-f9fc-4563633168e3",
            "capacity_type": "ON_DEMAND",
            "cluster_name": "jenkins_agent_cluster",
            "disk_size": 0,
            "force_update_version": null,
            "id": "jenkins_agent_cluster:jenkins-agent-nodes",
            "instance_types": [
              "t4g.nano"
            ],
            "labels": {
              "role": "general"
            },
            "launch_template": [
              {
                "id": "lt-0915fa9e8fbd31493",
                "name": "jenkins-agent-launch-template",
                "version": "1"
              }
            ],
            "node_group_name": "jenkins-agent-nodes",
            "node_group_name_prefix": "",
            "node_role_arn": "arn:aws:iam::473154593366:role/eks-node-group-nodes",
            "release_version": "1.31.3-20241205",
            "remote_access": [],
            "resources": [
              {
                "autoscaling_groups": [
                  {
                    "name": "eks-jenkins-agent-nodes-f6c9e166-4b81-d1cb-f9fc-4563633168e3"
                  }
                ],
                "remote_access_security_group_id": ""
              }
            ],
            "scaling_config": [
              {
                "desired_size": 1,
                "max_size": 5,
                "min_size": 0
              }
            ],
            "status": "ACTIVE",
            "subnet_ids": [
              "subnet-047767caebe0229a0",
              "subnet-06c4b2c0ea31291b6",
              "subnet-0c9a9b369a85d6258"
            ],
            "tags": null,
            "tags_all": {},
            "taint": [],
            "timeouts": null,
            "update_config": [
              {
                "max_unavailable": 1,
                "max_unavailable_percentage": 0
              }
            ],
            "version": "1.31"
          },
          "sensitive_attributes": [],
          "private": "eyJlMmJmYjczMC1lY2FhLTExZTYtOGY4OC0zNDM2M2JjN2M0YzAiOnsiY3JlYXRlIjozNjAwMDAwMDAwMDAwLCJkZWxldGUiOjM2MDAwMDAwMDAwMDAsInVwZGF0ZSI6MzYwMDAwMDAwMDAwMH19",
          "dependencies": [
            "module.test3.aws_eks_cluster.jenkins_agent_cluster",
            "module.test3.aws_iam_role.jenkins_agent_cluster",
            "module.test3.aws_iam_role.nodes",
            "module.test3.aws_iam_role_policy_attachment.jenkins_agent_cluster-AmazonEKSClusterPolicy",
            "module.test3.aws_iam_role_policy_attachment.nodes-AmazonEC2ContainerRegistryReadOnly",
            "module.test3.aws_iam_role_policy_attachment.nodes-AmazonEKSWorkerNodePolicy",
            "module.test3.aws_iam_role_policy_attachment.nodes-AmazonEKS_CNI_Policy",
            "module.test3.aws_key_pair.jenkins_agent_key_pair",
            "module.test3.aws_launch_template.jenkins_agent_launch_template",
            "module.test3.tls_private_key.jenkins_agent_key",
            "module.vpc.aws_subnet.private_ap_southeast_1a",
            "module.vpc.aws_subnet.private_ap_southeast_1b",
            "module.vpc.aws_subnet.private_ap_southeast_1c",
            "module.vpc.aws_subnet.public_ap_southeast_1a",
            "module.vpc.aws_subnet.public_ap_southeast_1b",
            "module.vpc.aws_subnet.public_ap_southeast_1c",
            "module.vpc.aws_vpc.my_vpc"
          ]
        }
      ]
    },
    {
      "module": "module.test3",
      "mode": "managed",
      "type": "aws_iam_role",
      "name": "jenkins_agent_cluster",
      "provider": "provider[\"registry.terraform.io/hashicorp/aws\"]",
      "instances": [
        {
          "schema_version": 0,
          "attributes": {
            "arn": "arn:aws:iam::473154593366:role/eks-cluster-jenkins_agent_cluster",
            "assume_role_policy": "{\"Statement\":[{\"Action\":\"sts:AssumeRole\",\"Effect\":\"Allow\",\"Principal\":{\"Service\":\"eks.amazonaws.com\"}}],\"Version\":\"2012-10-17\"}",
            "create_date": "2024-12-14T01:25:53Z",
            "description": "",
            "force_detach_policies": false,
            "id": "eks-cluster-jenkins_agent_cluster",
            "inline_policy": [],
            "managed_policy_arns": [],
            "max_session_duration": 3600,
            "name": "eks-cluster-jenkins_agent_cluster",
            "name_prefix": "",
            "path": "/",
            "permissions_boundary": "",
            "tags": null,
            "tags_all": {},
            "unique_id": "AROAW4KRWEJLAEIKKYUAQ"
          },
          "sensitive_attributes": [],
          "private": "bnVsbA=="
        }
      ]
    },
    {
      "module": "module.test3",
      "mode": "managed",
      "type": "aws_iam_role",
      "name": "nodes",
      "provider": "provider[\"registry.terraform.io/hashicorp/aws\"]",
      "instances": [
        {
          "schema_version": 0,
          "attributes": {
            "arn": "arn:aws:iam::473154593366:role/eks-node-group-nodes",
            "assume_role_policy": "{\"Statement\":[{\"Action\":\"sts:AssumeRole\",\"Effect\":\"Allow\",\"Principal\":{\"Service\":\"ec2.amazonaws.com\"}}],\"Version\":\"2012-10-17\"}",
            "create_date": "2024-12-14T01:25:53Z",
            "description": "",
            "force_detach_policies": false,
            "id": "eks-node-group-nodes",
            "inline_policy": [],
            "managed_policy_arns": [],
            "max_session_duration": 3600,
            "name": "eks-node-group-nodes",
            "name_prefix": "",
            "path": "/",
            "permissions_boundary": "",
            "tags": null,
            "tags_all": {},
            "unique_id": "AROAW4KRWEJLODEMBWCXN"
          },
          "sensitive_attributes": [],
          "private": "bnVsbA=="
        }
      ]
    },
    {
      "module": "module.test3",
      "mode": "managed",
      "type": "aws_iam_role_policy_attachment",
      "name": "jenkins_agent_cluster-AmazonEKSClusterPolicy",
      "provider": "provider[\"registry.terraform.io/hashicorp/aws\"]",
      "instances": [
        {
          "schema_version": 0,
          "attributes": {
            "id": "eks-cluster-jenkins_agent_cluster-2024121401255591460000000a",
            "policy_arn": "arn:aws:iam::aws:policy/AmazonEKSClusterPolicy",
            "role": "eks-cluster-jenkins_agent_cluster"
          },
          "sensitive_attributes": [],
          "private": "bnVsbA==",
          "dependencies": [
            "module.test3.aws_iam_role.jenkins_agent_cluster"
          ]
        }
      ]
    },
    {
      "module": "module.test3",
      "mode": "managed",
      "type": "aws_iam_role_policy_attachment",
      "name": "nodes-AmazonEC2ContainerRegistryReadOnly",
      "provider": "provider[\"registry.terraform.io/hashicorp/aws\"]",
      "instances": [
        {
          "schema_version": 0,
          "attributes": {
            "id": "eks-node-group-nodes-20241214012554770400000005",
            "policy_arn": "arn:aws:iam::aws:policy/AmazonEC2ContainerRegistryReadOnly",
            "role": "eks-node-group-nodes"
          },
          "sensitive_attributes": [],
          "private": "bnVsbA==",
          "dependencies": [
            "module.test3.aws_iam_role.nodes"
          ]
        }
      ]
    },
    {
      "module": "module.test3",
      "mode": "managed",
      "type": "aws_iam_role_policy_attachment",
      "name": "nodes-AmazonEKSWorkerNodePolicy",
      "provider": "provider[\"registry.terraform.io/hashicorp/aws\"]",
      "instances": [
        {
          "schema_version": 0,
          "attributes": {
            "id": "eks-node-group-nodes-20241214012554405800000004",
            "policy_arn": "arn:aws:iam::aws:policy/AmazonEKSWorkerNodePolicy",
            "role": "eks-node-group-nodes"
          },
          "sensitive_attributes": [],
          "private": "bnVsbA==",
          "dependencies": [
            "module.test3.aws_iam_role.nodes"
          ]
        }
      ]
    },
    {
      "module": "module.test3",
      "mode": "managed",
      "type": "aws_iam_role_policy_attachment",
      "name": "nodes-AmazonEKS_CNI_Policy",
      "provider": "provider[\"registry.terraform.io/hashicorp/aws\"]",
      "instances": [
        {
          "schema_version": 0,
          "attributes": {
            "id": "eks-node-group-nodes-20241214012554864300000006",
            "policy_arn": "arn:aws:iam::aws:policy/AmazonEKS_CNI_Policy",
            "role": "eks-node-group-nodes"
          },
          "sensitive_attributes": [],
          "private": "bnVsbA==",
          "dependencies": [
            "module.test3.aws_iam_role.nodes"
          ]
        }
      ]
    },
    {
      "module": "module.test3",
      "mode": "managed",
      "type": "aws_key_pair",
      "name": "jenkins_agent_key_pair",
      "provider": "provider[\"registry.terraform.io/hashicorp/aws\"]",
      "instances": [
        {
          "schema_version": 1,
          "attributes": {
            "arn": "arn:aws:ec2:ap-southeast-1:473154593366:key-pair/my-jenkins-agent-key-pair",
            "fingerprint": "b1:3d:16:26:97:bc:b8:00:d0:67:40:e6:aa:4e:54:68",
            "id": "my-jenkins-agent-key-pair",
            "key_name": "my-jenkins-agent-key-pair",
            "key_name_prefix": "",
            "key_pair_id": "key-0e758b7c41b27b4da",
            "key_type": "rsa",
            "public_key": "ssh-rsa AAAAB3NzaC1yc2EAAAADAQABAAABAQCt7VMmR7qH7aUK3Nai67cswTeezgw5B4PErzjE7eKIjqA2WxJFq1Hk7iGChJpdyXw0pjtC9Sk7CKQPRyM6REOf9lPL4mHDkeTIO0/jU60te5nhA5A5WKHUwuhrgWAzNEqwqeMohHTZnQuKjKauRBCBYV67FE79t05mJ/Fr2ELeTlMZdnCzoBMZQoeQjUKx0gNmwXkT02amGBDRdkU37m8C/lZNR3G0I+0sdWMW4ZMmud371JDonNcM88f8/Kac+gYJpk5mQ8pd7Lp5lSiygBb2efRbFdGXc6wmoMmLXfTKGPmBA//Yp52g7Qwi4X5qCyn8L1jtB+0042A/hax9Drtr",
            "tags": null,
            "tags_all": {}
          },
          "sensitive_attributes": [],
          "private": "eyJzY2hlbWFfdmVyc2lvbiI6IjEifQ==",
          "dependencies": [
            "module.test3.tls_private_key.jenkins_agent_key"
          ]
        }
      ]
    },
    {
      "module": "module.test3",
      "mode": "managed",
      "type": "aws_launch_template",
      "name": "jenkins_agent_launch_template",
      "provider": "provider[\"registry.terraform.io/hashicorp/aws\"]",
      "instances": [
        {
          "schema_version": 0,
          "attributes": {
            "arn": "arn:aws:ec2:ap-southeast-1:473154593366:launch-template/lt-0915fa9e8fbd31493",
            "block_device_mappings": [
              {
                "device_name": "/dev/xvda",
                "ebs": [
                  {
                    "delete_on_termination": "",
                    "encrypted": "",
                    "iops": 0,
                    "kms_key_id": "",
                    "snapshot_id": "",
                    "throughput": 0,
                    "volume_size": 20,
                    "volume_type": "gp3"
                  }
                ],
                "no_device": "",
                "virtual_name": ""
              }
            ],
            "capacity_reservation_specification": [],
            "cpu_options": [],
            "credit_specification": [],
            "default_version": 1,
            "description": "",
            "disable_api_stop": false,
            "disable_api_termination": false,
            "ebs_optimized": "true",
            "elastic_gpu_specifications": [],
            "elastic_inference_accelerator": [],
            "enclave_options": [],
            "hibernation_options": [],
            "iam_instance_profile": [],
            "id": "lt-0915fa9e8fbd31493",
            "image_id": "",
            "instance_initiated_shutdown_behavior": "",
            "instance_market_options": [],
            "instance_requirements": [],
            "instance_type": "",
            "kernel_id": "",
            "key_name": "my-jenkins-agent-key-pair",
            "latest_version": 1,
            "license_specification": [],
            "maintenance_options": [],
            "metadata_options": [],
            "monitoring": [],
            "name": "jenkins-agent-launch-template",
            "name_prefix": "",
            "network_interfaces": [],
            "placement": [],
            "private_dns_name_options": [],
            "ram_disk_id": "",
            "security_group_names": null,
            "tag_specifications": [
              {
                "resource_type": "instance",
                "tags": {
                  "Environment": "dev",
                  "Name": "jenkins-agent",
                  "Terraform": "true"
                }
              }
            ],
            "tags": null,
            "tags_all": {},
            "update_default_version": true,
            "user_data": "",
            "vpc_security_group_ids": null
          },
          "sensitive_attributes": [],
          "private": "bnVsbA==",
          "dependencies": [
            "module.test3.aws_key_pair.jenkins_agent_key_pair",
            "module.test3.tls_private_key.jenkins_agent_key"
          ]
        }
      ]
    },
    {
      "module": "module.test3",
      "mode": "managed",
      "type": "aws_security_group",
      "name": "jenkins_agent_sg",
      "provider": "provider[\"registry.terraform.io/hashicorp/aws\"]",
      "instances": [
        {
          "schema_version": 1,
          "attributes": {
            "arn": "arn:aws:ec2:ap-southeast-1:473154593366:security-group/sg-0fe9a60cd11dc5786",
            "description": "Security group for Jenkins Agent EC2 instance",
            "egress": [],
            "id": "sg-0fe9a60cd11dc5786",
            "ingress": [
              {
                "cidr_blocks": [
                  "0.0.0.0/0"
                ],
                "description": "SSH",
                "from_port": 22,
                "ipv6_cidr_blocks": [],
                "prefix_list_ids": [],
                "protocol": "tcp",
                "security_groups": [],
                "self": false,
                "to_port": 22
              }
            ],
            "name": "jenkins-agent-sg",
            "name_prefix": "",
            "owner_id": "473154593366",
            "revoke_rules_on_delete": false,
            "tags": {
              "Environment": "dev",
              "Name": "jenkins-agent-sg",
              "Terraform": "true"
            },
            "tags_all": {
              "Environment": "dev",
              "Name": "jenkins-agent-sg",
              "Terraform": "true"
            },
            "timeouts": null,
            "vpc_id": "vpc-0a2220c0ba1a8e843"
          },
          "sensitive_attributes": [],
          "private": "eyJlMmJmYjczMC1lY2FhLTExZTYtOGY4OC0zNDM2M2JjN2M0YzAiOnsiY3JlYXRlIjo2MDAwMDAwMDAwMDAsImRlbGV0ZSI6OTAwMDAwMDAwMDAwfSwic2NoZW1hX3ZlcnNpb24iOiIxIn0=",
          "dependencies": [
            "module.vpc.aws_vpc.my_vpc"
          ]
        }
      ]
    },
    {
      "module": "module.test3",
      "mode": "managed",
      "type": "local_file",
      "name": "jenkins_agent_private_key_file",
      "provider": "provider[\"registry.terraform.io/hashicorp/local\"]",
      "instances": [
        {
          "schema_version": 0,
          "attributes": {
            "content": "-----BEGIN RSA PRIVATE KEY-----\nMIIEogIBAAKCAQEAre1TJke6h+2lCtzWouu3LME3ns4MOQeDxK84xO3iiI6gNlsS\nRatR5O4hgoSaXcl8NKY7QvUpOwikD0cjOkRDn/ZTy+Jhw5HkyDtP41OtLXuZ4QOQ\nOVih1MLoa4FgMzRKsKnjKIR02Z0LioymrkQQgWFeuxRO/bdOZifxa9hC3k5TGXZw\ns6ATGUKHkI1CsdIDZsF5E9NmphgQ0XZFN+5vAv5WTUdxtCPtLHVjFuGTJrnd+9SQ\n6JzXDPPH/PymnPoGCaZOZkPKXey6eZUosoAW9nn0WxXRl3OsJqDJi130yhj5gQP/\n2KedoO0MIuF+agsp/C9Y7QftNONgP4WsfQ67awIDAQABAoIBAFSl5IoE7uuo5WJc\nCLpSLlxBzWgksB4xYhgfj2mIvW/oumC6AjKWJs1ceEKldtuebCzTmpQD7YUlt3MY\nFDUPdDouEKpyC1K7drVc6Iyi9O3l8gZpTZAbaue51JQ96ywAjzlb9YqKrLQckrlj\nqtu1lLLjSM+UGr2wsR9W4VCzeBfpCWP/sdUZiApgCXMxlwyPB6HV6UNaHvgOgzak\nVC6kT+M04/IgKpjzWRxKch5LtKsHykxrdXS6W1ZAs8+Qv4EE0Ah9PkMEhxdCGUVj\nT1KO3Ne2E7lnT+wFDCAYt6GxxblfRCEey1Y+Qn9wOaG1CmSSX1FtZkyKvJWpci2g\nu+y3fEECgYEA2DM5wKpEvQl6Wv7s5/dsawF5BNF4AWeKo/rIFuoVqCydNhD02Gc1\naz6hwrYyqABbQydeGtr3r4WOwoXUW8MF3xFBhYySne7xrrGzISEJOjh2kTSJzfKm\nxC318kgGseT4klNZUEQgGmPGmfs5fjjFq+wPh+1bphV3BzSfYbf4ZNUCgYEAzfHq\nEYfzBSCanpPZavzeRiMq9R2qrLDtpdCFIP0yXA/vrQ2cJOGXXBztYw1sDbRMlWcR\ns+J/l4EBasjbw1tdH/5CL6V30XvQFg7s19BnQ64hWF4glR0m3IA8uaS78feDsJDY\nfr29Doalsu0LXOWYazgnEv1aZxhwtx2gCQpnvz8CgYAJHI+QiRyAgwe/EgNV+118\nXQGGrHVMSdrT8lvAa3kiL08o2ioXfLIJpQgYNqmH3wv5lo0mwJeztANCO3WpsFxs\n/EMwp63+LfXNkPulp8jFxV9p2zb7kQBqQC2fWl293ZKESDL5aQWZVx8lmirgIPBj\nwH0fE2fLZhgwG42kBqbXSQKBgHOJl3aUXZtvyi7S5XPnP0/75Nq09Q6DCCAxVq7G\nPZ12d1EPxJzQTtknhWo/mnIpx5k9xKm1lT1K65+b5ea4eAs92qXeX9UPcBMf9nGx\nAm3u39gynnbpbubfrrG7oJFD+gZxjHO2QL1IfuddozVPvW3Rh+JYboJOLNYeca0A\nwGmDAoGALN350n3rdlcnaFb3M5w+LRkjcP8F5NxbOxsn4w5fNeWrS2YjPG7EaBsl\nQBOsdmBZAZ7YH0Pv1JFu0OGFlLqpWkuKaw53fxDFKo4mtWQ1sB58uLgmrUATjBtg\nK9v2p+/z8NRH+1KEbTHOqtJyuoQjvNAei8jaGklg14EQXpOOHnM=\n-----END RSA PRIVATE KEY-----\n",
            "content_base64": null,
            "content_base64sha256": "ulHxo54TJqyrCDij39X84oqh8WRMX3hLJGMEsG0EW2I=",
            "content_base64sha512": "TqNREQrGd96pk0QASjLurjpqx0kt8+UNhob6XAL7zz7wlrzC7nRffNfd1jCCa2YED4h9pfq8dhW5lArLL3GjJw==",
            "content_md5": "4351ddb90cf6cea429656aa7e9dd78d0",
            "content_sha1": "a4e36ae36d4842ddd34ec5600dc49b039181c6f6",
            "content_sha256": "ba51f1a39e1326acab0838a3dfd5fce28aa1f1644c5f784b246304b06d045b62",
            "content_sha512": "4ea351110ac677dea99344004a32eeae3a6ac7492df3e50d8686fa5c02fbcf3ef096bcc2ee745f7cd7ddd630826b66040f887da5fabc7615b9940acb2f71a327",
            "directory_permission": "0777",
            "file_permission": "0777",
            "filename": "modules/test-3/jenkins_agent_key.pem",
            "id": "a4e36ae36d4842ddd34ec5600dc49b039181c6f6",
            "sensitive_content": null,
            "source": null
          },
          "sensitive_attributes": [
            [
              {
                "type": "get_attr",
                "value": "content"
              }
            ],
            [
              {
                "type": "get_attr",
                "value": "sensitive_content"
              }
            ]
          ],
          "dependencies": [
            "module.test3.tls_private_key.jenkins_agent_key"
          ]
        }
      ]
    },
    {
      "module": "module.test3",
      "mode": "managed",
      "type": "local_file",
      "name": "jenkins_agent_public_key_file",
      "provider": "provider[\"registry.terraform.io/hashicorp/local\"]",
      "instances": [
        {
          "schema_version": 0,
          "attributes": {
            "content": "ssh-rsa AAAAB3NzaC1yc2EAAAADAQABAAABAQCt7VMmR7qH7aUK3Nai67cswTeezgw5B4PErzjE7eKIjqA2WxJFq1Hk7iGChJpdyXw0pjtC9Sk7CKQPRyM6REOf9lPL4mHDkeTIO0/jU60te5nhA5A5WKHUwuhrgWAzNEqwqeMohHTZnQuKjKauRBCBYV67FE79t05mJ/Fr2ELeTlMZdnCzoBMZQoeQjUKx0gNmwXkT02amGBDRdkU37m8C/lZNR3G0I+0sdWMW4ZMmud371JDonNcM88f8/Kac+gYJpk5mQ8pd7Lp5lSiygBb2efRbFdGXc6wmoMmLXfTKGPmBA//Yp52g7Qwi4X5qCyn8L1jtB+0042A/hax9Drtr\n",
            "content_base64": null,
            "content_base64sha256": "BFDmy8qMAU2CXi2JdcLKOa9Bnf4DqXEvhQF7DcULoRA=",
            "content_base64sha512": "8fHhkSG4gweg+zmBX98V1r8+J1QH1NQLwKAIV+LSF42rrtlZO3Q8BwL2nN6zjc3YVpCFofzfWtSIza5tsKI//A==",
            "content_md5": "f19d867dabf3c40740b8e692a7766bd9",
            "content_sha1": "e13d2375116345f667bd1cca0037d059a62a8877",
            "content_sha256": "0450e6cbca8c014d825e2d8975c2ca39af419dfe03a9712f85017b0dc50ba110",
            "content_sha512": "f1f1e19121b88307a0fb39815fdf15d6bf3e275407d4d40bc0a00857e2d2178dabaed9593b743c0702f69cdeb38dcdd8569085a1fcdf5ad488cdae6db0a23ffc",
            "directory_permission": "0777",
            "file_permission": "0777",
            "filename": "modules/test-3/jenkins_agent_key.pub",
            "id": "e13d2375116345f667bd1cca0037d059a62a8877",
            "sensitive_content": null,
            "source": null
          },
          "sensitive_attributes": [
            [
              {
                "type": "get_attr",
                "value": "sensitive_content"
              }
            ]
          ],
          "dependencies": [
            "module.test3.tls_private_key.jenkins_agent_key"
          ]
        }
      ]
    },
    {
      "module": "module.test3",
      "mode": "managed",
      "type": "tls_private_key",
      "name": "jenkins_agent_key",
      "provider": "provider[\"registry.terraform.io/hashicorp/tls\"]",
      "instances": [
        {
          "schema_version": 1,
          "attributes": {
            "algorithm": "RSA",
            "ecdsa_curve": "P224",
            "id": "c5463508e33915f09f4181bfed9db1bf43fd22ac",
            "private_key_openssh": "-----BEGIN OPENSSH PRIVATE KEY-----\nb3BlbnNzaC1rZXktdjEAAAAABG5vbmUAAAAEbm9uZQAAAAAAAAABAAABFwAAAAdz\nc2gtcnNhAAAAAwEAAQAAAQEAre1TJke6h+2lCtzWouu3LME3ns4MOQeDxK84xO3i\niI6gNlsSRatR5O4hgoSaXcl8NKY7QvUpOwikD0cjOkRDn/ZTy+Jhw5HkyDtP41Ot\nLXuZ4QOQOVih1MLoa4FgMzRKsKnjKIR02Z0LioymrkQQgWFeuxRO/bdOZifxa9hC\n3k5TGXZws6ATGUKHkI1CsdIDZsF5E9NmphgQ0XZFN+5vAv5WTUdxtCPtLHVjFuGT\nJrnd+9SQ6JzXDPPH/PymnPoGCaZOZkPKXey6eZUosoAW9nn0WxXRl3OsJqDJi130\nyhj5gQP/2KedoO0MIuF+agsp/C9Y7QftNONgP4WsfQ67awAAA7jz5A1i8+QNYgAA\nAAdzc2gtcnNhAAABAQCt7VMmR7qH7aUK3Nai67cswTeezgw5B4PErzjE7eKIjqA2\nWxJFq1Hk7iGChJpdyXw0pjtC9Sk7CKQPRyM6REOf9lPL4mHDkeTIO0/jU60te5nh\nA5A5WKHUwuhrgWAzNEqwqeMohHTZnQuKjKauRBCBYV67FE79t05mJ/Fr2ELeTlMZ\ndnCzoBMZQoeQjUKx0gNmwXkT02amGBDRdkU37m8C/lZNR3G0I+0sdWMW4ZMmud37\n1JDonNcM88f8/Kac+gYJpk5mQ8pd7Lp5lSiygBb2efRbFdGXc6wmoMmLXfTKGPmB\nA//Yp52g7Qwi4X5qCyn8L1jtB+0042A/hax9DrtrAAAAAwEAAQAAAQBUpeSKBO7r\nqOViXAi6Ui5cQc1oJLAeMWIYH49piL1v6LpgugIylibNXHhCpXbbnmws05qUA+2F\nJbdzGBQ1D3Q6LhCqcgtSu3a1XOiMovTt5fIGaU2QG2rnudSUPessAI85W/WKiqy0\nHJK5Y6rbtZSy40jPlBq9sLEfVuFQs3gX6Qlj/7HVGYgKYAlzMZcMjweh1elDWh74\nDoM2pFQupE/jNOPyICqY81kcSnIeS7SrB8pMa3V0ultWQLPPkL+BBNAIfT5DBIcX\nQhlFY09SjtzXthO5Z0/sBQwgGLehscW5X0QhHstWPkJ/cDmhtQpkkl9RbWZMiryV\nqXItoLvst3xBAAAAgCzd+dJ963ZXJ2hW9zOcPi0ZI3D/BeTcWzsbJ+MOXzXlq0tm\nIzxuxGgbJUATrHZgWQGe2B9D79SRbtDhhZS6qVpLimsOd38QxSqOJrVkNbAefLi4\nJq1AE4wbYCvb9qfv8/DUR/tShG0xzqrScrqEI7zQHovI2hpJYNeBEF6Tjh5zAAAA\ngQDYMznAqkS9CXpa/uzn92xrAXkE0XgBZ4qj+sgW6hWoLJ02EPTYZzVrPqHCtjKo\nAFtDJ14a2vevhY7ChdRbwwXfEUGFjJKd7vGusbMhIQk6OHaRNInN8qbELfXySAax\n5PiSU1lQRCAaY8aZ+zl+OMWr7A+H7VumFXcHNJ9ht/hk1QAAAIEAzfHqEYfzBSCa\nnpPZavzeRiMq9R2qrLDtpdCFIP0yXA/vrQ2cJOGXXBztYw1sDbRMlWcRs+J/l4EB\nasjbw1tdH/5CL6V30XvQFg7s19BnQ64hWF4glR0m3IA8uaS78feDsJDYfr29Doal\nsu0LXOWYazgnEv1aZxhwtx2gCQpnvz8AAAAAAQID\n-----END OPENSSH PRIVATE KEY-----\n",
            "private_key_pem": "-----BEGIN RSA PRIVATE KEY-----\nMIIEogIBAAKCAQEAre1TJke6h+2lCtzWouu3LME3ns4MOQeDxK84xO3iiI6gNlsS\nRatR5O4hgoSaXcl8NKY7QvUpOwikD0cjOkRDn/ZTy+Jhw5HkyDtP41OtLXuZ4QOQ\nOVih1MLoa4FgMzRKsKnjKIR02Z0LioymrkQQgWFeuxRO/bdOZifxa9hC3k5TGXZw\ns6ATGUKHkI1CsdIDZsF5E9NmphgQ0XZFN+5vAv5WTUdxtCPtLHVjFuGTJrnd+9SQ\n6JzXDPPH/PymnPoGCaZOZkPKXey6eZUosoAW9nn0WxXRl3OsJqDJi130yhj5gQP/\n2KedoO0MIuF+agsp/C9Y7QftNONgP4WsfQ67awIDAQABAoIBAFSl5IoE7uuo5WJc\nCLpSLlxBzWgksB4xYhgfj2mIvW/oumC6AjKWJs1ceEKldtuebCzTmpQD7YUlt3MY\nFDUPdDouEKpyC1K7drVc6Iyi9O3l8gZpTZAbaue51JQ96ywAjzlb9YqKrLQckrlj\nqtu1lLLjSM+UGr2wsR9W4VCzeBfpCWP/sdUZiApgCXMxlwyPB6HV6UNaHvgOgzak\nVC6kT+M04/IgKpjzWRxKch5LtKsHykxrdXS6W1ZAs8+Qv4EE0Ah9PkMEhxdCGUVj\nT1KO3Ne2E7lnT+wFDCAYt6GxxblfRCEey1Y+Qn9wOaG1CmSSX1FtZkyKvJWpci2g\nu+y3fEECgYEA2DM5wKpEvQl6Wv7s5/dsawF5BNF4AWeKo/rIFuoVqCydNhD02Gc1\naz6hwrYyqABbQydeGtr3r4WOwoXUW8MF3xFBhYySne7xrrGzISEJOjh2kTSJzfKm\nxC318kgGseT4klNZUEQgGmPGmfs5fjjFq+wPh+1bphV3BzSfYbf4ZNUCgYEAzfHq\nEYfzBSCanpPZavzeRiMq9R2qrLDtpdCFIP0yXA/vrQ2cJOGXXBztYw1sDbRMlWcR\ns+J/l4EBasjbw1tdH/5CL6V30XvQFg7s19BnQ64hWF4glR0m3IA8uaS78feDsJDY\nfr29Doalsu0LXOWYazgnEv1aZxhwtx2gCQpnvz8CgYAJHI+QiRyAgwe/EgNV+118\nXQGGrHVMSdrT8lvAa3kiL08o2ioXfLIJpQgYNqmH3wv5lo0mwJeztANCO3WpsFxs\n/EMwp63+LfXNkPulp8jFxV9p2zb7kQBqQC2fWl293ZKESDL5aQWZVx8lmirgIPBj\nwH0fE2fLZhgwG42kBqbXSQKBgHOJl3aUXZtvyi7S5XPnP0/75Nq09Q6DCCAxVq7G\nPZ12d1EPxJzQTtknhWo/mnIpx5k9xKm1lT1K65+b5ea4eAs92qXeX9UPcBMf9nGx\nAm3u39gynnbpbubfrrG7oJFD+gZxjHO2QL1IfuddozVPvW3Rh+JYboJOLNYeca0A\nwGmDAoGALN350n3rdlcnaFb3M5w+LRkjcP8F5NxbOxsn4w5fNeWrS2YjPG7EaBsl\nQBOsdmBZAZ7YH0Pv1JFu0OGFlLqpWkuKaw53fxDFKo4mtWQ1sB58uLgmrUATjBtg\nK9v2p+/z8NRH+1KEbTHOqtJyuoQjvNAei8jaGklg14EQXpOOHnM=\n-----END RSA PRIVATE KEY-----\n",
            "private_key_pem_pkcs8": "-----BEGIN PRIVATE KEY-----\nMIIEvAIBADANBgkqhkiG9w0BAQEFAASCBKYwggSiAgEAAoIBAQCt7VMmR7qH7aUK\n3Nai67cswTeezgw5B4PErzjE7eKIjqA2WxJFq1Hk7iGChJpdyXw0pjtC9Sk7CKQP\nRyM6REOf9lPL4mHDkeTIO0/jU60te5nhA5A5WKHUwuhrgWAzNEqwqeMohHTZnQuK\njKauRBCBYV67FE79t05mJ/Fr2ELeTlMZdnCzoBMZQoeQjUKx0gNmwXkT02amGBDR\ndkU37m8C/lZNR3G0I+0sdWMW4ZMmud371JDonNcM88f8/Kac+gYJpk5mQ8pd7Lp5\nlSiygBb2efRbFdGXc6wmoMmLXfTKGPmBA//Yp52g7Qwi4X5qCyn8L1jtB+0042A/\nhax9DrtrAgMBAAECggEAVKXkigTu66jlYlwIulIuXEHNaCSwHjFiGB+PaYi9b+i6\nYLoCMpYmzVx4QqV2255sLNOalAPthSW3cxgUNQ90Oi4QqnILUrt2tVzojKL07eXy\nBmlNkBtq57nUlD3rLACPOVv1ioqstBySuWOq27WUsuNIz5QavbCxH1bhULN4F+kJ\nY/+x1RmICmAJczGXDI8HodXpQ1oe+A6DNqRULqRP4zTj8iAqmPNZHEpyHku0qwfK\nTGt1dLpbVkCzz5C/gQTQCH0+QwSHF0IZRWNPUo7c17YTuWdP7AUMIBi3obHFuV9E\nIR7LVj5Cf3A5obUKZJJfUW1mTIq8lalyLaC77Ld8QQKBgQDYMznAqkS9CXpa/uzn\n92xrAXkE0XgBZ4qj+sgW6hWoLJ02EPTYZzVrPqHCtjKoAFtDJ14a2vevhY7ChdRb\nwwXfEUGFjJKd7vGusbMhIQk6OHaRNInN8qbELfXySAax5PiSU1lQRCAaY8aZ+zl+\nOMWr7A+H7VumFXcHNJ9ht/hk1QKBgQDN8eoRh/MFIJqek9lq/N5GIyr1HaqssO2l\n0IUg/TJcD++tDZwk4ZdcHO1jDWwNtEyVZxGz4n+XgQFqyNvDW10f/kIvpXfRe9AW\nDuzX0GdDriFYXiCVHSbcgDy5pLvx94OwkNh+vb0OhqWy7Qtc5ZhrOCcS/VpnGHC3\nHaAJCme/PwKBgAkcj5CJHICDB78SA1X7XXxdAYasdUxJ2tPyW8BreSIvTyjaKhd8\nsgmlCBg2qYffC/mWjSbAl7O0A0I7damwXGz8QzCnrf4t9c2Q+6WnyMXFX2nbNvuR\nAGpALZ9aXb3dkoRIMvlpBZlXHyWaKuAg8GPAfR8TZ8tmGDAbjaQGptdJAoGAc4mX\ndpRdm2/KLtLlc+c/T/vk2rT1DoMIIDFWrsY9nXZ3UQ/EnNBO2SeFaj+acinHmT3E\nqbWVPUrrn5vl5rh4Cz3apd5f1Q9wEx/2cbECbe7f2DKedulu5t+usbugkUP6BnGM\nc7ZAvUh+512jNU+9bdGH4lhugk4s1h5xrQDAaYMCgYAs3fnSfet2VydoVvcznD4t\nGSNw/wXk3Fs7GyfjDl815atLZiM8bsRoGyVAE6x2YFkBntgfQ+/UkW7Q4YWUuqla\nS4prDnd/EMUqjia1ZDWwHny4uCatQBOMG2Ar2/an7/Pw1Ef7UoRtMc6q0nK6hCO8\n0B6LyNoaSWDXgRBek44ecw==\n-----END PRIVATE KEY-----\n",
            "public_key_fingerprint_md5": "a3:03:e6:ad:dc:7d:58:6e:15:bd:7e:f9:b2:50:48:7e",
            "public_key_fingerprint_sha256": "SHA256:oYHkTCMJQ2KM2DQ2ivGpbxIZQMbpawVfjq9B2QQw9o0",
            "public_key_openssh": "ssh-rsa AAAAB3NzaC1yc2EAAAADAQABAAABAQCt7VMmR7qH7aUK3Nai67cswTeezgw5B4PErzjE7eKIjqA2WxJFq1Hk7iGChJpdyXw0pjtC9Sk7CKQPRyM6REOf9lPL4mHDkeTIO0/jU60te5nhA5A5WKHUwuhrgWAzNEqwqeMohHTZnQuKjKauRBCBYV67FE79t05mJ/Fr2ELeTlMZdnCzoBMZQoeQjUKx0gNmwXkT02amGBDRdkU37m8C/lZNR3G0I+0sdWMW4ZMmud371JDonNcM88f8/Kac+gYJpk5mQ8pd7Lp5lSiygBb2efRbFdGXc6wmoMmLXfTKGPmBA//Yp52g7Qwi4X5qCyn8L1jtB+0042A/hax9Drtr\n",
            "public_key_pem": "-----BEGIN PUBLIC KEY-----\nMIIBIjANBgkqhkiG9w0BAQEFAAOCAQ8AMIIBCgKCAQEAre1TJke6h+2lCtzWouu3\nLME3ns4MOQeDxK84xO3iiI6gNlsSRatR5O4hgoSaXcl8NKY7QvUpOwikD0cjOkRD\nn/ZTy+Jhw5HkyDtP41OtLXuZ4QOQOVih1MLoa4FgMzRKsKnjKIR02Z0LioymrkQQ\ngWFeuxRO/bdOZifxa9hC3k5TGXZws6ATGUKHkI1CsdIDZsF5E9NmphgQ0XZFN+5v\nAv5WTUdxtCPtLHVjFuGTJrnd+9SQ6JzXDPPH/PymnPoGCaZOZkPKXey6eZUosoAW\n9nn0WxXRl3OsJqDJi130yhj5gQP/2KedoO0MIuF+agsp/C9Y7QftNONgP4WsfQ67\nawIDAQAB\n-----END PUBLIC KEY-----\n",
            "rsa_bits": 2048
          },
          "sensitive_attributes": [
            [
              {
                "type": "get_attr",
                "value": "private_key_openssh"
              }
            ],
            [
              {
                "type": "get_attr",
                "value": "private_key_pem"
              }
            ],
            [
              {
                "type": "get_attr",
                "value": "private_key_pem_pkcs8"
              }
            ]
          ]
        }
      ]
    },
    {
      "module": "module.vpc",
      "mode": "managed",
      "type": "aws_eip",
      "name": "nat_eip",
      "provider": "provider[\"registry.terraform.io/hashicorp/aws\"]",
      "instances": [
        {
          "schema_version": 0,
          "attributes": {
            "address": null,
            "allocation_id": "eipalloc-066e3bbcfb6de4c9f",
            "arn": "arn:aws:ec2:ap-southeast-1:473154593366:elastic-ip/eipalloc-066e3bbcfb6de4c9f",
            "associate_with_private_ip": null,
            "association_id": "",
            "carrier_ip": "",
            "customer_owned_ip": "",
            "customer_owned_ipv4_pool": "",
            "domain": "vpc",
            "id": "eipalloc-066e3bbcfb6de4c9f",
            "instance": "",
            "ipam_pool_id": null,
            "network_border_group": "ap-southeast-1",
            "network_interface": "",
            "private_dns": null,
            "private_ip": "",
            "ptr_record": "",
            "public_dns": "ec2-54-251-117-117.ap-southeast-1.compute.amazonaws.com",
            "public_ip": "54.251.117.117",
            "public_ipv4_pool": "amazon",
            "tags": {
              "Name": "my-eip"
            },
            "tags_all": {
              "Name": "my-eip"
            },
            "timeouts": null,
            "vpc": true
          },
          "sensitive_attributes": [],
          "private": "eyJlMmJmYjczMC1lY2FhLTExZTYtOGY4OC0zNDM2M2JjN2M0YzAiOnsiZGVsZXRlIjoxODAwMDAwMDAwMDAsInJlYWQiOjkwMDAwMDAwMDAwMCwidXBkYXRlIjozMDAwMDAwMDAwMDB9fQ=="
        }
      ]
    },
    {
      "module": "module.vpc",
      "mode": "managed",
      "type": "aws_internet_gateway",
      "name": "igw",
      "provider": "provider[\"registry.terraform.io/hashicorp/aws\"]",
      "instances": [
        {
          "schema_version": 0,
          "attributes": {
            "arn": "arn:aws:ec2:ap-southeast-1:473154593366:internet-gateway/igw-0265d2f71206855a3",
            "id": "igw-0265d2f71206855a3",
            "owner_id": "473154593366",
            "tags": {
              "Name": "my-igw"
            },
            "tags_all": {
              "Name": "my-igw"
            },
            "timeouts": null,
            "vpc_id": "vpc-0a2220c0ba1a8e843"
          },
          "sensitive_attributes": [],
          "private": "eyJlMmJmYjczMC1lY2FhLTExZTYtOGY4OC0zNDM2M2JjN2M0YzAiOnsiY3JlYXRlIjoxMjAwMDAwMDAwMDAwLCJkZWxldGUiOjEyMDAwMDAwMDAwMDAsInVwZGF0ZSI6MTIwMDAwMDAwMDAwMH19",
          "dependencies": [
            "module.vpc.aws_vpc.my_vpc"
          ]
        }
      ]
    },
    {
      "module": "module.vpc",
      "mode": "managed",
      "type": "aws_nat_gateway",
      "name": "nat_gw",
      "provider": "provider[\"registry.terraform.io/hashicorp/aws\"]",
      "instances": [
        {
          "schema_version": 0,
          "attributes": {
            "allocation_id": "eipalloc-066e3bbcfb6de4c9f",
            "association_id": "eipassoc-0252a5995363d7666",
            "connectivity_type": "public",
            "id": "nat-0b82d68a5006d1fa2",
            "network_interface_id": "eni-07897f0a5ad3b3f80",
            "private_ip": "10.0.101.187",
            "public_ip": "54.251.117.117",
            "secondary_allocation_ids": null,
            "secondary_private_ip_address_count": 0,
            "secondary_private_ip_addresses": [],
            "subnet_id": "subnet-02a1305748bc1c895",
            "tags": {
              "Name": "my-nat"
            },
            "tags_all": {
              "Name": "my-nat"
            },
            "timeouts": null
          },
          "sensitive_attributes": [],
          "private": "eyJlMmJmYjczMC1lY2FhLTExZTYtOGY4OC0zNDM2M2JjN2M0YzAiOnsiY3JlYXRlIjo2MDAwMDAwMDAwMDAsImRlbGV0ZSI6MTgwMDAwMDAwMDAwMCwidXBkYXRlIjo2MDAwMDAwMDAwMDB9fQ==",
          "dependencies": [
            "module.vpc.aws_eip.nat_eip",
            "module.vpc.aws_internet_gateway.igw",
            "module.vpc.aws_subnet.public_ap_southeast_1a",
            "module.vpc.aws_vpc.my_vpc"
          ]
        }
      ]
    },
    {
      "module": "module.vpc",
      "mode": "managed",
      "type": "aws_route_table",
      "name": "private",
      "provider": "provider[\"registry.terraform.io/hashicorp/aws\"]",
      "instances": [
        {
          "schema_version": 0,
          "attributes": {
            "arn": "arn:aws:ec2:ap-southeast-1:473154593366:route-table/rtb-09e5810de55fddbf5",
            "id": "rtb-09e5810de55fddbf5",
            "owner_id": "473154593366",
            "propagating_vgws": [],
            "route": [
              {
                "carrier_gateway_id": "",
                "cidr_block": "0.0.0.0/0",
                "core_network_arn": "",
                "destination_prefix_list_id": "",
                "egress_only_gateway_id": "",
                "gateway_id": "",
                "ipv6_cidr_block": "",
                "local_gateway_id": "",
                "nat_gateway_id": "nat-0b82d68a5006d1fa2",
                "network_interface_id": "",
                "transit_gateway_id": "",
                "vpc_endpoint_id": "",
                "vpc_peering_connection_id": ""
              }
            ],
            "tags": {
              "Name": "private-route-table"
            },
            "tags_all": {
              "Name": "private-route-table"
            },
            "timeouts": null,
            "vpc_id": "vpc-0a2220c0ba1a8e843"
          },
          "sensitive_attributes": [],
          "private": "eyJlMmJmYjczMC1lY2FhLTExZTYtOGY4OC0zNDM2M2JjN2M0YzAiOnsiY3JlYXRlIjozMDAwMDAwMDAwMDAsImRlbGV0ZSI6MzAwMDAwMDAwMDAwLCJ1cGRhdGUiOjEyMDAwMDAwMDAwMH19",
          "dependencies": [
            "module.vpc.aws_eip.nat_eip",
            "module.vpc.aws_internet_gateway.igw",
            "module.vpc.aws_nat_gateway.nat_gw",
            "module.vpc.aws_subnet.public_ap_southeast_1a",
            "module.vpc.aws_vpc.my_vpc"
          ]
        }
      ]
    },
    {
      "module": "module.vpc",
      "mode": "managed",
      "type": "aws_route_table",
      "name": "public",
      "provider": "provider[\"registry.terraform.io/hashicorp/aws\"]",
      "instances": [
        {
          "schema_version": 0,
          "attributes": {
            "arn": "arn:aws:ec2:ap-southeast-1:473154593366:route-table/rtb-008b6323311f825e3",
            "id": "rtb-008b6323311f825e3",
            "owner_id": "473154593366",
            "propagating_vgws": [],
            "route": [
              {
                "carrier_gateway_id": "",
                "cidr_block": "0.0.0.0/0",
                "core_network_arn": "",
                "destination_prefix_list_id": "",
                "egress_only_gateway_id": "",
                "gateway_id": "igw-0265d2f71206855a3",
                "ipv6_cidr_block": "",
                "local_gateway_id": "",
                "nat_gateway_id": "",
                "network_interface_id": "",
                "transit_gateway_id": "",
                "vpc_endpoint_id": "",
                "vpc_peering_connection_id": ""
              }
            ],
            "tags": {
              "Name": "public-route-table"
            },
            "tags_all": {
              "Name": "public-route-table"
            },
            "timeouts": null,
            "vpc_id": "vpc-0a2220c0ba1a8e843"
          },
          "sensitive_attributes": [],
          "private": "eyJlMmJmYjczMC1lY2FhLTExZTYtOGY4OC0zNDM2M2JjN2M0YzAiOnsiY3JlYXRlIjozMDAwMDAwMDAwMDAsImRlbGV0ZSI6MzAwMDAwMDAwMDAwLCJ1cGRhdGUiOjEyMDAwMDAwMDAwMH19",
          "dependencies": [
            "module.vpc.aws_internet_gateway.igw",
            "module.vpc.aws_vpc.my_vpc"
          ]
        }
      ]
    },
    {
      "module": "module.vpc",
      "mode": "managed",
      "type": "aws_route_table_association",
      "name": "private_ap_southeast_1a_association",
      "provider": "provider[\"registry.terraform.io/hashicorp/aws\"]",
      "instances": [
        {
          "schema_version": 0,
          "attributes": {
            "gateway_id": "",
            "id": "rtbassoc-070cdb5916d3445b8",
            "route_table_id": "rtb-09e5810de55fddbf5",
            "subnet_id": "subnet-047767caebe0229a0",
            "timeouts": null
          },
          "sensitive_attributes": [],
          "private": "eyJlMmJmYjczMC1lY2FhLTExZTYtOGY4OC0zNDM2M2JjN2M0YzAiOnsiY3JlYXRlIjozMDAwMDAwMDAwMDAsImRlbGV0ZSI6MzAwMDAwMDAwMDAwLCJ1cGRhdGUiOjEyMDAwMDAwMDAwMH19",
          "dependencies": [
            "module.vpc.aws_eip.nat_eip",
            "module.vpc.aws_internet_gateway.igw",
            "module.vpc.aws_nat_gateway.nat_gw",
            "module.vpc.aws_route_table.private",
            "module.vpc.aws_subnet.private_ap_southeast_1a",
            "module.vpc.aws_subnet.public_ap_southeast_1a",
            "module.vpc.aws_vpc.my_vpc"
          ]
        }
      ]
    },
    {
      "module": "module.vpc",
      "mode": "managed",
      "type": "aws_route_table_association",
      "name": "private_ap_southeast_1b_association",
      "provider": "provider[\"registry.terraform.io/hashicorp/aws\"]",
      "instances": [
        {
          "schema_version": 0,
          "attributes": {
            "gateway_id": "",
            "id": "rtbassoc-0071dc1fd95caffed",
            "route_table_id": "rtb-09e5810de55fddbf5",
            "subnet_id": "subnet-0c9a9b369a85d6258",
            "timeouts": null
          },
          "sensitive_attributes": [],
          "private": "eyJlMmJmYjczMC1lY2FhLTExZTYtOGY4OC0zNDM2M2JjN2M0YzAiOnsiY3JlYXRlIjozMDAwMDAwMDAwMDAsImRlbGV0ZSI6MzAwMDAwMDAwMDAwLCJ1cGRhdGUiOjEyMDAwMDAwMDAwMH19",
          "dependencies": [
            "module.vpc.aws_eip.nat_eip",
            "module.vpc.aws_internet_gateway.igw",
            "module.vpc.aws_nat_gateway.nat_gw",
            "module.vpc.aws_route_table.private",
            "module.vpc.aws_subnet.private_ap_southeast_1b",
            "module.vpc.aws_subnet.public_ap_southeast_1a",
            "module.vpc.aws_vpc.my_vpc"
          ]
        }
      ]
    },
    {
      "module": "module.vpc",
      "mode": "managed",
      "type": "aws_route_table_association",
      "name": "private_ap_southeast_1c_association",
      "provider": "provider[\"registry.terraform.io/hashicorp/aws\"]",
      "instances": [
        {
          "schema_version": 0,
          "attributes": {
            "gateway_id": "",
            "id": "rtbassoc-00372672779c4c729",
            "route_table_id": "rtb-09e5810de55fddbf5",
            "subnet_id": "subnet-06c4b2c0ea31291b6",
            "timeouts": null
          },
          "sensitive_attributes": [],
          "private": "eyJlMmJmYjczMC1lY2FhLTExZTYtOGY4OC0zNDM2M2JjN2M0YzAiOnsiY3JlYXRlIjozMDAwMDAwMDAwMDAsImRlbGV0ZSI6MzAwMDAwMDAwMDAwLCJ1cGRhdGUiOjEyMDAwMDAwMDAwMH19",
          "dependencies": [
            "module.vpc.aws_eip.nat_eip",
            "module.vpc.aws_internet_gateway.igw",
            "module.vpc.aws_nat_gateway.nat_gw",
            "module.vpc.aws_route_table.private",
            "module.vpc.aws_subnet.private_ap_southeast_1c",
            "module.vpc.aws_subnet.public_ap_southeast_1a",
            "module.vpc.aws_vpc.my_vpc"
          ]
        }
      ]
    },
    {
      "module": "module.vpc",
      "mode": "managed",
      "type": "aws_route_table_association",
      "name": "public_ap_southeast_1a_association",
      "provider": "provider[\"registry.terraform.io/hashicorp/aws\"]",
      "instances": [
        {
          "schema_version": 0,
          "attributes": {
            "gateway_id": "",
            "id": "rtbassoc-0c7959b24c4624e48",
            "route_table_id": "rtb-008b6323311f825e3",
            "subnet_id": "subnet-02a1305748bc1c895",
            "timeouts": null
          },
          "sensitive_attributes": [],
          "private": "eyJlMmJmYjczMC1lY2FhLTExZTYtOGY4OC0zNDM2M2JjN2M0YzAiOnsiY3JlYXRlIjozMDAwMDAwMDAwMDAsImRlbGV0ZSI6MzAwMDAwMDAwMDAwLCJ1cGRhdGUiOjEyMDAwMDAwMDAwMH19",
          "dependencies": [
            "module.vpc.aws_internet_gateway.igw",
            "module.vpc.aws_route_table.public",
            "module.vpc.aws_subnet.public_ap_southeast_1a",
            "module.vpc.aws_vpc.my_vpc"
          ]
        }
      ]
    },
    {
      "module": "module.vpc",
      "mode": "managed",
      "type": "aws_route_table_association",
      "name": "public_ap_southeast_1b_association",
      "provider": "provider[\"registry.terraform.io/hashicorp/aws\"]",
      "instances": [
        {
          "schema_version": 0,
          "attributes": {
            "gateway_id": "",
            "id": "rtbassoc-051513263e8dc8b18",
            "route_table_id": "rtb-008b6323311f825e3",
            "subnet_id": "subnet-00a2bf78d28978bb4",
            "timeouts": null
          },
          "sensitive_attributes": [],
          "private": "eyJlMmJmYjczMC1lY2FhLTExZTYtOGY4OC0zNDM2M2JjN2M0YzAiOnsiY3JlYXRlIjozMDAwMDAwMDAwMDAsImRlbGV0ZSI6MzAwMDAwMDAwMDAwLCJ1cGRhdGUiOjEyMDAwMDAwMDAwMH19",
          "dependencies": [
            "module.vpc.aws_internet_gateway.igw",
            "module.vpc.aws_route_table.public",
            "module.vpc.aws_subnet.public_ap_southeast_1b",
            "module.vpc.aws_vpc.my_vpc"
          ]
        }
      ]
    },
    {
      "module": "module.vpc",
      "mode": "managed",
      "type": "aws_route_table_association",
      "name": "public_ap_southeast_1c_association",
      "provider": "provider[\"registry.terraform.io/hashicorp/aws\"]",
      "instances": [
        {
          "schema_version": 0,
          "attributes": {
            "gateway_id": "",
            "id": "rtbassoc-070ad505ede2c8091",
            "route_table_id": "rtb-008b6323311f825e3",
            "subnet_id": "subnet-09d643feae001726a",
            "timeouts": null
          },
          "sensitive_attributes": [],
          "private": "eyJlMmJmYjczMC1lY2FhLTExZTYtOGY4OC0zNDM2M2JjN2M0YzAiOnsiY3JlYXRlIjozMDAwMDAwMDAwMDAsImRlbGV0ZSI6MzAwMDAwMDAwMDAwLCJ1cGRhdGUiOjEyMDAwMDAwMDAwMH19",
          "dependencies": [
            "module.vpc.aws_internet_gateway.igw",
            "module.vpc.aws_route_table.public",
            "module.vpc.aws_subnet.public_ap_southeast_1c",
            "module.vpc.aws_vpc.my_vpc"
          ]
        }
      ]
    },
    {
      "module": "module.vpc",
      "mode": "managed",
      "type": "aws_subnet",
      "name": "private_ap_southeast_1a",
      "provider": "provider[\"registry.terraform.io/hashicorp/aws\"]",
      "instances": [
        {
          "schema_version": 1,
          "attributes": {
            "arn": "arn:aws:ec2:ap-southeast-1:473154593366:subnet/subnet-047767caebe0229a0",
            "assign_ipv6_address_on_creation": false,
            "availability_zone": "ap-southeast-1a",
            "availability_zone_id": "apse1-az1",
            "cidr_block": "10.0.1.0/24",
            "customer_owned_ipv4_pool": "",
            "enable_dns64": false,
            "enable_lni_at_device_index": 0,
            "enable_resource_name_dns_a_record_on_launch": false,
            "enable_resource_name_dns_aaaa_record_on_launch": false,
            "id": "subnet-047767caebe0229a0",
            "ipv6_cidr_block": "",
            "ipv6_cidr_block_association_id": "",
            "ipv6_native": false,
            "map_customer_owned_ip_on_launch": false,
            "map_public_ip_on_launch": false,
            "outpost_arn": "",
            "owner_id": "473154593366",
            "private_dns_hostname_type_on_launch": "ip-name",
            "tags": {
              "Environment": "dev",
              "Name": "private-ap-southeast-1a",
              "Terraform": "true",
              "kubernetes.io/cluster/jenkins-agent-cluster": "owned",
              "kubernetes.io/role/internal-elb": "1"
            },
            "tags_all": {
              "Environment": "dev",
              "Name": "private-ap-southeast-1a",
              "Terraform": "true",
              "kubernetes.io/cluster/jenkins-agent-cluster": "owned",
              "kubernetes.io/role/internal-elb": "1"
            },
            "timeouts": null,
            "vpc_id": "vpc-0a2220c0ba1a8e843"
          },
          "sensitive_attributes": [],
          "private": "eyJlMmJmYjczMC1lY2FhLTExZTYtOGY4OC0zNDM2M2JjN2M0YzAiOnsiY3JlYXRlIjo2MDAwMDAwMDAwMDAsImRlbGV0ZSI6MTIwMDAwMDAwMDAwMH0sInNjaGVtYV92ZXJzaW9uIjoiMSJ9",
          "dependencies": [
            "module.vpc.aws_vpc.my_vpc"
          ]
        }
      ]
    },
    {
      "module": "module.vpc",
      "mode": "managed",
      "type": "aws_subnet",
      "name": "private_ap_southeast_1b",
      "provider": "provider[\"registry.terraform.io/hashicorp/aws\"]",
      "instances": [
        {
          "schema_version": 1,
          "attributes": {
            "arn": "arn:aws:ec2:ap-southeast-1:473154593366:subnet/subnet-0c9a9b369a85d6258",
            "assign_ipv6_address_on_creation": false,
            "availability_zone": "ap-southeast-1b",
            "availability_zone_id": "apse1-az2",
            "cidr_block": "10.0.2.0/24",
            "customer_owned_ipv4_pool": "",
            "enable_dns64": false,
            "enable_lni_at_device_index": 0,
            "enable_resource_name_dns_a_record_on_launch": false,
            "enable_resource_name_dns_aaaa_record_on_launch": false,
            "id": "subnet-0c9a9b369a85d6258",
            "ipv6_cidr_block": "",
            "ipv6_cidr_block_association_id": "",
            "ipv6_native": false,
            "map_customer_owned_ip_on_launch": false,
            "map_public_ip_on_launch": false,
            "outpost_arn": "",
            "owner_id": "473154593366",
            "private_dns_hostname_type_on_launch": "ip-name",
            "tags": {
              "Environment": "dev",
              "Name": "private-ap-southeast-1b",
              "Terraform": "true",
              "kubernetes.io/cluster/jenkins-agent-cluster": "owned",
              "kubernetes.io/role/internal-elb": "1"
            },
            "tags_all": {
              "Environment": "dev",
              "Name": "private-ap-southeast-1b",
              "Terraform": "true",
              "kubernetes.io/cluster/jenkins-agent-cluster": "owned",
              "kubernetes.io/role/internal-elb": "1"
            },
            "timeouts": null,
            "vpc_id": "vpc-0a2220c0ba1a8e843"
          },
          "sensitive_attributes": [],
          "private": "eyJlMmJmYjczMC1lY2FhLTExZTYtOGY4OC0zNDM2M2JjN2M0YzAiOnsiY3JlYXRlIjo2MDAwMDAwMDAwMDAsImRlbGV0ZSI6MTIwMDAwMDAwMDAwMH0sInNjaGVtYV92ZXJzaW9uIjoiMSJ9",
          "dependencies": [
            "module.vpc.aws_vpc.my_vpc"
          ]
        }
      ]
    },
    {
      "module": "module.vpc",
      "mode": "managed",
      "type": "aws_subnet",
      "name": "private_ap_southeast_1c",
      "provider": "provider[\"registry.terraform.io/hashicorp/aws\"]",
      "instances": [
        {
          "schema_version": 1,
          "attributes": {
            "arn": "arn:aws:ec2:ap-southeast-1:473154593366:subnet/subnet-06c4b2c0ea31291b6",
            "assign_ipv6_address_on_creation": false,
            "availability_zone": "ap-southeast-1c",
            "availability_zone_id": "apse1-az3",
            "cidr_block": "10.0.3.0/24",
            "customer_owned_ipv4_pool": "",
            "enable_dns64": false,
            "enable_lni_at_device_index": 0,
            "enable_resource_name_dns_a_record_on_launch": false,
            "enable_resource_name_dns_aaaa_record_on_launch": false,
            "id": "subnet-06c4b2c0ea31291b6",
            "ipv6_cidr_block": "",
            "ipv6_cidr_block_association_id": "",
            "ipv6_native": false,
            "map_customer_owned_ip_on_launch": false,
            "map_public_ip_on_launch": false,
            "outpost_arn": "",
            "owner_id": "473154593366",
            "private_dns_hostname_type_on_launch": "ip-name",
            "tags": {
              "Environment": "dev",
              "Name": "private-ap-southeast-1c",
              "Terraform": "true",
              "kubernetes.io/cluster/jenkins-agent-cluster": "owned",
              "kubernetes.io/role/internal-elb": "1"
            },
            "tags_all": {
              "Environment": "dev",
              "Name": "private-ap-southeast-1c",
              "Terraform": "true",
              "kubernetes.io/cluster/jenkins-agent-cluster": "owned",
              "kubernetes.io/role/internal-elb": "1"
            },
            "timeouts": null,
            "vpc_id": "vpc-0a2220c0ba1a8e843"
          },
          "sensitive_attributes": [],
          "private": "eyJlMmJmYjczMC1lY2FhLTExZTYtOGY4OC0zNDM2M2JjN2M0YzAiOnsiY3JlYXRlIjo2MDAwMDAwMDAwMDAsImRlbGV0ZSI6MTIwMDAwMDAwMDAwMH0sInNjaGVtYV92ZXJzaW9uIjoiMSJ9",
          "dependencies": [
            "module.vpc.aws_vpc.my_vpc"
          ]
        }
      ]
    },
    {
      "module": "module.vpc",
      "mode": "managed",
      "type": "aws_subnet",
      "name": "public_ap_southeast_1a",
      "provider": "provider[\"registry.terraform.io/hashicorp/aws\"]",
      "instances": [
        {
          "schema_version": 1,
          "attributes": {
            "arn": "arn:aws:ec2:ap-southeast-1:473154593366:subnet/subnet-02a1305748bc1c895",
            "assign_ipv6_address_on_creation": false,
            "availability_zone": "ap-southeast-1a",
            "availability_zone_id": "apse1-az1",
            "cidr_block": "10.0.101.0/24",
            "customer_owned_ipv4_pool": "",
            "enable_dns64": false,
            "enable_lni_at_device_index": 0,
            "enable_resource_name_dns_a_record_on_launch": false,
            "enable_resource_name_dns_aaaa_record_on_launch": false,
            "id": "subnet-02a1305748bc1c895",
            "ipv6_cidr_block": "",
            "ipv6_cidr_block_association_id": "",
            "ipv6_native": false,
            "map_customer_owned_ip_on_launch": false,
            "map_public_ip_on_launch": true,
            "outpost_arn": "",
            "owner_id": "473154593366",
            "private_dns_hostname_type_on_launch": "ip-name",
            "tags": {
              "Environment": "dev",
              "Name": "public-ap-southeast-1a",
              "Terraform": "true",
              "kubernetes.io/cluster/jenkins-agent-cluster": "owned",
              "kubernetes.io/role/elb": "1"
            },
            "tags_all": {
              "Environment": "dev",
              "Name": "public-ap-southeast-1a",
              "Terraform": "true",
              "kubernetes.io/cluster/jenkins-agent-cluster": "owned",
              "kubernetes.io/role/elb": "1"
            },
            "timeouts": null,
            "vpc_id": "vpc-0a2220c0ba1a8e843"
          },
          "sensitive_attributes": [],
          "private": "eyJlMmJmYjczMC1lY2FhLTExZTYtOGY4OC0zNDM2M2JjN2M0YzAiOnsiY3JlYXRlIjo2MDAwMDAwMDAwMDAsImRlbGV0ZSI6MTIwMDAwMDAwMDAwMH0sInNjaGVtYV92ZXJzaW9uIjoiMSJ9",
          "dependencies": [
            "module.vpc.aws_vpc.my_vpc"
          ]
        }
      ]
    },
    {
      "module": "module.vpc",
      "mode": "managed",
      "type": "aws_subnet",
      "name": "public_ap_southeast_1b",
      "provider": "provider[\"registry.terraform.io/hashicorp/aws\"]",
      "instances": [
        {
          "schema_version": 1,
          "attributes": {
            "arn": "arn:aws:ec2:ap-southeast-1:473154593366:subnet/subnet-00a2bf78d28978bb4",
            "assign_ipv6_address_on_creation": false,
            "availability_zone": "ap-southeast-1b",
            "availability_zone_id": "apse1-az2",
            "cidr_block": "10.0.102.0/24",
            "customer_owned_ipv4_pool": "",
            "enable_dns64": false,
            "enable_lni_at_device_index": 0,
            "enable_resource_name_dns_a_record_on_launch": false,
            "enable_resource_name_dns_aaaa_record_on_launch": false,
            "id": "subnet-00a2bf78d28978bb4",
            "ipv6_cidr_block": "",
            "ipv6_cidr_block_association_id": "",
            "ipv6_native": false,
            "map_customer_owned_ip_on_launch": false,
            "map_public_ip_on_launch": true,
            "outpost_arn": "",
            "owner_id": "473154593366",
            "private_dns_hostname_type_on_launch": "ip-name",
            "tags": {
              "Environment": "dev",
              "Name": "public-ap-southeast-1b",
              "Terraform": "true",
              "kubernetes.io/cluster/jenkins-agent-cluster": "owned",
              "kubernetes.io/role/elb": "1"
            },
            "tags_all": {
              "Environment": "dev",
              "Name": "public-ap-southeast-1b",
              "Terraform": "true",
              "kubernetes.io/cluster/jenkins-agent-cluster": "owned",
              "kubernetes.io/role/elb": "1"
            },
            "timeouts": null,
            "vpc_id": "vpc-0a2220c0ba1a8e843"
          },
          "sensitive_attributes": [],
          "private": "eyJlMmJmYjczMC1lY2FhLTExZTYtOGY4OC0zNDM2M2JjN2M0YzAiOnsiY3JlYXRlIjo2MDAwMDAwMDAwMDAsImRlbGV0ZSI6MTIwMDAwMDAwMDAwMH0sInNjaGVtYV92ZXJzaW9uIjoiMSJ9",
          "dependencies": [
            "module.vpc.aws_vpc.my_vpc"
          ]
        }
      ]
    },
    {
      "module": "module.vpc",
      "mode": "managed",
      "type": "aws_subnet",
      "name": "public_ap_southeast_1c",
      "provider": "provider[\"registry.terraform.io/hashicorp/aws\"]",
      "instances": [
        {
          "schema_version": 1,
          "attributes": {
            "arn": "arn:aws:ec2:ap-southeast-1:473154593366:subnet/subnet-09d643feae001726a",
            "assign_ipv6_address_on_creation": false,
            "availability_zone": "ap-southeast-1c",
            "availability_zone_id": "apse1-az3",
            "cidr_block": "10.0.103.0/24",
            "customer_owned_ipv4_pool": "",
            "enable_dns64": false,
            "enable_lni_at_device_index": 0,
            "enable_resource_name_dns_a_record_on_launch": false,
            "enable_resource_name_dns_aaaa_record_on_launch": false,
            "id": "subnet-09d643feae001726a",
            "ipv6_cidr_block": "",
            "ipv6_cidr_block_association_id": "",
            "ipv6_native": false,
            "map_customer_owned_ip_on_launch": false,
            "map_public_ip_on_launch": true,
            "outpost_arn": "",
            "owner_id": "473154593366",
            "private_dns_hostname_type_on_launch": "ip-name",
            "tags": {
              "Environment": "dev",
              "Name": "public-ap-southeast-1c",
              "Terraform": "true",
              "kubernetes.io/cluster/jenkins-agent-cluster": "owned",
              "kubernetes.io/role/elb": "1"
            },
            "tags_all": {
              "Environment": "dev",
              "Name": "public-ap-southeast-1c",
              "Terraform": "true",
              "kubernetes.io/cluster/jenkins-agent-cluster": "owned",
              "kubernetes.io/role/elb": "1"
            },
            "timeouts": null,
            "vpc_id": "vpc-0a2220c0ba1a8e843"
          },
          "sensitive_attributes": [],
          "private": "eyJlMmJmYjczMC1lY2FhLTExZTYtOGY4OC0zNDM2M2JjN2M0YzAiOnsiY3JlYXRlIjo2MDAwMDAwMDAwMDAsImRlbGV0ZSI6MTIwMDAwMDAwMDAwMH0sInNjaGVtYV92ZXJzaW9uIjoiMSJ9",
          "dependencies": [
            "module.vpc.aws_vpc.my_vpc"
          ]
        }
      ]
    },
    {
      "module": "module.vpc",
      "mode": "managed",
      "type": "aws_vpc",
      "name": "my_vpc",
      "provider": "provider[\"registry.terraform.io/hashicorp/aws\"]",
      "instances": [
        {
          "schema_version": 1,
          "attributes": {
            "arn": "arn:aws:ec2:ap-southeast-1:473154593366:vpc/vpc-0a2220c0ba1a8e843",
            "assign_generated_ipv6_cidr_block": false,
            "cidr_block": "10.0.0.0/16",
            "default_network_acl_id": "acl-03eebf036f722e65f",
            "default_route_table_id": "rtb-0a05df613194172bb",
            "default_security_group_id": "sg-09557f5049cb91672",
            "dhcp_options_id": "dopt-0c8460a0e8b4bef2d",
            "enable_dns_hostnames": false,
            "enable_dns_support": true,
            "enable_network_address_usage_metrics": false,
            "id": "vpc-0a2220c0ba1a8e843",
            "instance_tenancy": "default",
            "ipv4_ipam_pool_id": null,
            "ipv4_netmask_length": null,
            "ipv6_association_id": "",
            "ipv6_cidr_block": "",
            "ipv6_cidr_block_network_border_group": "",
            "ipv6_ipam_pool_id": "",
            "ipv6_netmask_length": 0,
            "main_route_table_id": "rtb-0a05df613194172bb",
            "owner_id": "473154593366",
            "tags": {
              "Environment": "dev",
              "Name": "my-vpc",
              "Terraform": "true"
            },
            "tags_all": {
              "Environment": "dev",
              "Name": "my-vpc",
              "Terraform": "true"
            }
          },
          "sensitive_attributes": [],
          "private": "eyJzY2hlbWFfdmVyc2lvbiI6IjEifQ=="
        }
      ]
    }
  ],
  "check_results": null
}
